{
  "version": 4,
  "terraform_version": "1.14.8",
  "serial": 29,
  "lineage": "75e5d7a7-c407-7703-d598-c856963d1422",
  "outputs": {},
  "resources": [
    {
      "module": "module.apigee-x-core",
      "mode": "managed",
      "type": "google_project_service_identity",
      "name": "apigee_sa",
      "provider": "provider[\"registry.terraform.io/hashicorp/google-beta\"]",
      "instances": [
        {
          "schema_version": 0,
          "attributes": {
            "email": "service-17862981523@gcp-sa-apigee.iam.gserviceaccount.com",
            "id": "projects/pep-gal-asia-south1-2/services/apigee.googleapis.com",
            "member": "serviceAccount:service-17862981523@gcp-sa-apigee.iam.gserviceaccount.com",
            "project": "pep-gal-asia-south1-2",
            "service": "apigee.googleapis.com",
            "timeouts": null
          },
          "sensitive_attributes": [],
          "identity_schema_version": 0,
          "private": "eyJlMmJmYjczMC1lY2FhLTExZTYtOGY4OC0zNDM2M2JjN2M0YzAiOnsiY3JlYXRlIjoxMjAwMDAwMDAwMDAwLCJkZWxldGUiOjEyMDAwMDAwMDAwMDAsInJlYWQiOjYwMDAwMDAwMDAwMH19",
          "dependencies": [
            "module.project.data.google_bigquery_default_service_account.bq_sa",
            "module.project.data.google_project.project",
            "module.project.data.google_storage_project_service_account.gcs_sa",
            "module.project.google_access_context_manager_service_perimeter_resource.bridge",
            "module.project.google_access_context_manager_service_perimeter_resource.standard",
            "module.project.google_bigquery_dataset_iam_member.bq-sinks-binding",
            "module.project.google_compute_project_metadata_item.default",
            "module.project.google_compute_shared_vpc_host_project.shared_vpc_host",
            "module.project.google_compute_shared_vpc_service_project.service_projects",
            "module.project.google_compute_shared_vpc_service_project.shared_vpc_service",
            "module.project.google_essential_contacts_contact.contact",
            "module.project.google_kms_crypto_key_iam_member.service_identity_cmek",
            "module.project.google_logging_project_exclusion.logging-exclusion",
            "module.project.google_logging_project_sink.sink",
            "module.project.google_monitoring_monitored_project.primary",
            "module.project.google_org_policy_policy.default",
            "module.project.google_project.project",
            "module.project.google_project_default_service_accounts.default_service_accounts",
            "module.project.google_project_iam_audit_config.default",
            "module.project.google_project_iam_binding.authoritative",
            "module.project.google_project_iam_binding.bindings",
            "module.project.google_project_iam_custom_role.roles",
            "module.project.google_project_iam_member.bindings",
            "module.project.google_project_iam_member.bucket-sinks-binding",
            "module.project.google_project_iam_member.servicenetworking",
            "module.project.google_project_iam_member.shared_vpc_host_robots",
            "module.project.google_project_service.project_services",
            "module.project.google_project_service_identity.jit_si",
            "module.project.google_project_service_identity.servicenetworking",
            "module.project.google_pubsub_topic_iam_member.pubsub-sinks-binding",
            "module.project.google_resource_manager_lien.lien",
            "module.project.google_storage_bucket_iam_member.gcs-sinks-binding",
            "module.project.google_tags_tag_binding.binding",
            "module.vpc.data.google_compute_network.network",
            "module.vpc.google_compute_global_address.psa_ranges",
            "module.vpc.google_compute_network.network",
            "module.vpc.google_compute_network_peering.local",
            "module.vpc.google_compute_network_peering.remote",
            "module.vpc.google_compute_network_peering_routes_config.psa_routes",
            "module.vpc.google_compute_route.gateway",
            "module.vpc.google_compute_route.ilb",
            "module.vpc.google_compute_route.instance",
            "module.vpc.google_compute_route.ip",
            "module.vpc.google_compute_route.vpn_tunnel",
            "module.vpc.google_compute_shared_vpc_host_project.shared_vpc_host",
            "module.vpc.google_compute_shared_vpc_service_project.service_projects",
            "module.vpc.google_compute_subnetwork.proxy_only",
            "module.vpc.google_compute_subnetwork.psc",
            "module.vpc.google_compute_subnetwork.subnetwork",
            "module.vpc.google_compute_subnetwork_iam_binding.authoritative",
            "module.vpc.google_compute_subnetwork_iam_binding.bindings",
            "module.vpc.google_compute_subnetwork_iam_member.bindings",
            "module.vpc.google_dns_policy.default",
            "module.vpc.google_service_networking_connection.psa_connection",
            "module.vpc.google_service_networking_peered_dns_domain.name"
          ]
        }
      ]
    },
    {
      "module": "module.apigee-x-core.module.apigee",
      "mode": "managed",
      "type": "google_apigee_envgroup",
      "name": "envgroups",
      "provider": "provider[\"registry.terraform.io/hashicorp/google\"]",
      "instances": [
        {
          "index_key": "envgrp-prod",
          "schema_version": 0,
          "attributes": {
            "hostnames": [
              "prod.portaldemo.com"
            ],
            "id": "organizations/pep-gal-asia-south1-2/envgroups/envgrp-prod",
            "name": "envgrp-prod",
            "org_id": "organizations/pep-gal-asia-south1-2",
            "timeouts": null
          },
          "sensitive_attributes": [],
          "identity_schema_version": 0,
          "private": "eyJlMmJmYjczMC1lY2FhLTExZTYtOGY4OC0zNDM2M2JjN2M0YzAiOnsiY3JlYXRlIjoxODAwMDAwMDAwMDAwLCJkZWxldGUiOjE4MDAwMDAwMDAwMDAsInVwZGF0ZSI6MTIwMDAwMDAwMDAwMH19",
          "dependencies": [
            "module.apigee-x-core.module.apigee.google_apigee_organization.organization",
            "module.apigee-x-core.module.kms-org-db.data.google_kms_key_ring.default",
            "module.apigee-x-core.module.kms-org-db.google_kms_crypto_key.default",
            "module.apigee-x-core.module.kms-org-db.google_kms_crypto_key_iam_binding.authoritative",
            "module.apigee-x-core.module.kms-org-db.google_kms_crypto_key_iam_binding.bindings",
            "module.apigee-x-core.module.kms-org-db.google_kms_key_ring.default",
            "module.project.data.google_bigquery_default_service_account.bq_sa",
            "module.project.data.google_project.project",
            "module.project.data.google_storage_project_service_account.gcs_sa",
            "module.project.google_access_context_manager_service_perimeter_resource.bridge",
            "module.project.google_access_context_manager_service_perimeter_resource.standard",
            "module.project.google_bigquery_dataset_iam_member.bq-sinks-binding",
            "module.project.google_compute_project_metadata_item.default",
            "module.project.google_compute_shared_vpc_host_project.shared_vpc_host",
            "module.project.google_compute_shared_vpc_service_project.service_projects",
            "module.project.google_compute_shared_vpc_service_project.shared_vpc_service",
            "module.project.google_essential_contacts_contact.contact",
            "module.project.google_kms_crypto_key_iam_member.service_identity_cmek",
            "module.project.google_logging_project_exclusion.logging-exclusion",
            "module.project.google_logging_project_sink.sink",
            "module.project.google_monitoring_monitored_project.primary",
            "module.project.google_org_policy_policy.default",
            "module.project.google_project.project",
            "module.project.google_project_default_service_accounts.default_service_accounts",
            "module.project.google_project_iam_audit_config.default",
            "module.project.google_project_iam_binding.authoritative",
            "module.project.google_project_iam_binding.bindings",
            "module.project.google_project_iam_custom_role.roles",
            "module.project.google_project_iam_member.bindings",
            "module.project.google_project_iam_member.bucket-sinks-binding",
            "module.project.google_project_iam_member.servicenetworking",
            "module.project.google_project_iam_member.shared_vpc_host_robots",
            "module.project.google_project_service.project_services",
            "module.project.google_project_service_identity.jit_si",
            "module.project.google_project_service_identity.servicenetworking",
            "module.project.google_pubsub_topic_iam_member.pubsub-sinks-binding",
            "module.project.google_resource_manager_lien.lien",
            "module.project.google_storage_bucket_iam_member.gcs-sinks-binding",
            "module.project.google_tags_tag_binding.binding",
            "module.vpc.data.google_compute_network.network",
            "module.vpc.google_compute_global_address.psa_ranges",
            "module.vpc.google_compute_network.network",
            "module.vpc.google_compute_network_peering.local",
            "module.vpc.google_compute_network_peering.remote",
            "module.vpc.google_compute_network_peering_routes_config.psa_routes",
            "module.vpc.google_compute_route.gateway",
            "module.vpc.google_compute_route.ilb",
            "module.vpc.google_compute_route.instance",
            "module.vpc.google_compute_route.ip",
            "module.vpc.google_compute_route.vpn_tunnel",
            "module.vpc.google_compute_shared_vpc_host_project.shared_vpc_host",
            "module.vpc.google_compute_shared_vpc_service_project.service_projects",
            "module.vpc.google_compute_subnetwork.proxy_only",
            "module.vpc.google_compute_subnetwork.psc",
            "module.vpc.google_compute_subnetwork.subnetwork",
            "module.vpc.google_compute_subnetwork_iam_binding.authoritative",
            "module.vpc.google_compute_subnetwork_iam_binding.bindings",
            "module.vpc.google_compute_subnetwork_iam_member.bindings",
            "module.vpc.google_dns_policy.default",
            "module.vpc.google_service_networking_connection.psa_connection",
            "module.vpc.google_service_networking_peered_dns_domain.name"
          ]
        },
        {
          "index_key": "envgrp-sandbox",
          "schema_version": 0,
          "attributes": {
            "hostnames": [
              "sandbox.portaldemo.com"
            ],
            "id": "organizations/pep-gal-asia-south1-2/envgroups/envgrp-sandbox",
            "name": "envgrp-sandbox",
            "org_id": "organizations/pep-gal-asia-south1-2",
            "timeouts": null
          },
          "sensitive_attributes": [],
          "identity_schema_version": 0,
          "private": "eyJlMmJmYjczMC1lY2FhLTExZTYtOGY4OC0zNDM2M2JjN2M0YzAiOnsiY3JlYXRlIjoxODAwMDAwMDAwMDAwLCJkZWxldGUiOjE4MDAwMDAwMDAwMDAsInVwZGF0ZSI6MTIwMDAwMDAwMDAwMH19",
          "dependencies": [
            "module.apigee-x-core.module.apigee.google_apigee_organization.organization",
            "module.apigee-x-core.module.kms-org-db.data.google_kms_key_ring.default",
            "module.apigee-x-core.module.kms-org-db.google_kms_crypto_key.default",
            "module.apigee-x-core.module.kms-org-db.google_kms_crypto_key_iam_binding.authoritative",
            "module.apigee-x-core.module.kms-org-db.google_kms_crypto_key_iam_binding.bindings",
            "module.apigee-x-core.module.kms-org-db.google_kms_key_ring.default",
            "module.project.data.google_bigquery_default_service_account.bq_sa",
            "module.project.data.google_project.project",
            "module.project.data.google_storage_project_service_account.gcs_sa",
            "module.project.google_access_context_manager_service_perimeter_resource.bridge",
            "module.project.google_access_context_manager_service_perimeter_resource.standard",
            "module.project.google_bigquery_dataset_iam_member.bq-sinks-binding",
            "module.project.google_compute_project_metadata_item.default",
            "module.project.google_compute_shared_vpc_host_project.shared_vpc_host",
            "module.project.google_compute_shared_vpc_service_project.service_projects",
            "module.project.google_compute_shared_vpc_service_project.shared_vpc_service",
            "module.project.google_essential_contacts_contact.contact",
            "module.project.google_kms_crypto_key_iam_member.service_identity_cmek",
            "module.project.google_logging_project_exclusion.logging-exclusion",
            "module.project.google_logging_project_sink.sink",
            "module.project.google_monitoring_monitored_project.primary",
            "module.project.google_org_policy_policy.default",
            "module.project.google_project.project",
            "module.project.google_project_default_service_accounts.default_service_accounts",
            "module.project.google_project_iam_audit_config.default",
            "module.project.google_project_iam_binding.authoritative",
            "module.project.google_project_iam_binding.bindings",
            "module.project.google_project_iam_custom_role.roles",
            "module.project.google_project_iam_member.bindings",
            "module.project.google_project_iam_member.bucket-sinks-binding",
            "module.project.google_project_iam_member.servicenetworking",
            "module.project.google_project_iam_member.shared_vpc_host_robots",
            "module.project.google_project_service.project_services",
            "module.project.google_project_service_identity.jit_si",
            "module.project.google_project_service_identity.servicenetworking",
            "module.project.google_pubsub_topic_iam_member.pubsub-sinks-binding",
            "module.project.google_resource_manager_lien.lien",
            "module.project.google_storage_bucket_iam_member.gcs-sinks-binding",
            "module.project.google_tags_tag_binding.binding",
            "module.vpc.data.google_compute_network.network",
            "module.vpc.google_compute_global_address.psa_ranges",
            "module.vpc.google_compute_network.network",
            "module.vpc.google_compute_network_peering.local",
            "module.vpc.google_compute_network_peering.remote",
            "module.vpc.google_compute_network_peering_routes_config.psa_routes",
            "module.vpc.google_compute_route.gateway",
            "module.vpc.google_compute_route.ilb",
            "module.vpc.google_compute_route.instance",
            "module.vpc.google_compute_route.ip",
            "module.vpc.google_compute_route.vpn_tunnel",
            "module.vpc.google_compute_shared_vpc_host_project.shared_vpc_host",
            "module.vpc.google_compute_shared_vpc_service_project.service_projects",
            "module.vpc.google_compute_subnetwork.proxy_only",
            "module.vpc.google_compute_subnetwork.psc",
            "module.vpc.google_compute_subnetwork.subnetwork",
            "module.vpc.google_compute_subnetwork_iam_binding.authoritative",
            "module.vpc.google_compute_subnetwork_iam_binding.bindings",
            "module.vpc.google_compute_subnetwork_iam_member.bindings",
            "module.vpc.google_dns_policy.default",
            "module.vpc.google_service_networking_connection.psa_connection",
            "module.vpc.google_service_networking_peered_dns_domain.name"
          ]
        }
      ]
    },
    {
      "module": "module.apigee-x-core.module.apigee",
      "mode": "managed",
      "type": "google_apigee_envgroup_attachment",
      "name": "envgroup_attachments",
      "provider": "provider[\"registry.terraform.io/hashicorp/google\"]",
      "instances": [
        {
          "index_key": "prod-envgrp-prod",
          "schema_version": 0,
          "attributes": {
            "envgroup_id": "organizations/pep-gal-asia-south1-2/envgroups/envgrp-prod",
            "environment": "prod",
            "id": "organizations/pep-gal-asia-south1-2/envgroups/envgrp-prod/attachments/c69d17ed-9ce9-4e9b-a7e4-7ba34aadbdf1",
            "name": "c69d17ed-9ce9-4e9b-a7e4-7ba34aadbdf1",
            "timeouts": null
          },
          "sensitive_attributes": [],
          "identity_schema_version": 0,
          "private": "eyJlMmJmYjczMC1lY2FhLTExZTYtOGY4OC0zNDM2M2JjN2M0YzAiOnsiY3JlYXRlIjoxODAwMDAwMDAwMDAwLCJkZWxldGUiOjE4MDAwMDAwMDAwMDB9fQ==",
          "dependencies": [
            "module.apigee-x-core.module.apigee.google_apigee_envgroup.envgroups",
            "module.apigee-x-core.module.apigee.google_apigee_environment.environments",
            "module.apigee-x-core.module.apigee.google_apigee_organization.organization",
            "module.apigee-x-core.module.kms-org-db.data.google_kms_key_ring.default",
            "module.apigee-x-core.module.kms-org-db.google_kms_crypto_key.default",
            "module.apigee-x-core.module.kms-org-db.google_kms_crypto_key_iam_binding.authoritative",
            "module.apigee-x-core.module.kms-org-db.google_kms_crypto_key_iam_binding.bindings",
            "module.apigee-x-core.module.kms-org-db.google_kms_key_ring.default",
            "module.project.data.google_bigquery_default_service_account.bq_sa",
            "module.project.data.google_project.project",
            "module.project.data.google_storage_project_service_account.gcs_sa",
            "module.project.google_access_context_manager_service_perimeter_resource.bridge",
            "module.project.google_access_context_manager_service_perimeter_resource.standard",
            "module.project.google_bigquery_dataset_iam_member.bq-sinks-binding",
            "module.project.google_compute_project_metadata_item.default",
            "module.project.google_compute_shared_vpc_host_project.shared_vpc_host",
            "module.project.google_compute_shared_vpc_service_project.service_projects",
            "module.project.google_compute_shared_vpc_service_project.shared_vpc_service",
            "module.project.google_essential_contacts_contact.contact",
            "module.project.google_kms_crypto_key_iam_member.service_identity_cmek",
            "module.project.google_logging_project_exclusion.logging-exclusion",
            "module.project.google_logging_project_sink.sink",
            "module.project.google_monitoring_monitored_project.primary",
            "module.project.google_org_policy_policy.default",
            "module.project.google_project.project",
            "module.project.google_project_default_service_accounts.default_service_accounts",
            "module.project.google_project_iam_audit_config.default",
            "module.project.google_project_iam_binding.authoritative",
            "module.project.google_project_iam_binding.bindings",
            "module.project.google_project_iam_custom_role.roles",
            "module.project.google_project_iam_member.bindings",
            "module.project.google_project_iam_member.bucket-sinks-binding",
            "module.project.google_project_iam_member.servicenetworking",
            "module.project.google_project_iam_member.shared_vpc_host_robots",
            "module.project.google_project_service.project_services",
            "module.project.google_project_service_identity.jit_si",
            "module.project.google_project_service_identity.servicenetworking",
            "module.project.google_pubsub_topic_iam_member.pubsub-sinks-binding",
            "module.project.google_resource_manager_lien.lien",
            "module.project.google_storage_bucket_iam_member.gcs-sinks-binding",
            "module.project.google_tags_tag_binding.binding",
            "module.vpc.data.google_compute_network.network",
            "module.vpc.google_compute_global_address.psa_ranges",
            "module.vpc.google_compute_network.network",
            "module.vpc.google_compute_network_peering.local",
            "module.vpc.google_compute_network_peering.remote",
            "module.vpc.google_compute_network_peering_routes_config.psa_routes",
            "module.vpc.google_compute_route.gateway",
            "module.vpc.google_compute_route.ilb",
            "module.vpc.google_compute_route.instance",
            "module.vpc.google_compute_route.ip",
            "module.vpc.google_compute_route.vpn_tunnel",
            "module.vpc.google_compute_shared_vpc_host_project.shared_vpc_host",
            "module.vpc.google_compute_shared_vpc_service_project.service_projects",
            "module.vpc.google_compute_subnetwork.proxy_only",
            "module.vpc.google_compute_subnetwork.psc",
            "module.vpc.google_compute_subnetwork.subnetwork",
            "module.vpc.google_compute_subnetwork_iam_binding.authoritative",
            "module.vpc.google_compute_subnetwork_iam_binding.bindings",
            "module.vpc.google_compute_subnetwork_iam_member.bindings",
            "module.vpc.google_dns_policy.default",
            "module.vpc.google_service_networking_connection.psa_connection",
            "module.vpc.google_service_networking_peered_dns_domain.name"
          ]
        },
        {
          "index_key": "sandbox-envgrp-sandbox",
          "schema_version": 0,
          "attributes": {
            "envgroup_id": "organizations/pep-gal-asia-south1-2/envgroups/envgrp-sandbox",
            "environment": "sandbox",
            "id": "organizations/pep-gal-asia-south1-2/envgroups/envgrp-sandbox/attachments/02fcfa34-cb17-4c86-a7a7-fa690d5c4020",
            "name": "02fcfa34-cb17-4c86-a7a7-fa690d5c4020",
            "timeouts": null
          },
          "sensitive_attributes": [],
          "identity_schema_version": 0,
          "private": "eyJlMmJmYjczMC1lY2FhLTExZTYtOGY4OC0zNDM2M2JjN2M0YzAiOnsiY3JlYXRlIjoxODAwMDAwMDAwMDAwLCJkZWxldGUiOjE4MDAwMDAwMDAwMDB9fQ==",
          "dependencies": [
            "module.apigee-x-core.module.apigee.google_apigee_envgroup.envgroups",
            "module.apigee-x-core.module.apigee.google_apigee_environment.environments",
            "module.apigee-x-core.module.apigee.google_apigee_organization.organization",
            "module.apigee-x-core.module.kms-org-db.data.google_kms_key_ring.default",
            "module.apigee-x-core.module.kms-org-db.google_kms_crypto_key.default",
            "module.apigee-x-core.module.kms-org-db.google_kms_crypto_key_iam_binding.authoritative",
            "module.apigee-x-core.module.kms-org-db.google_kms_crypto_key_iam_binding.bindings",
            "module.apigee-x-core.module.kms-org-db.google_kms_key_ring.default",
            "module.project.data.google_bigquery_default_service_account.bq_sa",
            "module.project.data.google_project.project",
            "module.project.data.google_storage_project_service_account.gcs_sa",
            "module.project.google_access_context_manager_service_perimeter_resource.bridge",
            "module.project.google_access_context_manager_service_perimeter_resource.standard",
            "module.project.google_bigquery_dataset_iam_member.bq-sinks-binding",
            "module.project.google_compute_project_metadata_item.default",
            "module.project.google_compute_shared_vpc_host_project.shared_vpc_host",
            "module.project.google_compute_shared_vpc_service_project.service_projects",
            "module.project.google_compute_shared_vpc_service_project.shared_vpc_service",
            "module.project.google_essential_contacts_contact.contact",
            "module.project.google_kms_crypto_key_iam_member.service_identity_cmek",
            "module.project.google_logging_project_exclusion.logging-exclusion",
            "module.project.google_logging_project_sink.sink",
            "module.project.google_monitoring_monitored_project.primary",
            "module.project.google_org_policy_policy.default",
            "module.project.google_project.project",
            "module.project.google_project_default_service_accounts.default_service_accounts",
            "module.project.google_project_iam_audit_config.default",
            "module.project.google_project_iam_binding.authoritative",
            "module.project.google_project_iam_binding.bindings",
            "module.project.google_project_iam_custom_role.roles",
            "module.project.google_project_iam_member.bindings",
            "module.project.google_project_iam_member.bucket-sinks-binding",
            "module.project.google_project_iam_member.servicenetworking",
            "module.project.google_project_iam_member.shared_vpc_host_robots",
            "module.project.google_project_service.project_services",
            "module.project.google_project_service_identity.jit_si",
            "module.project.google_project_service_identity.servicenetworking",
            "module.project.google_pubsub_topic_iam_member.pubsub-sinks-binding",
            "module.project.google_resource_manager_lien.lien",
            "module.project.google_storage_bucket_iam_member.gcs-sinks-binding",
            "module.project.google_tags_tag_binding.binding",
            "module.vpc.data.google_compute_network.network",
            "module.vpc.google_compute_global_address.psa_ranges",
            "module.vpc.google_compute_network.network",
            "module.vpc.google_compute_network_peering.local",
            "module.vpc.google_compute_network_peering.remote",
            "module.vpc.google_compute_network_peering_routes_config.psa_routes",
            "module.vpc.google_compute_route.gateway",
            "module.vpc.google_compute_route.ilb",
            "module.vpc.google_compute_route.instance",
            "module.vpc.google_compute_route.ip",
            "module.vpc.google_compute_route.vpn_tunnel",
            "module.vpc.google_compute_shared_vpc_host_project.shared_vpc_host",
            "module.vpc.google_compute_shared_vpc_service_project.service_projects",
            "module.vpc.google_compute_subnetwork.proxy_only",
            "module.vpc.google_compute_subnetwork.psc",
            "module.vpc.google_compute_subnetwork.subnetwork",
            "module.vpc.google_compute_subnetwork_iam_binding.authoritative",
            "module.vpc.google_compute_subnetwork_iam_binding.bindings",
            "module.vpc.google_compute_subnetwork_iam_member.bindings",
            "module.vpc.google_dns_policy.default",
            "module.vpc.google_service_networking_connection.psa_connection",
            "module.vpc.google_service_networking_peered_dns_domain.name"
          ]
        }
      ]
    },
    {
      "module": "module.apigee-x-core.module.apigee",
      "mode": "managed",
      "type": "google_apigee_environment",
      "name": "environments",
      "provider": "provider[\"registry.terraform.io/hashicorp/google\"]",
      "instances": [
        {
          "index_key": "prod",
          "schema_version": 0,
          "attributes": {
            "api_proxy_type": "PROGRAMMABLE",
            "deployment_type": "PROXY",
            "description": "prod",
            "display_name": "prod",
            "forward_proxy_uri": "",
            "id": "organizations/pep-gal-asia-south1-2/environments/prod",
            "name": "prod",
            "node_config": [],
            "org_id": "organizations/pep-gal-asia-south1-2",
            "timeouts": null,
            "type": ""
          },
          "sensitive_attributes": [],
          "identity_schema_version": 0,
          "private": "eyJlMmJmYjczMC1lY2FhLTExZTYtOGY4OC0zNDM2M2JjN2M0YzAiOnsiY3JlYXRlIjoxODAwMDAwMDAwMDAwLCJkZWxldGUiOjE4MDAwMDAwMDAwMDAsInVwZGF0ZSI6MTIwMDAwMDAwMDAwMH19",
          "dependencies": [
            "module.apigee-x-core.module.apigee.google_apigee_organization.organization",
            "module.apigee-x-core.module.kms-org-db.data.google_kms_key_ring.default",
            "module.apigee-x-core.module.kms-org-db.google_kms_crypto_key.default",
            "module.apigee-x-core.module.kms-org-db.google_kms_crypto_key_iam_binding.authoritative",
            "module.apigee-x-core.module.kms-org-db.google_kms_crypto_key_iam_binding.bindings",
            "module.apigee-x-core.module.kms-org-db.google_kms_key_ring.default",
            "module.project.data.google_bigquery_default_service_account.bq_sa",
            "module.project.data.google_project.project",
            "module.project.data.google_storage_project_service_account.gcs_sa",
            "module.project.google_access_context_manager_service_perimeter_resource.bridge",
            "module.project.google_access_context_manager_service_perimeter_resource.standard",
            "module.project.google_bigquery_dataset_iam_member.bq-sinks-binding",
            "module.project.google_compute_project_metadata_item.default",
            "module.project.google_compute_shared_vpc_host_project.shared_vpc_host",
            "module.project.google_compute_shared_vpc_service_project.service_projects",
            "module.project.google_compute_shared_vpc_service_project.shared_vpc_service",
            "module.project.google_essential_contacts_contact.contact",
            "module.project.google_kms_crypto_key_iam_member.service_identity_cmek",
            "module.project.google_logging_project_exclusion.logging-exclusion",
            "module.project.google_logging_project_sink.sink",
            "module.project.google_monitoring_monitored_project.primary",
            "module.project.google_org_policy_policy.default",
            "module.project.google_project.project",
            "module.project.google_project_default_service_accounts.default_service_accounts",
            "module.project.google_project_iam_audit_config.default",
            "module.project.google_project_iam_binding.authoritative",
            "module.project.google_project_iam_binding.bindings",
            "module.project.google_project_iam_custom_role.roles",
            "module.project.google_project_iam_member.bindings",
            "module.project.google_project_iam_member.bucket-sinks-binding",
            "module.project.google_project_iam_member.servicenetworking",
            "module.project.google_project_iam_member.shared_vpc_host_robots",
            "module.project.google_project_service.project_services",
            "module.project.google_project_service_identity.jit_si",
            "module.project.google_project_service_identity.servicenetworking",
            "module.project.google_pubsub_topic_iam_member.pubsub-sinks-binding",
            "module.project.google_resource_manager_lien.lien",
            "module.project.google_storage_bucket_iam_member.gcs-sinks-binding",
            "module.project.google_tags_tag_binding.binding",
            "module.vpc.data.google_compute_network.network",
            "module.vpc.google_compute_global_address.psa_ranges",
            "module.vpc.google_compute_network.network",
            "module.vpc.google_compute_network_peering.local",
            "module.vpc.google_compute_network_peering.remote",
            "module.vpc.google_compute_network_peering_routes_config.psa_routes",
            "module.vpc.google_compute_route.gateway",
            "module.vpc.google_compute_route.ilb",
            "module.vpc.google_compute_route.instance",
            "module.vpc.google_compute_route.ip",
            "module.vpc.google_compute_route.vpn_tunnel",
            "module.vpc.google_compute_shared_vpc_host_project.shared_vpc_host",
            "module.vpc.google_compute_shared_vpc_service_project.service_projects",
            "module.vpc.google_compute_subnetwork.proxy_only",
            "module.vpc.google_compute_subnetwork.psc",
            "module.vpc.google_compute_subnetwork.subnetwork",
            "module.vpc.google_compute_subnetwork_iam_binding.authoritative",
            "module.vpc.google_compute_subnetwork_iam_binding.bindings",
            "module.vpc.google_compute_subnetwork_iam_member.bindings",
            "module.vpc.google_dns_policy.default",
            "module.vpc.google_service_networking_connection.psa_connection",
            "module.vpc.google_service_networking_peered_dns_domain.name"
          ]
        },
        {
          "index_key": "sandbox",
          "schema_version": 0,
          "attributes": {
            "api_proxy_type": "PROGRAMMABLE",
            "deployment_type": "PROXY",
            "description": "sandbox",
            "display_name": "sandbox",
            "forward_proxy_uri": "",
            "id": "organizations/pep-gal-asia-south1-2/environments/sandbox",
            "name": "sandbox",
            "node_config": [],
            "org_id": "organizations/pep-gal-asia-south1-2",
            "timeouts": null,
            "type": ""
          },
          "sensitive_attributes": [],
          "identity_schema_version": 0,
          "private": "eyJlMmJmYjczMC1lY2FhLTExZTYtOGY4OC0zNDM2M2JjN2M0YzAiOnsiY3JlYXRlIjoxODAwMDAwMDAwMDAwLCJkZWxldGUiOjE4MDAwMDAwMDAwMDAsInVwZGF0ZSI6MTIwMDAwMDAwMDAwMH19",
          "dependencies": [
            "module.apigee-x-core.module.apigee.google_apigee_organization.organization",
            "module.apigee-x-core.module.kms-org-db.data.google_kms_key_ring.default",
            "module.apigee-x-core.module.kms-org-db.google_kms_crypto_key.default",
            "module.apigee-x-core.module.kms-org-db.google_kms_crypto_key_iam_binding.authoritative",
            "module.apigee-x-core.module.kms-org-db.google_kms_crypto_key_iam_binding.bindings",
            "module.apigee-x-core.module.kms-org-db.google_kms_key_ring.default",
            "module.project.data.google_bigquery_default_service_account.bq_sa",
            "module.project.data.google_project.project",
            "module.project.data.google_storage_project_service_account.gcs_sa",
            "module.project.google_access_context_manager_service_perimeter_resource.bridge",
            "module.project.google_access_context_manager_service_perimeter_resource.standard",
            "module.project.google_bigquery_dataset_iam_member.bq-sinks-binding",
            "module.project.google_compute_project_metadata_item.default",
            "module.project.google_compute_shared_vpc_host_project.shared_vpc_host",
            "module.project.google_compute_shared_vpc_service_project.service_projects",
            "module.project.google_compute_shared_vpc_service_project.shared_vpc_service",
            "module.project.google_essential_contacts_contact.contact",
            "module.project.google_kms_crypto_key_iam_member.service_identity_cmek",
            "module.project.google_logging_project_exclusion.logging-exclusion",
            "module.project.google_logging_project_sink.sink",
            "module.project.google_monitoring_monitored_project.primary",
            "module.project.google_org_policy_policy.default",
            "module.project.google_project.project",
            "module.project.google_project_default_service_accounts.default_service_accounts",
            "module.project.google_project_iam_audit_config.default",
            "module.project.google_project_iam_binding.authoritative",
            "module.project.google_project_iam_binding.bindings",
            "module.project.google_project_iam_custom_role.roles",
            "module.project.google_project_iam_member.bindings",
            "module.project.google_project_iam_member.bucket-sinks-binding",
            "module.project.google_project_iam_member.servicenetworking",
            "module.project.google_project_iam_member.shared_vpc_host_robots",
            "module.project.google_project_service.project_services",
            "module.project.google_project_service_identity.jit_si",
            "module.project.google_project_service_identity.servicenetworking",
            "module.project.google_pubsub_topic_iam_member.pubsub-sinks-binding",
            "module.project.google_resource_manager_lien.lien",
            "module.project.google_storage_bucket_iam_member.gcs-sinks-binding",
            "module.project.google_tags_tag_binding.binding",
            "module.vpc.data.google_compute_network.network",
            "module.vpc.google_compute_global_address.psa_ranges",
            "module.vpc.google_compute_network.network",
            "module.vpc.google_compute_network_peering.local",
            "module.vpc.google_compute_network_peering.remote",
            "module.vpc.google_compute_network_peering_routes_config.psa_routes",
            "module.vpc.google_compute_route.gateway",
            "module.vpc.google_compute_route.ilb",
            "module.vpc.google_compute_route.instance",
            "module.vpc.google_compute_route.ip",
            "module.vpc.google_compute_route.vpn_tunnel",
            "module.vpc.google_compute_shared_vpc_host_project.shared_vpc_host",
            "module.vpc.google_compute_shared_vpc_service_project.service_projects",
            "module.vpc.google_compute_subnetwork.proxy_only",
            "module.vpc.google_compute_subnetwork.psc",
            "module.vpc.google_compute_subnetwork.subnetwork",
            "module.vpc.google_compute_subnetwork_iam_binding.authoritative",
            "module.vpc.google_compute_subnetwork_iam_binding.bindings",
            "module.vpc.google_compute_subnetwork_iam_member.bindings",
            "module.vpc.google_dns_policy.default",
            "module.vpc.google_service_networking_connection.psa_connection",
            "module.vpc.google_service_networking_peered_dns_domain.name"
          ]
        }
      ]
    },
    {
      "module": "module.apigee-x-core.module.apigee",
      "mode": "managed",
      "type": "google_apigee_instance",
      "name": "instances",
      "provider": "provider[\"registry.terraform.io/hashicorp/google\"]",
      "instances": [
        {
          "index_key": "asia-south1",
          "schema_version": 0,
          "attributes": {
            "consumer_accept_list": [
              "pep-gal-asia-south1-2",
              "n3d38da0fa8335e1e-tp"
            ],
            "description": "Terraform-managed",
            "disk_encryption_key_name": "projects/pep-gal-asia-south1-2/locations/asia-south1/keyRings/pep-gal-asia-south1-2-inst-cnx-portaldemo-asia-south1-2/cryptoKeys/inst-disk",
            "display_name": "",
            "host": "10.253.4.146",
            "id": "organizations/pep-gal-asia-south1-2/instances/cnx-portaldemo-asia-south1-2",
            "ip_range": "",
            "location": "asia-south1",
            "name": "cnx-portaldemo-asia-south1-2",
            "org_id": "organizations/pep-gal-asia-south1-2",
            "peering_cidr_range": "SLASH_22",
            "port": "443",
            "service_attachment": "projects/n3d38da0fa8335e1e-tp/regions/asia-south1/serviceAttachments/apigee-asia-south1-yd5k",
            "timeouts": null
          },
          "sensitive_attributes": [],
          "identity_schema_version": 0,
          "private": "eyJlMmJmYjczMC1lY2FhLTExZTYtOGY4OC0zNDM2M2JjN2M0YzAiOnsiY3JlYXRlIjozNjAwMDAwMDAwMDAwLCJkZWxldGUiOjM2MDAwMDAwMDAwMDB9fQ==",
          "dependencies": [
            "module.apigee-x-core.google_project_service_identity.apigee_sa",
            "module.apigee-x-core.module.apigee.google_apigee_organization.organization",
            "module.apigee-x-core.module.kms-inst-disk.data.google_kms_key_ring.default",
            "module.apigee-x-core.module.kms-inst-disk.google_kms_crypto_key.default",
            "module.apigee-x-core.module.kms-inst-disk.google_kms_crypto_key_iam_binding.authoritative",
            "module.apigee-x-core.module.kms-inst-disk.google_kms_crypto_key_iam_binding.bindings",
            "module.apigee-x-core.module.kms-inst-disk.google_kms_crypto_key_iam_member.members",
            "module.apigee-x-core.module.kms-inst-disk.google_kms_key_ring.default",
            "module.apigee-x-core.module.kms-inst-disk.google_kms_key_ring_iam_binding.authoritative",
            "module.apigee-x-core.module.kms-inst-disk.google_kms_key_ring_iam_binding.bindings",
            "module.apigee-x-core.module.kms-inst-disk.google_kms_key_ring_iam_member.bindings",
            "module.apigee-x-core.module.kms-inst-disk.google_kms_key_ring_import_job.default",
            "module.apigee-x-core.module.kms-inst-disk.google_tags_tag_binding.binding",
            "module.apigee-x-core.module.kms-org-db.data.google_kms_key_ring.default",
            "module.apigee-x-core.module.kms-org-db.google_kms_crypto_key.default",
            "module.apigee-x-core.module.kms-org-db.google_kms_crypto_key_iam_binding.authoritative",
            "module.apigee-x-core.module.kms-org-db.google_kms_crypto_key_iam_binding.bindings",
            "module.apigee-x-core.module.kms-org-db.google_kms_key_ring.default",
            "module.project.data.google_bigquery_default_service_account.bq_sa",
            "module.project.data.google_project.project",
            "module.project.data.google_storage_project_service_account.gcs_sa",
            "module.project.google_access_context_manager_service_perimeter_resource.bridge",
            "module.project.google_access_context_manager_service_perimeter_resource.standard",
            "module.project.google_bigquery_dataset_iam_member.bq-sinks-binding",
            "module.project.google_compute_project_metadata_item.default",
            "module.project.google_compute_shared_vpc_host_project.shared_vpc_host",
            "module.project.google_compute_shared_vpc_service_project.service_projects",
            "module.project.google_compute_shared_vpc_service_project.shared_vpc_service",
            "module.project.google_essential_contacts_contact.contact",
            "module.project.google_kms_crypto_key_iam_member.service_identity_cmek",
            "module.project.google_logging_project_exclusion.logging-exclusion",
            "module.project.google_logging_project_sink.sink",
            "module.project.google_monitoring_monitored_project.primary",
            "module.project.google_org_policy_policy.default",
            "module.project.google_project.project",
            "module.project.google_project_default_service_accounts.default_service_accounts",
            "module.project.google_project_iam_audit_config.default",
            "module.project.google_project_iam_binding.authoritative",
            "module.project.google_project_iam_binding.bindings",
            "module.project.google_project_iam_custom_role.roles",
            "module.project.google_project_iam_member.bindings",
            "module.project.google_project_iam_member.bucket-sinks-binding",
            "module.project.google_project_iam_member.servicenetworking",
            "module.project.google_project_iam_member.shared_vpc_host_robots",
            "module.project.google_project_service.project_services",
            "module.project.google_project_service_identity.jit_si",
            "module.project.google_project_service_identity.servicenetworking",
            "module.project.google_pubsub_topic_iam_member.pubsub-sinks-binding",
            "module.project.google_resource_manager_lien.lien",
            "module.project.google_storage_bucket_iam_member.gcs-sinks-binding",
            "module.project.google_tags_tag_binding.binding",
            "module.vpc.data.google_compute_network.network",
            "module.vpc.google_compute_global_address.psa_ranges",
            "module.vpc.google_compute_network.network",
            "module.vpc.google_compute_network_peering.local",
            "module.vpc.google_compute_network_peering.remote",
            "module.vpc.google_compute_network_peering_routes_config.psa_routes",
            "module.vpc.google_compute_route.gateway",
            "module.vpc.google_compute_route.ilb",
            "module.vpc.google_compute_route.instance",
            "module.vpc.google_compute_route.ip",
            "module.vpc.google_compute_route.vpn_tunnel",
            "module.vpc.google_compute_shared_vpc_host_project.shared_vpc_host",
            "module.vpc.google_compute_shared_vpc_service_project.service_projects",
            "module.vpc.google_compute_subnetwork.proxy_only",
            "module.vpc.google_compute_subnetwork.psc",
            "module.vpc.google_compute_subnetwork.subnetwork",
            "module.vpc.google_compute_subnetwork_iam_binding.authoritative",
            "module.vpc.google_compute_subnetwork_iam_binding.bindings",
            "module.vpc.google_compute_subnetwork_iam_member.bindings",
            "module.vpc.google_dns_policy.default",
            "module.vpc.google_service_networking_connection.psa_connection",
            "module.vpc.google_service_networking_peered_dns_domain.name"
          ]
        }
      ]
    },
    {
      "module": "module.apigee-x-core.module.apigee",
      "mode": "managed",
      "type": "google_apigee_instance_attachment",
      "name": "instance_attachments",
      "provider": "provider[\"registry.terraform.io/hashicorp/google\"]",
      "instances": [
        {
          "index_key": "asia-south1-prod",
          "schema_version": 0,
          "attributes": {
            "environment": "prod",
            "id": "organizations/pep-gal-asia-south1-2/instances/cnx-portaldemo-asia-south1-2/attachments/dd5a6934-45e3-4c20-a949-52bc0a5b7fc5",
            "instance_id": "organizations/pep-gal-asia-south1-2/instances/cnx-portaldemo-asia-south1-2",
            "name": "dd5a6934-45e3-4c20-a949-52bc0a5b7fc5",
            "timeouts": null
          },
          "sensitive_attributes": [],
          "identity_schema_version": 0,
          "private": "eyJlMmJmYjczMC1lY2FhLTExZTYtOGY4OC0zNDM2M2JjN2M0YzAiOnsiY3JlYXRlIjoxODAwMDAwMDAwMDAwLCJkZWxldGUiOjE4MDAwMDAwMDAwMDB9fQ==",
          "dependencies": [
            "module.apigee-x-core.google_project_service_identity.apigee_sa",
            "module.apigee-x-core.module.apigee.google_apigee_environment.environments",
            "module.apigee-x-core.module.apigee.google_apigee_instance.instances",
            "module.apigee-x-core.module.apigee.google_apigee_organization.organization",
            "module.apigee-x-core.module.kms-inst-disk.data.google_kms_key_ring.default",
            "module.apigee-x-core.module.kms-inst-disk.google_kms_crypto_key.default",
            "module.apigee-x-core.module.kms-inst-disk.google_kms_crypto_key_iam_binding.authoritative",
            "module.apigee-x-core.module.kms-inst-disk.google_kms_crypto_key_iam_binding.bindings",
            "module.apigee-x-core.module.kms-inst-disk.google_kms_crypto_key_iam_member.members",
            "module.apigee-x-core.module.kms-inst-disk.google_kms_key_ring.default",
            "module.apigee-x-core.module.kms-inst-disk.google_kms_key_ring_iam_binding.authoritative",
            "module.apigee-x-core.module.kms-inst-disk.google_kms_key_ring_iam_binding.bindings",
            "module.apigee-x-core.module.kms-inst-disk.google_kms_key_ring_iam_member.bindings",
            "module.apigee-x-core.module.kms-inst-disk.google_kms_key_ring_import_job.default",
            "module.apigee-x-core.module.kms-inst-disk.google_tags_tag_binding.binding",
            "module.apigee-x-core.module.kms-org-db.data.google_kms_key_ring.default",
            "module.apigee-x-core.module.kms-org-db.google_kms_crypto_key.default",
            "module.apigee-x-core.module.kms-org-db.google_kms_crypto_key_iam_binding.authoritative",
            "module.apigee-x-core.module.kms-org-db.google_kms_crypto_key_iam_binding.bindings",
            "module.apigee-x-core.module.kms-org-db.google_kms_key_ring.default",
            "module.project.data.google_bigquery_default_service_account.bq_sa",
            "module.project.data.google_project.project",
            "module.project.data.google_storage_project_service_account.gcs_sa",
            "module.project.google_access_context_manager_service_perimeter_resource.bridge",
            "module.project.google_access_context_manager_service_perimeter_resource.standard",
            "module.project.google_bigquery_dataset_iam_member.bq-sinks-binding",
            "module.project.google_compute_project_metadata_item.default",
            "module.project.google_compute_shared_vpc_host_project.shared_vpc_host",
            "module.project.google_compute_shared_vpc_service_project.service_projects",
            "module.project.google_compute_shared_vpc_service_project.shared_vpc_service",
            "module.project.google_essential_contacts_contact.contact",
            "module.project.google_kms_crypto_key_iam_member.service_identity_cmek",
            "module.project.google_logging_project_exclusion.logging-exclusion",
            "module.project.google_logging_project_sink.sink",
            "module.project.google_monitoring_monitored_project.primary",
            "module.project.google_org_policy_policy.default",
            "module.project.google_project.project",
            "module.project.google_project_default_service_accounts.default_service_accounts",
            "module.project.google_project_iam_audit_config.default",
            "module.project.google_project_iam_binding.authoritative",
            "module.project.google_project_iam_binding.bindings",
            "module.project.google_project_iam_custom_role.roles",
            "module.project.google_project_iam_member.bindings",
            "module.project.google_project_iam_member.bucket-sinks-binding",
            "module.project.google_project_iam_member.servicenetworking",
            "module.project.google_project_iam_member.shared_vpc_host_robots",
            "module.project.google_project_service.project_services",
            "module.project.google_project_service_identity.jit_si",
            "module.project.google_project_service_identity.servicenetworking",
            "module.project.google_pubsub_topic_iam_member.pubsub-sinks-binding",
            "module.project.google_resource_manager_lien.lien",
            "module.project.google_storage_bucket_iam_member.gcs-sinks-binding",
            "module.project.google_tags_tag_binding.binding",
            "module.vpc.data.google_compute_network.network",
            "module.vpc.google_compute_global_address.psa_ranges",
            "module.vpc.google_compute_network.network",
            "module.vpc.google_compute_network_peering.local",
            "module.vpc.google_compute_network_peering.remote",
            "module.vpc.google_compute_network_peering_routes_config.psa_routes",
            "module.vpc.google_compute_route.gateway",
            "module.vpc.google_compute_route.ilb",
            "module.vpc.google_compute_route.instance",
            "module.vpc.google_compute_route.ip",
            "module.vpc.google_compute_route.vpn_tunnel",
            "module.vpc.google_compute_shared_vpc_host_project.shared_vpc_host",
            "module.vpc.google_compute_shared_vpc_service_project.service_projects",
            "module.vpc.google_compute_subnetwork.proxy_only",
            "module.vpc.google_compute_subnetwork.psc",
            "module.vpc.google_compute_subnetwork.subnetwork",
            "module.vpc.google_compute_subnetwork_iam_binding.authoritative",
            "module.vpc.google_compute_subnetwork_iam_binding.bindings",
            "module.vpc.google_compute_subnetwork_iam_member.bindings",
            "module.vpc.google_dns_policy.default",
            "module.vpc.google_service_networking_connection.psa_connection",
            "module.vpc.google_service_networking_peered_dns_domain.name"
          ]
        },
        {
          "index_key": "asia-south1-sandbox",
          "schema_version": 0,
          "attributes": {
            "environment": "sandbox",
            "id": "organizations/pep-gal-asia-south1-2/instances/cnx-portaldemo-asia-south1-2/attachments/83778cb8-0af2-4e76-a403-bc53fc7deb2f",
            "instance_id": "organizations/pep-gal-asia-south1-2/instances/cnx-portaldemo-asia-south1-2",
            "name": "83778cb8-0af2-4e76-a403-bc53fc7deb2f",
            "timeouts": null
          },
          "sensitive_attributes": [],
          "identity_schema_version": 0,
          "private": "eyJlMmJmYjczMC1lY2FhLTExZTYtOGY4OC0zNDM2M2JjN2M0YzAiOnsiY3JlYXRlIjoxODAwMDAwMDAwMDAwLCJkZWxldGUiOjE4MDAwMDAwMDAwMDB9fQ==",
          "dependencies": [
            "module.apigee-x-core.google_project_service_identity.apigee_sa",
            "module.apigee-x-core.module.apigee.google_apigee_environment.environments",
            "module.apigee-x-core.module.apigee.google_apigee_instance.instances",
            "module.apigee-x-core.module.apigee.google_apigee_organization.organization",
            "module.apigee-x-core.module.kms-inst-disk.data.google_kms_key_ring.default",
            "module.apigee-x-core.module.kms-inst-disk.google_kms_crypto_key.default",
            "module.apigee-x-core.module.kms-inst-disk.google_kms_crypto_key_iam_binding.authoritative",
            "module.apigee-x-core.module.kms-inst-disk.google_kms_crypto_key_iam_binding.bindings",
            "module.apigee-x-core.module.kms-inst-disk.google_kms_crypto_key_iam_member.members",
            "module.apigee-x-core.module.kms-inst-disk.google_kms_key_ring.default",
            "module.apigee-x-core.module.kms-inst-disk.google_kms_key_ring_iam_binding.authoritative",
            "module.apigee-x-core.module.kms-inst-disk.google_kms_key_ring_iam_binding.bindings",
            "module.apigee-x-core.module.kms-inst-disk.google_kms_key_ring_iam_member.bindings",
            "module.apigee-x-core.module.kms-inst-disk.google_kms_key_ring_import_job.default",
            "module.apigee-x-core.module.kms-inst-disk.google_tags_tag_binding.binding",
            "module.apigee-x-core.module.kms-org-db.data.google_kms_key_ring.default",
            "module.apigee-x-core.module.kms-org-db.google_kms_crypto_key.default",
            "module.apigee-x-core.module.kms-org-db.google_kms_crypto_key_iam_binding.authoritative",
            "module.apigee-x-core.module.kms-org-db.google_kms_crypto_key_iam_binding.bindings",
            "module.apigee-x-core.module.kms-org-db.google_kms_key_ring.default",
            "module.project.data.google_bigquery_default_service_account.bq_sa",
            "module.project.data.google_project.project",
            "module.project.data.google_storage_project_service_account.gcs_sa",
            "module.project.google_access_context_manager_service_perimeter_resource.bridge",
            "module.project.google_access_context_manager_service_perimeter_resource.standard",
            "module.project.google_bigquery_dataset_iam_member.bq-sinks-binding",
            "module.project.google_compute_project_metadata_item.default",
            "module.project.google_compute_shared_vpc_host_project.shared_vpc_host",
            "module.project.google_compute_shared_vpc_service_project.service_projects",
            "module.project.google_compute_shared_vpc_service_project.shared_vpc_service",
            "module.project.google_essential_contacts_contact.contact",
            "module.project.google_kms_crypto_key_iam_member.service_identity_cmek",
            "module.project.google_logging_project_exclusion.logging-exclusion",
            "module.project.google_logging_project_sink.sink",
            "module.project.google_monitoring_monitored_project.primary",
            "module.project.google_org_policy_policy.default",
            "module.project.google_project.project",
            "module.project.google_project_default_service_accounts.default_service_accounts",
            "module.project.google_project_iam_audit_config.default",
            "module.project.google_project_iam_binding.authoritative",
            "module.project.google_project_iam_binding.bindings",
            "module.project.google_project_iam_custom_role.roles",
            "module.project.google_project_iam_member.bindings",
            "module.project.google_project_iam_member.bucket-sinks-binding",
            "module.project.google_project_iam_member.servicenetworking",
            "module.project.google_project_iam_member.shared_vpc_host_robots",
            "module.project.google_project_service.project_services",
            "module.project.google_project_service_identity.jit_si",
            "module.project.google_project_service_identity.servicenetworking",
            "module.project.google_pubsub_topic_iam_member.pubsub-sinks-binding",
            "module.project.google_resource_manager_lien.lien",
            "module.project.google_storage_bucket_iam_member.gcs-sinks-binding",
            "module.project.google_tags_tag_binding.binding",
            "module.vpc.data.google_compute_network.network",
            "module.vpc.google_compute_global_address.psa_ranges",
            "module.vpc.google_compute_network.network",
            "module.vpc.google_compute_network_peering.local",
            "module.vpc.google_compute_network_peering.remote",
            "module.vpc.google_compute_network_peering_routes_config.psa_routes",
            "module.vpc.google_compute_route.gateway",
            "module.vpc.google_compute_route.ilb",
            "module.vpc.google_compute_route.instance",
            "module.vpc.google_compute_route.ip",
            "module.vpc.google_compute_route.vpn_tunnel",
            "module.vpc.google_compute_shared_vpc_host_project.shared_vpc_host",
            "module.vpc.google_compute_shared_vpc_service_project.service_projects",
            "module.vpc.google_compute_subnetwork.proxy_only",
            "module.vpc.google_compute_subnetwork.psc",
            "module.vpc.google_compute_subnetwork.subnetwork",
            "module.vpc.google_compute_subnetwork_iam_binding.authoritative",
            "module.vpc.google_compute_subnetwork_iam_binding.bindings",
            "module.vpc.google_compute_subnetwork_iam_member.bindings",
            "module.vpc.google_dns_policy.default",
            "module.vpc.google_service_networking_connection.psa_connection",
            "module.vpc.google_service_networking_peered_dns_domain.name"
          ]
        }
      ]
    },
    {
      "module": "module.apigee-x-core.module.apigee",
      "mode": "managed",
      "type": "google_apigee_organization",
      "name": "organization",
      "provider": "provider[\"registry.terraform.io/hashicorp/google\"]",
      "instances": [
        {
          "index_key": 0,
          "schema_version": 0,
          "attributes": {
            "analytics_region": "asia-south1",
            "api_consumer_data_encryption_key_name": "",
            "api_consumer_data_location": "",
            "apigee_project_id": "n3d38da0fa8335e1e-tp",
            "authorized_network": "projects/pep-gal-asia-south1-2/global/networks/pep-gal-asia-south1-2-network",
            "billing_type": "EVALUATION",
            "ca_certificate": "LS0tLS1CRUdJTiBDRVJUSUZJQ0FURS0tLS0tCk1JSURTVENDQWpHZ0F3SUJBZ0lRVEMrRHhuNytJNnFjNzdYZDhPVFNRREFOQmdrcWhraUc5dzBCQVFzRkFEQXYKTVMwd0t3WURWUVFERXlRNFl6ZGlaVEZpTlMweVlqTTRMVFEwTkdNdE9EVTBNaTB4TTJVNE5XWTRaR1kxWlRFdwpIaGNOTWpZd09EQXpNVGswTkRRMFdoY05Nell3TnpNeE1UazBORFEwV2pBdk1TMHdLd1lEVlFRREV5UTRZemRpClpURmlOUzB5WWpNNExUUTBOR010T0RVME1pMHhNMlU0TldZNFpHWTFaVEV3Z2dFaU1BMEdDU3FHU0liM0RRRUIKQVFVQUE0SUJEd0F3Z2dFS0FvSUJBUUMwWDkxRzV4WlM5dVVFekVJSUFLYlhZU2tFek9rWmNHczk4QTRxeDJHWgpuQXZjUHU0S25yRURJd2UxQ1NPVFhlYzdKaGxoMit3ejIyWkNLVkFZaEN2WnFlam5Jc3FZUG5pdXdiNnAybnZvCml0ZkhweW55dWU3Szg4c0xXeC9tQzdpUlRESFFzbVo5WWpCTmd2cWdIRlNVM2IvMW5jQTlEMGFuTnhjdEttUkQKOGdnaTlRUFBqSzhCdHNOUlc5eFhhRVdPY3M0ei8ySWlyMVl1dkRRcC9wSUVhbVNNbTM3ZVZkOXZNeDJOODdLSwpVb2FqeW1QbE9kS21Yb2ZTb25Fb2ZhSFdIMzFXYjJFbmJ0b2RxTGhlWXFyb1RzdEVzYnJNaHRQNzJ1MVZENzdpCmhRZmVteXBqWkdxVDBPTDYvMEZKdGRiU1lzL0VaeW5mblk0ejk5aW93ak5sQWdNQkFBR2pZVEJmTUE0R0ExVWQKRHdFQi93UUVBd0lDcERBZEJnTlZIU1VFRmpBVUJnZ3JCZ0VGQlFjREFRWUlLd1lCQlFVSEF3SXdEd1lEVlIwVApBUUgvQkFVd0F3RUIvekFkQmdOVkhRNEVGZ1FVU0tCZThBaWtjMktrSndiQ1JkNjhIL05EeTZrd0RRWUpLb1pJCmh2Y05BUUVMQlFBRGdnRUJBRXBibU9LYm8wUmh4c0RwVjRvSzBxajBnc21EMEhraDdmbkJGYWhqeEVDNXp6cUoKdm9sc2lGUXdEVVg3blFGVmZEWlJqc2RIMy9lNlphb0tkaVRiOGJac3g0Q0d6N2luR0N3a1Z1blBLai9GcDQ4YwpiZEphc3JzUHF2Qkh6RjJCdTRGdkI0SkxGWEdUQ0lVOHhPT2xhMjBEdzQzZUdZSVFTNThGR3gzMTIxU1AwdjkrCmZ0dG9SdTBRNEx5aURtaHZaZ2k5Tk1ZTTJmS1g4ZGN2Ymh2bjBsZFB0ZXN4MlBJNGRieWpXaFRrc3ZFQTZGNlgKY0NnM2tlUExtUmZ3WjdHY01CTlNvT0FzVWNOcmdKTjBZajdEZUovSlNYTHBMYy9yRkxVSC85eVpFMks2b2lDdQovdTE0aVAwSUl2dU1FYllsU2kzMyt3eURaL1AyV0ZLL3R3QTkwOTg9Ci0tLS0tRU5EIENFUlRJRklDQVRFLS0tLS0K",
            "control_plane_encryption_key_name": "",
            "description": "",
            "disable_vpc_peering": false,
            "display_name": "",
            "id": "organizations/pep-gal-asia-south1-2",
            "name": "pep-gal-asia-south1-2",
            "project_id": "pep-gal-asia-south1-2",
            "properties": [
              {
                "property": [
                  {
                    "name": "features.hybrid.enabled",
                    "value": "true"
                  },
                  {
                    "name": "features.mart.connect.enabled",
                    "value": "true"
                  }
                ]
              }
            ],
            "retention": "MINIMUM",
            "runtime_database_encryption_key_name": "projects/pep-gal-asia-south1-2/locations/asia-south1/keyRings/pep-gal-asia-south1-2-org-analytics-db/cryptoKeys/org-db",
            "runtime_type": "CLOUD",
            "subscription_type": "TRIAL",
            "timeouts": null
          },
          "sensitive_attributes": [],
          "identity_schema_version": 0,
          "private": "eyJlMmJmYjczMC1lY2FhLTExZTYtOGY4OC0zNDM2M2JjN2M0YzAiOnsiY3JlYXRlIjoyNzAwMDAwMDAwMDAwLCJkZWxldGUiOjI3MDAwMDAwMDAwMDAsInVwZGF0ZSI6MjcwMDAwMDAwMDAwMH19",
          "dependencies": [
            "module.apigee-x-core.module.kms-org-db.data.google_kms_key_ring.default",
            "module.apigee-x-core.module.kms-org-db.google_kms_crypto_key.default",
            "module.apigee-x-core.module.kms-org-db.google_kms_crypto_key_iam_binding.authoritative",
            "module.apigee-x-core.module.kms-org-db.google_kms_crypto_key_iam_binding.bindings",
            "module.apigee-x-core.module.kms-org-db.google_kms_key_ring.default",
            "module.project.data.google_bigquery_default_service_account.bq_sa",
            "module.project.data.google_project.project",
            "module.project.data.google_storage_project_service_account.gcs_sa",
            "module.project.google_access_context_manager_service_perimeter_resource.bridge",
            "module.project.google_access_context_manager_service_perimeter_resource.standard",
            "module.project.google_bigquery_dataset_iam_member.bq-sinks-binding",
            "module.project.google_compute_project_metadata_item.default",
            "module.project.google_compute_shared_vpc_host_project.shared_vpc_host",
            "module.project.google_compute_shared_vpc_service_project.service_projects",
            "module.project.google_compute_shared_vpc_service_project.shared_vpc_service",
            "module.project.google_essential_contacts_contact.contact",
            "module.project.google_kms_crypto_key_iam_member.service_identity_cmek",
            "module.project.google_logging_project_exclusion.logging-exclusion",
            "module.project.google_logging_project_sink.sink",
            "module.project.google_monitoring_monitored_project.primary",
            "module.project.google_org_policy_policy.default",
            "module.project.google_project.project",
            "module.project.google_project_default_service_accounts.default_service_accounts",
            "module.project.google_project_iam_audit_config.default",
            "module.project.google_project_iam_binding.authoritative",
            "module.project.google_project_iam_binding.bindings",
            "module.project.google_project_iam_custom_role.roles",
            "module.project.google_project_iam_member.bindings",
            "module.project.google_project_iam_member.bucket-sinks-binding",
            "module.project.google_project_iam_member.servicenetworking",
            "module.project.google_project_iam_member.shared_vpc_host_robots",
            "module.project.google_project_service.project_services",
            "module.project.google_project_service_identity.jit_si",
            "module.project.google_project_service_identity.servicenetworking",
            "module.project.google_pubsub_topic_iam_member.pubsub-sinks-binding",
            "module.project.google_resource_manager_lien.lien",
            "module.project.google_storage_bucket_iam_member.gcs-sinks-binding",
            "module.project.google_tags_tag_binding.binding",
            "module.vpc.data.google_compute_network.network",
            "module.vpc.google_compute_global_address.psa_ranges",
            "module.vpc.google_compute_network.network",
            "module.vpc.google_compute_network_peering.local",
            "module.vpc.google_compute_network_peering.remote",
            "module.vpc.google_compute_network_peering_routes_config.psa_routes",
            "module.vpc.google_compute_route.gateway",
            "module.vpc.google_compute_route.ilb",
            "module.vpc.google_compute_route.instance",
            "module.vpc.google_compute_route.ip",
            "module.vpc.google_compute_route.vpn_tunnel",
            "module.vpc.google_compute_shared_vpc_host_project.shared_vpc_host",
            "module.vpc.google_compute_shared_vpc_service_project.service_projects",
            "module.vpc.google_compute_subnetwork.proxy_only",
            "module.vpc.google_compute_subnetwork.psc",
            "module.vpc.google_compute_subnetwork.subnetwork",
            "module.vpc.google_compute_subnetwork_iam_binding.authoritative",
            "module.vpc.google_compute_subnetwork_iam_binding.bindings",
            "module.vpc.google_compute_subnetwork_iam_member.bindings",
            "module.vpc.google_dns_policy.default",
            "module.vpc.google_service_networking_connection.psa_connection",
            "module.vpc.google_service_networking_peered_dns_domain.name"
          ]
        }
      ]
    },
    {
      "module": "module.apigee-x-core.module.kms-inst-disk[\"cnx-portaldemo-asia-south1-2\"]",
      "mode": "managed",
      "type": "google_kms_crypto_key",
      "name": "default",
      "provider": "provider[\"registry.terraform.io/hashicorp/google\"]",
      "instances": [
        {
          "index_key": "inst-disk",
          "schema_version": 1,
          "attributes": {
            "crypto_key_backend": "",
            "destroy_scheduled_duration": "2592000s",
            "effective_labels": {},
            "id": "projects/pep-gal-asia-south1-2/locations/asia-south1/keyRings/pep-gal-asia-south1-2-inst-cnx-portaldemo-asia-south1-2/cryptoKeys/inst-disk",
            "import_only": false,
            "key_ring": "projects/pep-gal-asia-south1-2/locations/asia-south1/keyRings/pep-gal-asia-south1-2-inst-cnx-portaldemo-asia-south1-2",
            "labels": null,
            "name": "inst-disk",
            "primary": [
              {
                "name": "projects/pep-gal-asia-south1-2/locations/asia-south1/keyRings/pep-gal-asia-south1-2-inst-cnx-portaldemo-asia-south1-2/cryptoKeys/inst-disk/cryptoKeyVersions/1",
                "state": "ENABLED"
              }
            ],
            "purpose": "ENCRYPT_DECRYPT",
            "rotation_period": "2592000s",
            "skip_initial_version_creation": false,
            "terraform_labels": {},
            "timeouts": null,
            "version_template": [
              {
                "algorithm": "GOOGLE_SYMMETRIC_ENCRYPTION",
                "protection_level": "SOFTWARE"
              }
            ]
          },
          "sensitive_attributes": [],
          "identity_schema_version": 0,
          "private": "eyJlMmJmYjczMC1lY2FhLTExZTYtOGY4OC0zNDM2M2JjN2M0YzAiOnsiY3JlYXRlIjoxMjAwMDAwMDAwMDAwLCJkZWxldGUiOjEyMDAwMDAwMDAwMDAsInVwZGF0ZSI6MTIwMDAwMDAwMDAwMH0sInNjaGVtYV92ZXJzaW9uIjoiMSJ9",
          "dependencies": [
            "module.apigee-x-core.module.kms-inst-disk.data.google_kms_key_ring.default",
            "module.apigee-x-core.module.kms-inst-disk.google_kms_key_ring.default",
            "module.project.data.google_bigquery_default_service_account.bq_sa",
            "module.project.data.google_project.project",
            "module.project.data.google_storage_project_service_account.gcs_sa",
            "module.project.google_access_context_manager_service_perimeter_resource.bridge",
            "module.project.google_access_context_manager_service_perimeter_resource.standard",
            "module.project.google_bigquery_dataset_iam_member.bq-sinks-binding",
            "module.project.google_compute_project_metadata_item.default",
            "module.project.google_compute_shared_vpc_host_project.shared_vpc_host",
            "module.project.google_compute_shared_vpc_service_project.service_projects",
            "module.project.google_compute_shared_vpc_service_project.shared_vpc_service",
            "module.project.google_essential_contacts_contact.contact",
            "module.project.google_kms_crypto_key_iam_member.service_identity_cmek",
            "module.project.google_logging_project_exclusion.logging-exclusion",
            "module.project.google_logging_project_sink.sink",
            "module.project.google_monitoring_monitored_project.primary",
            "module.project.google_org_policy_policy.default",
            "module.project.google_project.project",
            "module.project.google_project_default_service_accounts.default_service_accounts",
            "module.project.google_project_iam_audit_config.default",
            "module.project.google_project_iam_binding.authoritative",
            "module.project.google_project_iam_binding.bindings",
            "module.project.google_project_iam_custom_role.roles",
            "module.project.google_project_iam_member.bindings",
            "module.project.google_project_iam_member.bucket-sinks-binding",
            "module.project.google_project_iam_member.servicenetworking",
            "module.project.google_project_iam_member.shared_vpc_host_robots",
            "module.project.google_project_service.project_services",
            "module.project.google_project_service_identity.jit_si",
            "module.project.google_project_service_identity.servicenetworking",
            "module.project.google_pubsub_topic_iam_member.pubsub-sinks-binding",
            "module.project.google_resource_manager_lien.lien",
            "module.project.google_storage_bucket_iam_member.gcs-sinks-binding",
            "module.project.google_tags_tag_binding.binding",
            "module.vpc.data.google_compute_network.network",
            "module.vpc.google_compute_global_address.psa_ranges",
            "module.vpc.google_compute_network.network",
            "module.vpc.google_compute_network_peering.local",
            "module.vpc.google_compute_network_peering.remote",
            "module.vpc.google_compute_network_peering_routes_config.psa_routes",
            "module.vpc.google_compute_route.gateway",
            "module.vpc.google_compute_route.ilb",
            "module.vpc.google_compute_route.instance",
            "module.vpc.google_compute_route.ip",
            "module.vpc.google_compute_route.vpn_tunnel",
            "module.vpc.google_compute_shared_vpc_host_project.shared_vpc_host",
            "module.vpc.google_compute_shared_vpc_service_project.service_projects",
            "module.vpc.google_compute_subnetwork.proxy_only",
            "module.vpc.google_compute_subnetwork.psc",
            "module.vpc.google_compute_subnetwork.subnetwork",
            "module.vpc.google_compute_subnetwork_iam_binding.authoritative",
            "module.vpc.google_compute_subnetwork_iam_binding.bindings",
            "module.vpc.google_compute_subnetwork_iam_member.bindings",
            "module.vpc.google_dns_policy.default",
            "module.vpc.google_service_networking_connection.psa_connection",
            "module.vpc.google_service_networking_peered_dns_domain.name"
          ]
        }
      ]
    },
    {
      "module": "module.apigee-x-core.module.kms-inst-disk[\"cnx-portaldemo-asia-south1-2\"]",
      "mode": "managed",
      "type": "google_kms_key_ring",
      "name": "default",
      "provider": "provider[\"registry.terraform.io/hashicorp/google\"]",
      "instances": [
        {
          "index_key": 0,
          "schema_version": 0,
          "attributes": {
            "id": "projects/pep-gal-asia-south1-2/locations/asia-south1/keyRings/pep-gal-asia-south1-2-inst-cnx-portaldemo-asia-south1-2",
            "location": "asia-south1",
            "name": "pep-gal-asia-south1-2-inst-cnx-portaldemo-asia-south1-2",
            "project": "pep-gal-asia-south1-2",
            "timeouts": null
          },
          "sensitive_attributes": [],
          "identity_schema_version": 0,
          "private": "eyJlMmJmYjczMC1lY2FhLTExZTYtOGY4OC0zNDM2M2JjN2M0YzAiOnsiY3JlYXRlIjoxMjAwMDAwMDAwMDAwLCJkZWxldGUiOjEyMDAwMDAwMDAwMDB9fQ==",
          "dependencies": [
            "module.project.data.google_bigquery_default_service_account.bq_sa",
            "module.project.data.google_project.project",
            "module.project.data.google_storage_project_service_account.gcs_sa",
            "module.project.google_access_context_manager_service_perimeter_resource.bridge",
            "module.project.google_access_context_manager_service_perimeter_resource.standard",
            "module.project.google_bigquery_dataset_iam_member.bq-sinks-binding",
            "module.project.google_compute_project_metadata_item.default",
            "module.project.google_compute_shared_vpc_host_project.shared_vpc_host",
            "module.project.google_compute_shared_vpc_service_project.service_projects",
            "module.project.google_compute_shared_vpc_service_project.shared_vpc_service",
            "module.project.google_essential_contacts_contact.contact",
            "module.project.google_kms_crypto_key_iam_member.service_identity_cmek",
            "module.project.google_logging_project_exclusion.logging-exclusion",
            "module.project.google_logging_project_sink.sink",
            "module.project.google_monitoring_monitored_project.primary",
            "module.project.google_org_policy_policy.default",
            "module.project.google_project.project",
            "module.project.google_project_default_service_accounts.default_service_accounts",
            "module.project.google_project_iam_audit_config.default",
            "module.project.google_project_iam_binding.authoritative",
            "module.project.google_project_iam_binding.bindings",
            "module.project.google_project_iam_custom_role.roles",
            "module.project.google_project_iam_member.bindings",
            "module.project.google_project_iam_member.bucket-sinks-binding",
            "module.project.google_project_iam_member.servicenetworking",
            "module.project.google_project_iam_member.shared_vpc_host_robots",
            "module.project.google_project_service.project_services",
            "module.project.google_project_service_identity.jit_si",
            "module.project.google_project_service_identity.servicenetworking",
            "module.project.google_pubsub_topic_iam_member.pubsub-sinks-binding",
            "module.project.google_resource_manager_lien.lien",
            "module.project.google_storage_bucket_iam_member.gcs-sinks-binding",
            "module.project.google_tags_tag_binding.binding",
            "module.vpc.data.google_compute_network.network",
            "module.vpc.google_compute_global_address.psa_ranges",
            "module.vpc.google_compute_network.network",
            "module.vpc.google_compute_network_peering.local",
            "module.vpc.google_compute_network_peering.remote",
            "module.vpc.google_compute_network_peering_routes_config.psa_routes",
            "module.vpc.google_compute_route.gateway",
            "module.vpc.google_compute_route.ilb",
            "module.vpc.google_compute_route.instance",
            "module.vpc.google_compute_route.ip",
            "module.vpc.google_compute_route.vpn_tunnel",
            "module.vpc.google_compute_shared_vpc_host_project.shared_vpc_host",
            "module.vpc.google_compute_shared_vpc_service_project.service_projects",
            "module.vpc.google_compute_subnetwork.proxy_only",
            "module.vpc.google_compute_subnetwork.psc",
            "module.vpc.google_compute_subnetwork.subnetwork",
            "module.vpc.google_compute_subnetwork_iam_binding.authoritative",
            "module.vpc.google_compute_subnetwork_iam_binding.bindings",
            "module.vpc.google_compute_subnetwork_iam_member.bindings",
            "module.vpc.google_dns_policy.default",
            "module.vpc.google_service_networking_connection.psa_connection",
            "module.vpc.google_service_networking_peered_dns_domain.name"
          ]
        }
      ]
    },
    {
      "module": "module.apigee-x-core.module.kms-inst-disk[\"cnx-portaldemo-asia-south1-2\"]",
      "mode": "managed",
      "type": "google_kms_key_ring_iam_binding",
      "name": "authoritative",
      "provider": "provider[\"registry.terraform.io/hashicorp/google\"]",
      "instances": [
        {
          "index_key": "roles/cloudkms.cryptoKeyEncrypterDecrypter",
          "schema_version": 0,
          "attributes": {
            "condition": [],
            "etag": "BwZYKbny/S0=",
            "id": "projects/pep-gal-asia-south1-2/locations/asia-south1/keyRings/pep-gal-asia-south1-2-inst-cnx-portaldemo-asia-south1-2/roles/cloudkms.cryptoKeyEncrypterDecrypter",
            "key_ring_id": "projects/pep-gal-asia-south1-2/locations/asia-south1/keyRings/pep-gal-asia-south1-2-inst-cnx-portaldemo-asia-south1-2",
            "members": [
              "serviceAccount:service-17862981523@gcp-sa-apigee.iam.gserviceaccount.com"
            ],
            "role": "roles/cloudkms.cryptoKeyEncrypterDecrypter"
          },
          "sensitive_attributes": [],
          "identity_schema_version": 0,
          "private": "bnVsbA==",
          "dependencies": [
            "module.apigee-x-core.google_project_service_identity.apigee_sa",
            "module.apigee-x-core.module.kms-inst-disk.data.google_kms_key_ring.default",
            "module.apigee-x-core.module.kms-inst-disk.google_kms_key_ring.default",
            "module.project.data.google_bigquery_default_service_account.bq_sa",
            "module.project.data.google_project.project",
            "module.project.data.google_storage_project_service_account.gcs_sa",
            "module.project.google_access_context_manager_service_perimeter_resource.bridge",
            "module.project.google_access_context_manager_service_perimeter_resource.standard",
            "module.project.google_bigquery_dataset_iam_member.bq-sinks-binding",
            "module.project.google_compute_project_metadata_item.default",
            "module.project.google_compute_shared_vpc_host_project.shared_vpc_host",
            "module.project.google_compute_shared_vpc_service_project.service_projects",
            "module.project.google_compute_shared_vpc_service_project.shared_vpc_service",
            "module.project.google_essential_contacts_contact.contact",
            "module.project.google_kms_crypto_key_iam_member.service_identity_cmek",
            "module.project.google_logging_project_exclusion.logging-exclusion",
            "module.project.google_logging_project_sink.sink",
            "module.project.google_monitoring_monitored_project.primary",
            "module.project.google_org_policy_policy.default",
            "module.project.google_project.project",
            "module.project.google_project_default_service_accounts.default_service_accounts",
            "module.project.google_project_iam_audit_config.default",
            "module.project.google_project_iam_binding.authoritative",
            "module.project.google_project_iam_binding.bindings",
            "module.project.google_project_iam_custom_role.roles",
            "module.project.google_project_iam_member.bindings",
            "module.project.google_project_iam_member.bucket-sinks-binding",
            "module.project.google_project_iam_member.servicenetworking",
            "module.project.google_project_iam_member.shared_vpc_host_robots",
            "module.project.google_project_service.project_services",
            "module.project.google_project_service_identity.jit_si",
            "module.project.google_project_service_identity.servicenetworking",
            "module.project.google_pubsub_topic_iam_member.pubsub-sinks-binding",
            "module.project.google_resource_manager_lien.lien",
            "module.project.google_storage_bucket_iam_member.gcs-sinks-binding",
            "module.project.google_tags_tag_binding.binding",
            "module.vpc.data.google_compute_network.network",
            "module.vpc.google_compute_global_address.psa_ranges",
            "module.vpc.google_compute_network.network",
            "module.vpc.google_compute_network_peering.local",
            "module.vpc.google_compute_network_peering.remote",
            "module.vpc.google_compute_network_peering_routes_config.psa_routes",
            "module.vpc.google_compute_route.gateway",
            "module.vpc.google_compute_route.ilb",
            "module.vpc.google_compute_route.instance",
            "module.vpc.google_compute_route.ip",
            "module.vpc.google_compute_route.vpn_tunnel",
            "module.vpc.google_compute_shared_vpc_host_project.shared_vpc_host",
            "module.vpc.google_compute_shared_vpc_service_project.service_projects",
            "module.vpc.google_compute_subnetwork.proxy_only",
            "module.vpc.google_compute_subnetwork.psc",
            "module.vpc.google_compute_subnetwork.subnetwork",
            "module.vpc.google_compute_subnetwork_iam_binding.authoritative",
            "module.vpc.google_compute_subnetwork_iam_binding.bindings",
            "module.vpc.google_compute_subnetwork_iam_member.bindings",
            "module.vpc.google_dns_policy.default",
            "module.vpc.google_service_networking_connection.psa_connection",
            "module.vpc.google_service_networking_peered_dns_domain.name"
          ]
        }
      ]
    },
    {
      "module": "module.apigee-x-core.module.kms-org-db",
      "mode": "managed",
      "type": "google_kms_crypto_key",
      "name": "default",
      "provider": "provider[\"registry.terraform.io/hashicorp/google\"]",
      "instances": [
        {
          "index_key": "org-db",
          "schema_version": 1,
          "attributes": {
            "crypto_key_backend": "",
            "destroy_scheduled_duration": "2592000s",
            "effective_labels": {},
            "id": "projects/pep-gal-asia-south1-2/locations/asia-south1/keyRings/pep-gal-asia-south1-2-org-analytics-db/cryptoKeys/org-db",
            "import_only": false,
            "key_ring": "projects/pep-gal-asia-south1-2/locations/asia-south1/keyRings/pep-gal-asia-south1-2-org-analytics-db",
            "labels": null,
            "name": "org-db",
            "primary": [
              {
                "name": "projects/pep-gal-asia-south1-2/locations/asia-south1/keyRings/pep-gal-asia-south1-2-org-analytics-db/cryptoKeys/org-db/cryptoKeyVersions/1",
                "state": "ENABLED"
              }
            ],
            "purpose": "ENCRYPT_DECRYPT",
            "rotation_period": "2592000s",
            "skip_initial_version_creation": false,
            "terraform_labels": {},
            "timeouts": null,
            "version_template": [
              {
                "algorithm": "GOOGLE_SYMMETRIC_ENCRYPTION",
                "protection_level": "SOFTWARE"
              }
            ]
          },
          "sensitive_attributes": [],
          "identity_schema_version": 0,
          "private": "eyJlMmJmYjczMC1lY2FhLTExZTYtOGY4OC0zNDM2M2JjN2M0YzAiOnsiY3JlYXRlIjoxMjAwMDAwMDAwMDAwLCJkZWxldGUiOjEyMDAwMDAwMDAwMDAsInVwZGF0ZSI6MTIwMDAwMDAwMDAwMH0sInNjaGVtYV92ZXJzaW9uIjoiMSJ9",
          "dependencies": [
            "module.apigee-x-core.module.kms-org-db.data.google_kms_key_ring.default",
            "module.apigee-x-core.module.kms-org-db.google_kms_key_ring.default",
            "module.project.data.google_bigquery_default_service_account.bq_sa",
            "module.project.data.google_project.project",
            "module.project.data.google_storage_project_service_account.gcs_sa",
            "module.project.google_access_context_manager_service_perimeter_resource.bridge",
            "module.project.google_access_context_manager_service_perimeter_resource.standard",
            "module.project.google_bigquery_dataset_iam_member.bq-sinks-binding",
            "module.project.google_compute_project_metadata_item.default",
            "module.project.google_compute_shared_vpc_host_project.shared_vpc_host",
            "module.project.google_compute_shared_vpc_service_project.service_projects",
            "module.project.google_compute_shared_vpc_service_project.shared_vpc_service",
            "module.project.google_essential_contacts_contact.contact",
            "module.project.google_kms_crypto_key_iam_member.service_identity_cmek",
            "module.project.google_logging_project_exclusion.logging-exclusion",
            "module.project.google_logging_project_sink.sink",
            "module.project.google_monitoring_monitored_project.primary",
            "module.project.google_org_policy_policy.default",
            "module.project.google_project.project",
            "module.project.google_project_default_service_accounts.default_service_accounts",
            "module.project.google_project_iam_audit_config.default",
            "module.project.google_project_iam_binding.authoritative",
            "module.project.google_project_iam_binding.bindings",
            "module.project.google_project_iam_custom_role.roles",
            "module.project.google_project_iam_member.bindings",
            "module.project.google_project_iam_member.bucket-sinks-binding",
            "module.project.google_project_iam_member.servicenetworking",
            "module.project.google_project_iam_member.shared_vpc_host_robots",
            "module.project.google_project_service.project_services",
            "module.project.google_project_service_identity.jit_si",
            "module.project.google_project_service_identity.servicenetworking",
            "module.project.google_pubsub_topic_iam_member.pubsub-sinks-binding",
            "module.project.google_resource_manager_lien.lien",
            "module.project.google_storage_bucket_iam_member.gcs-sinks-binding",
            "module.project.google_tags_tag_binding.binding",
            "module.vpc.data.google_compute_network.network",
            "module.vpc.google_compute_global_address.psa_ranges",
            "module.vpc.google_compute_network.network",
            "module.vpc.google_compute_network_peering.local",
            "module.vpc.google_compute_network_peering.remote",
            "module.vpc.google_compute_network_peering_routes_config.psa_routes",
            "module.vpc.google_compute_route.gateway",
            "module.vpc.google_compute_route.ilb",
            "module.vpc.google_compute_route.instance",
            "module.vpc.google_compute_route.ip",
            "module.vpc.google_compute_route.vpn_tunnel",
            "module.vpc.google_compute_shared_vpc_host_project.shared_vpc_host",
            "module.vpc.google_compute_shared_vpc_service_project.service_projects",
            "module.vpc.google_compute_subnetwork.proxy_only",
            "module.vpc.google_compute_subnetwork.psc",
            "module.vpc.google_compute_subnetwork.subnetwork",
            "module.vpc.google_compute_subnetwork_iam_binding.authoritative",
            "module.vpc.google_compute_subnetwork_iam_binding.bindings",
            "module.vpc.google_compute_subnetwork_iam_member.bindings",
            "module.vpc.google_dns_policy.default",
            "module.vpc.google_service_networking_connection.psa_connection",
            "module.vpc.google_service_networking_peered_dns_domain.name"
          ]
        }
      ]
    },
    {
      "module": "module.apigee-x-core.module.kms-org-db",
      "mode": "managed",
      "type": "google_kms_key_ring",
      "name": "default",
      "provider": "provider[\"registry.terraform.io/hashicorp/google\"]",
      "instances": [
        {
          "index_key": 0,
          "schema_version": 0,
          "attributes": {
            "id": "projects/pep-gal-asia-south1-2/locations/asia-south1/keyRings/pep-gal-asia-south1-2-org-analytics-db",
            "location": "asia-south1",
            "name": "pep-gal-asia-south1-2-org-analytics-db",
            "project": "pep-gal-asia-south1-2",
            "timeouts": null
          },
          "sensitive_attributes": [],
          "identity_schema_version": 0,
          "private": "eyJlMmJmYjczMC1lY2FhLTExZTYtOGY4OC0zNDM2M2JjN2M0YzAiOnsiY3JlYXRlIjoxMjAwMDAwMDAwMDAwLCJkZWxldGUiOjEyMDAwMDAwMDAwMDB9fQ==",
          "dependencies": [
            "module.project.data.google_bigquery_default_service_account.bq_sa",
            "module.project.data.google_project.project",
            "module.project.data.google_storage_project_service_account.gcs_sa",
            "module.project.google_access_context_manager_service_perimeter_resource.bridge",
            "module.project.google_access_context_manager_service_perimeter_resource.standard",
            "module.project.google_bigquery_dataset_iam_member.bq-sinks-binding",
            "module.project.google_compute_project_metadata_item.default",
            "module.project.google_compute_shared_vpc_host_project.shared_vpc_host",
            "module.project.google_compute_shared_vpc_service_project.service_projects",
            "module.project.google_compute_shared_vpc_service_project.shared_vpc_service",
            "module.project.google_essential_contacts_contact.contact",
            "module.project.google_kms_crypto_key_iam_member.service_identity_cmek",
            "module.project.google_logging_project_exclusion.logging-exclusion",
            "module.project.google_logging_project_sink.sink",
            "module.project.google_monitoring_monitored_project.primary",
            "module.project.google_org_policy_policy.default",
            "module.project.google_project.project",
            "module.project.google_project_default_service_accounts.default_service_accounts",
            "module.project.google_project_iam_audit_config.default",
            "module.project.google_project_iam_binding.authoritative",
            "module.project.google_project_iam_binding.bindings",
            "module.project.google_project_iam_custom_role.roles",
            "module.project.google_project_iam_member.bindings",
            "module.project.google_project_iam_member.bucket-sinks-binding",
            "module.project.google_project_iam_member.servicenetworking",
            "module.project.google_project_iam_member.shared_vpc_host_robots",
            "module.project.google_project_service.project_services",
            "module.project.google_project_service_identity.jit_si",
            "module.project.google_project_service_identity.servicenetworking",
            "module.project.google_pubsub_topic_iam_member.pubsub-sinks-binding",
            "module.project.google_resource_manager_lien.lien",
            "module.project.google_storage_bucket_iam_member.gcs-sinks-binding",
            "module.project.google_tags_tag_binding.binding",
            "module.vpc.data.google_compute_network.network",
            "module.vpc.google_compute_global_address.psa_ranges",
            "module.vpc.google_compute_network.network",
            "module.vpc.google_compute_network_peering.local",
            "module.vpc.google_compute_network_peering.remote",
            "module.vpc.google_compute_network_peering_routes_config.psa_routes",
            "module.vpc.google_compute_route.gateway",
            "module.vpc.google_compute_route.ilb",
            "module.vpc.google_compute_route.instance",
            "module.vpc.google_compute_route.ip",
            "module.vpc.google_compute_route.vpn_tunnel",
            "module.vpc.google_compute_shared_vpc_host_project.shared_vpc_host",
            "module.vpc.google_compute_shared_vpc_service_project.service_projects",
            "module.vpc.google_compute_subnetwork.proxy_only",
            "module.vpc.google_compute_subnetwork.psc",
            "module.vpc.google_compute_subnetwork.subnetwork",
            "module.vpc.google_compute_subnetwork_iam_binding.authoritative",
            "module.vpc.google_compute_subnetwork_iam_binding.bindings",
            "module.vpc.google_compute_subnetwork_iam_member.bindings",
            "module.vpc.google_dns_policy.default",
            "module.vpc.google_service_networking_connection.psa_connection",
            "module.vpc.google_service_networking_peered_dns_domain.name"
          ]
        }
      ]
    },
    {
      "module": "module.apigee-x-core.module.kms-org-db",
      "mode": "managed",
      "type": "google_kms_key_ring_iam_binding",
      "name": "authoritative",
      "provider": "provider[\"registry.terraform.io/hashicorp/google\"]",
      "instances": [
        {
          "index_key": "roles/cloudkms.cryptoKeyEncrypterDecrypter",
          "schema_version": 0,
          "attributes": {
            "condition": [],
            "etag": "BwZYKbnz9DQ=",
            "id": "projects/pep-gal-asia-south1-2/locations/asia-south1/keyRings/pep-gal-asia-south1-2-org-analytics-db/roles/cloudkms.cryptoKeyEncrypterDecrypter",
            "key_ring_id": "projects/pep-gal-asia-south1-2/locations/asia-south1/keyRings/pep-gal-asia-south1-2-org-analytics-db",
            "members": [
              "serviceAccount:service-17862981523@gcp-sa-apigee.iam.gserviceaccount.com"
            ],
            "role": "roles/cloudkms.cryptoKeyEncrypterDecrypter"
          },
          "sensitive_attributes": [],
          "identity_schema_version": 0,
          "private": "bnVsbA==",
          "dependencies": [
            "module.apigee-x-core.google_project_service_identity.apigee_sa",
            "module.apigee-x-core.module.kms-org-db.data.google_kms_key_ring.default",
            "module.apigee-x-core.module.kms-org-db.google_kms_key_ring.default",
            "module.project.data.google_bigquery_default_service_account.bq_sa",
            "module.project.data.google_project.project",
            "module.project.data.google_storage_project_service_account.gcs_sa",
            "module.project.google_access_context_manager_service_perimeter_resource.bridge",
            "module.project.google_access_context_manager_service_perimeter_resource.standard",
            "module.project.google_bigquery_dataset_iam_member.bq-sinks-binding",
            "module.project.google_compute_project_metadata_item.default",
            "module.project.google_compute_shared_vpc_host_project.shared_vpc_host",
            "module.project.google_compute_shared_vpc_service_project.service_projects",
            "module.project.google_compute_shared_vpc_service_project.shared_vpc_service",
            "module.project.google_essential_contacts_contact.contact",
            "module.project.google_kms_crypto_key_iam_member.service_identity_cmek",
            "module.project.google_logging_project_exclusion.logging-exclusion",
            "module.project.google_logging_project_sink.sink",
            "module.project.google_monitoring_monitored_project.primary",
            "module.project.google_org_policy_policy.default",
            "module.project.google_project.project",
            "module.project.google_project_default_service_accounts.default_service_accounts",
            "module.project.google_project_iam_audit_config.default",
            "module.project.google_project_iam_binding.authoritative",
            "module.project.google_project_iam_binding.bindings",
            "module.project.google_project_iam_custom_role.roles",
            "module.project.google_project_iam_member.bindings",
            "module.project.google_project_iam_member.bucket-sinks-binding",
            "module.project.google_project_iam_member.servicenetworking",
            "module.project.google_project_iam_member.shared_vpc_host_robots",
            "module.project.google_project_service.project_services",
            "module.project.google_project_service_identity.jit_si",
            "module.project.google_project_service_identity.servicenetworking",
            "module.project.google_pubsub_topic_iam_member.pubsub-sinks-binding",
            "module.project.google_resource_manager_lien.lien",
            "module.project.google_storage_bucket_iam_member.gcs-sinks-binding",
            "module.project.google_tags_tag_binding.binding",
            "module.vpc.data.google_compute_network.network",
            "module.vpc.google_compute_global_address.psa_ranges",
            "module.vpc.google_compute_network.network",
            "module.vpc.google_compute_network_peering.local",
            "module.vpc.google_compute_network_peering.remote",
            "module.vpc.google_compute_network_peering_routes_config.psa_routes",
            "module.vpc.google_compute_route.gateway",
            "module.vpc.google_compute_route.ilb",
            "module.vpc.google_compute_route.instance",
            "module.vpc.google_compute_route.ip",
            "module.vpc.google_compute_route.vpn_tunnel",
            "module.vpc.google_compute_shared_vpc_host_project.shared_vpc_host",
            "module.vpc.google_compute_shared_vpc_service_project.service_projects",
            "module.vpc.google_compute_subnetwork.proxy_only",
            "module.vpc.google_compute_subnetwork.psc",
            "module.vpc.google_compute_subnetwork.subnetwork",
            "module.vpc.google_compute_subnetwork_iam_binding.authoritative",
            "module.vpc.google_compute_subnetwork_iam_binding.bindings",
            "module.vpc.google_compute_subnetwork_iam_member.bindings",
            "module.vpc.google_dns_policy.default",
            "module.vpc.google_service_networking_connection.psa_connection",
            "module.vpc.google_service_networking_peered_dns_domain.name"
          ]
        }
      ]
    },
    {
      "module": "module.project",
      "mode": "data",
      "type": "google_project",
      "name": "project",
      "provider": "provider[\"registry.terraform.io/hashicorp/google\"]",
      "instances": [
        {
          "index_key": 0,
          "schema_version": 0,
          "attributes": {
            "auto_create_network": null,
            "billing_account": "015849-2ADC44-D6A811",
            "deletion_policy": "DELETE",
            "effective_labels": {},
            "folder_id": null,
            "id": "projects/pep-gal-asia-south1-2",
            "labels": {},
            "name": "pep-gal-asia-south1-2",
            "number": "17862981523",
            "org_id": null,
            "project_id": "pep-gal-asia-south1-2",
            "skip_delete": null,
            "terraform_labels": {}
          },
          "sensitive_attributes": [],
          "identity_schema_version": 0
        }
      ]
    },
    {
      "module": "module.project",
      "mode": "managed",
      "type": "google_project_iam_member",
      "name": "servicenetworking",
      "provider": "provider[\"registry.terraform.io/hashicorp/google\"]",
      "instances": [
        {
          "index_key": 0,
          "schema_version": 0,
          "attributes": {
            "condition": [],
            "etag": "BwZYKbNjf3g=",
            "id": "pep-gal-asia-south1-2/roles/servicenetworking.serviceAgent/serviceAccount:service-17862981523@service-networking.iam.gserviceaccount.com",
            "member": "serviceAccount:service-17862981523@service-networking.iam.gserviceaccount.com",
            "project": "pep-gal-asia-south1-2",
            "role": "roles/servicenetworking.serviceAgent"
          },
          "sensitive_attributes": [],
          "identity_schema_version": 0,
          "private": "bnVsbA==",
          "dependencies": [
            "module.project.data.google_project.project",
            "module.project.google_project.project",
            "module.project.google_project_service.project_services",
            "module.project.google_project_service_identity.servicenetworking"
          ]
        }
      ]
    },
    {
      "module": "module.project",
      "mode": "managed",
      "type": "google_project_service",
      "name": "project_services",
      "provider": "provider[\"registry.terraform.io/hashicorp/google\"]",
      "instances": [
        {
          "index_key": "apigee.googleapis.com",
          "schema_version": 0,
          "attributes": {
            "disable_dependent_services": false,
            "disable_on_destroy": false,
            "id": "pep-gal-asia-south1-2/apigee.googleapis.com",
            "project": "pep-gal-asia-south1-2",
            "service": "apigee.googleapis.com",
            "timeouts": null
          },
          "sensitive_attributes": [],
          "identity_schema_version": 0,
          "private": "eyJlMmJmYjczMC1lY2FhLTExZTYtOGY4OC0zNDM2M2JjN2M0YzAiOnsiY3JlYXRlIjoxMjAwMDAwMDAwMDAwLCJkZWxldGUiOjEyMDAwMDAwMDAwMDAsInJlYWQiOjYwMDAwMDAwMDAwMCwidXBkYXRlIjoxMjAwMDAwMDAwMDAwfX0=",
          "dependencies": [
            "module.project.data.google_project.project",
            "module.project.google_project.project"
          ]
        },
        {
          "index_key": "cloudkms.googleapis.com",
          "schema_version": 0,
          "attributes": {
            "disable_dependent_services": false,
            "disable_on_destroy": false,
            "id": "pep-gal-asia-south1-2/cloudkms.googleapis.com",
            "project": "pep-gal-asia-south1-2",
            "service": "cloudkms.googleapis.com",
            "timeouts": null
          },
          "sensitive_attributes": [],
          "identity_schema_version": 0,
          "private": "eyJlMmJmYjczMC1lY2FhLTExZTYtOGY4OC0zNDM2M2JjN2M0YzAiOnsiY3JlYXRlIjoxMjAwMDAwMDAwMDAwLCJkZWxldGUiOjEyMDAwMDAwMDAwMDAsInJlYWQiOjYwMDAwMDAwMDAwMCwidXBkYXRlIjoxMjAwMDAwMDAwMDAwfX0=",
          "dependencies": [
            "module.project.data.google_project.project",
            "module.project.google_project.project"
          ]
        },
        {
          "index_key": "compute.googleapis.com",
          "schema_version": 0,
          "attributes": {
            "disable_dependent_services": false,
            "disable_on_destroy": false,
            "id": "pep-gal-asia-south1-2/compute.googleapis.com",
            "project": "pep-gal-asia-south1-2",
            "service": "compute.googleapis.com",
            "timeouts": null
          },
          "sensitive_attributes": [],
          "identity_schema_version": 0,
          "private": "eyJlMmJmYjczMC1lY2FhLTExZTYtOGY4OC0zNDM2M2JjN2M0YzAiOnsiY3JlYXRlIjoxMjAwMDAwMDAwMDAwLCJkZWxldGUiOjEyMDAwMDAwMDAwMDAsInJlYWQiOjYwMDAwMDAwMDAwMCwidXBkYXRlIjoxMjAwMDAwMDAwMDAwfX0=",
          "dependencies": [
            "module.project.data.google_project.project",
            "module.project.google_project.project"
          ]
        },
        {
          "index_key": "servicenetworking.googleapis.com",
          "schema_version": 0,
          "attributes": {
            "disable_dependent_services": false,
            "disable_on_destroy": false,
            "id": "pep-gal-asia-south1-2/servicenetworking.googleapis.com",
            "project": "pep-gal-asia-south1-2",
            "service": "servicenetworking.googleapis.com",
            "timeouts": null
          },
          "sensitive_attributes": [],
          "identity_schema_version": 0,
          "private": "eyJlMmJmYjczMC1lY2FhLTExZTYtOGY4OC0zNDM2M2JjN2M0YzAiOnsiY3JlYXRlIjoxMjAwMDAwMDAwMDAwLCJkZWxldGUiOjEyMDAwMDAwMDAwMDAsInJlYWQiOjYwMDAwMDAwMDAwMCwidXBkYXRlIjoxMjAwMDAwMDAwMDAwfX0=",
          "dependencies": [
            "module.project.data.google_project.project",
            "module.project.google_project.project"
          ]
        }
      ]
    },
    {
      "module": "module.project",
      "mode": "managed",
      "type": "google_project_service_identity",
      "name": "jit_si",
      "provider": "provider[\"registry.terraform.io/hashicorp/google-beta\"]",
      "instances": [
        {
          "index_key": "apigee.googleapis.com",
          "schema_version": 0,
          "attributes": {
            "email": "service-17862981523@gcp-sa-apigee.iam.gserviceaccount.com",
            "id": "projects/pep-gal-asia-south1-2/services/apigee.googleapis.com",
            "member": "serviceAccount:service-17862981523@gcp-sa-apigee.iam.gserviceaccount.com",
            "project": "pep-gal-asia-south1-2",
            "service": "apigee.googleapis.com",
            "timeouts": null
          },
          "sensitive_attributes": [],
          "identity_schema_version": 0,
          "private": "eyJlMmJmYjczMC1lY2FhLTExZTYtOGY4OC0zNDM2M2JjN2M0YzAiOnsiY3JlYXRlIjoxMjAwMDAwMDAwMDAwLCJkZWxldGUiOjEyMDAwMDAwMDAwMDAsInJlYWQiOjYwMDAwMDAwMDAwMH19",
          "dependencies": [
            "module.project.data.google_project.project",
            "module.project.google_project.project",
            "module.project.google_project_service.project_services"
          ]
        }
      ]
    },
    {
      "module": "module.project",
      "mode": "managed",
      "type": "google_project_service_identity",
      "name": "servicenetworking",
      "provider": "provider[\"registry.terraform.io/hashicorp/google-beta\"]",
      "instances": [
        {
          "index_key": 0,
          "schema_version": 0,
          "attributes": {
            "email": "service-17862981523@service-networking.iam.gserviceaccount.com",
            "id": "projects/pep-gal-asia-south1-2/services/servicenetworking.googleapis.com",
            "member": "serviceAccount:service-17862981523@service-networking.iam.gserviceaccount.com",
            "project": "pep-gal-asia-south1-2",
            "service": "servicenetworking.googleapis.com",
            "timeouts": null
          },
          "sensitive_attributes": [],
          "identity_schema_version": 0,
          "private": "eyJlMmJmYjczMC1lY2FhLTExZTYtOGY4OC0zNDM2M2JjN2M0YzAiOnsiY3JlYXRlIjoxMjAwMDAwMDAwMDAwLCJkZWxldGUiOjEyMDAwMDAwMDAwMDAsInJlYWQiOjYwMDAwMDAwMDAwMH19",
          "dependencies": [
            "module.project.data.google_project.project",
            "module.project.google_project.project",
            "module.project.google_project_service.project_services"
          ]
        }
      ]
    },
    {
      "module": "module.vpc",
      "mode": "managed",
      "type": "google_compute_global_address",
      "name": "psa_ranges",
      "provider": "provider[\"registry.terraform.io/hashicorp/google\"]",
      "instances": [
        {
          "index_key": "apigee-range",
          "schema_version": 0,
          "attributes": {
            "address": "10.253.4.0",
            "address_type": "INTERNAL",
            "creation_timestamp": "2026-08-03T12:40:04.401-07:00",
            "description": "",
            "effective_labels": {},
            "id": "projects/pep-gal-asia-south1-2/global/addresses/apigee-range",
            "ip_version": "",
            "label_fingerprint": "42WmSpB8rSM=",
            "labels": null,
            "name": "apigee-range",
            "network": "https://www.googleapis.com/compute/v1/projects/pep-gal-asia-south1-2/global/networks/pep-gal-asia-south1-2-network",
            "prefix_length": 22,
            "project": "pep-gal-asia-south1-2",
            "purpose": "VPC_PEERING",
            "self_link": "https://www.googleapis.com/compute/v1/projects/pep-gal-asia-south1-2/global/addresses/apigee-range",
            "terraform_labels": {},
            "timeouts": null
          },
          "sensitive_attributes": [],
          "identity_schema_version": 0,
          "private": "eyJlMmJmYjczMC1lY2FhLTExZTYtOGY4OC0zNDM2M2JjN2M0YzAiOnsiY3JlYXRlIjoxMjAwMDAwMDAwMDAwLCJkZWxldGUiOjEyMDAwMDAwMDAwMDAsInVwZGF0ZSI6MTIwMDAwMDAwMDAwMH19",
          "dependencies": [
            "module.project.data.google_bigquery_default_service_account.bq_sa",
            "module.project.data.google_project.project",
            "module.project.data.google_storage_project_service_account.gcs_sa",
            "module.project.google_access_context_manager_service_perimeter_resource.bridge",
            "module.project.google_access_context_manager_service_perimeter_resource.standard",
            "module.project.google_bigquery_dataset_iam_member.bq-sinks-binding",
            "module.project.google_compute_project_metadata_item.default",
            "module.project.google_compute_shared_vpc_host_project.shared_vpc_host",
            "module.project.google_compute_shared_vpc_service_project.service_projects",
            "module.project.google_compute_shared_vpc_service_project.shared_vpc_service",
            "module.project.google_essential_contacts_contact.contact",
            "module.project.google_kms_crypto_key_iam_member.service_identity_cmek",
            "module.project.google_logging_project_exclusion.logging-exclusion",
            "module.project.google_logging_project_sink.sink",
            "module.project.google_monitoring_monitored_project.primary",
            "module.project.google_org_policy_policy.default",
            "module.project.google_project.project",
            "module.project.google_project_default_service_accounts.default_service_accounts",
            "module.project.google_project_iam_audit_config.default",
            "module.project.google_project_iam_binding.authoritative",
            "module.project.google_project_iam_binding.bindings",
            "module.project.google_project_iam_custom_role.roles",
            "module.project.google_project_iam_member.bindings",
            "module.project.google_project_iam_member.bucket-sinks-binding",
            "module.project.google_project_iam_member.servicenetworking",
            "module.project.google_project_iam_member.shared_vpc_host_robots",
            "module.project.google_project_service.project_services",
            "module.project.google_project_service_identity.jit_si",
            "module.project.google_project_service_identity.servicenetworking",
            "module.project.google_pubsub_topic_iam_member.pubsub-sinks-binding",
            "module.project.google_resource_manager_lien.lien",
            "module.project.google_storage_bucket_iam_member.gcs-sinks-binding",
            "module.project.google_tags_tag_binding.binding",
            "module.vpc.data.google_compute_network.network",
            "module.vpc.google_compute_network.network"
          ]
        },
        {
          "index_key": "apigee-support-range",
          "schema_version": 0,
          "attributes": {
            "address": "10.253.1.0",
            "address_type": "INTERNAL",
            "creation_timestamp": "2026-08-03T12:40:04.572-07:00",
            "description": "",
            "effective_labels": {},
            "id": "projects/pep-gal-asia-south1-2/global/addresses/apigee-support-range",
            "ip_version": "",
            "label_fingerprint": "42WmSpB8rSM=",
            "labels": null,
            "name": "apigee-support-range",
            "network": "https://www.googleapis.com/compute/v1/projects/pep-gal-asia-south1-2/global/networks/pep-gal-asia-south1-2-network",
            "prefix_length": 28,
            "project": "pep-gal-asia-south1-2",
            "purpose": "VPC_PEERING",
            "self_link": "https://www.googleapis.com/compute/v1/projects/pep-gal-asia-south1-2/global/addresses/apigee-support-range",
            "terraform_labels": {},
            "timeouts": null
          },
          "sensitive_attributes": [],
          "identity_schema_version": 0,
          "private": "eyJlMmJmYjczMC1lY2FhLTExZTYtOGY4OC0zNDM2M2JjN2M0YzAiOnsiY3JlYXRlIjoxMjAwMDAwMDAwMDAwLCJkZWxldGUiOjEyMDAwMDAwMDAwMDAsInVwZGF0ZSI6MTIwMDAwMDAwMDAwMH19",
          "dependencies": [
            "module.project.data.google_bigquery_default_service_account.bq_sa",
            "module.project.data.google_project.project",
            "module.project.data.google_storage_project_service_account.gcs_sa",
            "module.project.google_access_context_manager_service_perimeter_resource.bridge",
            "module.project.google_access_context_manager_service_perimeter_resource.standard",
            "module.project.google_bigquery_dataset_iam_member.bq-sinks-binding",
            "module.project.google_compute_project_metadata_item.default",
            "module.project.google_compute_shared_vpc_host_project.shared_vpc_host",
            "module.project.google_compute_shared_vpc_service_project.service_projects",
            "module.project.google_compute_shared_vpc_service_project.shared_vpc_service",
            "module.project.google_essential_contacts_contact.contact",
            "module.project.google_kms_crypto_key_iam_member.service_identity_cmek",
            "module.project.google_logging_project_exclusion.logging-exclusion",
            "module.project.google_logging_project_sink.sink",
            "module.project.google_monitoring_monitored_project.primary",
            "module.project.google_org_policy_policy.default",
            "module.project.google_project.project",
            "module.project.google_project_default_service_accounts.default_service_accounts",
            "module.project.google_project_iam_audit_config.default",
            "module.project.google_project_iam_binding.authoritative",
            "module.project.google_project_iam_binding.bindings",
            "module.project.google_project_iam_custom_role.roles",
            "module.project.google_project_iam_member.bindings",
            "module.project.google_project_iam_member.bucket-sinks-binding",
            "module.project.google_project_iam_member.servicenetworking",
            "module.project.google_project_iam_member.shared_vpc_host_robots",
            "module.project.google_project_service.project_services",
            "module.project.google_project_service_identity.jit_si",
            "module.project.google_project_service_identity.servicenetworking",
            "module.project.google_pubsub_topic_iam_member.pubsub-sinks-binding",
            "module.project.google_resource_manager_lien.lien",
            "module.project.google_storage_bucket_iam_member.gcs-sinks-binding",
            "module.project.google_tags_tag_binding.binding",
            "module.vpc.data.google_compute_network.network",
            "module.vpc.google_compute_network.network"
          ]
        }
      ]
    },
    {
      "module": "module.vpc",
      "mode": "managed",
      "type": "google_compute_network",
      "name": "network",
      "provider": "provider[\"registry.terraform.io/hashicorp/google\"]",
      "instances": [
        {
          "index_key": 0,
          "schema_version": 0,
          "attributes": {
            "auto_create_subnetworks": false,
            "delete_default_routes_on_create": false,
            "description": "Terraform-managed.",
            "enable_ula_internal_ipv6": false,
            "gateway_ipv4": "",
            "id": "projects/pep-gal-asia-south1-2/global/networks/pep-gal-asia-south1-2-network",
            "internal_ipv6_range": "",
            "mtu": 0,
            "name": "pep-gal-asia-south1-2-network",
            "network_firewall_policy_enforcement_order": "AFTER_CLASSIC_FIREWALL",
            "numeric_id": "6149828223793188967",
            "project": "pep-gal-asia-south1-2",
            "routing_mode": "GLOBAL",
            "self_link": "https://www.googleapis.com/compute/v1/projects/pep-gal-asia-south1-2/global/networks/pep-gal-asia-south1-2-network",
            "timeouts": null
          },
          "sensitive_attributes": [],
          "identity_schema_version": 0,
          "private": "eyJlMmJmYjczMC1lY2FhLTExZTYtOGY4OC0zNDM2M2JjN2M0YzAiOnsiY3JlYXRlIjoxMjAwMDAwMDAwMDAwLCJkZWxldGUiOjEyMDAwMDAwMDAwMDAsInVwZGF0ZSI6MTIwMDAwMDAwMDAwMH19",
          "dependencies": [
            "module.project.data.google_bigquery_default_service_account.bq_sa",
            "module.project.data.google_project.project",
            "module.project.data.google_storage_project_service_account.gcs_sa",
            "module.project.google_access_context_manager_service_perimeter_resource.bridge",
            "module.project.google_access_context_manager_service_perimeter_resource.standard",
            "module.project.google_bigquery_dataset_iam_member.bq-sinks-binding",
            "module.project.google_compute_project_metadata_item.default",
            "module.project.google_compute_shared_vpc_host_project.shared_vpc_host",
            "module.project.google_compute_shared_vpc_service_project.service_projects",
            "module.project.google_compute_shared_vpc_service_project.shared_vpc_service",
            "module.project.google_essential_contacts_contact.contact",
            "module.project.google_kms_crypto_key_iam_member.service_identity_cmek",
            "module.project.google_logging_project_exclusion.logging-exclusion",
            "module.project.google_logging_project_sink.sink",
            "module.project.google_monitoring_monitored_project.primary",
            "module.project.google_org_policy_policy.default",
            "module.project.google_project.project",
            "module.project.google_project_default_service_accounts.default_service_accounts",
            "module.project.google_project_iam_audit_config.default",
            "module.project.google_project_iam_binding.authoritative",
            "module.project.google_project_iam_binding.bindings",
            "module.project.google_project_iam_custom_role.roles",
            "module.project.google_project_iam_member.bindings",
            "module.project.google_project_iam_member.bucket-sinks-binding",
            "module.project.google_project_iam_member.servicenetworking",
            "module.project.google_project_iam_member.shared_vpc_host_robots",
            "module.project.google_project_service.project_services",
            "module.project.google_project_service_identity.jit_si",
            "module.project.google_project_service_identity.servicenetworking",
            "module.project.google_pubsub_topic_iam_member.pubsub-sinks-binding",
            "module.project.google_resource_manager_lien.lien",
            "module.project.google_storage_bucket_iam_member.gcs-sinks-binding",
            "module.project.google_tags_tag_binding.binding"
          ]
        }
      ]
    },
    {
      "module": "module.vpc",
      "mode": "managed",
      "type": "google_compute_network_peering_routes_config",
      "name": "psa_routes",
      "provider": "provider[\"registry.terraform.io/hashicorp/google\"]",
      "instances": [
        {
          "index_key": 0,
          "schema_version": 0,
          "attributes": {
            "export_custom_routes": true,
            "id": "projects/pep-gal-asia-south1-2/global/networks/pep-gal-asia-south1-2-network/networkPeerings/servicenetworking-googleapis-com",
            "import_custom_routes": false,
            "network": "pep-gal-asia-south1-2-network",
            "peering": "servicenetworking-googleapis-com",
            "project": "pep-gal-asia-south1-2",
            "timeouts": null
          },
          "sensitive_attributes": [],
          "identity_schema_version": 0,
          "private": "eyJlMmJmYjczMC1lY2FhLTExZTYtOGY4OC0zNDM2M2JjN2M0YzAiOnsiY3JlYXRlIjoxMjAwMDAwMDAwMDAwLCJkZWxldGUiOjEyMDAwMDAwMDAwMDAsInVwZGF0ZSI6MTIwMDAwMDAwMDAwMH19",
          "dependencies": [
            "module.project.data.google_bigquery_default_service_account.bq_sa",
            "module.project.data.google_project.project",
            "module.project.data.google_storage_project_service_account.gcs_sa",
            "module.project.google_access_context_manager_service_perimeter_resource.bridge",
            "module.project.google_access_context_manager_service_perimeter_resource.standard",
            "module.project.google_bigquery_dataset_iam_member.bq-sinks-binding",
            "module.project.google_compute_project_metadata_item.default",
            "module.project.google_compute_shared_vpc_host_project.shared_vpc_host",
            "module.project.google_compute_shared_vpc_service_project.service_projects",
            "module.project.google_compute_shared_vpc_service_project.shared_vpc_service",
            "module.project.google_essential_contacts_contact.contact",
            "module.project.google_kms_crypto_key_iam_member.service_identity_cmek",
            "module.project.google_logging_project_exclusion.logging-exclusion",
            "module.project.google_logging_project_sink.sink",
            "module.project.google_monitoring_monitored_project.primary",
            "module.project.google_org_policy_policy.default",
            "module.project.google_project.project",
            "module.project.google_project_default_service_accounts.default_service_accounts",
            "module.project.google_project_iam_audit_config.default",
            "module.project.google_project_iam_binding.authoritative",
            "module.project.google_project_iam_binding.bindings",
            "module.project.google_project_iam_custom_role.roles",
            "module.project.google_project_iam_member.bindings",
            "module.project.google_project_iam_member.bucket-sinks-binding",
            "module.project.google_project_iam_member.servicenetworking",
            "module.project.google_project_iam_member.shared_vpc_host_robots",
            "module.project.google_project_service.project_services",
            "module.project.google_project_service_identity.jit_si",
            "module.project.google_project_service_identity.servicenetworking",
            "module.project.google_pubsub_topic_iam_member.pubsub-sinks-binding",
            "module.project.google_resource_manager_lien.lien",
            "module.project.google_storage_bucket_iam_member.gcs-sinks-binding",
            "module.project.google_tags_tag_binding.binding",
            "module.vpc.data.google_compute_network.network",
            "module.vpc.google_compute_global_address.psa_ranges",
            "module.vpc.google_compute_network.network",
            "module.vpc.google_service_networking_connection.psa_connection"
          ]
        }
      ]
    },
    {
      "module": "module.vpc",
      "mode": "managed",
      "type": "google_compute_route",
      "name": "gateway",
      "provider": "provider[\"registry.terraform.io/hashicorp/google\"]",
      "instances": [
        {
          "index_key": "private-googleapis",
          "schema_version": 0,
          "attributes": {
            "description": "Terraform-managed.",
            "dest_range": "199.36.153.8/30",
            "id": "projects/pep-gal-asia-south1-2/global/routes/pep-gal-asia-south1-2-network-private-googleapis",
            "name": "pep-gal-asia-south1-2-network-private-googleapis",
            "network": "https://www.googleapis.com/compute/v1/projects/pep-gal-asia-south1-2/global/networks/pep-gal-asia-south1-2-network",
            "next_hop_gateway": "https://www.googleapis.com/compute/v1/projects/pep-gal-asia-south1-2/global/gateways/default-internet-gateway",
            "next_hop_ilb": "",
            "next_hop_instance": "",
            "next_hop_instance_zone": null,
            "next_hop_ip": "",
            "next_hop_network": "",
            "next_hop_vpn_tunnel": "",
            "priority": 1000,
            "project": "pep-gal-asia-south1-2",
            "self_link": "https://www.googleapis.com/compute/v1/projects/pep-gal-asia-south1-2/global/routes/pep-gal-asia-south1-2-network-private-googleapis",
            "tags": null,
            "timeouts": null
          },
          "sensitive_attributes": [],
          "identity_schema_version": 0,
          "private": "eyJlMmJmYjczMC1lY2FhLTExZTYtOGY4OC0zNDM2M2JjN2M0YzAiOnsiY3JlYXRlIjoxMjAwMDAwMDAwMDAwLCJkZWxldGUiOjEyMDAwMDAwMDAwMDB9fQ==",
          "dependencies": [
            "module.project.data.google_bigquery_default_service_account.bq_sa",
            "module.project.data.google_project.project",
            "module.project.data.google_storage_project_service_account.gcs_sa",
            "module.project.google_access_context_manager_service_perimeter_resource.bridge",
            "module.project.google_access_context_manager_service_perimeter_resource.standard",
            "module.project.google_bigquery_dataset_iam_member.bq-sinks-binding",
            "module.project.google_compute_project_metadata_item.default",
            "module.project.google_compute_shared_vpc_host_project.shared_vpc_host",
            "module.project.google_compute_shared_vpc_service_project.service_projects",
            "module.project.google_compute_shared_vpc_service_project.shared_vpc_service",
            "module.project.google_essential_contacts_contact.contact",
            "module.project.google_kms_crypto_key_iam_member.service_identity_cmek",
            "module.project.google_logging_project_exclusion.logging-exclusion",
            "module.project.google_logging_project_sink.sink",
            "module.project.google_monitoring_monitored_project.primary",
            "module.project.google_org_policy_policy.default",
            "module.project.google_project.project",
            "module.project.google_project_default_service_accounts.default_service_accounts",
            "module.project.google_project_iam_audit_config.default",
            "module.project.google_project_iam_binding.authoritative",
            "module.project.google_project_iam_binding.bindings",
            "module.project.google_project_iam_custom_role.roles",
            "module.project.google_project_iam_member.bindings",
            "module.project.google_project_iam_member.bucket-sinks-binding",
            "module.project.google_project_iam_member.servicenetworking",
            "module.project.google_project_iam_member.shared_vpc_host_robots",
            "module.project.google_project_service.project_services",
            "module.project.google_project_service_identity.jit_si",
            "module.project.google_project_service_identity.servicenetworking",
            "module.project.google_pubsub_topic_iam_member.pubsub-sinks-binding",
            "module.project.google_resource_manager_lien.lien",
            "module.project.google_storage_bucket_iam_member.gcs-sinks-binding",
            "module.project.google_tags_tag_binding.binding",
            "module.vpc.data.google_compute_network.network",
            "module.vpc.google_compute_network.network"
          ]
        },
        {
          "index_key": "restricted-googleapis",
          "schema_version": 0,
          "attributes": {
            "description": "Terraform-managed.",
            "dest_range": "199.36.153.4/30",
            "id": "projects/pep-gal-asia-south1-2/global/routes/pep-gal-asia-south1-2-network-restricted-googleapis",
            "name": "pep-gal-asia-south1-2-network-restricted-googleapis",
            "network": "https://www.googleapis.com/compute/v1/projects/pep-gal-asia-south1-2/global/networks/pep-gal-asia-south1-2-network",
            "next_hop_gateway": "https://www.googleapis.com/compute/v1/projects/pep-gal-asia-south1-2/global/gateways/default-internet-gateway",
            "next_hop_ilb": "",
            "next_hop_instance": "",
            "next_hop_instance_zone": null,
            "next_hop_ip": "",
            "next_hop_network": "",
            "next_hop_vpn_tunnel": "",
            "priority": 1000,
            "project": "pep-gal-asia-south1-2",
            "self_link": "https://www.googleapis.com/compute/v1/projects/pep-gal-asia-south1-2/global/routes/pep-gal-asia-south1-2-network-restricted-googleapis",
            "tags": null,
            "timeouts": null
          },
          "sensitive_attributes": [],
          "identity_schema_version": 0,
          "private": "eyJlMmJmYjczMC1lY2FhLTExZTYtOGY4OC0zNDM2M2JjN2M0YzAiOnsiY3JlYXRlIjoxMjAwMDAwMDAwMDAwLCJkZWxldGUiOjEyMDAwMDAwMDAwMDB9fQ==",
          "dependencies": [
            "module.project.data.google_bigquery_default_service_account.bq_sa",
            "module.project.data.google_project.project",
            "module.project.data.google_storage_project_service_account.gcs_sa",
            "module.project.google_access_context_manager_service_perimeter_resource.bridge",
            "module.project.google_access_context_manager_service_perimeter_resource.standard",
            "module.project.google_bigquery_dataset_iam_member.bq-sinks-binding",
            "module.project.google_compute_project_metadata_item.default",
            "module.project.google_compute_shared_vpc_host_project.shared_vpc_host",
            "module.project.google_compute_shared_vpc_service_project.service_projects",
            "module.project.google_compute_shared_vpc_service_project.shared_vpc_service",
            "module.project.google_essential_contacts_contact.contact",
            "module.project.google_kms_crypto_key_iam_member.service_identity_cmek",
            "module.project.google_logging_project_exclusion.logging-exclusion",
            "module.project.google_logging_project_sink.sink",
            "module.project.google_monitoring_monitored_project.primary",
            "module.project.google_org_policy_policy.default",
            "module.project.google_project.project",
            "module.project.google_project_default_service_accounts.default_service_accounts",
            "module.project.google_project_iam_audit_config.default",
            "module.project.google_project_iam_binding.authoritative",
            "module.project.google_project_iam_binding.bindings",
            "module.project.google_project_iam_custom_role.roles",
            "module.project.google_project_iam_member.bindings",
            "module.project.google_project_iam_member.bucket-sinks-binding",
            "module.project.google_project_iam_member.servicenetworking",
            "module.project.google_project_iam_member.shared_vpc_host_robots",
            "module.project.google_project_service.project_services",
            "module.project.google_project_service_identity.jit_si",
            "module.project.google_project_service_identity.servicenetworking",
            "module.project.google_pubsub_topic_iam_member.pubsub-sinks-binding",
            "module.project.google_resource_manager_lien.lien",
            "module.project.google_storage_bucket_iam_member.gcs-sinks-binding",
            "module.project.google_tags_tag_binding.binding",
            "module.vpc.data.google_compute_network.network",
            "module.vpc.google_compute_network.network"
          ]
        }
      ]
    },
    {
      "module": "module.vpc",
      "mode": "managed",
      "type": "google_service_networking_connection",
      "name": "psa_connection",
      "provider": "provider[\"registry.terraform.io/hashicorp/google\"]",
      "instances": [
        {
          "index_key": 0,
          "schema_version": 0,
          "attributes": {
            "deletion_policy": null,
            "id": "projects%2Fpep-gal-asia-south1-2%2Fglobal%2Fnetworks%2Fpep-gal-asia-south1-2-network:servicenetworking.googleapis.com",
            "network": "projects/pep-gal-asia-south1-2/global/networks/pep-gal-asia-south1-2-network",
            "peering": "servicenetworking-googleapis-com",
            "reserved_peering_ranges": [
              "apigee-range",
              "apigee-support-range"
            ],
            "service": "servicenetworking.googleapis.com",
            "timeouts": null,
            "update_on_creation_fail": null
          },
          "sensitive_attributes": [],
          "identity_schema_version": 0,
          "private": "eyJlMmJmYjczMC1lY2FhLTExZTYtOGY4OC0zNDM2M2JjN2M0YzAiOnsiY3JlYXRlIjo2MDAwMDAwMDAwMDAsImRlbGV0ZSI6NjAwMDAwMDAwMDAwLCJ1cGRhdGUiOjYwMDAwMDAwMDAwMH19",
          "dependencies": [
            "module.project.data.google_bigquery_default_service_account.bq_sa",
            "module.project.data.google_project.project",
            "module.project.data.google_storage_project_service_account.gcs_sa",
            "module.project.google_access_context_manager_service_perimeter_resource.bridge",
            "module.project.google_access_context_manager_service_perimeter_resource.standard",
            "module.project.google_bigquery_dataset_iam_member.bq-sinks-binding",
            "module.project.google_compute_project_metadata_item.default",
            "module.project.google_compute_shared_vpc_host_project.shared_vpc_host",
            "module.project.google_compute_shared_vpc_service_project.service_projects",
            "module.project.google_compute_shared_vpc_service_project.shared_vpc_service",
            "module.project.google_essential_contacts_contact.contact",
            "module.project.google_kms_crypto_key_iam_member.service_identity_cmek",
            "module.project.google_logging_project_exclusion.logging-exclusion",
            "module.project.google_logging_project_sink.sink",
            "module.project.google_monitoring_monitored_project.primary",
            "module.project.google_org_policy_policy.default",
            "module.project.google_project.project",
            "module.project.google_project_default_service_accounts.default_service_accounts",
            "module.project.google_project_iam_audit_config.default",
            "module.project.google_project_iam_binding.authoritative",
            "module.project.google_project_iam_binding.bindings",
            "module.project.google_project_iam_custom_role.roles",
            "module.project.google_project_iam_member.bindings",
            "module.project.google_project_iam_member.bucket-sinks-binding",
            "module.project.google_project_iam_member.servicenetworking",
            "module.project.google_project_iam_member.shared_vpc_host_robots",
            "module.project.google_project_service.project_services",
            "module.project.google_project_service_identity.jit_si",
            "module.project.google_project_service_identity.servicenetworking",
            "module.project.google_pubsub_topic_iam_member.pubsub-sinks-binding",
            "module.project.google_resource_manager_lien.lien",
            "module.project.google_storage_bucket_iam_member.gcs-sinks-binding",
            "module.project.google_tags_tag_binding.binding",
            "module.vpc.data.google_compute_network.network",
            "module.vpc.google_compute_global_address.psa_ranges",
            "module.vpc.google_compute_network.network"
          ]
        }
      ]
    }
  ],
  "check_results": [
    {
      "object_kind": "var",
      "config_addr": "module.project.var.logging_sinks",
      "status": "pass",
      "objects": [
        {
          "object_addr": "module.project.var.logging_sinks",
          "status": "pass"
        }
      ]
    },
    {
      "object_kind": "var",
      "config_addr": "module.vpc.var.routing_mode",
      "status": "pass",
      "objects": [
        {
          "object_addr": "module.vpc.var.routing_mode",
          "status": "pass"
        }
      ]
    },
    {
      "object_kind": "var",
      "config_addr": "module.project.var.prefix",
      "status": "pass",
      "objects": [
        {
          "object_addr": "module.project.var.prefix",
          "status": "pass"
        }
      ]
    },
    {
      "object_kind": "var",
      "config_addr": "module.project.var.logging_data_access",
      "status": "pass",
      "objects": [
        {
          "object_addr": "module.project.var.logging_data_access",
          "status": "pass"
        }
      ]
    },
    {
      "object_kind": "var",
      "config_addr": "module.apigee-x-core.module.apigee.var.instances",
      "status": "pass",
      "objects": [
        {
          "object_addr": "module.apigee-x-core.module.apigee.var.instances",
          "status": "pass"
        }
      ]
    },
    {
      "object_kind": "var",
      "config_addr": "module.project.var.default_service_account",
      "status": "pass",
      "objects": [
        {
          "object_addr": "module.project.var.default_service_account",
          "status": "pass"
        }
      ]
    },
    {
      "object_kind": "var",
      "config_addr": "var.project_parent",
      "status": "pass",
      "objects": [
        {
          "object_addr": "var.project_parent",
          "status": "pass"
        }
      ]
    },
    {
      "object_kind": "var",
      "config_addr": "module.project.var.parent",
      "status": "pass",
      "objects": [
        {
          "object_addr": "module.project.var.parent",
          "status": "pass"
        }
      ]
    },
    {
      "object_kind": "var",
      "config_addr": "module.project.var.shared_vpc_service_config",
      "status": "pass",
      "objects": [
        {
          "object_addr": "module.project.var.shared_vpc_service_config",
          "status": "pass"
        }
      ]
    },
    {
      "object_kind": "var",
      "config_addr": "module.vpc.var.firewall_policy_enforcement_order",
      "status": "pass",
      "objects": [
        {
          "object_addr": "module.vpc.var.firewall_policy_enforcement_order",
          "status": "pass"
        }
      ]
    },
    {
      "object_kind": "var",
      "config_addr": "module.apigee-x-core.module.apigee.var.organization",
      "status": "pass",
      "objects": [
        {
          "object_addr": "module.apigee-x-core.module.apigee.var.organization",
          "status": "pass"
        }
      ]
    },
    {
      "object_kind": "var",
      "config_addr": "module.vpc.var.routes",
      "status": "pass",
      "objects": [
        {
          "object_addr": "module.vpc.var.routes",
          "status": "pass"
        }
      ]
    }
  ]
}
