{
  "version": 4,
  "terraform_version": "1.16.3",
  "serial": 46,
  "lineage": "d2d8fda8-417e-1c7b-e304-8e85ce461ad5",
  "outputs": {},
  "resources": [
    {
      "module": "module.apigee-x-core",
      "mode": "managed",
      "type": "google_project_service_identity",
      "name": "apigee_sa",
      "provider": "provider[\"registry.terraform.io/hashicorp/google-beta\"]",
      "instances": [
        {
          "schema_version": 0,
          "attributes": {
            "email": "service-1070958566273@gcp-sa-apigee.iam.gserviceaccount.com",
            "id": "projects/apigee-sandbox-509411/services/apigee.googleapis.com",
            "member": "serviceAccount:service-1070958566273@gcp-sa-apigee.iam.gserviceaccount.com",
            "project": "apigee-sandbox-509411",
            "service": "apigee.googleapis.com",
            "timeouts": null
          },
          "sensitive_attributes": [],
          "identity_schema_version": 0,
          "private": "eyJlMmJmYjczMC1lY2FhLTExZTYtOGY4OC0zNDM2M2JjN2M0YzAiOnsiY3JlYXRlIjoxMjAwMDAwMDAwMDAwLCJkZWxldGUiOjEyMDAwMDAwMDAwMDAsInJlYWQiOjYwMDAwMDAwMDAwMH19",
          "dependencies": [
            "module.project.data.google_bigquery_default_service_account.bq_sa",
            "module.project.data.google_cloud_asset_search_all_resources.default",
            "module.project.data.google_logging_project_settings.logging_sa",
            "module.project.data.google_project.project",
            "module.project.data.google_storage_project_service_account.gcs_sa",
            "module.project.google_access_context_manager_service_perimeter_dry_run_resource.default",
            "module.project.google_access_context_manager_service_perimeter_resource.default",
            "module.project.google_bigquery_dataset_iam_member.bq_sinks_binding",
            "module.project.google_bigquery_reservation.default",
            "module.project.google_bigquery_reservation_assignment.default",
            "module.project.google_cloud_asset_project_feed.default",
            "module.project.google_cloud_quotas_quota_preference.default",
            "module.project.google_compute_project_default_network_tier.default_network_tier",
            "module.project.google_compute_project_metadata_item.default",
            "module.project.google_compute_shared_vpc_host_project.shared_vpc_host",
            "module.project.google_compute_shared_vpc_service_project.service_projects",
            "module.project.google_compute_shared_vpc_service_project.shared_vpc_service",
            "module.project.google_compute_subnetwork_iam_member.shared_vpc_host_robots",
            "module.project.google_compute_subnetwork_iam_member.shared_vpc_host_subnets_iam",
            "module.project.google_essential_contacts_contact.contact",
            "module.project.google_iam_deny_policy.default",
            "module.project.google_iam_workload_identity_pool.default",
            "module.project.google_iam_workload_identity_pool_provider.default",
            "module.project.google_kms_crypto_key_iam_member.service_agent_cmek",
            "module.project.google_kms_key_handle.default",
            "module.project.google_logging_log_scope.log_scopes",
            "module.project.google_logging_metric.metrics",
            "module.project.google_logging_project_exclusion.logging_exclusion",
            "module.project.google_logging_project_sink.sink",
            "module.project.google_monitoring_alert_policy.alerts",
            "module.project.google_monitoring_monitored_project.primary",
            "module.project.google_monitoring_notification_channel.channels",
            "module.project.google_org_policy_policy.default",
            "module.project.google_privileged_access_manager_entitlement.default",
            "module.project.google_project.project",
            "module.project.google_project_default_service_accounts.default_service_accounts",
            "module.project.google_project_iam_audit_config.default",
            "module.project.google_project_iam_binding.authoritative",
            "module.project.google_project_iam_binding.bindings",
            "module.project.google_project_iam_custom_role.roles",
            "module.project.google_project_iam_member.bindings",
            "module.project.google_project_iam_member.bucket_sinks_binding",
            "module.project.google_project_iam_member.project_sinks_binding",
            "module.project.google_project_iam_member.service_agents",
            "module.project.google_project_iam_member.shared_vpc_host_iam",
            "module.project.google_project_iam_member.shared_vpc_host_iam_additive",
            "module.project.google_project_iam_member.shared_vpc_host_robots",
            "module.project.google_project_service.org_policy_service",
            "module.project.google_project_service.project_services",
            "module.project.google_project_service_identity.default",
            "module.project.google_pubsub_topic_iam_member.pubsub_sinks_binding",
            "module.project.google_resource_manager_lien.lien",
            "module.project.google_scc_management_project_security_health_analytics_custom_module.scc_project_custom_module",
            "module.project.google_scc_v2_project_mute_config.scc_mute_configs",
            "module.project.google_storage_bucket_iam_member.gcs_sinks_binding",
            "module.project.google_tags_tag_binding.binding",
            "module.project.google_tags_tag_key.default",
            "module.project.google_tags_tag_key_iam_binding.bindings",
            "module.project.google_tags_tag_key_iam_binding.default",
            "module.project.google_tags_tag_key_iam_member.bindings",
            "module.project.google_tags_tag_value.default",
            "module.project.google_tags_tag_value_iam_binding.bindings",
            "module.project.google_tags_tag_value_iam_binding.default",
            "module.project.google_tags_tag_value_iam_member.bindings",
            "module.vpc.data.google_compute_network.network",
            "module.vpc.google_compute_global_address.psa_ranges",
            "module.vpc.google_compute_network.network",
            "module.vpc.google_compute_network_attachment.default",
            "module.vpc.google_compute_network_peering.local",
            "module.vpc.google_compute_network_peering.remote",
            "module.vpc.google_compute_network_peering_routes_config.psa_routes",
            "module.vpc.google_compute_route.gateway",
            "module.vpc.google_compute_route.ilb",
            "module.vpc.google_compute_route.instance",
            "module.vpc.google_compute_route.ip",
            "module.vpc.google_compute_route.vpn_tunnel",
            "module.vpc.google_compute_shared_vpc_host_project.shared_vpc_host",
            "module.vpc.google_compute_shared_vpc_service_project.service_projects",
            "module.vpc.google_compute_subnetwork.private_nat",
            "module.vpc.google_compute_subnetwork.proxy_only",
            "module.vpc.google_compute_subnetwork.psc",
            "module.vpc.google_compute_subnetwork.subnetwork",
            "module.vpc.google_compute_subnetwork_iam_binding.authoritative",
            "module.vpc.google_compute_subnetwork_iam_binding.bindings",
            "module.vpc.google_compute_subnetwork_iam_member.bindings",
            "module.vpc.google_dns_policy.default",
            "module.vpc.google_network_connectivity_internal_range.internal_range",
            "module.vpc.google_network_connectivity_policy_based_route.default",
            "module.vpc.google_network_connectivity_service_connection_policy.service_connection_policy",
            "module.vpc.google_service_networking_connection.psa_connection",
            "module.vpc.google_service_networking_peered_dns_domain.name"
          ]
        }
      ]
    },
    {
      "module": "module.apigee-x-core.module.apigee",
      "mode": "managed",
      "type": "google_apigee_envgroup",
      "name": "envgroups",
      "provider": "provider[\"registry.terraform.io/hashicorp/google\"]",
      "instances": [
        {
          "index_key": "envgrp-prod",
          "schema_version": 0,
          "attributes": {
            "deletion_policy": "DELETE",
            "hostnames": [
              "prod.portaldemo.com"
            ],
            "id": "organizations/apigee-sandbox-509411/envgroups/envgrp-prod",
            "name": "envgrp-prod",
            "org_id": "organizations/apigee-sandbox-509411",
            "timeouts": null
          },
          "sensitive_attributes": [],
          "identity_schema_version": 1,
          "identity": {
            "name": "envgrp-prod",
            "org_id": "organizations/apigee-sandbox-509411"
          },
          "private": "eyJlMmJmYjczMC1lY2FhLTExZTYtOGY4OC0zNDM2M2JjN2M0YzAiOnsiY3JlYXRlIjoxODAwMDAwMDAwMDAwLCJkZWxldGUiOjE4MDAwMDAwMDAwMDAsInVwZGF0ZSI6MTIwMDAwMDAwMDAwMH19",
          "dependencies": [
            "module.apigee-x-core.module.apigee.google_apigee_organization.organization",
            "module.apigee-x-core.module.kms-org-db.data.google_kms_key_ring.default",
            "module.apigee-x-core.module.kms-org-db.google_kms_crypto_key.default",
            "module.apigee-x-core.module.kms-org-db.google_kms_crypto_key_iam_binding.authoritative",
            "module.apigee-x-core.module.kms-org-db.google_kms_crypto_key_iam_binding.bindings",
            "module.apigee-x-core.module.kms-org-db.google_kms_crypto_key_iam_member.members",
            "module.apigee-x-core.module.kms-org-db.google_kms_key_ring.default",
            "module.project.data.google_bigquery_default_service_account.bq_sa",
            "module.project.data.google_cloud_asset_search_all_resources.default",
            "module.project.data.google_logging_project_settings.logging_sa",
            "module.project.data.google_project.project",
            "module.project.data.google_storage_project_service_account.gcs_sa",
            "module.project.google_access_context_manager_service_perimeter_dry_run_resource.default",
            "module.project.google_access_context_manager_service_perimeter_resource.default",
            "module.project.google_bigquery_dataset_iam_member.bq_sinks_binding",
            "module.project.google_bigquery_reservation.default",
            "module.project.google_bigquery_reservation_assignment.default",
            "module.project.google_cloud_asset_project_feed.default",
            "module.project.google_cloud_quotas_quota_preference.default",
            "module.project.google_compute_project_default_network_tier.default_network_tier",
            "module.project.google_compute_project_metadata_item.default",
            "module.project.google_compute_shared_vpc_host_project.shared_vpc_host",
            "module.project.google_compute_shared_vpc_service_project.service_projects",
            "module.project.google_compute_shared_vpc_service_project.shared_vpc_service",
            "module.project.google_compute_subnetwork_iam_member.shared_vpc_host_robots",
            "module.project.google_compute_subnetwork_iam_member.shared_vpc_host_subnets_iam",
            "module.project.google_essential_contacts_contact.contact",
            "module.project.google_iam_deny_policy.default",
            "module.project.google_iam_workload_identity_pool.default",
            "module.project.google_iam_workload_identity_pool_provider.default",
            "module.project.google_kms_crypto_key_iam_member.service_agent_cmek",
            "module.project.google_kms_key_handle.default",
            "module.project.google_logging_log_scope.log_scopes",
            "module.project.google_logging_metric.metrics",
            "module.project.google_logging_project_exclusion.logging_exclusion",
            "module.project.google_logging_project_sink.sink",
            "module.project.google_monitoring_alert_policy.alerts",
            "module.project.google_monitoring_monitored_project.primary",
            "module.project.google_monitoring_notification_channel.channels",
            "module.project.google_org_policy_policy.default",
            "module.project.google_privileged_access_manager_entitlement.default",
            "module.project.google_project.project",
            "module.project.google_project_default_service_accounts.default_service_accounts",
            "module.project.google_project_iam_audit_config.default",
            "module.project.google_project_iam_binding.authoritative",
            "module.project.google_project_iam_binding.bindings",
            "module.project.google_project_iam_custom_role.roles",
            "module.project.google_project_iam_member.bindings",
            "module.project.google_project_iam_member.bucket_sinks_binding",
            "module.project.google_project_iam_member.project_sinks_binding",
            "module.project.google_project_iam_member.service_agents",
            "module.project.google_project_iam_member.shared_vpc_host_iam",
            "module.project.google_project_iam_member.shared_vpc_host_iam_additive",
            "module.project.google_project_iam_member.shared_vpc_host_robots",
            "module.project.google_project_service.org_policy_service",
            "module.project.google_project_service.project_services",
            "module.project.google_project_service_identity.default",
            "module.project.google_pubsub_topic_iam_member.pubsub_sinks_binding",
            "module.project.google_resource_manager_lien.lien",
            "module.project.google_scc_management_project_security_health_analytics_custom_module.scc_project_custom_module",
            "module.project.google_scc_v2_project_mute_config.scc_mute_configs",
            "module.project.google_storage_bucket_iam_member.gcs_sinks_binding",
            "module.project.google_tags_tag_binding.binding",
            "module.project.google_tags_tag_key.default",
            "module.project.google_tags_tag_key_iam_binding.bindings",
            "module.project.google_tags_tag_key_iam_binding.default",
            "module.project.google_tags_tag_key_iam_member.bindings",
            "module.project.google_tags_tag_value.default",
            "module.project.google_tags_tag_value_iam_binding.bindings",
            "module.project.google_tags_tag_value_iam_binding.default",
            "module.project.google_tags_tag_value_iam_member.bindings",
            "module.vpc.data.google_compute_network.network",
            "module.vpc.google_compute_global_address.psa_ranges",
            "module.vpc.google_compute_network.network",
            "module.vpc.google_compute_network_attachment.default",
            "module.vpc.google_compute_network_peering.local",
            "module.vpc.google_compute_network_peering.remote",
            "module.vpc.google_compute_network_peering_routes_config.psa_routes",
            "module.vpc.google_compute_route.gateway",
            "module.vpc.google_compute_route.ilb",
            "module.vpc.google_compute_route.instance",
            "module.vpc.google_compute_route.ip",
            "module.vpc.google_compute_route.vpn_tunnel",
            "module.vpc.google_compute_shared_vpc_host_project.shared_vpc_host",
            "module.vpc.google_compute_shared_vpc_service_project.service_projects",
            "module.vpc.google_compute_subnetwork.private_nat",
            "module.vpc.google_compute_subnetwork.proxy_only",
            "module.vpc.google_compute_subnetwork.psc",
            "module.vpc.google_compute_subnetwork.subnetwork",
            "module.vpc.google_compute_subnetwork_iam_binding.authoritative",
            "module.vpc.google_compute_subnetwork_iam_binding.bindings",
            "module.vpc.google_compute_subnetwork_iam_member.bindings",
            "module.vpc.google_dns_policy.default",
            "module.vpc.google_network_connectivity_internal_range.internal_range",
            "module.vpc.google_network_connectivity_policy_based_route.default",
            "module.vpc.google_network_connectivity_service_connection_policy.service_connection_policy",
            "module.vpc.google_service_networking_connection.psa_connection",
            "module.vpc.google_service_networking_peered_dns_domain.name"
          ]
        },
        {
          "index_key": "envgrp-sandbox",
          "schema_version": 0,
          "attributes": {
            "deletion_policy": "DELETE",
            "hostnames": [
              "sandbox.portaldemo.com"
            ],
            "id": "organizations/apigee-sandbox-509411/envgroups/envgrp-sandbox",
            "name": "envgrp-sandbox",
            "org_id": "organizations/apigee-sandbox-509411",
            "timeouts": null
          },
          "sensitive_attributes": [],
          "identity_schema_version": 1,
          "identity": {
            "name": "envgrp-sandbox",
            "org_id": "organizations/apigee-sandbox-509411"
          },
          "private": "eyJlMmJmYjczMC1lY2FhLTExZTYtOGY4OC0zNDM2M2JjN2M0YzAiOnsiY3JlYXRlIjoxODAwMDAwMDAwMDAwLCJkZWxldGUiOjE4MDAwMDAwMDAwMDAsInVwZGF0ZSI6MTIwMDAwMDAwMDAwMH19",
          "dependencies": [
            "module.apigee-x-core.module.apigee.google_apigee_organization.organization",
            "module.apigee-x-core.module.kms-org-db.data.google_kms_key_ring.default",
            "module.apigee-x-core.module.kms-org-db.google_kms_crypto_key.default",
            "module.apigee-x-core.module.kms-org-db.google_kms_crypto_key_iam_binding.authoritative",
            "module.apigee-x-core.module.kms-org-db.google_kms_crypto_key_iam_binding.bindings",
            "module.apigee-x-core.module.kms-org-db.google_kms_crypto_key_iam_member.members",
            "module.apigee-x-core.module.kms-org-db.google_kms_key_ring.default",
            "module.project.data.google_bigquery_default_service_account.bq_sa",
            "module.project.data.google_cloud_asset_search_all_resources.default",
            "module.project.data.google_logging_project_settings.logging_sa",
            "module.project.data.google_project.project",
            "module.project.data.google_storage_project_service_account.gcs_sa",
            "module.project.google_access_context_manager_service_perimeter_dry_run_resource.default",
            "module.project.google_access_context_manager_service_perimeter_resource.default",
            "module.project.google_bigquery_dataset_iam_member.bq_sinks_binding",
            "module.project.google_bigquery_reservation.default",
            "module.project.google_bigquery_reservation_assignment.default",
            "module.project.google_cloud_asset_project_feed.default",
            "module.project.google_cloud_quotas_quota_preference.default",
            "module.project.google_compute_project_default_network_tier.default_network_tier",
            "module.project.google_compute_project_metadata_item.default",
            "module.project.google_compute_shared_vpc_host_project.shared_vpc_host",
            "module.project.google_compute_shared_vpc_service_project.service_projects",
            "module.project.google_compute_shared_vpc_service_project.shared_vpc_service",
            "module.project.google_compute_subnetwork_iam_member.shared_vpc_host_robots",
            "module.project.google_compute_subnetwork_iam_member.shared_vpc_host_subnets_iam",
            "module.project.google_essential_contacts_contact.contact",
            "module.project.google_iam_deny_policy.default",
            "module.project.google_iam_workload_identity_pool.default",
            "module.project.google_iam_workload_identity_pool_provider.default",
            "module.project.google_kms_crypto_key_iam_member.service_agent_cmek",
            "module.project.google_kms_key_handle.default",
            "module.project.google_logging_log_scope.log_scopes",
            "module.project.google_logging_metric.metrics",
            "module.project.google_logging_project_exclusion.logging_exclusion",
            "module.project.google_logging_project_sink.sink",
            "module.project.google_monitoring_alert_policy.alerts",
            "module.project.google_monitoring_monitored_project.primary",
            "module.project.google_monitoring_notification_channel.channels",
            "module.project.google_org_policy_policy.default",
            "module.project.google_privileged_access_manager_entitlement.default",
            "module.project.google_project.project",
            "module.project.google_project_default_service_accounts.default_service_accounts",
            "module.project.google_project_iam_audit_config.default",
            "module.project.google_project_iam_binding.authoritative",
            "module.project.google_project_iam_binding.bindings",
            "module.project.google_project_iam_custom_role.roles",
            "module.project.google_project_iam_member.bindings",
            "module.project.google_project_iam_member.bucket_sinks_binding",
            "module.project.google_project_iam_member.project_sinks_binding",
            "module.project.google_project_iam_member.service_agents",
            "module.project.google_project_iam_member.shared_vpc_host_iam",
            "module.project.google_project_iam_member.shared_vpc_host_iam_additive",
            "module.project.google_project_iam_member.shared_vpc_host_robots",
            "module.project.google_project_service.org_policy_service",
            "module.project.google_project_service.project_services",
            "module.project.google_project_service_identity.default",
            "module.project.google_pubsub_topic_iam_member.pubsub_sinks_binding",
            "module.project.google_resource_manager_lien.lien",
            "module.project.google_scc_management_project_security_health_analytics_custom_module.scc_project_custom_module",
            "module.project.google_scc_v2_project_mute_config.scc_mute_configs",
            "module.project.google_storage_bucket_iam_member.gcs_sinks_binding",
            "module.project.google_tags_tag_binding.binding",
            "module.project.google_tags_tag_key.default",
            "module.project.google_tags_tag_key_iam_binding.bindings",
            "module.project.google_tags_tag_key_iam_binding.default",
            "module.project.google_tags_tag_key_iam_member.bindings",
            "module.project.google_tags_tag_value.default",
            "module.project.google_tags_tag_value_iam_binding.bindings",
            "module.project.google_tags_tag_value_iam_binding.default",
            "module.project.google_tags_tag_value_iam_member.bindings",
            "module.vpc.data.google_compute_network.network",
            "module.vpc.google_compute_global_address.psa_ranges",
            "module.vpc.google_compute_network.network",
            "module.vpc.google_compute_network_attachment.default",
            "module.vpc.google_compute_network_peering.local",
            "module.vpc.google_compute_network_peering.remote",
            "module.vpc.google_compute_network_peering_routes_config.psa_routes",
            "module.vpc.google_compute_route.gateway",
            "module.vpc.google_compute_route.ilb",
            "module.vpc.google_compute_route.instance",
            "module.vpc.google_compute_route.ip",
            "module.vpc.google_compute_route.vpn_tunnel",
            "module.vpc.google_compute_shared_vpc_host_project.shared_vpc_host",
            "module.vpc.google_compute_shared_vpc_service_project.service_projects",
            "module.vpc.google_compute_subnetwork.private_nat",
            "module.vpc.google_compute_subnetwork.proxy_only",
            "module.vpc.google_compute_subnetwork.psc",
            "module.vpc.google_compute_subnetwork.subnetwork",
            "module.vpc.google_compute_subnetwork_iam_binding.authoritative",
            "module.vpc.google_compute_subnetwork_iam_binding.bindings",
            "module.vpc.google_compute_subnetwork_iam_member.bindings",
            "module.vpc.google_dns_policy.default",
            "module.vpc.google_network_connectivity_internal_range.internal_range",
            "module.vpc.google_network_connectivity_policy_based_route.default",
            "module.vpc.google_network_connectivity_service_connection_policy.service_connection_policy",
            "module.vpc.google_service_networking_connection.psa_connection",
            "module.vpc.google_service_networking_peered_dns_domain.name"
          ]
        }
      ]
    },
    {
      "module": "module.apigee-x-core.module.apigee",
      "mode": "managed",
      "type": "google_apigee_envgroup_attachment",
      "name": "envgroup_attachments",
      "provider": "provider[\"registry.terraform.io/hashicorp/google\"]",
      "instances": [
        {
          "index_key": "prod-envgrp-prod",
          "schema_version": 0,
          "attributes": {
            "deletion_policy": "DELETE",
            "envgroup_id": "organizations/apigee-sandbox-509411/envgroups/envgrp-prod",
            "environment": "prod",
            "id": "organizations/apigee-sandbox-509411/envgroups/envgrp-prod/attachments/8eb1c71e-d417-48a0-a80b-4de9f59d816a",
            "name": "8eb1c71e-d417-48a0-a80b-4de9f59d816a",
            "timeouts": null
          },
          "sensitive_attributes": [],
          "identity_schema_version": 1,
          "identity": {
            "envgroup_id": "organizations/apigee-sandbox-509411/envgroups/envgrp-prod",
            "name": "8eb1c71e-d417-48a0-a80b-4de9f59d816a"
          },
          "private": "eyJlMmJmYjczMC1lY2FhLTExZTYtOGY4OC0zNDM2M2JjN2M0YzAiOnsiY3JlYXRlIjoxODAwMDAwMDAwMDAwLCJkZWxldGUiOjE4MDAwMDAwMDAwMDB9fQ==",
          "dependencies": [
            "module.apigee-x-core.module.apigee.google_apigee_envgroup.envgroups",
            "module.apigee-x-core.module.apigee.google_apigee_environment.environments",
            "module.apigee-x-core.module.apigee.google_apigee_organization.organization",
            "module.apigee-x-core.module.kms-org-db.data.google_kms_key_ring.default",
            "module.apigee-x-core.module.kms-org-db.google_kms_crypto_key.default",
            "module.apigee-x-core.module.kms-org-db.google_kms_crypto_key_iam_binding.authoritative",
            "module.apigee-x-core.module.kms-org-db.google_kms_crypto_key_iam_binding.bindings",
            "module.apigee-x-core.module.kms-org-db.google_kms_crypto_key_iam_member.members",
            "module.apigee-x-core.module.kms-org-db.google_kms_key_ring.default",
            "module.project.data.google_bigquery_default_service_account.bq_sa",
            "module.project.data.google_cloud_asset_search_all_resources.default",
            "module.project.data.google_logging_project_settings.logging_sa",
            "module.project.data.google_project.project",
            "module.project.data.google_storage_project_service_account.gcs_sa",
            "module.project.google_access_context_manager_service_perimeter_dry_run_resource.default",
            "module.project.google_access_context_manager_service_perimeter_resource.default",
            "module.project.google_bigquery_dataset_iam_member.bq_sinks_binding",
            "module.project.google_bigquery_reservation.default",
            "module.project.google_bigquery_reservation_assignment.default",
            "module.project.google_cloud_asset_project_feed.default",
            "module.project.google_cloud_quotas_quota_preference.default",
            "module.project.google_compute_project_default_network_tier.default_network_tier",
            "module.project.google_compute_project_metadata_item.default",
            "module.project.google_compute_shared_vpc_host_project.shared_vpc_host",
            "module.project.google_compute_shared_vpc_service_project.service_projects",
            "module.project.google_compute_shared_vpc_service_project.shared_vpc_service",
            "module.project.google_compute_subnetwork_iam_member.shared_vpc_host_robots",
            "module.project.google_compute_subnetwork_iam_member.shared_vpc_host_subnets_iam",
            "module.project.google_essential_contacts_contact.contact",
            "module.project.google_iam_deny_policy.default",
            "module.project.google_iam_workload_identity_pool.default",
            "module.project.google_iam_workload_identity_pool_provider.default",
            "module.project.google_kms_crypto_key_iam_member.service_agent_cmek",
            "module.project.google_kms_key_handle.default",
            "module.project.google_logging_log_scope.log_scopes",
            "module.project.google_logging_metric.metrics",
            "module.project.google_logging_project_exclusion.logging_exclusion",
            "module.project.google_logging_project_sink.sink",
            "module.project.google_monitoring_alert_policy.alerts",
            "module.project.google_monitoring_monitored_project.primary",
            "module.project.google_monitoring_notification_channel.channels",
            "module.project.google_org_policy_policy.default",
            "module.project.google_privileged_access_manager_entitlement.default",
            "module.project.google_project.project",
            "module.project.google_project_default_service_accounts.default_service_accounts",
            "module.project.google_project_iam_audit_config.default",
            "module.project.google_project_iam_binding.authoritative",
            "module.project.google_project_iam_binding.bindings",
            "module.project.google_project_iam_custom_role.roles",
            "module.project.google_project_iam_member.bindings",
            "module.project.google_project_iam_member.bucket_sinks_binding",
            "module.project.google_project_iam_member.project_sinks_binding",
            "module.project.google_project_iam_member.service_agents",
            "module.project.google_project_iam_member.shared_vpc_host_iam",
            "module.project.google_project_iam_member.shared_vpc_host_iam_additive",
            "module.project.google_project_iam_member.shared_vpc_host_robots",
            "module.project.google_project_service.org_policy_service",
            "module.project.google_project_service.project_services",
            "module.project.google_project_service_identity.default",
            "module.project.google_pubsub_topic_iam_member.pubsub_sinks_binding",
            "module.project.google_resource_manager_lien.lien",
            "module.project.google_scc_management_project_security_health_analytics_custom_module.scc_project_custom_module",
            "module.project.google_scc_v2_project_mute_config.scc_mute_configs",
            "module.project.google_storage_bucket_iam_member.gcs_sinks_binding",
            "module.project.google_tags_tag_binding.binding",
            "module.project.google_tags_tag_key.default",
            "module.project.google_tags_tag_key_iam_binding.bindings",
            "module.project.google_tags_tag_key_iam_binding.default",
            "module.project.google_tags_tag_key_iam_member.bindings",
            "module.project.google_tags_tag_value.default",
            "module.project.google_tags_tag_value_iam_binding.bindings",
            "module.project.google_tags_tag_value_iam_binding.default",
            "module.project.google_tags_tag_value_iam_member.bindings",
            "module.vpc.data.google_compute_network.network",
            "module.vpc.google_compute_global_address.psa_ranges",
            "module.vpc.google_compute_network.network",
            "module.vpc.google_compute_network_attachment.default",
            "module.vpc.google_compute_network_peering.local",
            "module.vpc.google_compute_network_peering.remote",
            "module.vpc.google_compute_network_peering_routes_config.psa_routes",
            "module.vpc.google_compute_route.gateway",
            "module.vpc.google_compute_route.ilb",
            "module.vpc.google_compute_route.instance",
            "module.vpc.google_compute_route.ip",
            "module.vpc.google_compute_route.vpn_tunnel",
            "module.vpc.google_compute_shared_vpc_host_project.shared_vpc_host",
            "module.vpc.google_compute_shared_vpc_service_project.service_projects",
            "module.vpc.google_compute_subnetwork.private_nat",
            "module.vpc.google_compute_subnetwork.proxy_only",
            "module.vpc.google_compute_subnetwork.psc",
            "module.vpc.google_compute_subnetwork.subnetwork",
            "module.vpc.google_compute_subnetwork_iam_binding.authoritative",
            "module.vpc.google_compute_subnetwork_iam_binding.bindings",
            "module.vpc.google_compute_subnetwork_iam_member.bindings",
            "module.vpc.google_dns_policy.default",
            "module.vpc.google_network_connectivity_internal_range.internal_range",
            "module.vpc.google_network_connectivity_policy_based_route.default",
            "module.vpc.google_network_connectivity_service_connection_policy.service_connection_policy",
            "module.vpc.google_service_networking_connection.psa_connection",
            "module.vpc.google_service_networking_peered_dns_domain.name"
          ]
        },
        {
          "index_key": "sandbox-envgrp-sandbox",
          "schema_version": 0,
          "attributes": {
            "deletion_policy": "DELETE",
            "envgroup_id": "organizations/apigee-sandbox-509411/envgroups/envgrp-sandbox",
            "environment": "sandbox",
            "id": "organizations/apigee-sandbox-509411/envgroups/envgrp-sandbox/attachments/f2e7938d-661b-4d08-88ee-e75aa79599ee",
            "name": "f2e7938d-661b-4d08-88ee-e75aa79599ee",
            "timeouts": null
          },
          "sensitive_attributes": [],
          "identity_schema_version": 1,
          "identity": {
            "envgroup_id": "organizations/apigee-sandbox-509411/envgroups/envgrp-sandbox",
            "name": "f2e7938d-661b-4d08-88ee-e75aa79599ee"
          },
          "private": "eyJlMmJmYjczMC1lY2FhLTExZTYtOGY4OC0zNDM2M2JjN2M0YzAiOnsiY3JlYXRlIjoxODAwMDAwMDAwMDAwLCJkZWxldGUiOjE4MDAwMDAwMDAwMDB9fQ==",
          "dependencies": [
            "module.apigee-x-core.module.apigee.google_apigee_envgroup.envgroups",
            "module.apigee-x-core.module.apigee.google_apigee_environment.environments",
            "module.apigee-x-core.module.apigee.google_apigee_organization.organization",
            "module.apigee-x-core.module.kms-org-db.data.google_kms_key_ring.default",
            "module.apigee-x-core.module.kms-org-db.google_kms_crypto_key.default",
            "module.apigee-x-core.module.kms-org-db.google_kms_crypto_key_iam_binding.authoritative",
            "module.apigee-x-core.module.kms-org-db.google_kms_crypto_key_iam_binding.bindings",
            "module.apigee-x-core.module.kms-org-db.google_kms_crypto_key_iam_member.members",
            "module.apigee-x-core.module.kms-org-db.google_kms_key_ring.default",
            "module.project.data.google_bigquery_default_service_account.bq_sa",
            "module.project.data.google_cloud_asset_search_all_resources.default",
            "module.project.data.google_logging_project_settings.logging_sa",
            "module.project.data.google_project.project",
            "module.project.data.google_storage_project_service_account.gcs_sa",
            "module.project.google_access_context_manager_service_perimeter_dry_run_resource.default",
            "module.project.google_access_context_manager_service_perimeter_resource.default",
            "module.project.google_bigquery_dataset_iam_member.bq_sinks_binding",
            "module.project.google_bigquery_reservation.default",
            "module.project.google_bigquery_reservation_assignment.default",
            "module.project.google_cloud_asset_project_feed.default",
            "module.project.google_cloud_quotas_quota_preference.default",
            "module.project.google_compute_project_default_network_tier.default_network_tier",
            "module.project.google_compute_project_metadata_item.default",
            "module.project.google_compute_shared_vpc_host_project.shared_vpc_host",
            "module.project.google_compute_shared_vpc_service_project.service_projects",
            "module.project.google_compute_shared_vpc_service_project.shared_vpc_service",
            "module.project.google_compute_subnetwork_iam_member.shared_vpc_host_robots",
            "module.project.google_compute_subnetwork_iam_member.shared_vpc_host_subnets_iam",
            "module.project.google_essential_contacts_contact.contact",
            "module.project.google_iam_deny_policy.default",
            "module.project.google_iam_workload_identity_pool.default",
            "module.project.google_iam_workload_identity_pool_provider.default",
            "module.project.google_kms_crypto_key_iam_member.service_agent_cmek",
            "module.project.google_kms_key_handle.default",
            "module.project.google_logging_log_scope.log_scopes",
            "module.project.google_logging_metric.metrics",
            "module.project.google_logging_project_exclusion.logging_exclusion",
            "module.project.google_logging_project_sink.sink",
            "module.project.google_monitoring_alert_policy.alerts",
            "module.project.google_monitoring_monitored_project.primary",
            "module.project.google_monitoring_notification_channel.channels",
            "module.project.google_org_policy_policy.default",
            "module.project.google_privileged_access_manager_entitlement.default",
            "module.project.google_project.project",
            "module.project.google_project_default_service_accounts.default_service_accounts",
            "module.project.google_project_iam_audit_config.default",
            "module.project.google_project_iam_binding.authoritative",
            "module.project.google_project_iam_binding.bindings",
            "module.project.google_project_iam_custom_role.roles",
            "module.project.google_project_iam_member.bindings",
            "module.project.google_project_iam_member.bucket_sinks_binding",
            "module.project.google_project_iam_member.project_sinks_binding",
            "module.project.google_project_iam_member.service_agents",
            "module.project.google_project_iam_member.shared_vpc_host_iam",
            "module.project.google_project_iam_member.shared_vpc_host_iam_additive",
            "module.project.google_project_iam_member.shared_vpc_host_robots",
            "module.project.google_project_service.org_policy_service",
            "module.project.google_project_service.project_services",
            "module.project.google_project_service_identity.default",
            "module.project.google_pubsub_topic_iam_member.pubsub_sinks_binding",
            "module.project.google_resource_manager_lien.lien",
            "module.project.google_scc_management_project_security_health_analytics_custom_module.scc_project_custom_module",
            "module.project.google_scc_v2_project_mute_config.scc_mute_configs",
            "module.project.google_storage_bucket_iam_member.gcs_sinks_binding",
            "module.project.google_tags_tag_binding.binding",
            "module.project.google_tags_tag_key.default",
            "module.project.google_tags_tag_key_iam_binding.bindings",
            "module.project.google_tags_tag_key_iam_binding.default",
            "module.project.google_tags_tag_key_iam_member.bindings",
            "module.project.google_tags_tag_value.default",
            "module.project.google_tags_tag_value_iam_binding.bindings",
            "module.project.google_tags_tag_value_iam_binding.default",
            "module.project.google_tags_tag_value_iam_member.bindings",
            "module.vpc.data.google_compute_network.network",
            "module.vpc.google_compute_global_address.psa_ranges",
            "module.vpc.google_compute_network.network",
            "module.vpc.google_compute_network_attachment.default",
            "module.vpc.google_compute_network_peering.local",
            "module.vpc.google_compute_network_peering.remote",
            "module.vpc.google_compute_network_peering_routes_config.psa_routes",
            "module.vpc.google_compute_route.gateway",
            "module.vpc.google_compute_route.ilb",
            "module.vpc.google_compute_route.instance",
            "module.vpc.google_compute_route.ip",
            "module.vpc.google_compute_route.vpn_tunnel",
            "module.vpc.google_compute_shared_vpc_host_project.shared_vpc_host",
            "module.vpc.google_compute_shared_vpc_service_project.service_projects",
            "module.vpc.google_compute_subnetwork.private_nat",
            "module.vpc.google_compute_subnetwork.proxy_only",
            "module.vpc.google_compute_subnetwork.psc",
            "module.vpc.google_compute_subnetwork.subnetwork",
            "module.vpc.google_compute_subnetwork_iam_binding.authoritative",
            "module.vpc.google_compute_subnetwork_iam_binding.bindings",
            "module.vpc.google_compute_subnetwork_iam_member.bindings",
            "module.vpc.google_dns_policy.default",
            "module.vpc.google_network_connectivity_internal_range.internal_range",
            "module.vpc.google_network_connectivity_policy_based_route.default",
            "module.vpc.google_network_connectivity_service_connection_policy.service_connection_policy",
            "module.vpc.google_service_networking_connection.psa_connection",
            "module.vpc.google_service_networking_peered_dns_domain.name"
          ]
        }
      ]
    },
    {
      "module": "module.apigee-x-core.module.apigee",
      "mode": "managed",
      "type": "google_apigee_environment",
      "name": "environments",
      "provider": "provider[\"registry.terraform.io/hashicorp/google\"]",
      "instances": [
        {
          "index_key": "prod",
          "schema_version": 0,
          "attributes": {
            "api_proxy_type": "PROGRAMMABLE",
            "client_ip_resolution_config": [],
            "deletion_policy": "DELETE",
            "deployment_type": "PROXY",
            "description": "prod",
            "display_name": "prod",
            "forward_proxy_uri": "",
            "id": "organizations/apigee-sandbox-509411/environments/prod",
            "name": "prod",
            "node_config": [],
            "org_id": "organizations/apigee-sandbox-509411",
            "properties": [],
            "timeouts": null,
            "type": ""
          },
          "sensitive_attributes": [],
          "identity_schema_version": 1,
          "identity": {
            "name": "prod",
            "org_id": "organizations/apigee-sandbox-509411"
          },
          "private": "eyJlMmJmYjczMC1lY2FhLTExZTYtOGY4OC0zNDM2M2JjN2M0YzAiOnsiY3JlYXRlIjoxODAwMDAwMDAwMDAwLCJkZWxldGUiOjE4MDAwMDAwMDAwMDAsInVwZGF0ZSI6MTIwMDAwMDAwMDAwMH19",
          "dependencies": [
            "module.apigee-x-core.module.apigee.google_apigee_organization.organization",
            "module.apigee-x-core.module.kms-org-db.data.google_kms_key_ring.default",
            "module.apigee-x-core.module.kms-org-db.google_kms_crypto_key.default",
            "module.apigee-x-core.module.kms-org-db.google_kms_crypto_key_iam_binding.authoritative",
            "module.apigee-x-core.module.kms-org-db.google_kms_crypto_key_iam_binding.bindings",
            "module.apigee-x-core.module.kms-org-db.google_kms_crypto_key_iam_member.members",
            "module.apigee-x-core.module.kms-org-db.google_kms_key_ring.default",
            "module.project.data.google_bigquery_default_service_account.bq_sa",
            "module.project.data.google_cloud_asset_search_all_resources.default",
            "module.project.data.google_logging_project_settings.logging_sa",
            "module.project.data.google_project.project",
            "module.project.data.google_storage_project_service_account.gcs_sa",
            "module.project.google_access_context_manager_service_perimeter_dry_run_resource.default",
            "module.project.google_access_context_manager_service_perimeter_resource.default",
            "module.project.google_bigquery_dataset_iam_member.bq_sinks_binding",
            "module.project.google_bigquery_reservation.default",
            "module.project.google_bigquery_reservation_assignment.default",
            "module.project.google_cloud_asset_project_feed.default",
            "module.project.google_cloud_quotas_quota_preference.default",
            "module.project.google_compute_project_default_network_tier.default_network_tier",
            "module.project.google_compute_project_metadata_item.default",
            "module.project.google_compute_shared_vpc_host_project.shared_vpc_host",
            "module.project.google_compute_shared_vpc_service_project.service_projects",
            "module.project.google_compute_shared_vpc_service_project.shared_vpc_service",
            "module.project.google_compute_subnetwork_iam_member.shared_vpc_host_robots",
            "module.project.google_compute_subnetwork_iam_member.shared_vpc_host_subnets_iam",
            "module.project.google_essential_contacts_contact.contact",
            "module.project.google_iam_deny_policy.default",
            "module.project.google_iam_workload_identity_pool.default",
            "module.project.google_iam_workload_identity_pool_provider.default",
            "module.project.google_kms_crypto_key_iam_member.service_agent_cmek",
            "module.project.google_kms_key_handle.default",
            "module.project.google_logging_log_scope.log_scopes",
            "module.project.google_logging_metric.metrics",
            "module.project.google_logging_project_exclusion.logging_exclusion",
            "module.project.google_logging_project_sink.sink",
            "module.project.google_monitoring_alert_policy.alerts",
            "module.project.google_monitoring_monitored_project.primary",
            "module.project.google_monitoring_notification_channel.channels",
            "module.project.google_org_policy_policy.default",
            "module.project.google_privileged_access_manager_entitlement.default",
            "module.project.google_project.project",
            "module.project.google_project_default_service_accounts.default_service_accounts",
            "module.project.google_project_iam_audit_config.default",
            "module.project.google_project_iam_binding.authoritative",
            "module.project.google_project_iam_binding.bindings",
            "module.project.google_project_iam_custom_role.roles",
            "module.project.google_project_iam_member.bindings",
            "module.project.google_project_iam_member.bucket_sinks_binding",
            "module.project.google_project_iam_member.project_sinks_binding",
            "module.project.google_project_iam_member.service_agents",
            "module.project.google_project_iam_member.shared_vpc_host_iam",
            "module.project.google_project_iam_member.shared_vpc_host_iam_additive",
            "module.project.google_project_iam_member.shared_vpc_host_robots",
            "module.project.google_project_service.org_policy_service",
            "module.project.google_project_service.project_services",
            "module.project.google_project_service_identity.default",
            "module.project.google_pubsub_topic_iam_member.pubsub_sinks_binding",
            "module.project.google_resource_manager_lien.lien",
            "module.project.google_scc_management_project_security_health_analytics_custom_module.scc_project_custom_module",
            "module.project.google_scc_v2_project_mute_config.scc_mute_configs",
            "module.project.google_storage_bucket_iam_member.gcs_sinks_binding",
            "module.project.google_tags_tag_binding.binding",
            "module.project.google_tags_tag_key.default",
            "module.project.google_tags_tag_key_iam_binding.bindings",
            "module.project.google_tags_tag_key_iam_binding.default",
            "module.project.google_tags_tag_key_iam_member.bindings",
            "module.project.google_tags_tag_value.default",
            "module.project.google_tags_tag_value_iam_binding.bindings",
            "module.project.google_tags_tag_value_iam_binding.default",
            "module.project.google_tags_tag_value_iam_member.bindings",
            "module.vpc.data.google_compute_network.network",
            "module.vpc.google_compute_global_address.psa_ranges",
            "module.vpc.google_compute_network.network",
            "module.vpc.google_compute_network_attachment.default",
            "module.vpc.google_compute_network_peering.local",
            "module.vpc.google_compute_network_peering.remote",
            "module.vpc.google_compute_network_peering_routes_config.psa_routes",
            "module.vpc.google_compute_route.gateway",
            "module.vpc.google_compute_route.ilb",
            "module.vpc.google_compute_route.instance",
            "module.vpc.google_compute_route.ip",
            "module.vpc.google_compute_route.vpn_tunnel",
            "module.vpc.google_compute_shared_vpc_host_project.shared_vpc_host",
            "module.vpc.google_compute_shared_vpc_service_project.service_projects",
            "module.vpc.google_compute_subnetwork.private_nat",
            "module.vpc.google_compute_subnetwork.proxy_only",
            "module.vpc.google_compute_subnetwork.psc",
            "module.vpc.google_compute_subnetwork.subnetwork",
            "module.vpc.google_compute_subnetwork_iam_binding.authoritative",
            "module.vpc.google_compute_subnetwork_iam_binding.bindings",
            "module.vpc.google_compute_subnetwork_iam_member.bindings",
            "module.vpc.google_dns_policy.default",
            "module.vpc.google_network_connectivity_internal_range.internal_range",
            "module.vpc.google_network_connectivity_policy_based_route.default",
            "module.vpc.google_network_connectivity_service_connection_policy.service_connection_policy",
            "module.vpc.google_service_networking_connection.psa_connection",
            "module.vpc.google_service_networking_peered_dns_domain.name"
          ]
        },
        {
          "index_key": "sandbox",
          "schema_version": 0,
          "attributes": {
            "api_proxy_type": "PROGRAMMABLE",
            "client_ip_resolution_config": [],
            "deletion_policy": "DELETE",
            "deployment_type": "PROXY",
            "description": "sandbox",
            "display_name": "sandbox",
            "forward_proxy_uri": "",
            "id": "organizations/apigee-sandbox-509411/environments/sandbox",
            "name": "sandbox",
            "node_config": [],
            "org_id": "organizations/apigee-sandbox-509411",
            "properties": [],
            "timeouts": null,
            "type": ""
          },
          "sensitive_attributes": [],
          "identity_schema_version": 1,
          "identity": {
            "name": "sandbox",
            "org_id": "organizations/apigee-sandbox-509411"
          },
          "private": "eyJlMmJmYjczMC1lY2FhLTExZTYtOGY4OC0zNDM2M2JjN2M0YzAiOnsiY3JlYXRlIjoxODAwMDAwMDAwMDAwLCJkZWxldGUiOjE4MDAwMDAwMDAwMDAsInVwZGF0ZSI6MTIwMDAwMDAwMDAwMH19",
          "dependencies": [
            "module.apigee-x-core.module.apigee.google_apigee_organization.organization",
            "module.apigee-x-core.module.kms-org-db.data.google_kms_key_ring.default",
            "module.apigee-x-core.module.kms-org-db.google_kms_crypto_key.default",
            "module.apigee-x-core.module.kms-org-db.google_kms_crypto_key_iam_binding.authoritative",
            "module.apigee-x-core.module.kms-org-db.google_kms_crypto_key_iam_binding.bindings",
            "module.apigee-x-core.module.kms-org-db.google_kms_crypto_key_iam_member.members",
            "module.apigee-x-core.module.kms-org-db.google_kms_key_ring.default",
            "module.project.data.google_bigquery_default_service_account.bq_sa",
            "module.project.data.google_cloud_asset_search_all_resources.default",
            "module.project.data.google_logging_project_settings.logging_sa",
            "module.project.data.google_project.project",
            "module.project.data.google_storage_project_service_account.gcs_sa",
            "module.project.google_access_context_manager_service_perimeter_dry_run_resource.default",
            "module.project.google_access_context_manager_service_perimeter_resource.default",
            "module.project.google_bigquery_dataset_iam_member.bq_sinks_binding",
            "module.project.google_bigquery_reservation.default",
            "module.project.google_bigquery_reservation_assignment.default",
            "module.project.google_cloud_asset_project_feed.default",
            "module.project.google_cloud_quotas_quota_preference.default",
            "module.project.google_compute_project_default_network_tier.default_network_tier",
            "module.project.google_compute_project_metadata_item.default",
            "module.project.google_compute_shared_vpc_host_project.shared_vpc_host",
            "module.project.google_compute_shared_vpc_service_project.service_projects",
            "module.project.google_compute_shared_vpc_service_project.shared_vpc_service",
            "module.project.google_compute_subnetwork_iam_member.shared_vpc_host_robots",
            "module.project.google_compute_subnetwork_iam_member.shared_vpc_host_subnets_iam",
            "module.project.google_essential_contacts_contact.contact",
            "module.project.google_iam_deny_policy.default",
            "module.project.google_iam_workload_identity_pool.default",
            "module.project.google_iam_workload_identity_pool_provider.default",
            "module.project.google_kms_crypto_key_iam_member.service_agent_cmek",
            "module.project.google_kms_key_handle.default",
            "module.project.google_logging_log_scope.log_scopes",
            "module.project.google_logging_metric.metrics",
            "module.project.google_logging_project_exclusion.logging_exclusion",
            "module.project.google_logging_project_sink.sink",
            "module.project.google_monitoring_alert_policy.alerts",
            "module.project.google_monitoring_monitored_project.primary",
            "module.project.google_monitoring_notification_channel.channels",
            "module.project.google_org_policy_policy.default",
            "module.project.google_privileged_access_manager_entitlement.default",
            "module.project.google_project.project",
            "module.project.google_project_default_service_accounts.default_service_accounts",
            "module.project.google_project_iam_audit_config.default",
            "module.project.google_project_iam_binding.authoritative",
            "module.project.google_project_iam_binding.bindings",
            "module.project.google_project_iam_custom_role.roles",
            "module.project.google_project_iam_member.bindings",
            "module.project.google_project_iam_member.bucket_sinks_binding",
            "module.project.google_project_iam_member.project_sinks_binding",
            "module.project.google_project_iam_member.service_agents",
            "module.project.google_project_iam_member.shared_vpc_host_iam",
            "module.project.google_project_iam_member.shared_vpc_host_iam_additive",
            "module.project.google_project_iam_member.shared_vpc_host_robots",
            "module.project.google_project_service.org_policy_service",
            "module.project.google_project_service.project_services",
            "module.project.google_project_service_identity.default",
            "module.project.google_pubsub_topic_iam_member.pubsub_sinks_binding",
            "module.project.google_resource_manager_lien.lien",
            "module.project.google_scc_management_project_security_health_analytics_custom_module.scc_project_custom_module",
            "module.project.google_scc_v2_project_mute_config.scc_mute_configs",
            "module.project.google_storage_bucket_iam_member.gcs_sinks_binding",
            "module.project.google_tags_tag_binding.binding",
            "module.project.google_tags_tag_key.default",
            "module.project.google_tags_tag_key_iam_binding.bindings",
            "module.project.google_tags_tag_key_iam_binding.default",
            "module.project.google_tags_tag_key_iam_member.bindings",
            "module.project.google_tags_tag_value.default",
            "module.project.google_tags_tag_value_iam_binding.bindings",
            "module.project.google_tags_tag_value_iam_binding.default",
            "module.project.google_tags_tag_value_iam_member.bindings",
            "module.vpc.data.google_compute_network.network",
            "module.vpc.google_compute_global_address.psa_ranges",
            "module.vpc.google_compute_network.network",
            "module.vpc.google_compute_network_attachment.default",
            "module.vpc.google_compute_network_peering.local",
            "module.vpc.google_compute_network_peering.remote",
            "module.vpc.google_compute_network_peering_routes_config.psa_routes",
            "module.vpc.google_compute_route.gateway",
            "module.vpc.google_compute_route.ilb",
            "module.vpc.google_compute_route.instance",
            "module.vpc.google_compute_route.ip",
            "module.vpc.google_compute_route.vpn_tunnel",
            "module.vpc.google_compute_shared_vpc_host_project.shared_vpc_host",
            "module.vpc.google_compute_shared_vpc_service_project.service_projects",
            "module.vpc.google_compute_subnetwork.private_nat",
            "module.vpc.google_compute_subnetwork.proxy_only",
            "module.vpc.google_compute_subnetwork.psc",
            "module.vpc.google_compute_subnetwork.subnetwork",
            "module.vpc.google_compute_subnetwork_iam_binding.authoritative",
            "module.vpc.google_compute_subnetwork_iam_binding.bindings",
            "module.vpc.google_compute_subnetwork_iam_member.bindings",
            "module.vpc.google_dns_policy.default",
            "module.vpc.google_network_connectivity_internal_range.internal_range",
            "module.vpc.google_network_connectivity_policy_based_route.default",
            "module.vpc.google_network_connectivity_service_connection_policy.service_connection_policy",
            "module.vpc.google_service_networking_connection.psa_connection",
            "module.vpc.google_service_networking_peered_dns_domain.name"
          ]
        }
      ]
    },
    {
      "module": "module.apigee-x-core.module.apigee",
      "mode": "managed",
      "type": "google_apigee_instance",
      "name": "instances",
      "provider": "provider[\"registry.terraform.io/hashicorp/google\"]",
      "instances": [
        {
          "index_key": "europe-west1",
          "schema_version": 0,
          "attributes": {
            "access_logging_config": [],
            "consumer_accept_list": [
              "apigee-sandbox-509411",
              "s39a292638b12d0ea-tp"
            ],
            "deletion_policy": "DELETE",
            "description": "Terraform-managed",
            "disk_encryption_key_name": "projects/apigee-sandbox-509411/locations/europe-west1/keyRings/apigee-sandbox-509411-inst-portaldemo-apigee-sandbox/cryptoKeys/inst-disk",
            "display_name": "",
            "host": "10.253.4.50",
            "id": "organizations/apigee-sandbox-509411/instances/portaldemo-apigee-sandbox",
            "ip_range": null,
            "location": "europe-west1",
            "name": "portaldemo-apigee-sandbox",
            "org_id": "organizations/apigee-sandbox-509411",
            "peering_cidr_range": "SLASH_22",
            "port": "443",
            "service_attachment": "projects/s39a292638b12d0ea-tp/regions/europe-west1/serviceAttachments/apigee-europe-west1-bnu6",
            "timeouts": null
          },
          "sensitive_attributes": [],
          "identity_schema_version": 1,
          "identity": {
            "name": "portaldemo-apigee-sandbox",
            "org_id": "organizations/apigee-sandbox-509411"
          },
          "private": "eyJlMmJmYjczMC1lY2FhLTExZTYtOGY4OC0zNDM2M2JjN2M0YzAiOnsiY3JlYXRlIjozNjAwMDAwMDAwMDAwLCJkZWxldGUiOjM2MDAwMDAwMDAwMDAsInVwZGF0ZSI6MTIwMDAwMDAwMDAwMH19",
          "dependencies": [
            "module.apigee-x-core.google_project_service_identity.apigee_sa",
            "module.apigee-x-core.module.apigee.google_apigee_organization.organization",
            "module.apigee-x-core.module.kms-inst-disk.data.google_kms_key_ring.default",
            "module.apigee-x-core.module.kms-inst-disk.google_kms_crypto_key.default",
            "module.apigee-x-core.module.kms-inst-disk.google_kms_crypto_key_iam_binding.authoritative",
            "module.apigee-x-core.module.kms-inst-disk.google_kms_crypto_key_iam_binding.bindings",
            "module.apigee-x-core.module.kms-inst-disk.google_kms_crypto_key_iam_member.members",
            "module.apigee-x-core.module.kms-inst-disk.google_kms_key_ring.default",
            "module.apigee-x-core.module.kms-inst-disk.google_kms_key_ring_iam_binding.authoritative",
            "module.apigee-x-core.module.kms-inst-disk.google_kms_key_ring_iam_binding.bindings",
            "module.apigee-x-core.module.kms-inst-disk.google_kms_key_ring_iam_member.bindings",
            "module.apigee-x-core.module.kms-inst-disk.google_kms_key_ring_import_job.default",
            "module.apigee-x-core.module.kms-inst-disk.google_tags_location_tag_binding.binding",
            "module.apigee-x-core.module.kms-org-db.data.google_kms_key_ring.default",
            "module.apigee-x-core.module.kms-org-db.google_kms_crypto_key.default",
            "module.apigee-x-core.module.kms-org-db.google_kms_crypto_key_iam_binding.authoritative",
            "module.apigee-x-core.module.kms-org-db.google_kms_crypto_key_iam_binding.bindings",
            "module.apigee-x-core.module.kms-org-db.google_kms_crypto_key_iam_member.members",
            "module.apigee-x-core.module.kms-org-db.google_kms_key_ring.default",
            "module.project.data.google_bigquery_default_service_account.bq_sa",
            "module.project.data.google_cloud_asset_search_all_resources.default",
            "module.project.data.google_logging_project_settings.logging_sa",
            "module.project.data.google_project.project",
            "module.project.data.google_storage_project_service_account.gcs_sa",
            "module.project.google_access_context_manager_service_perimeter_dry_run_resource.default",
            "module.project.google_access_context_manager_service_perimeter_resource.default",
            "module.project.google_bigquery_dataset_iam_member.bq_sinks_binding",
            "module.project.google_bigquery_reservation.default",
            "module.project.google_bigquery_reservation_assignment.default",
            "module.project.google_cloud_asset_project_feed.default",
            "module.project.google_cloud_quotas_quota_preference.default",
            "module.project.google_compute_project_default_network_tier.default_network_tier",
            "module.project.google_compute_project_metadata_item.default",
            "module.project.google_compute_shared_vpc_host_project.shared_vpc_host",
            "module.project.google_compute_shared_vpc_service_project.service_projects",
            "module.project.google_compute_shared_vpc_service_project.shared_vpc_service",
            "module.project.google_compute_subnetwork_iam_member.shared_vpc_host_robots",
            "module.project.google_compute_subnetwork_iam_member.shared_vpc_host_subnets_iam",
            "module.project.google_essential_contacts_contact.contact",
            "module.project.google_iam_deny_policy.default",
            "module.project.google_iam_workload_identity_pool.default",
            "module.project.google_iam_workload_identity_pool_provider.default",
            "module.project.google_kms_crypto_key_iam_member.service_agent_cmek",
            "module.project.google_kms_key_handle.default",
            "module.project.google_logging_log_scope.log_scopes",
            "module.project.google_logging_metric.metrics",
            "module.project.google_logging_project_exclusion.logging_exclusion",
            "module.project.google_logging_project_sink.sink",
            "module.project.google_monitoring_alert_policy.alerts",
            "module.project.google_monitoring_monitored_project.primary",
            "module.project.google_monitoring_notification_channel.channels",
            "module.project.google_org_policy_policy.default",
            "module.project.google_privileged_access_manager_entitlement.default",
            "module.project.google_project.project",
            "module.project.google_project_default_service_accounts.default_service_accounts",
            "module.project.google_project_iam_audit_config.default",
            "module.project.google_project_iam_binding.authoritative",
            "module.project.google_project_iam_binding.bindings",
            "module.project.google_project_iam_custom_role.roles",
            "module.project.google_project_iam_member.bindings",
            "module.project.google_project_iam_member.bucket_sinks_binding",
            "module.project.google_project_iam_member.project_sinks_binding",
            "module.project.google_project_iam_member.service_agents",
            "module.project.google_project_iam_member.shared_vpc_host_iam",
            "module.project.google_project_iam_member.shared_vpc_host_iam_additive",
            "module.project.google_project_iam_member.shared_vpc_host_robots",
            "module.project.google_project_service.org_policy_service",
            "module.project.google_project_service.project_services",
            "module.project.google_project_service_identity.default",
            "module.project.google_pubsub_topic_iam_member.pubsub_sinks_binding",
            "module.project.google_resource_manager_lien.lien",
            "module.project.google_scc_management_project_security_health_analytics_custom_module.scc_project_custom_module",
            "module.project.google_scc_v2_project_mute_config.scc_mute_configs",
            "module.project.google_storage_bucket_iam_member.gcs_sinks_binding",
            "module.project.google_tags_tag_binding.binding",
            "module.project.google_tags_tag_key.default",
            "module.project.google_tags_tag_key_iam_binding.bindings",
            "module.project.google_tags_tag_key_iam_binding.default",
            "module.project.google_tags_tag_key_iam_member.bindings",
            "module.project.google_tags_tag_value.default",
            "module.project.google_tags_tag_value_iam_binding.bindings",
            "module.project.google_tags_tag_value_iam_binding.default",
            "module.project.google_tags_tag_value_iam_member.bindings",
            "module.vpc.data.google_compute_network.network",
            "module.vpc.google_compute_global_address.psa_ranges",
            "module.vpc.google_compute_network.network",
            "module.vpc.google_compute_network_attachment.default",
            "module.vpc.google_compute_network_peering.local",
            "module.vpc.google_compute_network_peering.remote",
            "module.vpc.google_compute_network_peering_routes_config.psa_routes",
            "module.vpc.google_compute_route.gateway",
            "module.vpc.google_compute_route.ilb",
            "module.vpc.google_compute_route.instance",
            "module.vpc.google_compute_route.ip",
            "module.vpc.google_compute_route.vpn_tunnel",
            "module.vpc.google_compute_shared_vpc_host_project.shared_vpc_host",
            "module.vpc.google_compute_shared_vpc_service_project.service_projects",
            "module.vpc.google_compute_subnetwork.private_nat",
            "module.vpc.google_compute_subnetwork.proxy_only",
            "module.vpc.google_compute_subnetwork.psc",
            "module.vpc.google_compute_subnetwork.subnetwork",
            "module.vpc.google_compute_subnetwork_iam_binding.authoritative",
            "module.vpc.google_compute_subnetwork_iam_binding.bindings",
            "module.vpc.google_compute_subnetwork_iam_member.bindings",
            "module.vpc.google_dns_policy.default",
            "module.vpc.google_network_connectivity_internal_range.internal_range",
            "module.vpc.google_network_connectivity_policy_based_route.default",
            "module.vpc.google_network_connectivity_service_connection_policy.service_connection_policy",
            "module.vpc.google_service_networking_connection.psa_connection",
            "module.vpc.google_service_networking_peered_dns_domain.name"
          ]
        }
      ]
    },
    {
      "module": "module.apigee-x-core.module.apigee",
      "mode": "managed",
      "type": "google_apigee_instance_attachment",
      "name": "instance_attachments",
      "provider": "provider[\"registry.terraform.io/hashicorp/google\"]",
      "instances": [
        {
          "index_key": "europe-west1-prod",
          "schema_version": 0,
          "attributes": {
            "deletion_policy": "DELETE",
            "environment": "prod",
            "id": "organizations/apigee-sandbox-509411/instances/portaldemo-apigee-sandbox/attachments/4d202f9a-877d-4736-90a1-78509a903c57",
            "instance_id": "organizations/apigee-sandbox-509411/instances/portaldemo-apigee-sandbox",
            "name": "4d202f9a-877d-4736-90a1-78509a903c57",
            "timeouts": null
          },
          "sensitive_attributes": [],
          "identity_schema_version": 1,
          "identity": {
            "instance_id": "organizations/apigee-sandbox-509411/instances/portaldemo-apigee-sandbox",
            "name": "4d202f9a-877d-4736-90a1-78509a903c57"
          },
          "private": "eyJlMmJmYjczMC1lY2FhLTExZTYtOGY4OC0zNDM2M2JjN2M0YzAiOnsiY3JlYXRlIjoxODAwMDAwMDAwMDAwLCJkZWxldGUiOjE4MDAwMDAwMDAwMDB9fQ==",
          "dependencies": [
            "module.apigee-x-core.google_project_service_identity.apigee_sa",
            "module.apigee-x-core.module.apigee.google_apigee_environment.environments",
            "module.apigee-x-core.module.apigee.google_apigee_instance.instances",
            "module.apigee-x-core.module.apigee.google_apigee_organization.organization",
            "module.apigee-x-core.module.kms-inst-disk.data.google_kms_key_ring.default",
            "module.apigee-x-core.module.kms-inst-disk.google_kms_crypto_key.default",
            "module.apigee-x-core.module.kms-inst-disk.google_kms_crypto_key_iam_binding.authoritative",
            "module.apigee-x-core.module.kms-inst-disk.google_kms_crypto_key_iam_binding.bindings",
            "module.apigee-x-core.module.kms-inst-disk.google_kms_crypto_key_iam_member.members",
            "module.apigee-x-core.module.kms-inst-disk.google_kms_key_ring.default",
            "module.apigee-x-core.module.kms-inst-disk.google_kms_key_ring_iam_binding.authoritative",
            "module.apigee-x-core.module.kms-inst-disk.google_kms_key_ring_iam_binding.bindings",
            "module.apigee-x-core.module.kms-inst-disk.google_kms_key_ring_iam_member.bindings",
            "module.apigee-x-core.module.kms-inst-disk.google_kms_key_ring_import_job.default",
            "module.apigee-x-core.module.kms-inst-disk.google_tags_location_tag_binding.binding",
            "module.apigee-x-core.module.kms-org-db.data.google_kms_key_ring.default",
            "module.apigee-x-core.module.kms-org-db.google_kms_crypto_key.default",
            "module.apigee-x-core.module.kms-org-db.google_kms_crypto_key_iam_binding.authoritative",
            "module.apigee-x-core.module.kms-org-db.google_kms_crypto_key_iam_binding.bindings",
            "module.apigee-x-core.module.kms-org-db.google_kms_crypto_key_iam_member.members",
            "module.apigee-x-core.module.kms-org-db.google_kms_key_ring.default",
            "module.project.data.google_bigquery_default_service_account.bq_sa",
            "module.project.data.google_cloud_asset_search_all_resources.default",
            "module.project.data.google_logging_project_settings.logging_sa",
            "module.project.data.google_project.project",
            "module.project.data.google_storage_project_service_account.gcs_sa",
            "module.project.google_access_context_manager_service_perimeter_dry_run_resource.default",
            "module.project.google_access_context_manager_service_perimeter_resource.default",
            "module.project.google_bigquery_dataset_iam_member.bq_sinks_binding",
            "module.project.google_bigquery_reservation.default",
            "module.project.google_bigquery_reservation_assignment.default",
            "module.project.google_cloud_asset_project_feed.default",
            "module.project.google_cloud_quotas_quota_preference.default",
            "module.project.google_compute_project_default_network_tier.default_network_tier",
            "module.project.google_compute_project_metadata_item.default",
            "module.project.google_compute_shared_vpc_host_project.shared_vpc_host",
            "module.project.google_compute_shared_vpc_service_project.service_projects",
            "module.project.google_compute_shared_vpc_service_project.shared_vpc_service",
            "module.project.google_compute_subnetwork_iam_member.shared_vpc_host_robots",
            "module.project.google_compute_subnetwork_iam_member.shared_vpc_host_subnets_iam",
            "module.project.google_essential_contacts_contact.contact",
            "module.project.google_iam_deny_policy.default",
            "module.project.google_iam_workload_identity_pool.default",
            "module.project.google_iam_workload_identity_pool_provider.default",
            "module.project.google_kms_crypto_key_iam_member.service_agent_cmek",
            "module.project.google_kms_key_handle.default",
            "module.project.google_logging_log_scope.log_scopes",
            "module.project.google_logging_metric.metrics",
            "module.project.google_logging_project_exclusion.logging_exclusion",
            "module.project.google_logging_project_sink.sink",
            "module.project.google_monitoring_alert_policy.alerts",
            "module.project.google_monitoring_monitored_project.primary",
            "module.project.google_monitoring_notification_channel.channels",
            "module.project.google_org_policy_policy.default",
            "module.project.google_privileged_access_manager_entitlement.default",
            "module.project.google_project.project",
            "module.project.google_project_default_service_accounts.default_service_accounts",
            "module.project.google_project_iam_audit_config.default",
            "module.project.google_project_iam_binding.authoritative",
            "module.project.google_project_iam_binding.bindings",
            "module.project.google_project_iam_custom_role.roles",
            "module.project.google_project_iam_member.bindings",
            "module.project.google_project_iam_member.bucket_sinks_binding",
            "module.project.google_project_iam_member.project_sinks_binding",
            "module.project.google_project_iam_member.service_agents",
            "module.project.google_project_iam_member.shared_vpc_host_iam",
            "module.project.google_project_iam_member.shared_vpc_host_iam_additive",
            "module.project.google_project_iam_member.shared_vpc_host_robots",
            "module.project.google_project_service.org_policy_service",
            "module.project.google_project_service.project_services",
            "module.project.google_project_service_identity.default",
            "module.project.google_pubsub_topic_iam_member.pubsub_sinks_binding",
            "module.project.google_resource_manager_lien.lien",
            "module.project.google_scc_management_project_security_health_analytics_custom_module.scc_project_custom_module",
            "module.project.google_scc_v2_project_mute_config.scc_mute_configs",
            "module.project.google_storage_bucket_iam_member.gcs_sinks_binding",
            "module.project.google_tags_tag_binding.binding",
            "module.project.google_tags_tag_key.default",
            "module.project.google_tags_tag_key_iam_binding.bindings",
            "module.project.google_tags_tag_key_iam_binding.default",
            "module.project.google_tags_tag_key_iam_member.bindings",
            "module.project.google_tags_tag_value.default",
            "module.project.google_tags_tag_value_iam_binding.bindings",
            "module.project.google_tags_tag_value_iam_binding.default",
            "module.project.google_tags_tag_value_iam_member.bindings",
            "module.vpc.data.google_compute_network.network",
            "module.vpc.google_compute_global_address.psa_ranges",
            "module.vpc.google_compute_network.network",
            "module.vpc.google_compute_network_attachment.default",
            "module.vpc.google_compute_network_peering.local",
            "module.vpc.google_compute_network_peering.remote",
            "module.vpc.google_compute_network_peering_routes_config.psa_routes",
            "module.vpc.google_compute_route.gateway",
            "module.vpc.google_compute_route.ilb",
            "module.vpc.google_compute_route.instance",
            "module.vpc.google_compute_route.ip",
            "module.vpc.google_compute_route.vpn_tunnel",
            "module.vpc.google_compute_shared_vpc_host_project.shared_vpc_host",
            "module.vpc.google_compute_shared_vpc_service_project.service_projects",
            "module.vpc.google_compute_subnetwork.private_nat",
            "module.vpc.google_compute_subnetwork.proxy_only",
            "module.vpc.google_compute_subnetwork.psc",
            "module.vpc.google_compute_subnetwork.subnetwork",
            "module.vpc.google_compute_subnetwork_iam_binding.authoritative",
            "module.vpc.google_compute_subnetwork_iam_binding.bindings",
            "module.vpc.google_compute_subnetwork_iam_member.bindings",
            "module.vpc.google_dns_policy.default",
            "module.vpc.google_network_connectivity_internal_range.internal_range",
            "module.vpc.google_network_connectivity_policy_based_route.default",
            "module.vpc.google_network_connectivity_service_connection_policy.service_connection_policy",
            "module.vpc.google_service_networking_connection.psa_connection",
            "module.vpc.google_service_networking_peered_dns_domain.name"
          ]
        },
        {
          "index_key": "europe-west1-sandbox",
          "schema_version": 0,
          "attributes": {
            "deletion_policy": "DELETE",
            "environment": "sandbox",
            "id": "organizations/apigee-sandbox-509411/instances/portaldemo-apigee-sandbox/attachments/5eb6f241-41c2-42db-b688-e7f01aa34def",
            "instance_id": "organizations/apigee-sandbox-509411/instances/portaldemo-apigee-sandbox",
            "name": "5eb6f241-41c2-42db-b688-e7f01aa34def",
            "timeouts": null
          },
          "sensitive_attributes": [],
          "identity_schema_version": 1,
          "identity": {
            "instance_id": "organizations/apigee-sandbox-509411/instances/portaldemo-apigee-sandbox",
            "name": "5eb6f241-41c2-42db-b688-e7f01aa34def"
          },
          "private": "eyJlMmJmYjczMC1lY2FhLTExZTYtOGY4OC0zNDM2M2JjN2M0YzAiOnsiY3JlYXRlIjoxODAwMDAwMDAwMDAwLCJkZWxldGUiOjE4MDAwMDAwMDAwMDB9fQ==",
          "dependencies": [
            "module.apigee-x-core.google_project_service_identity.apigee_sa",
            "module.apigee-x-core.module.apigee.google_apigee_environment.environments",
            "module.apigee-x-core.module.apigee.google_apigee_instance.instances",
            "module.apigee-x-core.module.apigee.google_apigee_organization.organization",
            "module.apigee-x-core.module.kms-inst-disk.data.google_kms_key_ring.default",
            "module.apigee-x-core.module.kms-inst-disk.google_kms_crypto_key.default",
            "module.apigee-x-core.module.kms-inst-disk.google_kms_crypto_key_iam_binding.authoritative",
            "module.apigee-x-core.module.kms-inst-disk.google_kms_crypto_key_iam_binding.bindings",
            "module.apigee-x-core.module.kms-inst-disk.google_kms_crypto_key_iam_member.members",
            "module.apigee-x-core.module.kms-inst-disk.google_kms_key_ring.default",
            "module.apigee-x-core.module.kms-inst-disk.google_kms_key_ring_iam_binding.authoritative",
            "module.apigee-x-core.module.kms-inst-disk.google_kms_key_ring_iam_binding.bindings",
            "module.apigee-x-core.module.kms-inst-disk.google_kms_key_ring_iam_member.bindings",
            "module.apigee-x-core.module.kms-inst-disk.google_kms_key_ring_import_job.default",
            "module.apigee-x-core.module.kms-inst-disk.google_tags_location_tag_binding.binding",
            "module.apigee-x-core.module.kms-org-db.data.google_kms_key_ring.default",
            "module.apigee-x-core.module.kms-org-db.google_kms_crypto_key.default",
            "module.apigee-x-core.module.kms-org-db.google_kms_crypto_key_iam_binding.authoritative",
            "module.apigee-x-core.module.kms-org-db.google_kms_crypto_key_iam_binding.bindings",
            "module.apigee-x-core.module.kms-org-db.google_kms_crypto_key_iam_member.members",
            "module.apigee-x-core.module.kms-org-db.google_kms_key_ring.default",
            "module.project.data.google_bigquery_default_service_account.bq_sa",
            "module.project.data.google_cloud_asset_search_all_resources.default",
            "module.project.data.google_logging_project_settings.logging_sa",
            "module.project.data.google_project.project",
            "module.project.data.google_storage_project_service_account.gcs_sa",
            "module.project.google_access_context_manager_service_perimeter_dry_run_resource.default",
            "module.project.google_access_context_manager_service_perimeter_resource.default",
            "module.project.google_bigquery_dataset_iam_member.bq_sinks_binding",
            "module.project.google_bigquery_reservation.default",
            "module.project.google_bigquery_reservation_assignment.default",
            "module.project.google_cloud_asset_project_feed.default",
            "module.project.google_cloud_quotas_quota_preference.default",
            "module.project.google_compute_project_default_network_tier.default_network_tier",
            "module.project.google_compute_project_metadata_item.default",
            "module.project.google_compute_shared_vpc_host_project.shared_vpc_host",
            "module.project.google_compute_shared_vpc_service_project.service_projects",
            "module.project.google_compute_shared_vpc_service_project.shared_vpc_service",
            "module.project.google_compute_subnetwork_iam_member.shared_vpc_host_robots",
            "module.project.google_compute_subnetwork_iam_member.shared_vpc_host_subnets_iam",
            "module.project.google_essential_contacts_contact.contact",
            "module.project.google_iam_deny_policy.default",
            "module.project.google_iam_workload_identity_pool.default",
            "module.project.google_iam_workload_identity_pool_provider.default",
            "module.project.google_kms_crypto_key_iam_member.service_agent_cmek",
            "module.project.google_kms_key_handle.default",
            "module.project.google_logging_log_scope.log_scopes",
            "module.project.google_logging_metric.metrics",
            "module.project.google_logging_project_exclusion.logging_exclusion",
            "module.project.google_logging_project_sink.sink",
            "module.project.google_monitoring_alert_policy.alerts",
            "module.project.google_monitoring_monitored_project.primary",
            "module.project.google_monitoring_notification_channel.channels",
            "module.project.google_org_policy_policy.default",
            "module.project.google_privileged_access_manager_entitlement.default",
            "module.project.google_project.project",
            "module.project.google_project_default_service_accounts.default_service_accounts",
            "module.project.google_project_iam_audit_config.default",
            "module.project.google_project_iam_binding.authoritative",
            "module.project.google_project_iam_binding.bindings",
            "module.project.google_project_iam_custom_role.roles",
            "module.project.google_project_iam_member.bindings",
            "module.project.google_project_iam_member.bucket_sinks_binding",
            "module.project.google_project_iam_member.project_sinks_binding",
            "module.project.google_project_iam_member.service_agents",
            "module.project.google_project_iam_member.shared_vpc_host_iam",
            "module.project.google_project_iam_member.shared_vpc_host_iam_additive",
            "module.project.google_project_iam_member.shared_vpc_host_robots",
            "module.project.google_project_service.org_policy_service",
            "module.project.google_project_service.project_services",
            "module.project.google_project_service_identity.default",
            "module.project.google_pubsub_topic_iam_member.pubsub_sinks_binding",
            "module.project.google_resource_manager_lien.lien",
            "module.project.google_scc_management_project_security_health_analytics_custom_module.scc_project_custom_module",
            "module.project.google_scc_v2_project_mute_config.scc_mute_configs",
            "module.project.google_storage_bucket_iam_member.gcs_sinks_binding",
            "module.project.google_tags_tag_binding.binding",
            "module.project.google_tags_tag_key.default",
            "module.project.google_tags_tag_key_iam_binding.bindings",
            "module.project.google_tags_tag_key_iam_binding.default",
            "module.project.google_tags_tag_key_iam_member.bindings",
            "module.project.google_tags_tag_value.default",
            "module.project.google_tags_tag_value_iam_binding.bindings",
            "module.project.google_tags_tag_value_iam_binding.default",
            "module.project.google_tags_tag_value_iam_member.bindings",
            "module.vpc.data.google_compute_network.network",
            "module.vpc.google_compute_global_address.psa_ranges",
            "module.vpc.google_compute_network.network",
            "module.vpc.google_compute_network_attachment.default",
            "module.vpc.google_compute_network_peering.local",
            "module.vpc.google_compute_network_peering.remote",
            "module.vpc.google_compute_network_peering_routes_config.psa_routes",
            "module.vpc.google_compute_route.gateway",
            "module.vpc.google_compute_route.ilb",
            "module.vpc.google_compute_route.instance",
            "module.vpc.google_compute_route.ip",
            "module.vpc.google_compute_route.vpn_tunnel",
            "module.vpc.google_compute_shared_vpc_host_project.shared_vpc_host",
            "module.vpc.google_compute_shared_vpc_service_project.service_projects",
            "module.vpc.google_compute_subnetwork.private_nat",
            "module.vpc.google_compute_subnetwork.proxy_only",
            "module.vpc.google_compute_subnetwork.psc",
            "module.vpc.google_compute_subnetwork.subnetwork",
            "module.vpc.google_compute_subnetwork_iam_binding.authoritative",
            "module.vpc.google_compute_subnetwork_iam_binding.bindings",
            "module.vpc.google_compute_subnetwork_iam_member.bindings",
            "module.vpc.google_dns_policy.default",
            "module.vpc.google_network_connectivity_internal_range.internal_range",
            "module.vpc.google_network_connectivity_policy_based_route.default",
            "module.vpc.google_network_connectivity_service_connection_policy.service_connection_policy",
            "module.vpc.google_service_networking_connection.psa_connection",
            "module.vpc.google_service_networking_peered_dns_domain.name"
          ]
        }
      ]
    },
    {
      "module": "module.apigee-x-core.module.apigee",
      "mode": "managed",
      "type": "google_apigee_organization",
      "name": "organization",
      "provider": "provider[\"registry.terraform.io/hashicorp/google\"]",
      "instances": [
        {
          "index_key": 0,
          "schema_version": 0,
          "attributes": {
            "analytics_region": "europe-west1",
            "api_consumer_data_encryption_key_name": "",
            "api_consumer_data_location": "",
            "apigee_project_id": "s39a292638b12d0ea-tp",
            "authorized_network": "projects/apigee-sandbox-509411/global/networks/apigee-sandbox-509411-network",
            "billing_type": "EVALUATION",
            "ca_certificate": "LS0tLS1CRUdJTiBDRVJUSUZJQ0FURS0tLS0tCk1JSURTakNDQWpLZ0F3SUJBZ0lSQU1HVFIzeWdrZEhGbWY4WTZodWN5SEF3RFFZSktvWklodmNOQVFFTEJRQXcKTHpFdE1Dc0dBMVVFQXhNa09EZzVZakZtWTJZdFpqUmhNUzAwWkRZMUxUZ3lOak10WkRSa1pHWm1OalZtWlRjMwpNQjRYRFRJMk1Ea3lNekV6TVRrd09Wb1hEVE0yTURreU1ERXpNVGt3T1Zvd0x6RXRNQ3NHQTFVRUF4TWtPRGc1CllqRm1ZMll0WmpSaE1TMDBaRFkxTFRneU5qTXRaRFJrWkdabU5qVm1aVGMzTUlJQklqQU5CZ2txaGtpRzl3MEIKQVFFRkFBT0NBUThBTUlJQkNnS0NBUUVBMEVINnBId0hmQVRIUWNBY2ZhQlgxLzB6cktMSTFjTnRuSkZ4RkNaUAp3MiszTnlNWUJNOXU2QXlpUlBMdGJ1bGl4RWxzeWsrSGNFamlMaG56ZFRTWlR0bXBTTG9yYWtwbk9qbGtWYkxKCjMxRFhVN3ErTlhRVzlEYjNXblg2bmpuQ0xZdEhEYVhBOEp5NG5nSTFxOFJOOFg0eThYNzJCelFOQlNWUE1mb3UKbGZXOHVwMzEyRGlCS08xSlFKWGM5QzNqOFhBK1ZuRzJaZ0dHQ2pKdGUydWUzc1U0dWxXQzllQVcrUWlYWTh6cApVR2N6Z0t6U1BQdi9DWVNHdUVKQjkwYSt4NXRPL1lKQUxGNGJmejAxQldTM2xOWTVrWThUa1hJNlFjNll6MVJMCm5wZ3U3aUhqMW1QQXBZRUlsUEtjYXdpbXpLNWpxQytLUzc0NThnR1QzdjBJZ3dJREFRQUJvMkV3WHpBT0JnTlYKSFE4QkFmOEVCQU1DQXFRd0hRWURWUjBsQkJZd0ZBWUlLd1lCQlFVSEF3RUdDQ3NHQVFVRkJ3TUNNQThHQTFVZApFd0VCL3dRRk1BTUJBZjh3SFFZRFZSME9CQllFRk5PMkpEbTk5K2FsTTllN0NCdUdtYkxnUVIrdU1BMEdDU3FHClNJYjNEUUVCQ3dVQUE0SUJBUUFFT3dodGIvanpVeGVuOEM5ekdWdlVNb0JDNzk1aFNTSVNWdGhzUExUYy83ckUKdXFjRFNtOW94Y21mMlBRZ2VrRGNvYWNPWjFxYUY0SGZyWk9WdU5BK1VpU3ZRaXhYT0t6ay9NUE9YcjBkYkVweApnRkdqUTcrY2dqSVpoZ3ZCd3JLWUt2YmUwcWlPS09uTU9jbTJkZEFkTlVNQzJYZkVZNWwza2EwZTAwTUdHZk9kCnVJSHpocW03ZTNwWGNWQUJjclF6dXhUd0Nicndpelg4OFBhRXA5MWJtT3ZlWWJPdzJSUHJ0bXowaHlwaWU5UEYKUlFKeENuM1ZvTFZwYWErT2duNy9iY29vdVJiYk8vWFFXczBpZHZ5VVAyMEZzWjA5b1lMYWlDYlR1dzg4NUJrUgo4Z2lCS1hmQm9SL0JDQmZuRXU5SS95dVk4OGlqZy85VDVyOUhWeHFYCi0tLS0tRU5EIENFUlRJRklDQVRFLS0tLS0K",
            "control_plane_encryption_key_name": "",
            "deletion_policy": "DELETE",
            "description": "",
            "disable_vpc_peering": false,
            "display_name": "",
            "id": "organizations/apigee-sandbox-509411",
            "name": "apigee-sandbox-509411",
            "project_id": "apigee-sandbox-509411",
            "properties": [
              {
                "property": [
                  {
                    "name": "features.hybrid.enabled",
                    "value": "true"
                  },
                  {
                    "name": "features.mart.connect.enabled",
                    "value": "true"
                  }
                ]
              }
            ],
            "retention": "MINIMUM",
            "runtime_database_encryption_key_name": "projects/apigee-sandbox-509411/locations/europe-west1/keyRings/apigee-sandbox-509411-org-analytics-db/cryptoKeys/org-db",
            "runtime_type": "CLOUD",
            "subscription_type": "TRIAL",
            "timeouts": null
          },
          "sensitive_attributes": [],
          "identity_schema_version": 1,
          "identity": {
            "name": "apigee-sandbox-509411"
          },
          "private": "eyJlMmJmYjczMC1lY2FhLTExZTYtOGY4OC0zNDM2M2JjN2M0YzAiOnsiY3JlYXRlIjoyNzAwMDAwMDAwMDAwLCJkZWxldGUiOjI3MDAwMDAwMDAwMDAsInVwZGF0ZSI6MjcwMDAwMDAwMDAwMH19",
          "dependencies": [
            "module.apigee-x-core.module.kms-org-db.data.google_kms_key_ring.default",
            "module.apigee-x-core.module.kms-org-db.google_kms_crypto_key.default",
            "module.apigee-x-core.module.kms-org-db.google_kms_crypto_key_iam_binding.authoritative",
            "module.apigee-x-core.module.kms-org-db.google_kms_crypto_key_iam_binding.bindings",
            "module.apigee-x-core.module.kms-org-db.google_kms_crypto_key_iam_member.members",
            "module.apigee-x-core.module.kms-org-db.google_kms_key_ring.default",
            "module.project.data.google_bigquery_default_service_account.bq_sa",
            "module.project.data.google_cloud_asset_search_all_resources.default",
            "module.project.data.google_logging_project_settings.logging_sa",
            "module.project.data.google_project.project",
            "module.project.data.google_storage_project_service_account.gcs_sa",
            "module.project.google_access_context_manager_service_perimeter_dry_run_resource.default",
            "module.project.google_access_context_manager_service_perimeter_resource.default",
            "module.project.google_bigquery_dataset_iam_member.bq_sinks_binding",
            "module.project.google_bigquery_reservation.default",
            "module.project.google_bigquery_reservation_assignment.default",
            "module.project.google_cloud_asset_project_feed.default",
            "module.project.google_cloud_quotas_quota_preference.default",
            "module.project.google_compute_project_default_network_tier.default_network_tier",
            "module.project.google_compute_project_metadata_item.default",
            "module.project.google_compute_shared_vpc_host_project.shared_vpc_host",
            "module.project.google_compute_shared_vpc_service_project.service_projects",
            "module.project.google_compute_shared_vpc_service_project.shared_vpc_service",
            "module.project.google_compute_subnetwork_iam_member.shared_vpc_host_robots",
            "module.project.google_compute_subnetwork_iam_member.shared_vpc_host_subnets_iam",
            "module.project.google_essential_contacts_contact.contact",
            "module.project.google_iam_deny_policy.default",
            "module.project.google_iam_workload_identity_pool.default",
            "module.project.google_iam_workload_identity_pool_provider.default",
            "module.project.google_kms_crypto_key_iam_member.service_agent_cmek",
            "module.project.google_kms_key_handle.default",
            "module.project.google_logging_log_scope.log_scopes",
            "module.project.google_logging_metric.metrics",
            "module.project.google_logging_project_exclusion.logging_exclusion",
            "module.project.google_logging_project_sink.sink",
            "module.project.google_monitoring_alert_policy.alerts",
            "module.project.google_monitoring_monitored_project.primary",
            "module.project.google_monitoring_notification_channel.channels",
            "module.project.google_org_policy_policy.default",
            "module.project.google_privileged_access_manager_entitlement.default",
            "module.project.google_project.project",
            "module.project.google_project_default_service_accounts.default_service_accounts",
            "module.project.google_project_iam_audit_config.default",
            "module.project.google_project_iam_binding.authoritative",
            "module.project.google_project_iam_binding.bindings",
            "module.project.google_project_iam_custom_role.roles",
            "module.project.google_project_iam_member.bindings",
            "module.project.google_project_iam_member.bucket_sinks_binding",
            "module.project.google_project_iam_member.project_sinks_binding",
            "module.project.google_project_iam_member.service_agents",
            "module.project.google_project_iam_member.shared_vpc_host_iam",
            "module.project.google_project_iam_member.shared_vpc_host_iam_additive",
            "module.project.google_project_iam_member.shared_vpc_host_robots",
            "module.project.google_project_service.org_policy_service",
            "module.project.google_project_service.project_services",
            "module.project.google_project_service_identity.default",
            "module.project.google_pubsub_topic_iam_member.pubsub_sinks_binding",
            "module.project.google_resource_manager_lien.lien",
            "module.project.google_scc_management_project_security_health_analytics_custom_module.scc_project_custom_module",
            "module.project.google_scc_v2_project_mute_config.scc_mute_configs",
            "module.project.google_storage_bucket_iam_member.gcs_sinks_binding",
            "module.project.google_tags_tag_binding.binding",
            "module.project.google_tags_tag_key.default",
            "module.project.google_tags_tag_key_iam_binding.bindings",
            "module.project.google_tags_tag_key_iam_binding.default",
            "module.project.google_tags_tag_key_iam_member.bindings",
            "module.project.google_tags_tag_value.default",
            "module.project.google_tags_tag_value_iam_binding.bindings",
            "module.project.google_tags_tag_value_iam_binding.default",
            "module.project.google_tags_tag_value_iam_member.bindings",
            "module.vpc.data.google_compute_network.network",
            "module.vpc.google_compute_global_address.psa_ranges",
            "module.vpc.google_compute_network.network",
            "module.vpc.google_compute_network_attachment.default",
            "module.vpc.google_compute_network_peering.local",
            "module.vpc.google_compute_network_peering.remote",
            "module.vpc.google_compute_network_peering_routes_config.psa_routes",
            "module.vpc.google_compute_route.gateway",
            "module.vpc.google_compute_route.ilb",
            "module.vpc.google_compute_route.instance",
            "module.vpc.google_compute_route.ip",
            "module.vpc.google_compute_route.vpn_tunnel",
            "module.vpc.google_compute_shared_vpc_host_project.shared_vpc_host",
            "module.vpc.google_compute_shared_vpc_service_project.service_projects",
            "module.vpc.google_compute_subnetwork.private_nat",
            "module.vpc.google_compute_subnetwork.proxy_only",
            "module.vpc.google_compute_subnetwork.psc",
            "module.vpc.google_compute_subnetwork.subnetwork",
            "module.vpc.google_compute_subnetwork_iam_binding.authoritative",
            "module.vpc.google_compute_subnetwork_iam_binding.bindings",
            "module.vpc.google_compute_subnetwork_iam_member.bindings",
            "module.vpc.google_dns_policy.default",
            "module.vpc.google_network_connectivity_internal_range.internal_range",
            "module.vpc.google_network_connectivity_policy_based_route.default",
            "module.vpc.google_network_connectivity_service_connection_policy.service_connection_policy",
            "module.vpc.google_service_networking_connection.psa_connection",
            "module.vpc.google_service_networking_peered_dns_domain.name"
          ]
        }
      ]
    },
    {
      "module": "module.apigee-x-core.module.kms-inst-disk[\"portaldemo-apigee-sandbox\"]",
      "mode": "managed",
      "type": "google_kms_crypto_key",
      "name": "default",
      "provider": "provider[\"registry.terraform.io/hashicorp/google\"]",
      "instances": [
        {
          "index_key": "inst-disk",
          "schema_version": 1,
          "attributes": {
            "crypto_key_backend": "",
            "deletion_policy": "DELETE",
            "destroy_scheduled_duration": "2592000s",
            "effective_labels": {
              "goog-terraform-provisioned": "true"
            },
            "id": "projects/apigee-sandbox-509411/locations/europe-west1/keyRings/apigee-sandbox-509411-inst-portaldemo-apigee-sandbox/cryptoKeys/inst-disk",
            "import_only": false,
            "key_ring": "projects/apigee-sandbox-509411/locations/europe-west1/keyRings/apigee-sandbox-509411-inst-portaldemo-apigee-sandbox",
            "labels": null,
            "name": "inst-disk",
            "primary": [
              {
                "name": "projects/apigee-sandbox-509411/locations/europe-west1/keyRings/apigee-sandbox-509411-inst-portaldemo-apigee-sandbox/cryptoKeys/inst-disk/cryptoKeyVersions/1",
                "state": "ENABLED"
              }
            ],
            "purpose": "ENCRYPT_DECRYPT",
            "rotation_period": "2592000s",
            "skip_initial_version_creation": false,
            "terraform_labels": {
              "goog-terraform-provisioned": "true"
            },
            "timeouts": null,
            "version_template": [
              {
                "algorithm": "GOOGLE_SYMMETRIC_ENCRYPTION",
                "protection_level": "SOFTWARE"
              }
            ]
          },
          "sensitive_attributes": [],
          "identity_schema_version": 1,
          "identity": {
            "key_ring": "projects/apigee-sandbox-509411/locations/europe-west1/keyRings/apigee-sandbox-509411-inst-portaldemo-apigee-sandbox",
            "name": "inst-disk"
          },
          "private": "eyJlMmJmYjczMC1lY2FhLTExZTYtOGY4OC0zNDM2M2JjN2M0YzAiOnsiY3JlYXRlIjoxMjAwMDAwMDAwMDAwLCJkZWxldGUiOjEyMDAwMDAwMDAwMDAsInVwZGF0ZSI6MTIwMDAwMDAwMDAwMH0sInNjaGVtYV92ZXJzaW9uIjoiMSJ9",
          "dependencies": [
            "module.apigee-x-core.module.kms-inst-disk.data.google_kms_key_ring.default",
            "module.apigee-x-core.module.kms-inst-disk.google_kms_key_ring.default",
            "module.project.data.google_bigquery_default_service_account.bq_sa",
            "module.project.data.google_cloud_asset_search_all_resources.default",
            "module.project.data.google_logging_project_settings.logging_sa",
            "module.project.data.google_project.project",
            "module.project.data.google_storage_project_service_account.gcs_sa",
            "module.project.google_access_context_manager_service_perimeter_dry_run_resource.default",
            "module.project.google_access_context_manager_service_perimeter_resource.default",
            "module.project.google_bigquery_dataset_iam_member.bq_sinks_binding",
            "module.project.google_bigquery_reservation.default",
            "module.project.google_bigquery_reservation_assignment.default",
            "module.project.google_cloud_asset_project_feed.default",
            "module.project.google_cloud_quotas_quota_preference.default",
            "module.project.google_compute_project_default_network_tier.default_network_tier",
            "module.project.google_compute_project_metadata_item.default",
            "module.project.google_compute_shared_vpc_host_project.shared_vpc_host",
            "module.project.google_compute_shared_vpc_service_project.service_projects",
            "module.project.google_compute_shared_vpc_service_project.shared_vpc_service",
            "module.project.google_compute_subnetwork_iam_member.shared_vpc_host_robots",
            "module.project.google_compute_subnetwork_iam_member.shared_vpc_host_subnets_iam",
            "module.project.google_essential_contacts_contact.contact",
            "module.project.google_iam_deny_policy.default",
            "module.project.google_iam_workload_identity_pool.default",
            "module.project.google_iam_workload_identity_pool_provider.default",
            "module.project.google_kms_crypto_key_iam_member.service_agent_cmek",
            "module.project.google_kms_key_handle.default",
            "module.project.google_logging_log_scope.log_scopes",
            "module.project.google_logging_metric.metrics",
            "module.project.google_logging_project_exclusion.logging_exclusion",
            "module.project.google_logging_project_sink.sink",
            "module.project.google_monitoring_alert_policy.alerts",
            "module.project.google_monitoring_monitored_project.primary",
            "module.project.google_monitoring_notification_channel.channels",
            "module.project.google_org_policy_policy.default",
            "module.project.google_privileged_access_manager_entitlement.default",
            "module.project.google_project.project",
            "module.project.google_project_default_service_accounts.default_service_accounts",
            "module.project.google_project_iam_audit_config.default",
            "module.project.google_project_iam_binding.authoritative",
            "module.project.google_project_iam_binding.bindings",
            "module.project.google_project_iam_custom_role.roles",
            "module.project.google_project_iam_member.bindings",
            "module.project.google_project_iam_member.bucket_sinks_binding",
            "module.project.google_project_iam_member.project_sinks_binding",
            "module.project.google_project_iam_member.service_agents",
            "module.project.google_project_iam_member.shared_vpc_host_iam",
            "module.project.google_project_iam_member.shared_vpc_host_iam_additive",
            "module.project.google_project_iam_member.shared_vpc_host_robots",
            "module.project.google_project_service.org_policy_service",
            "module.project.google_project_service.project_services",
            "module.project.google_project_service_identity.default",
            "module.project.google_pubsub_topic_iam_member.pubsub_sinks_binding",
            "module.project.google_resource_manager_lien.lien",
            "module.project.google_scc_management_project_security_health_analytics_custom_module.scc_project_custom_module",
            "module.project.google_scc_v2_project_mute_config.scc_mute_configs",
            "module.project.google_storage_bucket_iam_member.gcs_sinks_binding",
            "module.project.google_tags_tag_binding.binding",
            "module.project.google_tags_tag_key.default",
            "module.project.google_tags_tag_key_iam_binding.bindings",
            "module.project.google_tags_tag_key_iam_binding.default",
            "module.project.google_tags_tag_key_iam_member.bindings",
            "module.project.google_tags_tag_value.default",
            "module.project.google_tags_tag_value_iam_binding.bindings",
            "module.project.google_tags_tag_value_iam_binding.default",
            "module.project.google_tags_tag_value_iam_member.bindings",
            "module.vpc.data.google_compute_network.network",
            "module.vpc.google_compute_global_address.psa_ranges",
            "module.vpc.google_compute_network.network",
            "module.vpc.google_compute_network_attachment.default",
            "module.vpc.google_compute_network_peering.local",
            "module.vpc.google_compute_network_peering.remote",
            "module.vpc.google_compute_network_peering_routes_config.psa_routes",
            "module.vpc.google_compute_route.gateway",
            "module.vpc.google_compute_route.ilb",
            "module.vpc.google_compute_route.instance",
            "module.vpc.google_compute_route.ip",
            "module.vpc.google_compute_route.vpn_tunnel",
            "module.vpc.google_compute_shared_vpc_host_project.shared_vpc_host",
            "module.vpc.google_compute_shared_vpc_service_project.service_projects",
            "module.vpc.google_compute_subnetwork.private_nat",
            "module.vpc.google_compute_subnetwork.proxy_only",
            "module.vpc.google_compute_subnetwork.psc",
            "module.vpc.google_compute_subnetwork.subnetwork",
            "module.vpc.google_compute_subnetwork_iam_binding.authoritative",
            "module.vpc.google_compute_subnetwork_iam_binding.bindings",
            "module.vpc.google_compute_subnetwork_iam_member.bindings",
            "module.vpc.google_dns_policy.default",
            "module.vpc.google_network_connectivity_internal_range.internal_range",
            "module.vpc.google_network_connectivity_policy_based_route.default",
            "module.vpc.google_network_connectivity_service_connection_policy.service_connection_policy",
            "module.vpc.google_service_networking_connection.psa_connection",
            "module.vpc.google_service_networking_peered_dns_domain.name"
          ]
        }
      ]
    },
    {
      "module": "module.apigee-x-core.module.kms-inst-disk[\"portaldemo-apigee-sandbox\"]",
      "mode": "managed",
      "type": "google_kms_key_ring",
      "name": "default",
      "provider": "provider[\"registry.terraform.io/hashicorp/google\"]",
      "instances": [
        {
          "index_key": 0,
          "schema_version": 0,
          "attributes": {
            "id": "projects/apigee-sandbox-509411/locations/europe-west1/keyRings/apigee-sandbox-509411-inst-portaldemo-apigee-sandbox",
            "location": "europe-west1",
            "name": "apigee-sandbox-509411-inst-portaldemo-apigee-sandbox",
            "project": "apigee-sandbox-509411",
            "timeouts": null
          },
          "sensitive_attributes": [],
          "identity_schema_version": 1,
          "identity": {
            "location": "europe-west1",
            "name": "apigee-sandbox-509411-inst-portaldemo-apigee-sandbox",
            "project": "apigee-sandbox-509411"
          },
          "private": "eyJlMmJmYjczMC1lY2FhLTExZTYtOGY4OC0zNDM2M2JjN2M0YzAiOnsiY3JlYXRlIjoxMjAwMDAwMDAwMDAwLCJkZWxldGUiOjEyMDAwMDAwMDAwMDB9fQ==",
          "dependencies": [
            "module.project.data.google_bigquery_default_service_account.bq_sa",
            "module.project.data.google_cloud_asset_search_all_resources.default",
            "module.project.data.google_logging_project_settings.logging_sa",
            "module.project.data.google_project.project",
            "module.project.data.google_storage_project_service_account.gcs_sa",
            "module.project.google_access_context_manager_service_perimeter_dry_run_resource.default",
            "module.project.google_access_context_manager_service_perimeter_resource.default",
            "module.project.google_bigquery_dataset_iam_member.bq_sinks_binding",
            "module.project.google_bigquery_reservation.default",
            "module.project.google_bigquery_reservation_assignment.default",
            "module.project.google_cloud_asset_project_feed.default",
            "module.project.google_cloud_quotas_quota_preference.default",
            "module.project.google_compute_project_default_network_tier.default_network_tier",
            "module.project.google_compute_project_metadata_item.default",
            "module.project.google_compute_shared_vpc_host_project.shared_vpc_host",
            "module.project.google_compute_shared_vpc_service_project.service_projects",
            "module.project.google_compute_shared_vpc_service_project.shared_vpc_service",
            "module.project.google_compute_subnetwork_iam_member.shared_vpc_host_robots",
            "module.project.google_compute_subnetwork_iam_member.shared_vpc_host_subnets_iam",
            "module.project.google_essential_contacts_contact.contact",
            "module.project.google_iam_deny_policy.default",
            "module.project.google_iam_workload_identity_pool.default",
            "module.project.google_iam_workload_identity_pool_provider.default",
            "module.project.google_kms_crypto_key_iam_member.service_agent_cmek",
            "module.project.google_kms_key_handle.default",
            "module.project.google_logging_log_scope.log_scopes",
            "module.project.google_logging_metric.metrics",
            "module.project.google_logging_project_exclusion.logging_exclusion",
            "module.project.google_logging_project_sink.sink",
            "module.project.google_monitoring_alert_policy.alerts",
            "module.project.google_monitoring_monitored_project.primary",
            "module.project.google_monitoring_notification_channel.channels",
            "module.project.google_org_policy_policy.default",
            "module.project.google_privileged_access_manager_entitlement.default",
            "module.project.google_project.project",
            "module.project.google_project_default_service_accounts.default_service_accounts",
            "module.project.google_project_iam_audit_config.default",
            "module.project.google_project_iam_binding.authoritative",
            "module.project.google_project_iam_binding.bindings",
            "module.project.google_project_iam_custom_role.roles",
            "module.project.google_project_iam_member.bindings",
            "module.project.google_project_iam_member.bucket_sinks_binding",
            "module.project.google_project_iam_member.project_sinks_binding",
            "module.project.google_project_iam_member.service_agents",
            "module.project.google_project_iam_member.shared_vpc_host_iam",
            "module.project.google_project_iam_member.shared_vpc_host_iam_additive",
            "module.project.google_project_iam_member.shared_vpc_host_robots",
            "module.project.google_project_service.org_policy_service",
            "module.project.google_project_service.project_services",
            "module.project.google_project_service_identity.default",
            "module.project.google_pubsub_topic_iam_member.pubsub_sinks_binding",
            "module.project.google_resource_manager_lien.lien",
            "module.project.google_scc_management_project_security_health_analytics_custom_module.scc_project_custom_module",
            "module.project.google_scc_v2_project_mute_config.scc_mute_configs",
            "module.project.google_storage_bucket_iam_member.gcs_sinks_binding",
            "module.project.google_tags_tag_binding.binding",
            "module.project.google_tags_tag_key.default",
            "module.project.google_tags_tag_key_iam_binding.bindings",
            "module.project.google_tags_tag_key_iam_binding.default",
            "module.project.google_tags_tag_key_iam_member.bindings",
            "module.project.google_tags_tag_value.default",
            "module.project.google_tags_tag_value_iam_binding.bindings",
            "module.project.google_tags_tag_value_iam_binding.default",
            "module.project.google_tags_tag_value_iam_member.bindings",
            "module.vpc.data.google_compute_network.network",
            "module.vpc.google_compute_global_address.psa_ranges",
            "module.vpc.google_compute_network.network",
            "module.vpc.google_compute_network_attachment.default",
            "module.vpc.google_compute_network_peering.local",
            "module.vpc.google_compute_network_peering.remote",
            "module.vpc.google_compute_network_peering_routes_config.psa_routes",
            "module.vpc.google_compute_route.gateway",
            "module.vpc.google_compute_route.ilb",
            "module.vpc.google_compute_route.instance",
            "module.vpc.google_compute_route.ip",
            "module.vpc.google_compute_route.vpn_tunnel",
            "module.vpc.google_compute_shared_vpc_host_project.shared_vpc_host",
            "module.vpc.google_compute_shared_vpc_service_project.service_projects",
            "module.vpc.google_compute_subnetwork.private_nat",
            "module.vpc.google_compute_subnetwork.proxy_only",
            "module.vpc.google_compute_subnetwork.psc",
            "module.vpc.google_compute_subnetwork.subnetwork",
            "module.vpc.google_compute_subnetwork_iam_binding.authoritative",
            "module.vpc.google_compute_subnetwork_iam_binding.bindings",
            "module.vpc.google_compute_subnetwork_iam_member.bindings",
            "module.vpc.google_dns_policy.default",
            "module.vpc.google_network_connectivity_internal_range.internal_range",
            "module.vpc.google_network_connectivity_policy_based_route.default",
            "module.vpc.google_network_connectivity_service_connection_policy.service_connection_policy",
            "module.vpc.google_service_networking_connection.psa_connection",
            "module.vpc.google_service_networking_peered_dns_domain.name"
          ]
        }
      ]
    },
    {
      "module": "module.apigee-x-core.module.kms-inst-disk[\"portaldemo-apigee-sandbox\"]",
      "mode": "managed",
      "type": "google_kms_key_ring_iam_binding",
      "name": "authoritative",
      "provider": "provider[\"registry.terraform.io/hashicorp/google\"]",
      "instances": [
        {
          "index_key": "roles/cloudkms.cryptoKeyEncrypterDecrypter",
          "schema_version": 0,
          "attributes": {
            "condition": [],
            "etag": "BwZcJmnatuM=",
            "id": "projects/apigee-sandbox-509411/locations/europe-west1/keyRings/apigee-sandbox-509411-inst-portaldemo-apigee-sandbox/roles/cloudkms.cryptoKeyEncrypterDecrypter",
            "key_ring_id": "projects/apigee-sandbox-509411/locations/europe-west1/keyRings/apigee-sandbox-509411-inst-portaldemo-apigee-sandbox",
            "members": [
              "serviceAccount:service-1070958566273@gcp-sa-apigee.iam.gserviceaccount.com"
            ],
            "role": "roles/cloudkms.cryptoKeyEncrypterDecrypter"
          },
          "sensitive_attributes": [],
          "identity_schema_version": 0,
          "private": "bnVsbA==",
          "dependencies": [
            "module.apigee-x-core.google_project_service_identity.apigee_sa",
            "module.apigee-x-core.module.kms-inst-disk.data.google_kms_key_ring.default",
            "module.apigee-x-core.module.kms-inst-disk.google_kms_key_ring.default",
            "module.project.data.google_bigquery_default_service_account.bq_sa",
            "module.project.data.google_cloud_asset_search_all_resources.default",
            "module.project.data.google_logging_project_settings.logging_sa",
            "module.project.data.google_project.project",
            "module.project.data.google_storage_project_service_account.gcs_sa",
            "module.project.google_access_context_manager_service_perimeter_dry_run_resource.default",
            "module.project.google_access_context_manager_service_perimeter_resource.default",
            "module.project.google_bigquery_dataset_iam_member.bq_sinks_binding",
            "module.project.google_bigquery_reservation.default",
            "module.project.google_bigquery_reservation_assignment.default",
            "module.project.google_cloud_asset_project_feed.default",
            "module.project.google_cloud_quotas_quota_preference.default",
            "module.project.google_compute_project_default_network_tier.default_network_tier",
            "module.project.google_compute_project_metadata_item.default",
            "module.project.google_compute_shared_vpc_host_project.shared_vpc_host",
            "module.project.google_compute_shared_vpc_service_project.service_projects",
            "module.project.google_compute_shared_vpc_service_project.shared_vpc_service",
            "module.project.google_compute_subnetwork_iam_member.shared_vpc_host_robots",
            "module.project.google_compute_subnetwork_iam_member.shared_vpc_host_subnets_iam",
            "module.project.google_essential_contacts_contact.contact",
            "module.project.google_iam_deny_policy.default",
            "module.project.google_iam_workload_identity_pool.default",
            "module.project.google_iam_workload_identity_pool_provider.default",
            "module.project.google_kms_crypto_key_iam_member.service_agent_cmek",
            "module.project.google_kms_key_handle.default",
            "module.project.google_logging_log_scope.log_scopes",
            "module.project.google_logging_metric.metrics",
            "module.project.google_logging_project_exclusion.logging_exclusion",
            "module.project.google_logging_project_sink.sink",
            "module.project.google_monitoring_alert_policy.alerts",
            "module.project.google_monitoring_monitored_project.primary",
            "module.project.google_monitoring_notification_channel.channels",
            "module.project.google_org_policy_policy.default",
            "module.project.google_privileged_access_manager_entitlement.default",
            "module.project.google_project.project",
            "module.project.google_project_default_service_accounts.default_service_accounts",
            "module.project.google_project_iam_audit_config.default",
            "module.project.google_project_iam_binding.authoritative",
            "module.project.google_project_iam_binding.bindings",
            "module.project.google_project_iam_custom_role.roles",
            "module.project.google_project_iam_member.bindings",
            "module.project.google_project_iam_member.bucket_sinks_binding",
            "module.project.google_project_iam_member.project_sinks_binding",
            "module.project.google_project_iam_member.service_agents",
            "module.project.google_project_iam_member.shared_vpc_host_iam",
            "module.project.google_project_iam_member.shared_vpc_host_iam_additive",
            "module.project.google_project_iam_member.shared_vpc_host_robots",
            "module.project.google_project_service.org_policy_service",
            "module.project.google_project_service.project_services",
            "module.project.google_project_service_identity.default",
            "module.project.google_pubsub_topic_iam_member.pubsub_sinks_binding",
            "module.project.google_resource_manager_lien.lien",
            "module.project.google_scc_management_project_security_health_analytics_custom_module.scc_project_custom_module",
            "module.project.google_scc_v2_project_mute_config.scc_mute_configs",
            "module.project.google_storage_bucket_iam_member.gcs_sinks_binding",
            "module.project.google_tags_tag_binding.binding",
            "module.project.google_tags_tag_key.default",
            "module.project.google_tags_tag_key_iam_binding.bindings",
            "module.project.google_tags_tag_key_iam_binding.default",
            "module.project.google_tags_tag_key_iam_member.bindings",
            "module.project.google_tags_tag_value.default",
            "module.project.google_tags_tag_value_iam_binding.bindings",
            "module.project.google_tags_tag_value_iam_binding.default",
            "module.project.google_tags_tag_value_iam_member.bindings",
            "module.vpc.data.google_compute_network.network",
            "module.vpc.google_compute_global_address.psa_ranges",
            "module.vpc.google_compute_network.network",
            "module.vpc.google_compute_network_attachment.default",
            "module.vpc.google_compute_network_peering.local",
            "module.vpc.google_compute_network_peering.remote",
            "module.vpc.google_compute_network_peering_routes_config.psa_routes",
            "module.vpc.google_compute_route.gateway",
            "module.vpc.google_compute_route.ilb",
            "module.vpc.google_compute_route.instance",
            "module.vpc.google_compute_route.ip",
            "module.vpc.google_compute_route.vpn_tunnel",
            "module.vpc.google_compute_shared_vpc_host_project.shared_vpc_host",
            "module.vpc.google_compute_shared_vpc_service_project.service_projects",
            "module.vpc.google_compute_subnetwork.private_nat",
            "module.vpc.google_compute_subnetwork.proxy_only",
            "module.vpc.google_compute_subnetwork.psc",
            "module.vpc.google_compute_subnetwork.subnetwork",
            "module.vpc.google_compute_subnetwork_iam_binding.authoritative",
            "module.vpc.google_compute_subnetwork_iam_binding.bindings",
            "module.vpc.google_compute_subnetwork_iam_member.bindings",
            "module.vpc.google_dns_policy.default",
            "module.vpc.google_network_connectivity_internal_range.internal_range",
            "module.vpc.google_network_connectivity_policy_based_route.default",
            "module.vpc.google_network_connectivity_service_connection_policy.service_connection_policy",
            "module.vpc.google_service_networking_connection.psa_connection",
            "module.vpc.google_service_networking_peered_dns_domain.name"
          ]
        }
      ]
    },
    {
      "module": "module.apigee-x-core.module.kms-org-db",
      "mode": "managed",
      "type": "google_kms_crypto_key",
      "name": "default",
      "provider": "provider[\"registry.terraform.io/hashicorp/google\"]",
      "instances": [
        {
          "index_key": "org-db",
          "schema_version": 1,
          "attributes": {
            "crypto_key_backend": "",
            "deletion_policy": "DELETE",
            "destroy_scheduled_duration": "2592000s",
            "effective_labels": {
              "goog-terraform-provisioned": "true"
            },
            "id": "projects/apigee-sandbox-509411/locations/europe-west1/keyRings/apigee-sandbox-509411-org-analytics-db/cryptoKeys/org-db",
            "import_only": false,
            "key_ring": "projects/apigee-sandbox-509411/locations/europe-west1/keyRings/apigee-sandbox-509411-org-analytics-db",
            "labels": {},
            "name": "org-db",
            "primary": [
              {
                "name": "projects/apigee-sandbox-509411/locations/europe-west1/keyRings/apigee-sandbox-509411-org-analytics-db/cryptoKeys/org-db/cryptoKeyVersions/1",
                "state": "ENABLED"
              }
            ],
            "purpose": "ENCRYPT_DECRYPT",
            "rotation_period": "2592000s",
            "skip_initial_version_creation": false,
            "terraform_labels": {
              "goog-terraform-provisioned": "true"
            },
            "timeouts": null,
            "version_template": [
              {
                "algorithm": "GOOGLE_SYMMETRIC_ENCRYPTION",
                "protection_level": "SOFTWARE"
              }
            ]
          },
          "sensitive_attributes": [],
          "identity_schema_version": 1,
          "identity": {
            "key_ring": "projects/apigee-sandbox-509411/locations/europe-west1/keyRings/apigee-sandbox-509411-org-analytics-db",
            "name": "org-db"
          },
          "private": "eyJlMmJmYjczMC1lY2FhLTExZTYtOGY4OC0zNDM2M2JjN2M0YzAiOnsiY3JlYXRlIjoxMjAwMDAwMDAwMDAwLCJkZWxldGUiOjEyMDAwMDAwMDAwMDAsInVwZGF0ZSI6MTIwMDAwMDAwMDAwMH0sInNjaGVtYV92ZXJzaW9uIjoiMSJ9",
          "dependencies": [
            "module.apigee-x-core.module.kms-org-db.data.google_kms_key_ring.default",
            "module.apigee-x-core.module.kms-org-db.google_kms_key_ring.default",
            "module.project.data.google_bigquery_default_service_account.bq_sa",
            "module.project.data.google_cloud_asset_search_all_resources.default",
            "module.project.data.google_logging_project_settings.logging_sa",
            "module.project.data.google_project.project",
            "module.project.data.google_storage_project_service_account.gcs_sa",
            "module.project.google_access_context_manager_service_perimeter_dry_run_resource.default",
            "module.project.google_access_context_manager_service_perimeter_resource.default",
            "module.project.google_bigquery_dataset_iam_member.bq_sinks_binding",
            "module.project.google_bigquery_reservation.default",
            "module.project.google_bigquery_reservation_assignment.default",
            "module.project.google_cloud_asset_project_feed.default",
            "module.project.google_cloud_quotas_quota_preference.default",
            "module.project.google_compute_project_default_network_tier.default_network_tier",
            "module.project.google_compute_project_metadata_item.default",
            "module.project.google_compute_shared_vpc_host_project.shared_vpc_host",
            "module.project.google_compute_shared_vpc_service_project.service_projects",
            "module.project.google_compute_shared_vpc_service_project.shared_vpc_service",
            "module.project.google_compute_subnetwork_iam_member.shared_vpc_host_robots",
            "module.project.google_compute_subnetwork_iam_member.shared_vpc_host_subnets_iam",
            "module.project.google_essential_contacts_contact.contact",
            "module.project.google_iam_deny_policy.default",
            "module.project.google_iam_workload_identity_pool.default",
            "module.project.google_iam_workload_identity_pool_provider.default",
            "module.project.google_kms_crypto_key_iam_member.service_agent_cmek",
            "module.project.google_kms_key_handle.default",
            "module.project.google_logging_log_scope.log_scopes",
            "module.project.google_logging_metric.metrics",
            "module.project.google_logging_project_exclusion.logging_exclusion",
            "module.project.google_logging_project_sink.sink",
            "module.project.google_monitoring_alert_policy.alerts",
            "module.project.google_monitoring_monitored_project.primary",
            "module.project.google_monitoring_notification_channel.channels",
            "module.project.google_org_policy_policy.default",
            "module.project.google_privileged_access_manager_entitlement.default",
            "module.project.google_project.project",
            "module.project.google_project_default_service_accounts.default_service_accounts",
            "module.project.google_project_iam_audit_config.default",
            "module.project.google_project_iam_binding.authoritative",
            "module.project.google_project_iam_binding.bindings",
            "module.project.google_project_iam_custom_role.roles",
            "module.project.google_project_iam_member.bindings",
            "module.project.google_project_iam_member.bucket_sinks_binding",
            "module.project.google_project_iam_member.project_sinks_binding",
            "module.project.google_project_iam_member.service_agents",
            "module.project.google_project_iam_member.shared_vpc_host_iam",
            "module.project.google_project_iam_member.shared_vpc_host_iam_additive",
            "module.project.google_project_iam_member.shared_vpc_host_robots",
            "module.project.google_project_service.org_policy_service",
            "module.project.google_project_service.project_services",
            "module.project.google_project_service_identity.default",
            "module.project.google_pubsub_topic_iam_member.pubsub_sinks_binding",
            "module.project.google_resource_manager_lien.lien",
            "module.project.google_scc_management_project_security_health_analytics_custom_module.scc_project_custom_module",
            "module.project.google_scc_v2_project_mute_config.scc_mute_configs",
            "module.project.google_storage_bucket_iam_member.gcs_sinks_binding",
            "module.project.google_tags_tag_binding.binding",
            "module.project.google_tags_tag_key.default",
            "module.project.google_tags_tag_key_iam_binding.bindings",
            "module.project.google_tags_tag_key_iam_binding.default",
            "module.project.google_tags_tag_key_iam_member.bindings",
            "module.project.google_tags_tag_value.default",
            "module.project.google_tags_tag_value_iam_binding.bindings",
            "module.project.google_tags_tag_value_iam_binding.default",
            "module.project.google_tags_tag_value_iam_member.bindings",
            "module.vpc.data.google_compute_network.network",
            "module.vpc.google_compute_global_address.psa_ranges",
            "module.vpc.google_compute_network.network",
            "module.vpc.google_compute_network_attachment.default",
            "module.vpc.google_compute_network_peering.local",
            "module.vpc.google_compute_network_peering.remote",
            "module.vpc.google_compute_network_peering_routes_config.psa_routes",
            "module.vpc.google_compute_route.gateway",
            "module.vpc.google_compute_route.ilb",
            "module.vpc.google_compute_route.instance",
            "module.vpc.google_compute_route.ip",
            "module.vpc.google_compute_route.vpn_tunnel",
            "module.vpc.google_compute_shared_vpc_host_project.shared_vpc_host",
            "module.vpc.google_compute_shared_vpc_service_project.service_projects",
            "module.vpc.google_compute_subnetwork.private_nat",
            "module.vpc.google_compute_subnetwork.proxy_only",
            "module.vpc.google_compute_subnetwork.psc",
            "module.vpc.google_compute_subnetwork.subnetwork",
            "module.vpc.google_compute_subnetwork_iam_binding.authoritative",
            "module.vpc.google_compute_subnetwork_iam_binding.bindings",
            "module.vpc.google_compute_subnetwork_iam_member.bindings",
            "module.vpc.google_dns_policy.default",
            "module.vpc.google_network_connectivity_internal_range.internal_range",
            "module.vpc.google_network_connectivity_policy_based_route.default",
            "module.vpc.google_network_connectivity_service_connection_policy.service_connection_policy",
            "module.vpc.google_service_networking_connection.psa_connection",
            "module.vpc.google_service_networking_peered_dns_domain.name"
          ]
        }
      ]
    },
    {
      "module": "module.apigee-x-core.module.kms-org-db",
      "mode": "managed",
      "type": "google_kms_key_ring",
      "name": "default",
      "provider": "provider[\"registry.terraform.io/hashicorp/google\"]",
      "instances": [
        {
          "index_key": 0,
          "schema_version": 0,
          "attributes": {
            "id": "projects/apigee-sandbox-509411/locations/europe-west1/keyRings/apigee-sandbox-509411-org-analytics-db",
            "location": "europe-west1",
            "name": "apigee-sandbox-509411-org-analytics-db",
            "project": "apigee-sandbox-509411",
            "timeouts": null
          },
          "sensitive_attributes": [],
          "identity_schema_version": 1,
          "identity": {
            "location": "europe-west1",
            "name": "apigee-sandbox-509411-org-analytics-db",
            "project": "apigee-sandbox-509411"
          },
          "private": "eyJlMmJmYjczMC1lY2FhLTExZTYtOGY4OC0zNDM2M2JjN2M0YzAiOnsiY3JlYXRlIjoxMjAwMDAwMDAwMDAwLCJkZWxldGUiOjEyMDAwMDAwMDAwMDB9fQ==",
          "dependencies": [
            "module.project.data.google_bigquery_default_service_account.bq_sa",
            "module.project.data.google_cloud_asset_search_all_resources.default",
            "module.project.data.google_logging_project_settings.logging_sa",
            "module.project.data.google_project.project",
            "module.project.data.google_storage_project_service_account.gcs_sa",
            "module.project.google_access_context_manager_service_perimeter_dry_run_resource.default",
            "module.project.google_access_context_manager_service_perimeter_resource.default",
            "module.project.google_bigquery_dataset_iam_member.bq_sinks_binding",
            "module.project.google_bigquery_reservation.default",
            "module.project.google_bigquery_reservation_assignment.default",
            "module.project.google_cloud_asset_project_feed.default",
            "module.project.google_cloud_quotas_quota_preference.default",
            "module.project.google_compute_project_default_network_tier.default_network_tier",
            "module.project.google_compute_project_metadata_item.default",
            "module.project.google_compute_shared_vpc_host_project.shared_vpc_host",
            "module.project.google_compute_shared_vpc_service_project.service_projects",
            "module.project.google_compute_shared_vpc_service_project.shared_vpc_service",
            "module.project.google_compute_subnetwork_iam_member.shared_vpc_host_robots",
            "module.project.google_compute_subnetwork_iam_member.shared_vpc_host_subnets_iam",
            "module.project.google_essential_contacts_contact.contact",
            "module.project.google_iam_deny_policy.default",
            "module.project.google_iam_workload_identity_pool.default",
            "module.project.google_iam_workload_identity_pool_provider.default",
            "module.project.google_kms_crypto_key_iam_member.service_agent_cmek",
            "module.project.google_kms_key_handle.default",
            "module.project.google_logging_log_scope.log_scopes",
            "module.project.google_logging_metric.metrics",
            "module.project.google_logging_project_exclusion.logging_exclusion",
            "module.project.google_logging_project_sink.sink",
            "module.project.google_monitoring_alert_policy.alerts",
            "module.project.google_monitoring_monitored_project.primary",
            "module.project.google_monitoring_notification_channel.channels",
            "module.project.google_org_policy_policy.default",
            "module.project.google_privileged_access_manager_entitlement.default",
            "module.project.google_project.project",
            "module.project.google_project_default_service_accounts.default_service_accounts",
            "module.project.google_project_iam_audit_config.default",
            "module.project.google_project_iam_binding.authoritative",
            "module.project.google_project_iam_binding.bindings",
            "module.project.google_project_iam_custom_role.roles",
            "module.project.google_project_iam_member.bindings",
            "module.project.google_project_iam_member.bucket_sinks_binding",
            "module.project.google_project_iam_member.project_sinks_binding",
            "module.project.google_project_iam_member.service_agents",
            "module.project.google_project_iam_member.shared_vpc_host_iam",
            "module.project.google_project_iam_member.shared_vpc_host_iam_additive",
            "module.project.google_project_iam_member.shared_vpc_host_robots",
            "module.project.google_project_service.org_policy_service",
            "module.project.google_project_service.project_services",
            "module.project.google_project_service_identity.default",
            "module.project.google_pubsub_topic_iam_member.pubsub_sinks_binding",
            "module.project.google_resource_manager_lien.lien",
            "module.project.google_scc_management_project_security_health_analytics_custom_module.scc_project_custom_module",
            "module.project.google_scc_v2_project_mute_config.scc_mute_configs",
            "module.project.google_storage_bucket_iam_member.gcs_sinks_binding",
            "module.project.google_tags_tag_binding.binding",
            "module.project.google_tags_tag_key.default",
            "module.project.google_tags_tag_key_iam_binding.bindings",
            "module.project.google_tags_tag_key_iam_binding.default",
            "module.project.google_tags_tag_key_iam_member.bindings",
            "module.project.google_tags_tag_value.default",
            "module.project.google_tags_tag_value_iam_binding.bindings",
            "module.project.google_tags_tag_value_iam_binding.default",
            "module.project.google_tags_tag_value_iam_member.bindings",
            "module.vpc.data.google_compute_network.network",
            "module.vpc.google_compute_global_address.psa_ranges",
            "module.vpc.google_compute_network.network",
            "module.vpc.google_compute_network_attachment.default",
            "module.vpc.google_compute_network_peering.local",
            "module.vpc.google_compute_network_peering.remote",
            "module.vpc.google_compute_network_peering_routes_config.psa_routes",
            "module.vpc.google_compute_route.gateway",
            "module.vpc.google_compute_route.ilb",
            "module.vpc.google_compute_route.instance",
            "module.vpc.google_compute_route.ip",
            "module.vpc.google_compute_route.vpn_tunnel",
            "module.vpc.google_compute_shared_vpc_host_project.shared_vpc_host",
            "module.vpc.google_compute_shared_vpc_service_project.service_projects",
            "module.vpc.google_compute_subnetwork.private_nat",
            "module.vpc.google_compute_subnetwork.proxy_only",
            "module.vpc.google_compute_subnetwork.psc",
            "module.vpc.google_compute_subnetwork.subnetwork",
            "module.vpc.google_compute_subnetwork_iam_binding.authoritative",
            "module.vpc.google_compute_subnetwork_iam_binding.bindings",
            "module.vpc.google_compute_subnetwork_iam_member.bindings",
            "module.vpc.google_dns_policy.default",
            "module.vpc.google_network_connectivity_internal_range.internal_range",
            "module.vpc.google_network_connectivity_policy_based_route.default",
            "module.vpc.google_network_connectivity_service_connection_policy.service_connection_policy",
            "module.vpc.google_service_networking_connection.psa_connection",
            "module.vpc.google_service_networking_peered_dns_domain.name"
          ]
        }
      ]
    },
    {
      "module": "module.apigee-x-core.module.kms-org-db",
      "mode": "managed",
      "type": "google_kms_key_ring_iam_binding",
      "name": "authoritative",
      "provider": "provider[\"registry.terraform.io/hashicorp/google\"]",
      "instances": [
        {
          "index_key": "roles/cloudkms.cryptoKeyEncrypterDecrypter",
          "schema_version": 0,
          "attributes": {
            "condition": [],
            "etag": "BwZcJkjcaDA=",
            "id": "projects/apigee-sandbox-509411/locations/europe-west1/keyRings/apigee-sandbox-509411-org-analytics-db/roles/cloudkms.cryptoKeyEncrypterDecrypter",
            "key_ring_id": "projects/apigee-sandbox-509411/locations/europe-west1/keyRings/apigee-sandbox-509411-org-analytics-db",
            "members": [
              "serviceAccount:service-1070958566273@gcp-sa-apigee.iam.gserviceaccount.com"
            ],
            "role": "roles/cloudkms.cryptoKeyEncrypterDecrypter"
          },
          "sensitive_attributes": [],
          "identity_schema_version": 0,
          "private": "bnVsbA==",
          "dependencies": [
            "module.apigee-x-core.google_project_service_identity.apigee_sa",
            "module.apigee-x-core.module.kms-org-db.data.google_kms_key_ring.default",
            "module.apigee-x-core.module.kms-org-db.google_kms_key_ring.default",
            "module.project.data.google_bigquery_default_service_account.bq_sa",
            "module.project.data.google_cloud_asset_search_all_resources.default",
            "module.project.data.google_logging_project_settings.logging_sa",
            "module.project.data.google_project.project",
            "module.project.data.google_storage_project_service_account.gcs_sa",
            "module.project.google_access_context_manager_service_perimeter_dry_run_resource.default",
            "module.project.google_access_context_manager_service_perimeter_resource.default",
            "module.project.google_bigquery_dataset_iam_member.bq_sinks_binding",
            "module.project.google_bigquery_reservation.default",
            "module.project.google_bigquery_reservation_assignment.default",
            "module.project.google_cloud_asset_project_feed.default",
            "module.project.google_cloud_quotas_quota_preference.default",
            "module.project.google_compute_project_default_network_tier.default_network_tier",
            "module.project.google_compute_project_metadata_item.default",
            "module.project.google_compute_shared_vpc_host_project.shared_vpc_host",
            "module.project.google_compute_shared_vpc_service_project.service_projects",
            "module.project.google_compute_shared_vpc_service_project.shared_vpc_service",
            "module.project.google_compute_subnetwork_iam_member.shared_vpc_host_robots",
            "module.project.google_compute_subnetwork_iam_member.shared_vpc_host_subnets_iam",
            "module.project.google_essential_contacts_contact.contact",
            "module.project.google_iam_deny_policy.default",
            "module.project.google_iam_workload_identity_pool.default",
            "module.project.google_iam_workload_identity_pool_provider.default",
            "module.project.google_kms_crypto_key_iam_member.service_agent_cmek",
            "module.project.google_kms_key_handle.default",
            "module.project.google_logging_log_scope.log_scopes",
            "module.project.google_logging_metric.metrics",
            "module.project.google_logging_project_exclusion.logging_exclusion",
            "module.project.google_logging_project_sink.sink",
            "module.project.google_monitoring_alert_policy.alerts",
            "module.project.google_monitoring_monitored_project.primary",
            "module.project.google_monitoring_notification_channel.channels",
            "module.project.google_org_policy_policy.default",
            "module.project.google_privileged_access_manager_entitlement.default",
            "module.project.google_project.project",
            "module.project.google_project_default_service_accounts.default_service_accounts",
            "module.project.google_project_iam_audit_config.default",
            "module.project.google_project_iam_binding.authoritative",
            "module.project.google_project_iam_binding.bindings",
            "module.project.google_project_iam_custom_role.roles",
            "module.project.google_project_iam_member.bindings",
            "module.project.google_project_iam_member.bucket_sinks_binding",
            "module.project.google_project_iam_member.project_sinks_binding",
            "module.project.google_project_iam_member.service_agents",
            "module.project.google_project_iam_member.shared_vpc_host_iam",
            "module.project.google_project_iam_member.shared_vpc_host_iam_additive",
            "module.project.google_project_iam_member.shared_vpc_host_robots",
            "module.project.google_project_service.org_policy_service",
            "module.project.google_project_service.project_services",
            "module.project.google_project_service_identity.default",
            "module.project.google_pubsub_topic_iam_member.pubsub_sinks_binding",
            "module.project.google_resource_manager_lien.lien",
            "module.project.google_scc_management_project_security_health_analytics_custom_module.scc_project_custom_module",
            "module.project.google_scc_v2_project_mute_config.scc_mute_configs",
            "module.project.google_storage_bucket_iam_member.gcs_sinks_binding",
            "module.project.google_tags_tag_binding.binding",
            "module.project.google_tags_tag_key.default",
            "module.project.google_tags_tag_key_iam_binding.bindings",
            "module.project.google_tags_tag_key_iam_binding.default",
            "module.project.google_tags_tag_key_iam_member.bindings",
            "module.project.google_tags_tag_value.default",
            "module.project.google_tags_tag_value_iam_binding.bindings",
            "module.project.google_tags_tag_value_iam_binding.default",
            "module.project.google_tags_tag_value_iam_member.bindings",
            "module.vpc.data.google_compute_network.network",
            "module.vpc.google_compute_global_address.psa_ranges",
            "module.vpc.google_compute_network.network",
            "module.vpc.google_compute_network_attachment.default",
            "module.vpc.google_compute_network_peering.local",
            "module.vpc.google_compute_network_peering.remote",
            "module.vpc.google_compute_network_peering_routes_config.psa_routes",
            "module.vpc.google_compute_route.gateway",
            "module.vpc.google_compute_route.ilb",
            "module.vpc.google_compute_route.instance",
            "module.vpc.google_compute_route.ip",
            "module.vpc.google_compute_route.vpn_tunnel",
            "module.vpc.google_compute_shared_vpc_host_project.shared_vpc_host",
            "module.vpc.google_compute_shared_vpc_service_project.service_projects",
            "module.vpc.google_compute_subnetwork.private_nat",
            "module.vpc.google_compute_subnetwork.proxy_only",
            "module.vpc.google_compute_subnetwork.psc",
            "module.vpc.google_compute_subnetwork.subnetwork",
            "module.vpc.google_compute_subnetwork_iam_binding.authoritative",
            "module.vpc.google_compute_subnetwork_iam_binding.bindings",
            "module.vpc.google_compute_subnetwork_iam_member.bindings",
            "module.vpc.google_dns_policy.default",
            "module.vpc.google_network_connectivity_internal_range.internal_range",
            "module.vpc.google_network_connectivity_policy_based_route.default",
            "module.vpc.google_network_connectivity_service_connection_policy.service_connection_policy",
            "module.vpc.google_service_networking_connection.psa_connection",
            "module.vpc.google_service_networking_peered_dns_domain.name"
          ]
        }
      ]
    },
    {
      "module": "module.project",
      "mode": "data",
      "type": "google_project",
      "name": "project",
      "provider": "provider[\"registry.terraform.io/hashicorp/google\"]",
      "instances": [
        {
          "index_key": 0,
          "schema_version": 0,
          "attributes": {
            "auto_create_network": null,
            "billing_account": "01F63D-C9E821-B6743D",
            "deletion_policy": "PREVENT",
            "effective_labels": {},
            "folder_id": null,
            "id": "projects/apigee-sandbox-509411",
            "labels": {},
            "name": "apigee-sandbox",
            "number": "1070958566273",
            "org_id": null,
            "project_id": "apigee-sandbox-509411",
            "tags": null,
            "terraform_labels": {}
          },
          "sensitive_attributes": [],
          "identity_schema_version": 0
        }
      ]
    },
    {
      "module": "module.project",
      "mode": "managed",
      "type": "google_project_iam_member",
      "name": "service_agents",
      "provider": "provider[\"registry.terraform.io/hashicorp/google\"]",
      "instances": [
        {
          "index_key": "apigee",
          "schema_version": 0,
          "attributes": {
            "condition": [],
            "etag": "BwZcJkwPTkw=",
            "id": "apigee-sandbox-509411/roles/apigee.serviceAgent/serviceAccount:service-1070958566273@gcp-sa-apigee.iam.gserviceaccount.com",
            "member": "serviceAccount:service-1070958566273@gcp-sa-apigee.iam.gserviceaccount.com",
            "project": "apigee-sandbox-509411",
            "role": "roles/apigee.serviceAgent"
          },
          "sensitive_attributes": [],
          "identity_schema_version": 1,
          "identity": {
            "condition_title": null,
            "member": "serviceAccount:service-1070958566273@gcp-sa-apigee.iam.gserviceaccount.com",
            "project": "apigee-sandbox-509411",
            "role": "roles/apigee.serviceAgent"
          },
          "private": "bnVsbA==",
          "dependencies": [
            "module.project.data.google_project.project",
            "module.project.google_org_policy_policy.default",
            "module.project.google_project.project",
            "module.project.google_project_service.org_policy_service",
            "module.project.google_project_service.project_services",
            "module.project.google_project_service_identity.default"
          ]
        },
        {
          "index_key": "cloudkms",
          "schema_version": 0,
          "attributes": {
            "condition": [],
            "etag": "BwZcJkwPTkw=",
            "id": "apigee-sandbox-509411/roles/cloudkms.serviceAgent/serviceAccount:service-1070958566273@gcp-sa-cloudkms.iam.gserviceaccount.com",
            "member": "serviceAccount:service-1070958566273@gcp-sa-cloudkms.iam.gserviceaccount.com",
            "project": "apigee-sandbox-509411",
            "role": "roles/cloudkms.serviceAgent"
          },
          "sensitive_attributes": [],
          "identity_schema_version": 1,
          "identity": {
            "condition_title": null,
            "member": "serviceAccount:service-1070958566273@gcp-sa-cloudkms.iam.gserviceaccount.com",
            "project": "apigee-sandbox-509411",
            "role": "roles/cloudkms.serviceAgent"
          },
          "private": "bnVsbA==",
          "dependencies": [
            "module.project.data.google_project.project",
            "module.project.google_org_policy_policy.default",
            "module.project.google_project.project",
            "module.project.google_project_service.org_policy_service",
            "module.project.google_project_service.project_services",
            "module.project.google_project_service_identity.default"
          ]
        },
        {
          "index_key": "compute-system",
          "schema_version": 0,
          "attributes": {
            "condition": [],
            "etag": "BwZcJkwPTkw=",
            "id": "apigee-sandbox-509411/roles/compute.serviceAgent/serviceAccount:service-1070958566273@compute-system.iam.gserviceaccount.com",
            "member": "serviceAccount:service-1070958566273@compute-system.iam.gserviceaccount.com",
            "project": "apigee-sandbox-509411",
            "role": "roles/compute.serviceAgent"
          },
          "sensitive_attributes": [],
          "identity_schema_version": 1,
          "identity": {
            "condition_title": null,
            "member": "serviceAccount:service-1070958566273@compute-system.iam.gserviceaccount.com",
            "project": "apigee-sandbox-509411",
            "role": "roles/compute.serviceAgent"
          },
          "private": "bnVsbA==",
          "dependencies": [
            "module.project.data.google_project.project",
            "module.project.google_org_policy_policy.default",
            "module.project.google_project.project",
            "module.project.google_project_service.org_policy_service",
            "module.project.google_project_service.project_services",
            "module.project.google_project_service_identity.default"
          ]
        },
        {
          "index_key": "service-networking",
          "schema_version": 0,
          "attributes": {
            "condition": [],
            "etag": "BwZcJkwPTkw=",
            "id": "apigee-sandbox-509411/roles/servicenetworking.serviceAgent/serviceAccount:service-1070958566273@service-networking.iam.gserviceaccount.com",
            "member": "serviceAccount:service-1070958566273@service-networking.iam.gserviceaccount.com",
            "project": "apigee-sandbox-509411",
            "role": "roles/servicenetworking.serviceAgent"
          },
          "sensitive_attributes": [],
          "identity_schema_version": 1,
          "identity": {
            "condition_title": null,
            "member": "serviceAccount:service-1070958566273@service-networking.iam.gserviceaccount.com",
            "project": "apigee-sandbox-509411",
            "role": "roles/servicenetworking.serviceAgent"
          },
          "private": "bnVsbA==",
          "dependencies": [
            "module.project.data.google_project.project",
            "module.project.google_org_policy_policy.default",
            "module.project.google_project.project",
            "module.project.google_project_service.org_policy_service",
            "module.project.google_project_service.project_services",
            "module.project.google_project_service_identity.default"
          ]
        }
      ]
    },
    {
      "module": "module.project",
      "mode": "managed",
      "type": "google_project_service",
      "name": "project_services",
      "provider": "provider[\"registry.terraform.io/hashicorp/google\"]",
      "instances": [
        {
          "index_key": "apigee.googleapis.com",
          "schema_version": 0,
          "attributes": {
            "deletion_policy": "DELETE",
            "disable_dependent_services": false,
            "disable_on_destroy": false,
            "id": "apigee-sandbox-509411/apigee.googleapis.com",
            "project": "apigee-sandbox-509411",
            "service": "apigee.googleapis.com",
            "timeouts": null
          },
          "sensitive_attributes": [],
          "identity_schema_version": 1,
          "identity": {
            "project": "apigee-sandbox-509411",
            "service": "apigee.googleapis.com"
          },
          "private": "eyJlMmJmYjczMC1lY2FhLTExZTYtOGY4OC0zNDM2M2JjN2M0YzAiOnsiY3JlYXRlIjoxMjAwMDAwMDAwMDAwLCJkZWxldGUiOjEyMDAwMDAwMDAwMDAsInJlYWQiOjYwMDAwMDAwMDAwMCwidXBkYXRlIjoxMjAwMDAwMDAwMDAwfX0=",
          "dependencies": [
            "module.project.data.google_project.project",
            "module.project.google_org_policy_policy.default",
            "module.project.google_project.project",
            "module.project.google_project_service.org_policy_service"
          ]
        },
        {
          "index_key": "cloudkms.googleapis.com",
          "schema_version": 0,
          "attributes": {
            "deletion_policy": "DELETE",
            "disable_dependent_services": false,
            "disable_on_destroy": false,
            "id": "apigee-sandbox-509411/cloudkms.googleapis.com",
            "project": "apigee-sandbox-509411",
            "service": "cloudkms.googleapis.com",
            "timeouts": null
          },
          "sensitive_attributes": [],
          "identity_schema_version": 1,
          "identity": {
            "project": "apigee-sandbox-509411",
            "service": "cloudkms.googleapis.com"
          },
          "private": "eyJlMmJmYjczMC1lY2FhLTExZTYtOGY4OC0zNDM2M2JjN2M0YzAiOnsiY3JlYXRlIjoxMjAwMDAwMDAwMDAwLCJkZWxldGUiOjEyMDAwMDAwMDAwMDAsInJlYWQiOjYwMDAwMDAwMDAwMCwidXBkYXRlIjoxMjAwMDAwMDAwMDAwfX0=",
          "dependencies": [
            "module.project.data.google_project.project",
            "module.project.google_org_policy_policy.default",
            "module.project.google_project.project",
            "module.project.google_project_service.org_policy_service"
          ]
        },
        {
          "index_key": "compute.googleapis.com",
          "schema_version": 0,
          "attributes": {
            "deletion_policy": "DELETE",
            "disable_dependent_services": false,
            "disable_on_destroy": false,
            "id": "apigee-sandbox-509411/compute.googleapis.com",
            "project": "apigee-sandbox-509411",
            "service": "compute.googleapis.com",
            "timeouts": null
          },
          "sensitive_attributes": [],
          "identity_schema_version": 1,
          "identity": {
            "project": "apigee-sandbox-509411",
            "service": "compute.googleapis.com"
          },
          "private": "eyJlMmJmYjczMC1lY2FhLTExZTYtOGY4OC0zNDM2M2JjN2M0YzAiOnsiY3JlYXRlIjoxMjAwMDAwMDAwMDAwLCJkZWxldGUiOjEyMDAwMDAwMDAwMDAsInJlYWQiOjYwMDAwMDAwMDAwMCwidXBkYXRlIjoxMjAwMDAwMDAwMDAwfX0=",
          "dependencies": [
            "module.project.data.google_project.project",
            "module.project.google_org_policy_policy.default",
            "module.project.google_project.project",
            "module.project.google_project_service.org_policy_service"
          ]
        },
        {
          "index_key": "servicenetworking.googleapis.com",
          "schema_version": 0,
          "attributes": {
            "deletion_policy": "DELETE",
            "disable_dependent_services": false,
            "disable_on_destroy": false,
            "id": "apigee-sandbox-509411/servicenetworking.googleapis.com",
            "project": "apigee-sandbox-509411",
            "service": "servicenetworking.googleapis.com",
            "timeouts": null
          },
          "sensitive_attributes": [],
          "identity_schema_version": 1,
          "identity": {
            "project": "apigee-sandbox-509411",
            "service": "servicenetworking.googleapis.com"
          },
          "private": "eyJlMmJmYjczMC1lY2FhLTExZTYtOGY4OC0zNDM2M2JjN2M0YzAiOnsiY3JlYXRlIjoxMjAwMDAwMDAwMDAwLCJkZWxldGUiOjEyMDAwMDAwMDAwMDAsInJlYWQiOjYwMDAwMDAwMDAwMCwidXBkYXRlIjoxMjAwMDAwMDAwMDAwfX0=",
          "dependencies": [
            "module.project.data.google_project.project",
            "module.project.google_org_policy_policy.default",
            "module.project.google_project.project",
            "module.project.google_project_service.org_policy_service"
          ]
        }
      ]
    },
    {
      "module": "module.project",
      "mode": "managed",
      "type": "google_project_service_identity",
      "name": "default",
      "provider": "provider[\"registry.terraform.io/hashicorp/google-beta\"]",
      "instances": [
        {
          "index_key": "apigee.googleapis.com",
          "schema_version": 0,
          "attributes": {
            "email": "service-1070958566273@gcp-sa-apigee.iam.gserviceaccount.com",
            "id": "projects/apigee-sandbox-509411/services/apigee.googleapis.com",
            "member": "serviceAccount:service-1070958566273@gcp-sa-apigee.iam.gserviceaccount.com",
            "project": "apigee-sandbox-509411",
            "service": "apigee.googleapis.com",
            "timeouts": null
          },
          "sensitive_attributes": [],
          "identity_schema_version": 0,
          "private": "eyJlMmJmYjczMC1lY2FhLTExZTYtOGY4OC0zNDM2M2JjN2M0YzAiOnsiY3JlYXRlIjoxMjAwMDAwMDAwMDAwLCJkZWxldGUiOjEyMDAwMDAwMDAwMDAsInJlYWQiOjYwMDAwMDAwMDAwMH19",
          "dependencies": [
            "module.project.data.google_project.project",
            "module.project.google_org_policy_policy.default",
            "module.project.google_project.project",
            "module.project.google_project_service.org_policy_service",
            "module.project.google_project_service.project_services"
          ]
        },
        {
          "index_key": "cloudkms.googleapis.com",
          "schema_version": 0,
          "attributes": {
            "email": "service-1070958566273@gcp-sa-ekms.iam.gserviceaccount.com",
            "id": "projects/apigee-sandbox-509411/services/cloudkms.googleapis.com",
            "member": "serviceAccount:service-1070958566273@gcp-sa-ekms.iam.gserviceaccount.com",
            "project": "apigee-sandbox-509411",
            "service": "cloudkms.googleapis.com",
            "timeouts": null
          },
          "sensitive_attributes": [],
          "identity_schema_version": 0,
          "private": "eyJlMmJmYjczMC1lY2FhLTExZTYtOGY4OC0zNDM2M2JjN2M0YzAiOnsiY3JlYXRlIjoxMjAwMDAwMDAwMDAwLCJkZWxldGUiOjEyMDAwMDAwMDAwMDAsInJlYWQiOjYwMDAwMDAwMDAwMH19",
          "dependencies": [
            "module.project.data.google_project.project",
            "module.project.google_org_policy_policy.default",
            "module.project.google_project.project",
            "module.project.google_project_service.org_policy_service",
            "module.project.google_project_service.project_services"
          ]
        },
        {
          "index_key": "servicenetworking.googleapis.com",
          "schema_version": 0,
          "attributes": {
            "email": "service-1070958566273@service-networking.iam.gserviceaccount.com",
            "id": "projects/apigee-sandbox-509411/services/servicenetworking.googleapis.com",
            "member": "serviceAccount:service-1070958566273@service-networking.iam.gserviceaccount.com",
            "project": "apigee-sandbox-509411",
            "service": "servicenetworking.googleapis.com",
            "timeouts": null
          },
          "sensitive_attributes": [],
          "identity_schema_version": 0,
          "private": "eyJlMmJmYjczMC1lY2FhLTExZTYtOGY4OC0zNDM2M2JjN2M0YzAiOnsiY3JlYXRlIjoxMjAwMDAwMDAwMDAwLCJkZWxldGUiOjEyMDAwMDAwMDAwMDAsInJlYWQiOjYwMDAwMDAwMDAwMH19",
          "dependencies": [
            "module.project.data.google_project.project",
            "module.project.google_org_policy_policy.default",
            "module.project.google_project.project",
            "module.project.google_project_service.org_policy_service",
            "module.project.google_project_service.project_services"
          ]
        }
      ]
    },
    {
      "module": "module.vpc",
      "mode": "managed",
      "type": "google_compute_global_address",
      "name": "psa_ranges",
      "provider": "provider[\"registry.terraform.io/hashicorp/google\"]",
      "instances": [
        {
          "index_key": "servicenetworking-googleapis-com-apigee-range",
          "schema_version": 0,
          "attributes": {
            "address": "10.253.4.0",
            "address_type": "INTERNAL",
            "creation_timestamp": "2026-09-23T06:14:38.527-07:00",
            "deletion_policy": "DELETE",
            "description": "",
            "effective_labels": {
              "goog-terraform-provisioned": "true"
            },
            "id": "projects/apigee-sandbox-509411/global/addresses/servicenetworking-googleapis-com-apigee-range",
            "ip_version": "",
            "label_fingerprint": "vezUS-42LLM=",
            "labels": {},
            "name": "servicenetworking-googleapis-com-apigee-range",
            "network": "https://www.googleapis.com/compute/v1/projects/apigee-sandbox-509411/global/networks/apigee-sandbox-509411-network",
            "prefix_length": 22,
            "project": "apigee-sandbox-509411",
            "purpose": "VPC_PEERING",
            "self_link": "https://www.googleapis.com/compute/v1/projects/apigee-sandbox-509411/global/addresses/servicenetworking-googleapis-com-apigee-range",
            "terraform_labels": {
              "goog-terraform-provisioned": "true"
            },
            "timeouts": null
          },
          "sensitive_attributes": [],
          "identity_schema_version": 1,
          "identity": {
            "name": "servicenetworking-googleapis-com-apigee-range",
            "project": "apigee-sandbox-509411"
          },
          "private": "eyJlMmJmYjczMC1lY2FhLTExZTYtOGY4OC0zNDM2M2JjN2M0YzAiOnsiY3JlYXRlIjoxMjAwMDAwMDAwMDAwLCJkZWxldGUiOjEyMDAwMDAwMDAwMDAsInVwZGF0ZSI6MTIwMDAwMDAwMDAwMH19",
          "dependencies": [
            "module.project.data.google_bigquery_default_service_account.bq_sa",
            "module.project.data.google_cloud_asset_search_all_resources.default",
            "module.project.data.google_logging_project_settings.logging_sa",
            "module.project.data.google_project.project",
            "module.project.data.google_storage_project_service_account.gcs_sa",
            "module.project.google_access_context_manager_service_perimeter_dry_run_resource.default",
            "module.project.google_access_context_manager_service_perimeter_resource.default",
            "module.project.google_bigquery_dataset_iam_member.bq_sinks_binding",
            "module.project.google_bigquery_reservation.default",
            "module.project.google_bigquery_reservation_assignment.default",
            "module.project.google_cloud_asset_project_feed.default",
            "module.project.google_cloud_quotas_quota_preference.default",
            "module.project.google_compute_project_default_network_tier.default_network_tier",
            "module.project.google_compute_project_metadata_item.default",
            "module.project.google_compute_shared_vpc_host_project.shared_vpc_host",
            "module.project.google_compute_shared_vpc_service_project.service_projects",
            "module.project.google_compute_shared_vpc_service_project.shared_vpc_service",
            "module.project.google_compute_subnetwork_iam_member.shared_vpc_host_robots",
            "module.project.google_compute_subnetwork_iam_member.shared_vpc_host_subnets_iam",
            "module.project.google_essential_contacts_contact.contact",
            "module.project.google_iam_deny_policy.default",
            "module.project.google_iam_workload_identity_pool.default",
            "module.project.google_iam_workload_identity_pool_provider.default",
            "module.project.google_kms_crypto_key_iam_member.service_agent_cmek",
            "module.project.google_kms_key_handle.default",
            "module.project.google_logging_log_scope.log_scopes",
            "module.project.google_logging_metric.metrics",
            "module.project.google_logging_project_exclusion.logging_exclusion",
            "module.project.google_logging_project_sink.sink",
            "module.project.google_monitoring_alert_policy.alerts",
            "module.project.google_monitoring_monitored_project.primary",
            "module.project.google_monitoring_notification_channel.channels",
            "module.project.google_org_policy_policy.default",
            "module.project.google_privileged_access_manager_entitlement.default",
            "module.project.google_project.project",
            "module.project.google_project_default_service_accounts.default_service_accounts",
            "module.project.google_project_iam_audit_config.default",
            "module.project.google_project_iam_binding.authoritative",
            "module.project.google_project_iam_binding.bindings",
            "module.project.google_project_iam_custom_role.roles",
            "module.project.google_project_iam_member.bindings",
            "module.project.google_project_iam_member.bucket_sinks_binding",
            "module.project.google_project_iam_member.project_sinks_binding",
            "module.project.google_project_iam_member.service_agents",
            "module.project.google_project_iam_member.shared_vpc_host_iam",
            "module.project.google_project_iam_member.shared_vpc_host_iam_additive",
            "module.project.google_project_iam_member.shared_vpc_host_robots",
            "module.project.google_project_service.org_policy_service",
            "module.project.google_project_service.project_services",
            "module.project.google_project_service_identity.default",
            "module.project.google_pubsub_topic_iam_member.pubsub_sinks_binding",
            "module.project.google_resource_manager_lien.lien",
            "module.project.google_scc_management_project_security_health_analytics_custom_module.scc_project_custom_module",
            "module.project.google_scc_v2_project_mute_config.scc_mute_configs",
            "module.project.google_storage_bucket_iam_member.gcs_sinks_binding",
            "module.project.google_tags_tag_binding.binding",
            "module.project.google_tags_tag_key.default",
            "module.project.google_tags_tag_key_iam_binding.bindings",
            "module.project.google_tags_tag_key_iam_binding.default",
            "module.project.google_tags_tag_key_iam_member.bindings",
            "module.project.google_tags_tag_value.default",
            "module.project.google_tags_tag_value_iam_binding.bindings",
            "module.project.google_tags_tag_value_iam_binding.default",
            "module.project.google_tags_tag_value_iam_member.bindings",
            "module.vpc.data.google_compute_network.network",
            "module.vpc.google_compute_network.network"
          ]
        },
        {
          "index_key": "servicenetworking-googleapis-com-apigee-support-range",
          "schema_version": 0,
          "attributes": {
            "address": "10.253.1.0",
            "address_type": "INTERNAL",
            "creation_timestamp": "2026-09-23T06:14:38.630-07:00",
            "deletion_policy": "DELETE",
            "description": "",
            "effective_labels": {
              "goog-terraform-provisioned": "true"
            },
            "id": "projects/apigee-sandbox-509411/global/addresses/servicenetworking-googleapis-com-apigee-support-range",
            "ip_version": "",
            "label_fingerprint": "vezUS-42LLM=",
            "labels": {},
            "name": "servicenetworking-googleapis-com-apigee-support-range",
            "network": "https://www.googleapis.com/compute/v1/projects/apigee-sandbox-509411/global/networks/apigee-sandbox-509411-network",
            "prefix_length": 28,
            "project": "apigee-sandbox-509411",
            "purpose": "VPC_PEERING",
            "self_link": "https://www.googleapis.com/compute/v1/projects/apigee-sandbox-509411/global/addresses/servicenetworking-googleapis-com-apigee-support-range",
            "terraform_labels": {
              "goog-terraform-provisioned": "true"
            },
            "timeouts": null
          },
          "sensitive_attributes": [],
          "identity_schema_version": 1,
          "identity": {
            "name": "servicenetworking-googleapis-com-apigee-support-range",
            "project": "apigee-sandbox-509411"
          },
          "private": "eyJlMmJmYjczMC1lY2FhLTExZTYtOGY4OC0zNDM2M2JjN2M0YzAiOnsiY3JlYXRlIjoxMjAwMDAwMDAwMDAwLCJkZWxldGUiOjEyMDAwMDAwMDAwMDAsInVwZGF0ZSI6MTIwMDAwMDAwMDAwMH19",
          "dependencies": [
            "module.project.data.google_bigquery_default_service_account.bq_sa",
            "module.project.data.google_cloud_asset_search_all_resources.default",
            "module.project.data.google_logging_project_settings.logging_sa",
            "module.project.data.google_project.project",
            "module.project.data.google_storage_project_service_account.gcs_sa",
            "module.project.google_access_context_manager_service_perimeter_dry_run_resource.default",
            "module.project.google_access_context_manager_service_perimeter_resource.default",
            "module.project.google_bigquery_dataset_iam_member.bq_sinks_binding",
            "module.project.google_bigquery_reservation.default",
            "module.project.google_bigquery_reservation_assignment.default",
            "module.project.google_cloud_asset_project_feed.default",
            "module.project.google_cloud_quotas_quota_preference.default",
            "module.project.google_compute_project_default_network_tier.default_network_tier",
            "module.project.google_compute_project_metadata_item.default",
            "module.project.google_compute_shared_vpc_host_project.shared_vpc_host",
            "module.project.google_compute_shared_vpc_service_project.service_projects",
            "module.project.google_compute_shared_vpc_service_project.shared_vpc_service",
            "module.project.google_compute_subnetwork_iam_member.shared_vpc_host_robots",
            "module.project.google_compute_subnetwork_iam_member.shared_vpc_host_subnets_iam",
            "module.project.google_essential_contacts_contact.contact",
            "module.project.google_iam_deny_policy.default",
            "module.project.google_iam_workload_identity_pool.default",
            "module.project.google_iam_workload_identity_pool_provider.default",
            "module.project.google_kms_crypto_key_iam_member.service_agent_cmek",
            "module.project.google_kms_key_handle.default",
            "module.project.google_logging_log_scope.log_scopes",
            "module.project.google_logging_metric.metrics",
            "module.project.google_logging_project_exclusion.logging_exclusion",
            "module.project.google_logging_project_sink.sink",
            "module.project.google_monitoring_alert_policy.alerts",
            "module.project.google_monitoring_monitored_project.primary",
            "module.project.google_monitoring_notification_channel.channels",
            "module.project.google_org_policy_policy.default",
            "module.project.google_privileged_access_manager_entitlement.default",
            "module.project.google_project.project",
            "module.project.google_project_default_service_accounts.default_service_accounts",
            "module.project.google_project_iam_audit_config.default",
            "module.project.google_project_iam_binding.authoritative",
            "module.project.google_project_iam_binding.bindings",
            "module.project.google_project_iam_custom_role.roles",
            "module.project.google_project_iam_member.bindings",
            "module.project.google_project_iam_member.bucket_sinks_binding",
            "module.project.google_project_iam_member.project_sinks_binding",
            "module.project.google_project_iam_member.service_agents",
            "module.project.google_project_iam_member.shared_vpc_host_iam",
            "module.project.google_project_iam_member.shared_vpc_host_iam_additive",
            "module.project.google_project_iam_member.shared_vpc_host_robots",
            "module.project.google_project_service.org_policy_service",
            "module.project.google_project_service.project_services",
            "module.project.google_project_service_identity.default",
            "module.project.google_pubsub_topic_iam_member.pubsub_sinks_binding",
            "module.project.google_resource_manager_lien.lien",
            "module.project.google_scc_management_project_security_health_analytics_custom_module.scc_project_custom_module",
            "module.project.google_scc_v2_project_mute_config.scc_mute_configs",
            "module.project.google_storage_bucket_iam_member.gcs_sinks_binding",
            "module.project.google_tags_tag_binding.binding",
            "module.project.google_tags_tag_key.default",
            "module.project.google_tags_tag_key_iam_binding.bindings",
            "module.project.google_tags_tag_key_iam_binding.default",
            "module.project.google_tags_tag_key_iam_member.bindings",
            "module.project.google_tags_tag_value.default",
            "module.project.google_tags_tag_value_iam_binding.bindings",
            "module.project.google_tags_tag_value_iam_binding.default",
            "module.project.google_tags_tag_value_iam_member.bindings",
            "module.vpc.data.google_compute_network.network",
            "module.vpc.google_compute_network.network"
          ]
        }
      ]
    },
    {
      "module": "module.vpc",
      "mode": "managed",
      "type": "google_compute_network",
      "name": "network",
      "provider": "provider[\"registry.terraform.io/hashicorp/google\"]",
      "instances": [
        {
          "index_key": 0,
          "schema_version": 0,
          "attributes": {
            "auto_create_subnetworks": false,
            "bgp_always_compare_med": false,
            "bgp_best_path_selection_mode": "LEGACY",
            "bgp_inter_region_cost": "",
            "delete_bgp_always_compare_med": false,
            "delete_default_routes_on_create": false,
            "deletion_policy": "DELETE",
            "description": "Terraform-managed.",
            "enable_ula_internal_ipv6": false,
            "gateway_ipv4": "",
            "id": "projects/apigee-sandbox-509411/global/networks/apigee-sandbox-509411-network",
            "internal_ipv6_range": "",
            "mtu": 0,
            "name": "apigee-sandbox-509411-network",
            "network_firewall_policy_enforcement_order": "AFTER_CLASSIC_FIREWALL",
            "network_id": "1788856239742938718",
            "network_profile": "",
            "numeric_id": "1788856239742938718",
            "params": [],
            "project": "apigee-sandbox-509411",
            "routing_mode": "GLOBAL",
            "self_link": "https://www.googleapis.com/compute/v1/projects/apigee-sandbox-509411/global/networks/apigee-sandbox-509411-network",
            "timeouts": null
          },
          "sensitive_attributes": [],
          "identity_schema_version": 1,
          "identity": {
            "name": "apigee-sandbox-509411-network",
            "project": "apigee-sandbox-509411"
          },
          "private": "eyJlMmJmYjczMC1lY2FhLTExZTYtOGY4OC0zNDM2M2JjN2M0YzAiOnsiY3JlYXRlIjoxMjAwMDAwMDAwMDAwLCJkZWxldGUiOjEyMDAwMDAwMDAwMDAsInVwZGF0ZSI6MTIwMDAwMDAwMDAwMH19",
          "dependencies": [
            "module.project.data.google_bigquery_default_service_account.bq_sa",
            "module.project.data.google_cloud_asset_search_all_resources.default",
            "module.project.data.google_logging_project_settings.logging_sa",
            "module.project.data.google_project.project",
            "module.project.data.google_storage_project_service_account.gcs_sa",
            "module.project.google_access_context_manager_service_perimeter_dry_run_resource.default",
            "module.project.google_access_context_manager_service_perimeter_resource.default",
            "module.project.google_bigquery_dataset_iam_member.bq_sinks_binding",
            "module.project.google_bigquery_reservation.default",
            "module.project.google_bigquery_reservation_assignment.default",
            "module.project.google_cloud_asset_project_feed.default",
            "module.project.google_cloud_quotas_quota_preference.default",
            "module.project.google_compute_project_default_network_tier.default_network_tier",
            "module.project.google_compute_project_metadata_item.default",
            "module.project.google_compute_shared_vpc_host_project.shared_vpc_host",
            "module.project.google_compute_shared_vpc_service_project.service_projects",
            "module.project.google_compute_shared_vpc_service_project.shared_vpc_service",
            "module.project.google_compute_subnetwork_iam_member.shared_vpc_host_robots",
            "module.project.google_compute_subnetwork_iam_member.shared_vpc_host_subnets_iam",
            "module.project.google_essential_contacts_contact.contact",
            "module.project.google_iam_deny_policy.default",
            "module.project.google_iam_workload_identity_pool.default",
            "module.project.google_iam_workload_identity_pool_provider.default",
            "module.project.google_kms_crypto_key_iam_member.service_agent_cmek",
            "module.project.google_kms_key_handle.default",
            "module.project.google_logging_log_scope.log_scopes",
            "module.project.google_logging_metric.metrics",
            "module.project.google_logging_project_exclusion.logging_exclusion",
            "module.project.google_logging_project_sink.sink",
            "module.project.google_monitoring_alert_policy.alerts",
            "module.project.google_monitoring_monitored_project.primary",
            "module.project.google_monitoring_notification_channel.channels",
            "module.project.google_org_policy_policy.default",
            "module.project.google_privileged_access_manager_entitlement.default",
            "module.project.google_project.project",
            "module.project.google_project_default_service_accounts.default_service_accounts",
            "module.project.google_project_iam_audit_config.default",
            "module.project.google_project_iam_binding.authoritative",
            "module.project.google_project_iam_binding.bindings",
            "module.project.google_project_iam_custom_role.roles",
            "module.project.google_project_iam_member.bindings",
            "module.project.google_project_iam_member.bucket_sinks_binding",
            "module.project.google_project_iam_member.project_sinks_binding",
            "module.project.google_project_iam_member.service_agents",
            "module.project.google_project_iam_member.shared_vpc_host_iam",
            "module.project.google_project_iam_member.shared_vpc_host_iam_additive",
            "module.project.google_project_iam_member.shared_vpc_host_robots",
            "module.project.google_project_service.org_policy_service",
            "module.project.google_project_service.project_services",
            "module.project.google_project_service_identity.default",
            "module.project.google_pubsub_topic_iam_member.pubsub_sinks_binding",
            "module.project.google_resource_manager_lien.lien",
            "module.project.google_scc_management_project_security_health_analytics_custom_module.scc_project_custom_module",
            "module.project.google_scc_v2_project_mute_config.scc_mute_configs",
            "module.project.google_storage_bucket_iam_member.gcs_sinks_binding",
            "module.project.google_tags_tag_binding.binding",
            "module.project.google_tags_tag_key.default",
            "module.project.google_tags_tag_key_iam_binding.bindings",
            "module.project.google_tags_tag_key_iam_binding.default",
            "module.project.google_tags_tag_key_iam_member.bindings",
            "module.project.google_tags_tag_value.default",
            "module.project.google_tags_tag_value_iam_binding.bindings",
            "module.project.google_tags_tag_value_iam_binding.default",
            "module.project.google_tags_tag_value_iam_member.bindings"
          ]
        }
      ]
    },
    {
      "module": "module.vpc",
      "mode": "managed",
      "type": "google_compute_network_peering_routes_config",
      "name": "psa_routes",
      "provider": "provider[\"registry.terraform.io/hashicorp/google\"]",
      "instances": [
        {
          "index_key": "servicenetworking.googleapis.com",
          "schema_version": 0,
          "attributes": {
            "export_custom_routes": true,
            "export_subnet_routes_with_public_ip": false,
            "id": "projects/apigee-sandbox-509411/global/networks/apigee-sandbox-509411-network/networkPeerings/servicenetworking-googleapis-com",
            "import_custom_routes": false,
            "import_subnet_routes_with_public_ip": false,
            "network": "apigee-sandbox-509411-network",
            "peering": "servicenetworking-googleapis-com",
            "project": "apigee-sandbox-509411",
            "timeouts": null
          },
          "sensitive_attributes": [],
          "identity_schema_version": 1,
          "identity": {
            "network": "apigee-sandbox-509411-network",
            "peering": "servicenetworking-googleapis-com",
            "project": "apigee-sandbox-509411"
          },
          "private": "eyJlMmJmYjczMC1lY2FhLTExZTYtOGY4OC0zNDM2M2JjN2M0YzAiOnsiY3JlYXRlIjoxMjAwMDAwMDAwMDAwLCJkZWxldGUiOjEyMDAwMDAwMDAwMDAsInVwZGF0ZSI6MTIwMDAwMDAwMDAwMH19",
          "dependencies": [
            "module.project.data.google_bigquery_default_service_account.bq_sa",
            "module.project.data.google_cloud_asset_search_all_resources.default",
            "module.project.data.google_logging_project_settings.logging_sa",
            "module.project.data.google_project.project",
            "module.project.data.google_storage_project_service_account.gcs_sa",
            "module.project.google_access_context_manager_service_perimeter_dry_run_resource.default",
            "module.project.google_access_context_manager_service_perimeter_resource.default",
            "module.project.google_bigquery_dataset_iam_member.bq_sinks_binding",
            "module.project.google_bigquery_reservation.default",
            "module.project.google_bigquery_reservation_assignment.default",
            "module.project.google_cloud_asset_project_feed.default",
            "module.project.google_cloud_quotas_quota_preference.default",
            "module.project.google_compute_project_default_network_tier.default_network_tier",
            "module.project.google_compute_project_metadata_item.default",
            "module.project.google_compute_shared_vpc_host_project.shared_vpc_host",
            "module.project.google_compute_shared_vpc_service_project.service_projects",
            "module.project.google_compute_shared_vpc_service_project.shared_vpc_service",
            "module.project.google_compute_subnetwork_iam_member.shared_vpc_host_robots",
            "module.project.google_compute_subnetwork_iam_member.shared_vpc_host_subnets_iam",
            "module.project.google_essential_contacts_contact.contact",
            "module.project.google_iam_deny_policy.default",
            "module.project.google_iam_workload_identity_pool.default",
            "module.project.google_iam_workload_identity_pool_provider.default",
            "module.project.google_kms_crypto_key_iam_member.service_agent_cmek",
            "module.project.google_kms_key_handle.default",
            "module.project.google_logging_log_scope.log_scopes",
            "module.project.google_logging_metric.metrics",
            "module.project.google_logging_project_exclusion.logging_exclusion",
            "module.project.google_logging_project_sink.sink",
            "module.project.google_monitoring_alert_policy.alerts",
            "module.project.google_monitoring_monitored_project.primary",
            "module.project.google_monitoring_notification_channel.channels",
            "module.project.google_org_policy_policy.default",
            "module.project.google_privileged_access_manager_entitlement.default",
            "module.project.google_project.project",
            "module.project.google_project_default_service_accounts.default_service_accounts",
            "module.project.google_project_iam_audit_config.default",
            "module.project.google_project_iam_binding.authoritative",
            "module.project.google_project_iam_binding.bindings",
            "module.project.google_project_iam_custom_role.roles",
            "module.project.google_project_iam_member.bindings",
            "module.project.google_project_iam_member.bucket_sinks_binding",
            "module.project.google_project_iam_member.project_sinks_binding",
            "module.project.google_project_iam_member.service_agents",
            "module.project.google_project_iam_member.shared_vpc_host_iam",
            "module.project.google_project_iam_member.shared_vpc_host_iam_additive",
            "module.project.google_project_iam_member.shared_vpc_host_robots",
            "module.project.google_project_service.org_policy_service",
            "module.project.google_project_service.project_services",
            "module.project.google_project_service_identity.default",
            "module.project.google_pubsub_topic_iam_member.pubsub_sinks_binding",
            "module.project.google_resource_manager_lien.lien",
            "module.project.google_scc_management_project_security_health_analytics_custom_module.scc_project_custom_module",
            "module.project.google_scc_v2_project_mute_config.scc_mute_configs",
            "module.project.google_storage_bucket_iam_member.gcs_sinks_binding",
            "module.project.google_tags_tag_binding.binding",
            "module.project.google_tags_tag_key.default",
            "module.project.google_tags_tag_key_iam_binding.bindings",
            "module.project.google_tags_tag_key_iam_binding.default",
            "module.project.google_tags_tag_key_iam_member.bindings",
            "module.project.google_tags_tag_value.default",
            "module.project.google_tags_tag_value_iam_binding.bindings",
            "module.project.google_tags_tag_value_iam_binding.default",
            "module.project.google_tags_tag_value_iam_member.bindings",
            "module.vpc.data.google_compute_network.network",
            "module.vpc.google_compute_global_address.psa_ranges",
            "module.vpc.google_compute_network.network",
            "module.vpc.google_service_networking_connection.psa_connection"
          ]
        }
      ]
    },
    {
      "module": "module.vpc",
      "mode": "managed",
      "type": "google_compute_route",
      "name": "gateway",
      "provider": "provider[\"registry.terraform.io/hashicorp/google\"]",
      "instances": [
        {
          "index_key": "directpath-googleapis",
          "schema_version": 0,
          "attributes": {
            "as_paths": [],
            "creation_timestamp": "2026-09-23T06:14:38.767-07:00",
            "deletion_policy": "DELETE",
            "description": "Terraform-managed.",
            "dest_range": "34.126.0.0/18",
            "id": "projects/apigee-sandbox-509411/global/routes/apigee-sandbox-509411-network-directpath-googleapis",
            "name": "apigee-sandbox-509411-network-directpath-googleapis",
            "network": "https://www.googleapis.com/compute/v1/projects/apigee-sandbox-509411/global/networks/apigee-sandbox-509411-network",
            "next_hop_gateway": "https://www.googleapis.com/compute/v1/projects/apigee-sandbox-509411/global/gateways/default-internet-gateway",
            "next_hop_hub": "",
            "next_hop_ilb": "",
            "next_hop_instance": "",
            "next_hop_instance_zone": null,
            "next_hop_inter_region_cost": "",
            "next_hop_ip": "",
            "next_hop_med": "",
            "next_hop_network": "",
            "next_hop_origin": "",
            "next_hop_peering": "",
            "next_hop_vpn_tunnel": "",
            "params": [],
            "priority": 1000,
            "project": "apigee-sandbox-509411",
            "route_status": "",
            "route_type": "",
            "self_link": "https://www.googleapis.com/compute/v1/projects/apigee-sandbox-509411/global/routes/apigee-sandbox-509411-network-directpath-googleapis",
            "tags": [],
            "timeouts": null,
            "warnings": []
          },
          "sensitive_attributes": [],
          "identity_schema_version": 1,
          "identity": {
            "name": "apigee-sandbox-509411-network-directpath-googleapis",
            "project": "apigee-sandbox-509411"
          },
          "private": "eyJlMmJmYjczMC1lY2FhLTExZTYtOGY4OC0zNDM2M2JjN2M0YzAiOnsiY3JlYXRlIjoxMjAwMDAwMDAwMDAwLCJkZWxldGUiOjEyMDAwMDAwMDAwMDB9fQ==",
          "dependencies": [
            "module.project.data.google_bigquery_default_service_account.bq_sa",
            "module.project.data.google_cloud_asset_search_all_resources.default",
            "module.project.data.google_logging_project_settings.logging_sa",
            "module.project.data.google_project.project",
            "module.project.data.google_storage_project_service_account.gcs_sa",
            "module.project.google_access_context_manager_service_perimeter_dry_run_resource.default",
            "module.project.google_access_context_manager_service_perimeter_resource.default",
            "module.project.google_bigquery_dataset_iam_member.bq_sinks_binding",
            "module.project.google_bigquery_reservation.default",
            "module.project.google_bigquery_reservation_assignment.default",
            "module.project.google_cloud_asset_project_feed.default",
            "module.project.google_cloud_quotas_quota_preference.default",
            "module.project.google_compute_project_default_network_tier.default_network_tier",
            "module.project.google_compute_project_metadata_item.default",
            "module.project.google_compute_shared_vpc_host_project.shared_vpc_host",
            "module.project.google_compute_shared_vpc_service_project.service_projects",
            "module.project.google_compute_shared_vpc_service_project.shared_vpc_service",
            "module.project.google_compute_subnetwork_iam_member.shared_vpc_host_robots",
            "module.project.google_compute_subnetwork_iam_member.shared_vpc_host_subnets_iam",
            "module.project.google_essential_contacts_contact.contact",
            "module.project.google_iam_deny_policy.default",
            "module.project.google_iam_workload_identity_pool.default",
            "module.project.google_iam_workload_identity_pool_provider.default",
            "module.project.google_kms_crypto_key_iam_member.service_agent_cmek",
            "module.project.google_kms_key_handle.default",
            "module.project.google_logging_log_scope.log_scopes",
            "module.project.google_logging_metric.metrics",
            "module.project.google_logging_project_exclusion.logging_exclusion",
            "module.project.google_logging_project_sink.sink",
            "module.project.google_monitoring_alert_policy.alerts",
            "module.project.google_monitoring_monitored_project.primary",
            "module.project.google_monitoring_notification_channel.channels",
            "module.project.google_org_policy_policy.default",
            "module.project.google_privileged_access_manager_entitlement.default",
            "module.project.google_project.project",
            "module.project.google_project_default_service_accounts.default_service_accounts",
            "module.project.google_project_iam_audit_config.default",
            "module.project.google_project_iam_binding.authoritative",
            "module.project.google_project_iam_binding.bindings",
            "module.project.google_project_iam_custom_role.roles",
            "module.project.google_project_iam_member.bindings",
            "module.project.google_project_iam_member.bucket_sinks_binding",
            "module.project.google_project_iam_member.project_sinks_binding",
            "module.project.google_project_iam_member.service_agents",
            "module.project.google_project_iam_member.shared_vpc_host_iam",
            "module.project.google_project_iam_member.shared_vpc_host_iam_additive",
            "module.project.google_project_iam_member.shared_vpc_host_robots",
            "module.project.google_project_service.org_policy_service",
            "module.project.google_project_service.project_services",
            "module.project.google_project_service_identity.default",
            "module.project.google_pubsub_topic_iam_member.pubsub_sinks_binding",
            "module.project.google_resource_manager_lien.lien",
            "module.project.google_scc_management_project_security_health_analytics_custom_module.scc_project_custom_module",
            "module.project.google_scc_v2_project_mute_config.scc_mute_configs",
            "module.project.google_storage_bucket_iam_member.gcs_sinks_binding",
            "module.project.google_tags_tag_binding.binding",
            "module.project.google_tags_tag_key.default",
            "module.project.google_tags_tag_key_iam_binding.bindings",
            "module.project.google_tags_tag_key_iam_binding.default",
            "module.project.google_tags_tag_key_iam_member.bindings",
            "module.project.google_tags_tag_value.default",
            "module.project.google_tags_tag_value_iam_binding.bindings",
            "module.project.google_tags_tag_value_iam_binding.default",
            "module.project.google_tags_tag_value_iam_member.bindings",
            "module.vpc.data.google_compute_network.network",
            "module.vpc.google_compute_network.network"
          ]
        },
        {
          "index_key": "private-googleapis",
          "schema_version": 0,
          "attributes": {
            "as_paths": [],
            "creation_timestamp": "2026-09-23T06:15:03.954-07:00",
            "deletion_policy": "DELETE",
            "description": "Terraform-managed.",
            "dest_range": "199.36.153.8/30",
            "id": "projects/apigee-sandbox-509411/global/routes/apigee-sandbox-509411-network-private-googleapis",
            "name": "apigee-sandbox-509411-network-private-googleapis",
            "network": "https://www.googleapis.com/compute/v1/projects/apigee-sandbox-509411/global/networks/apigee-sandbox-509411-network",
            "next_hop_gateway": "https://www.googleapis.com/compute/v1/projects/apigee-sandbox-509411/global/gateways/default-internet-gateway",
            "next_hop_hub": "",
            "next_hop_ilb": "",
            "next_hop_instance": "",
            "next_hop_instance_zone": null,
            "next_hop_inter_region_cost": "",
            "next_hop_ip": "",
            "next_hop_med": "",
            "next_hop_network": "",
            "next_hop_origin": "",
            "next_hop_peering": "",
            "next_hop_vpn_tunnel": "",
            "params": [],
            "priority": 1000,
            "project": "apigee-sandbox-509411",
            "route_status": "",
            "route_type": "",
            "self_link": "https://www.googleapis.com/compute/v1/projects/apigee-sandbox-509411/global/routes/apigee-sandbox-509411-network-private-googleapis",
            "tags": [],
            "timeouts": null,
            "warnings": []
          },
          "sensitive_attributes": [],
          "identity_schema_version": 1,
          "identity": {
            "name": "apigee-sandbox-509411-network-private-googleapis",
            "project": "apigee-sandbox-509411"
          },
          "private": "eyJlMmJmYjczMC1lY2FhLTExZTYtOGY4OC0zNDM2M2JjN2M0YzAiOnsiY3JlYXRlIjoxMjAwMDAwMDAwMDAwLCJkZWxldGUiOjEyMDAwMDAwMDAwMDB9fQ==",
          "dependencies": [
            "module.project.data.google_bigquery_default_service_account.bq_sa",
            "module.project.data.google_cloud_asset_search_all_resources.default",
            "module.project.data.google_logging_project_settings.logging_sa",
            "module.project.data.google_project.project",
            "module.project.data.google_storage_project_service_account.gcs_sa",
            "module.project.google_access_context_manager_service_perimeter_dry_run_resource.default",
            "module.project.google_access_context_manager_service_perimeter_resource.default",
            "module.project.google_bigquery_dataset_iam_member.bq_sinks_binding",
            "module.project.google_bigquery_reservation.default",
            "module.project.google_bigquery_reservation_assignment.default",
            "module.project.google_cloud_asset_project_feed.default",
            "module.project.google_cloud_quotas_quota_preference.default",
            "module.project.google_compute_project_default_network_tier.default_network_tier",
            "module.project.google_compute_project_metadata_item.default",
            "module.project.google_compute_shared_vpc_host_project.shared_vpc_host",
            "module.project.google_compute_shared_vpc_service_project.service_projects",
            "module.project.google_compute_shared_vpc_service_project.shared_vpc_service",
            "module.project.google_compute_subnetwork_iam_member.shared_vpc_host_robots",
            "module.project.google_compute_subnetwork_iam_member.shared_vpc_host_subnets_iam",
            "module.project.google_essential_contacts_contact.contact",
            "module.project.google_iam_deny_policy.default",
            "module.project.google_iam_workload_identity_pool.default",
            "module.project.google_iam_workload_identity_pool_provider.default",
            "module.project.google_kms_crypto_key_iam_member.service_agent_cmek",
            "module.project.google_kms_key_handle.default",
            "module.project.google_logging_log_scope.log_scopes",
            "module.project.google_logging_metric.metrics",
            "module.project.google_logging_project_exclusion.logging_exclusion",
            "module.project.google_logging_project_sink.sink",
            "module.project.google_monitoring_alert_policy.alerts",
            "module.project.google_monitoring_monitored_project.primary",
            "module.project.google_monitoring_notification_channel.channels",
            "module.project.google_org_policy_policy.default",
            "module.project.google_privileged_access_manager_entitlement.default",
            "module.project.google_project.project",
            "module.project.google_project_default_service_accounts.default_service_accounts",
            "module.project.google_project_iam_audit_config.default",
            "module.project.google_project_iam_binding.authoritative",
            "module.project.google_project_iam_binding.bindings",
            "module.project.google_project_iam_custom_role.roles",
            "module.project.google_project_iam_member.bindings",
            "module.project.google_project_iam_member.bucket_sinks_binding",
            "module.project.google_project_iam_member.project_sinks_binding",
            "module.project.google_project_iam_member.service_agents",
            "module.project.google_project_iam_member.shared_vpc_host_iam",
            "module.project.google_project_iam_member.shared_vpc_host_iam_additive",
            "module.project.google_project_iam_member.shared_vpc_host_robots",
            "module.project.google_project_service.org_policy_service",
            "module.project.google_project_service.project_services",
            "module.project.google_project_service_identity.default",
            "module.project.google_pubsub_topic_iam_member.pubsub_sinks_binding",
            "module.project.google_resource_manager_lien.lien",
            "module.project.google_scc_management_project_security_health_analytics_custom_module.scc_project_custom_module",
            "module.project.google_scc_v2_project_mute_config.scc_mute_configs",
            "module.project.google_storage_bucket_iam_member.gcs_sinks_binding",
            "module.project.google_tags_tag_binding.binding",
            "module.project.google_tags_tag_key.default",
            "module.project.google_tags_tag_key_iam_binding.bindings",
            "module.project.google_tags_tag_key_iam_binding.default",
            "module.project.google_tags_tag_key_iam_member.bindings",
            "module.project.google_tags_tag_value.default",
            "module.project.google_tags_tag_value_iam_binding.bindings",
            "module.project.google_tags_tag_value_iam_binding.default",
            "module.project.google_tags_tag_value_iam_member.bindings",
            "module.vpc.data.google_compute_network.network",
            "module.vpc.google_compute_network.network"
          ]
        },
        {
          "index_key": "restricted-googleapis",
          "schema_version": 0,
          "attributes": {
            "as_paths": [],
            "creation_timestamp": "2026-09-23T06:14:51.492-07:00",
            "deletion_policy": "DELETE",
            "description": "Terraform-managed.",
            "dest_range": "199.36.153.4/30",
            "id": "projects/apigee-sandbox-509411/global/routes/apigee-sandbox-509411-network-restricted-googleapis",
            "name": "apigee-sandbox-509411-network-restricted-googleapis",
            "network": "https://www.googleapis.com/compute/v1/projects/apigee-sandbox-509411/global/networks/apigee-sandbox-509411-network",
            "next_hop_gateway": "https://www.googleapis.com/compute/v1/projects/apigee-sandbox-509411/global/gateways/default-internet-gateway",
            "next_hop_hub": "",
            "next_hop_ilb": "",
            "next_hop_instance": "",
            "next_hop_instance_zone": null,
            "next_hop_inter_region_cost": "",
            "next_hop_ip": "",
            "next_hop_med": "",
            "next_hop_network": "",
            "next_hop_origin": "",
            "next_hop_peering": "",
            "next_hop_vpn_tunnel": "",
            "params": [],
            "priority": 1000,
            "project": "apigee-sandbox-509411",
            "route_status": "",
            "route_type": "",
            "self_link": "https://www.googleapis.com/compute/v1/projects/apigee-sandbox-509411/global/routes/apigee-sandbox-509411-network-restricted-googleapis",
            "tags": [],
            "timeouts": null,
            "warnings": []
          },
          "sensitive_attributes": [],
          "identity_schema_version": 1,
          "identity": {
            "name": "apigee-sandbox-509411-network-restricted-googleapis",
            "project": "apigee-sandbox-509411"
          },
          "private": "eyJlMmJmYjczMC1lY2FhLTExZTYtOGY4OC0zNDM2M2JjN2M0YzAiOnsiY3JlYXRlIjoxMjAwMDAwMDAwMDAwLCJkZWxldGUiOjEyMDAwMDAwMDAwMDB9fQ==",
          "dependencies": [
            "module.project.data.google_bigquery_default_service_account.bq_sa",
            "module.project.data.google_cloud_asset_search_all_resources.default",
            "module.project.data.google_logging_project_settings.logging_sa",
            "module.project.data.google_project.project",
            "module.project.data.google_storage_project_service_account.gcs_sa",
            "module.project.google_access_context_manager_service_perimeter_dry_run_resource.default",
            "module.project.google_access_context_manager_service_perimeter_resource.default",
            "module.project.google_bigquery_dataset_iam_member.bq_sinks_binding",
            "module.project.google_bigquery_reservation.default",
            "module.project.google_bigquery_reservation_assignment.default",
            "module.project.google_cloud_asset_project_feed.default",
            "module.project.google_cloud_quotas_quota_preference.default",
            "module.project.google_compute_project_default_network_tier.default_network_tier",
            "module.project.google_compute_project_metadata_item.default",
            "module.project.google_compute_shared_vpc_host_project.shared_vpc_host",
            "module.project.google_compute_shared_vpc_service_project.service_projects",
            "module.project.google_compute_shared_vpc_service_project.shared_vpc_service",
            "module.project.google_compute_subnetwork_iam_member.shared_vpc_host_robots",
            "module.project.google_compute_subnetwork_iam_member.shared_vpc_host_subnets_iam",
            "module.project.google_essential_contacts_contact.contact",
            "module.project.google_iam_deny_policy.default",
            "module.project.google_iam_workload_identity_pool.default",
            "module.project.google_iam_workload_identity_pool_provider.default",
            "module.project.google_kms_crypto_key_iam_member.service_agent_cmek",
            "module.project.google_kms_key_handle.default",
            "module.project.google_logging_log_scope.log_scopes",
            "module.project.google_logging_metric.metrics",
            "module.project.google_logging_project_exclusion.logging_exclusion",
            "module.project.google_logging_project_sink.sink",
            "module.project.google_monitoring_alert_policy.alerts",
            "module.project.google_monitoring_monitored_project.primary",
            "module.project.google_monitoring_notification_channel.channels",
            "module.project.google_org_policy_policy.default",
            "module.project.google_privileged_access_manager_entitlement.default",
            "module.project.google_project.project",
            "module.project.google_project_default_service_accounts.default_service_accounts",
            "module.project.google_project_iam_audit_config.default",
            "module.project.google_project_iam_binding.authoritative",
            "module.project.google_project_iam_binding.bindings",
            "module.project.google_project_iam_custom_role.roles",
            "module.project.google_project_iam_member.bindings",
            "module.project.google_project_iam_member.bucket_sinks_binding",
            "module.project.google_project_iam_member.project_sinks_binding",
            "module.project.google_project_iam_member.service_agents",
            "module.project.google_project_iam_member.shared_vpc_host_iam",
            "module.project.google_project_iam_member.shared_vpc_host_iam_additive",
            "module.project.google_project_iam_member.shared_vpc_host_robots",
            "module.project.google_project_service.org_policy_service",
            "module.project.google_project_service.project_services",
            "module.project.google_project_service_identity.default",
            "module.project.google_pubsub_topic_iam_member.pubsub_sinks_binding",
            "module.project.google_resource_manager_lien.lien",
            "module.project.google_scc_management_project_security_health_analytics_custom_module.scc_project_custom_module",
            "module.project.google_scc_v2_project_mute_config.scc_mute_configs",
            "module.project.google_storage_bucket_iam_member.gcs_sinks_binding",
            "module.project.google_tags_tag_binding.binding",
            "module.project.google_tags_tag_key.default",
            "module.project.google_tags_tag_key_iam_binding.bindings",
            "module.project.google_tags_tag_key_iam_binding.default",
            "module.project.google_tags_tag_key_iam_member.bindings",
            "module.project.google_tags_tag_value.default",
            "module.project.google_tags_tag_value_iam_binding.bindings",
            "module.project.google_tags_tag_value_iam_binding.default",
            "module.project.google_tags_tag_value_iam_member.bindings",
            "module.vpc.data.google_compute_network.network",
            "module.vpc.google_compute_network.network"
          ]
        }
      ]
    },
    {
      "module": "module.vpc",
      "mode": "managed",
      "type": "google_service_networking_connection",
      "name": "psa_connection",
      "provider": "provider[\"registry.terraform.io/hashicorp/google\"]",
      "instances": [
        {
          "index_key": "servicenetworking.googleapis.com",
          "schema_version": 0,
          "attributes": {
            "deletion_policy": "DELETE",
            "id": "projects%2Fapigee-sandbox-509411%2Fglobal%2Fnetworks%2Fapigee-sandbox-509411-network:servicenetworking.googleapis.com",
            "network": "projects/apigee-sandbox-509411/global/networks/apigee-sandbox-509411-network",
            "peering": "servicenetworking-googleapis-com",
            "reserved_peering_ranges": [
              "servicenetworking-googleapis-com-apigee-range",
              "servicenetworking-googleapis-com-apigee-support-range"
            ],
            "service": "servicenetworking.googleapis.com",
            "timeouts": null,
            "update_on_creation_fail": null
          },
          "sensitive_attributes": [],
          "identity_schema_version": 0,
          "private": "eyJlMmJmYjczMC1lY2FhLTExZTYtOGY4OC0zNDM2M2JjN2M0YzAiOnsiY3JlYXRlIjo2MDAwMDAwMDAwMDAsImRlbGV0ZSI6NjAwMDAwMDAwMDAwLCJ1cGRhdGUiOjYwMDAwMDAwMDAwMH19",
          "dependencies": [
            "module.project.data.google_bigquery_default_service_account.bq_sa",
            "module.project.data.google_cloud_asset_search_all_resources.default",
            "module.project.data.google_logging_project_settings.logging_sa",
            "module.project.data.google_project.project",
            "module.project.data.google_storage_project_service_account.gcs_sa",
            "module.project.google_access_context_manager_service_perimeter_dry_run_resource.default",
            "module.project.google_access_context_manager_service_perimeter_resource.default",
            "module.project.google_bigquery_dataset_iam_member.bq_sinks_binding",
            "module.project.google_bigquery_reservation.default",
            "module.project.google_bigquery_reservation_assignment.default",
            "module.project.google_cloud_asset_project_feed.default",
            "module.project.google_cloud_quotas_quota_preference.default",
            "module.project.google_compute_project_default_network_tier.default_network_tier",
            "module.project.google_compute_project_metadata_item.default",
            "module.project.google_compute_shared_vpc_host_project.shared_vpc_host",
            "module.project.google_compute_shared_vpc_service_project.service_projects",
            "module.project.google_compute_shared_vpc_service_project.shared_vpc_service",
            "module.project.google_compute_subnetwork_iam_member.shared_vpc_host_robots",
            "module.project.google_compute_subnetwork_iam_member.shared_vpc_host_subnets_iam",
            "module.project.google_essential_contacts_contact.contact",
            "module.project.google_iam_deny_policy.default",
            "module.project.google_iam_workload_identity_pool.default",
            "module.project.google_iam_workload_identity_pool_provider.default",
            "module.project.google_kms_crypto_key_iam_member.service_agent_cmek",
            "module.project.google_kms_key_handle.default",
            "module.project.google_logging_log_scope.log_scopes",
            "module.project.google_logging_metric.metrics",
            "module.project.google_logging_project_exclusion.logging_exclusion",
            "module.project.google_logging_project_sink.sink",
            "module.project.google_monitoring_alert_policy.alerts",
            "module.project.google_monitoring_monitored_project.primary",
            "module.project.google_monitoring_notification_channel.channels",
            "module.project.google_org_policy_policy.default",
            "module.project.google_privileged_access_manager_entitlement.default",
            "module.project.google_project.project",
            "module.project.google_project_default_service_accounts.default_service_accounts",
            "module.project.google_project_iam_audit_config.default",
            "module.project.google_project_iam_binding.authoritative",
            "module.project.google_project_iam_binding.bindings",
            "module.project.google_project_iam_custom_role.roles",
            "module.project.google_project_iam_member.bindings",
            "module.project.google_project_iam_member.bucket_sinks_binding",
            "module.project.google_project_iam_member.project_sinks_binding",
            "module.project.google_project_iam_member.service_agents",
            "module.project.google_project_iam_member.shared_vpc_host_iam",
            "module.project.google_project_iam_member.shared_vpc_host_iam_additive",
            "module.project.google_project_iam_member.shared_vpc_host_robots",
            "module.project.google_project_service.org_policy_service",
            "module.project.google_project_service.project_services",
            "module.project.google_project_service_identity.default",
            "module.project.google_pubsub_topic_iam_member.pubsub_sinks_binding",
            "module.project.google_resource_manager_lien.lien",
            "module.project.google_scc_management_project_security_health_analytics_custom_module.scc_project_custom_module",
            "module.project.google_scc_v2_project_mute_config.scc_mute_configs",
            "module.project.google_storage_bucket_iam_member.gcs_sinks_binding",
            "module.project.google_tags_tag_binding.binding",
            "module.project.google_tags_tag_key.default",
            "module.project.google_tags_tag_key_iam_binding.bindings",
            "module.project.google_tags_tag_key_iam_binding.default",
            "module.project.google_tags_tag_key_iam_member.bindings",
            "module.project.google_tags_tag_value.default",
            "module.project.google_tags_tag_value_iam_binding.bindings",
            "module.project.google_tags_tag_value_iam_binding.default",
            "module.project.google_tags_tag_value_iam_member.bindings",
            "module.vpc.data.google_compute_network.network",
            "module.vpc.google_compute_global_address.psa_ranges",
            "module.vpc.google_compute_network.network"
          ]
        }
      ]
    }
  ],
  "check_results": [
    {
      "object_kind": "var",
      "config_addr": "module.vpc.var.firewall_policy_enforcement_order",
      "status": "pass",
      "objects": [
        {
          "object_addr": "module.vpc.var.firewall_policy_enforcement_order",
          "status": "pass"
        }
      ]
    },
    {
      "object_kind": "var",
      "config_addr": "module.project.var.asset_feeds",
      "status": "pass",
      "objects": [
        {
          "object_addr": "module.project.var.asset_feeds",
          "status": "pass"
        }
      ]
    },
    {
      "object_kind": "var",
      "config_addr": "module.project.var.prefix",
      "status": "pass",
      "objects": [
        {
          "object_addr": "module.project.var.prefix",
          "status": "pass"
        }
      ]
    },
    {
      "object_kind": "var",
      "config_addr": "module.project.var.deletion_policy",
      "status": "pass",
      "objects": [
        {
          "object_addr": "module.project.var.deletion_policy",
          "status": "pass"
        }
      ]
    },
    {
      "object_kind": "var",
      "config_addr": "module.project.var.network_tags",
      "status": "pass",
      "objects": [
        {
          "object_addr": "module.project.var.network_tags",
          "status": "pass"
        }
      ]
    },
    {
      "object_kind": "var",
      "config_addr": "module.vpc.var.psa_configs",
      "status": "pass",
      "objects": [
        {
          "object_addr": "module.vpc.var.psa_configs",
          "status": "pass"
        }
      ]
    },
    {
      "object_kind": "check",
      "config_addr": "module.project.check.custom_roles",
      "status": "pass",
      "objects": [
        {
          "object_addr": "module.project.check.custom_roles",
          "status": "pass"
        }
      ]
    },
    {
      "object_kind": "var",
      "config_addr": "module.vpc.var.vpc_reuse",
      "status": "pass",
      "objects": [
        {
          "object_addr": "module.vpc.var.vpc_reuse",
          "status": "pass"
        }
      ]
    },
    {
      "object_kind": "var",
      "config_addr": "module.vpc.var.bgp_config",
      "status": "pass",
      "objects": [
        {
          "object_addr": "module.vpc.var.bgp_config",
          "status": "pass"
        }
      ]
    },
    {
      "object_kind": "var",
      "config_addr": "module.apigee-x-core.module.kms-inst-disk.var.keys",
      "status": "pass",
      "objects": [
        {
          "object_addr": "module.apigee-x-core.module.kms-inst-disk[\"portaldemo-apigee-sandbox\"].var.keys",
          "status": "pass"
        }
      ]
    },
    {
      "object_kind": "var",
      "config_addr": "module.project.var.default_service_account",
      "status": "pass",
      "objects": [
        {
          "object_addr": "module.project.var.default_service_account",
          "status": "pass"
        }
      ]
    },
    {
      "object_kind": "var",
      "config_addr": "module.project.var.contacts",
      "status": "pass",
      "objects": [
        {
          "object_addr": "module.project.var.contacts",
          "status": "pass"
        }
      ]
    },
    {
      "object_kind": "var",
      "config_addr": "module.project.var.kms_autokeys",
      "status": "pass",
      "objects": [
        {
          "object_addr": "module.project.var.kms_autokeys",
          "status": "pass"
        }
      ]
    },
    {
      "object_kind": "var",
      "config_addr": "module.vpc.var.subnets",
      "status": "pass",
      "objects": [
        {
          "object_addr": "module.vpc.var.subnets",
          "status": "pass"
        }
      ]
    },
    {
      "object_kind": "var",
      "config_addr": "module.project.var.iam_by_principals_conditional",
      "status": "pass",
      "objects": [
        {
          "object_addr": "module.project.var.iam_by_principals_conditional",
          "status": "pass"
        }
      ]
    },
    {
      "object_kind": "var",
      "config_addr": "module.apigee-x-core.module.apigee.var.organization",
      "status": "pass",
      "objects": [
        {
          "object_addr": "module.apigee-x-core.module.apigee.var.organization",
          "status": "pass"
        }
      ]
    },
    {
      "object_kind": "var",
      "config_addr": "module.vpc.var.routing_mode",
      "status": "pass",
      "objects": [
        {
          "object_addr": "module.vpc.var.routing_mode",
          "status": "pass"
        }
      ]
    },
    {
      "object_kind": "var",
      "config_addr": "module.project.var.pam_entitlements",
      "status": "pass",
      "objects": [
        {
          "object_addr": "module.project.var.pam_entitlements",
          "status": "pass"
        }
      ]
    },
    {
      "object_kind": "var",
      "config_addr": "module.project.var.project_reuse",
      "status": "pass",
      "objects": [
        {
          "object_addr": "module.project.var.project_reuse",
          "status": "pass"
        }
      ]
    },
    {
      "object_kind": "var",
      "config_addr": "module.project.var.iam_deny_policies",
      "status": "pass",
      "objects": [
        {
          "object_addr": "module.project.var.iam_deny_policies",
          "status": "pass"
        }
      ]
    },
    {
      "object_kind": "var",
      "config_addr": "module.vpc.var.policy_based_routes",
      "status": "pass",
      "objects": [
        {
          "object_addr": "module.vpc.var.policy_based_routes",
          "status": "pass"
        }
      ]
    },
    {
      "object_kind": "var",
      "config_addr": "var.project_parent",
      "status": "pass",
      "objects": [
        {
          "object_addr": "var.project_parent",
          "status": "pass"
        }
      ]
    },
    {
      "object_kind": "var",
      "config_addr": "module.project.var.logging_sinks",
      "status": "pass",
      "objects": [
        {
          "object_addr": "module.project.var.logging_sinks",
          "status": "pass"
        }
      ]
    },
    {
      "object_kind": "var",
      "config_addr": "module.project.var.quotas",
      "status": "pass",
      "objects": [
        {
          "object_addr": "module.project.var.quotas",
          "status": "pass"
        }
      ]
    },
    {
      "object_kind": "var",
      "config_addr": "module.vpc.var.context",
      "status": "pass",
      "objects": [
        {
          "object_addr": "module.vpc.var.context",
          "status": "pass"
        }
      ]
    },
    {
      "object_kind": "var",
      "config_addr": "module.vpc.var.service_connection_policies",
      "status": "pass",
      "objects": [
        {
          "object_addr": "module.vpc.var.service_connection_policies",
          "status": "pass"
        }
      ]
    },
    {
      "object_kind": "var",
      "config_addr": "module.project.var.custom_roles",
      "status": "pass",
      "objects": [
        {
          "object_addr": "module.project.var.custom_roles",
          "status": "pass"
        }
      ]
    },
    {
      "object_kind": "var",
      "config_addr": "module.project.var.tags",
      "status": "pass",
      "objects": [
        {
          "object_addr": "module.project.var.tags",
          "status": "pass"
        }
      ]
    },
    {
      "object_kind": "var",
      "config_addr": "module.vpc.var.routes",
      "status": "pass",
      "objects": [
        {
          "object_addr": "module.vpc.var.routes",
          "status": "pass"
        }
      ]
    },
    {
      "object_kind": "var",
      "config_addr": "module.project.var.shared_vpc_service_config",
      "status": "pass",
      "objects": [
        {
          "object_addr": "module.project.var.shared_vpc_service_config",
          "status": "pass"
        }
      ]
    },
    {
      "object_kind": "var",
      "config_addr": "module.project.var.parent",
      "status": "pass",
      "objects": [
        {
          "object_addr": "module.project.var.parent",
          "status": "pass"
        }
      ]
    },
    {
      "object_kind": "var",
      "config_addr": "module.project.var.workload_identity_pools",
      "status": "pass",
      "objects": [
        {
          "object_addr": "module.project.var.workload_identity_pools",
          "status": "pass"
        }
      ]
    },
    {
      "object_kind": "var",
      "config_addr": "module.project.var.bigquery_reservations",
      "status": "pass",
      "objects": [
        {
          "object_addr": "module.project.var.bigquery_reservations",
          "status": "pass"
        }
      ]
    },
    {
      "object_kind": "var",
      "config_addr": "module.apigee-x-core.module.apigee.var.instances",
      "status": "pass",
      "objects": [
        {
          "object_addr": "module.apigee-x-core.module.apigee.var.instances",
          "status": "pass"
        }
      ]
    },
    {
      "object_kind": "resource",
      "config_addr": "module.project.google_project.project",
      "status": "pass",
      "objects": null
    },
    {
      "object_kind": "var",
      "config_addr": "module.apigee-x-core.module.kms-org-db.var.keys",
      "status": "pass",
      "objects": [
        {
          "object_addr": "module.apigee-x-core.module.kms-org-db.var.keys",
          "status": "pass"
        }
      ]
    },
    {
      "object_kind": "var",
      "config_addr": "module.vpc.var.internal_ranges",
      "status": "pass",
      "objects": [
        {
          "object_addr": "module.vpc.var.internal_ranges",
          "status": "pass"
        }
      ]
    }
  ]
}
