{
  "version": 4,
  "terraform_version": "1.14.8",
  "serial": 32,
  "lineage": "f63f5dd5-b6a2-841e-4aa4-6dcc8be2e9a4",
  "outputs": {},
  "resources": [
    {
      "module": "module.apigee-x-core",
      "mode": "managed",
      "type": "google_project_service_identity",
      "name": "apigee_sa",
      "provider": "provider[\"registry.terraform.io/hashicorp/google-beta\"]",
      "instances": [
        {
          "schema_version": 0,
          "attributes": {
            "email": "service-171828977257@gcp-sa-apigee.iam.gserviceaccount.com",
            "id": "projects/pep-gal-europe-west1-1/services/apigee.googleapis.com",
            "member": "serviceAccount:service-171828977257@gcp-sa-apigee.iam.gserviceaccount.com",
            "project": "pep-gal-europe-west1-1",
            "service": "apigee.googleapis.com",
            "timeouts": null
          },
          "sensitive_attributes": [],
          "identity_schema_version": 0,
          "private": "eyJlMmJmYjczMC1lY2FhLTExZTYtOGY4OC0zNDM2M2JjN2M0YzAiOnsiY3JlYXRlIjoxMjAwMDAwMDAwMDAwLCJkZWxldGUiOjEyMDAwMDAwMDAwMDAsInJlYWQiOjYwMDAwMDAwMDAwMH19",
          "dependencies": [
            "module.project.data.google_bigquery_default_service_account.bq_sa",
            "module.project.data.google_project.project",
            "module.project.data.google_storage_project_service_account.gcs_sa",
            "module.project.google_access_context_manager_service_perimeter_resource.bridge",
            "module.project.google_access_context_manager_service_perimeter_resource.standard",
            "module.project.google_bigquery_dataset_iam_member.bq-sinks-binding",
            "module.project.google_compute_project_metadata_item.default",
            "module.project.google_compute_shared_vpc_host_project.shared_vpc_host",
            "module.project.google_compute_shared_vpc_service_project.service_projects",
            "module.project.google_compute_shared_vpc_service_project.shared_vpc_service",
            "module.project.google_essential_contacts_contact.contact",
            "module.project.google_kms_crypto_key_iam_member.service_identity_cmek",
            "module.project.google_logging_project_exclusion.logging-exclusion",
            "module.project.google_logging_project_sink.sink",
            "module.project.google_monitoring_monitored_project.primary",
            "module.project.google_org_policy_policy.default",
            "module.project.google_project.project",
            "module.project.google_project_default_service_accounts.default_service_accounts",
            "module.project.google_project_iam_audit_config.default",
            "module.project.google_project_iam_binding.authoritative",
            "module.project.google_project_iam_binding.bindings",
            "module.project.google_project_iam_custom_role.roles",
            "module.project.google_project_iam_member.bindings",
            "module.project.google_project_iam_member.bucket-sinks-binding",
            "module.project.google_project_iam_member.servicenetworking",
            "module.project.google_project_iam_member.shared_vpc_host_robots",
            "module.project.google_project_service.project_services",
            "module.project.google_project_service_identity.jit_si",
            "module.project.google_project_service_identity.servicenetworking",
            "module.project.google_pubsub_topic_iam_member.pubsub-sinks-binding",
            "module.project.google_resource_manager_lien.lien",
            "module.project.google_storage_bucket_iam_member.gcs-sinks-binding",
            "module.project.google_tags_tag_binding.binding",
            "module.vpc.data.google_compute_network.network",
            "module.vpc.google_compute_global_address.psa_ranges",
            "module.vpc.google_compute_network.network",
            "module.vpc.google_compute_network_peering.local",
            "module.vpc.google_compute_network_peering.remote",
            "module.vpc.google_compute_network_peering_routes_config.psa_routes",
            "module.vpc.google_compute_route.gateway",
            "module.vpc.google_compute_route.ilb",
            "module.vpc.google_compute_route.instance",
            "module.vpc.google_compute_route.ip",
            "module.vpc.google_compute_route.vpn_tunnel",
            "module.vpc.google_compute_shared_vpc_host_project.shared_vpc_host",
            "module.vpc.google_compute_shared_vpc_service_project.service_projects",
            "module.vpc.google_compute_subnetwork.proxy_only",
            "module.vpc.google_compute_subnetwork.psc",
            "module.vpc.google_compute_subnetwork.subnetwork",
            "module.vpc.google_compute_subnetwork_iam_binding.authoritative",
            "module.vpc.google_compute_subnetwork_iam_binding.bindings",
            "module.vpc.google_compute_subnetwork_iam_member.bindings",
            "module.vpc.google_dns_policy.default",
            "module.vpc.google_service_networking_connection.psa_connection",
            "module.vpc.google_service_networking_peered_dns_domain.name"
          ]
        }
      ]
    },
    {
      "module": "module.apigee-x-core.module.apigee",
      "mode": "managed",
      "type": "google_apigee_envgroup",
      "name": "envgroups",
      "provider": "provider[\"registry.terraform.io/hashicorp/google\"]",
      "instances": [
        {
          "index_key": "envgrp-prod",
          "schema_version": 0,
          "attributes": {
            "hostnames": [
              "prod.portaldemo.com"
            ],
            "id": "organizations/pep-gal-europe-west1-1/envgroups/envgrp-prod",
            "name": "envgrp-prod",
            "org_id": "organizations/pep-gal-europe-west1-1",
            "timeouts": null
          },
          "sensitive_attributes": [],
          "identity_schema_version": 0,
          "private": "eyJlMmJmYjczMC1lY2FhLTExZTYtOGY4OC0zNDM2M2JjN2M0YzAiOnsiY3JlYXRlIjoxODAwMDAwMDAwMDAwLCJkZWxldGUiOjE4MDAwMDAwMDAwMDAsInVwZGF0ZSI6MTIwMDAwMDAwMDAwMH19",
          "dependencies": [
            "module.apigee-x-core.module.apigee.google_apigee_organization.organization",
            "module.apigee-x-core.module.kms-org-db.data.google_kms_key_ring.default",
            "module.apigee-x-core.module.kms-org-db.google_kms_crypto_key.default",
            "module.apigee-x-core.module.kms-org-db.google_kms_crypto_key_iam_binding.authoritative",
            "module.apigee-x-core.module.kms-org-db.google_kms_crypto_key_iam_binding.bindings",
            "module.apigee-x-core.module.kms-org-db.google_kms_key_ring.default",
            "module.project.data.google_bigquery_default_service_account.bq_sa",
            "module.project.data.google_project.project",
            "module.project.data.google_storage_project_service_account.gcs_sa",
            "module.project.google_access_context_manager_service_perimeter_resource.bridge",
            "module.project.google_access_context_manager_service_perimeter_resource.standard",
            "module.project.google_bigquery_dataset_iam_member.bq-sinks-binding",
            "module.project.google_compute_project_metadata_item.default",
            "module.project.google_compute_shared_vpc_host_project.shared_vpc_host",
            "module.project.google_compute_shared_vpc_service_project.service_projects",
            "module.project.google_compute_shared_vpc_service_project.shared_vpc_service",
            "module.project.google_essential_contacts_contact.contact",
            "module.project.google_kms_crypto_key_iam_member.service_identity_cmek",
            "module.project.google_logging_project_exclusion.logging-exclusion",
            "module.project.google_logging_project_sink.sink",
            "module.project.google_monitoring_monitored_project.primary",
            "module.project.google_org_policy_policy.default",
            "module.project.google_project.project",
            "module.project.google_project_default_service_accounts.default_service_accounts",
            "module.project.google_project_iam_audit_config.default",
            "module.project.google_project_iam_binding.authoritative",
            "module.project.google_project_iam_binding.bindings",
            "module.project.google_project_iam_custom_role.roles",
            "module.project.google_project_iam_member.bindings",
            "module.project.google_project_iam_member.bucket-sinks-binding",
            "module.project.google_project_iam_member.servicenetworking",
            "module.project.google_project_iam_member.shared_vpc_host_robots",
            "module.project.google_project_service.project_services",
            "module.project.google_project_service_identity.jit_si",
            "module.project.google_project_service_identity.servicenetworking",
            "module.project.google_pubsub_topic_iam_member.pubsub-sinks-binding",
            "module.project.google_resource_manager_lien.lien",
            "module.project.google_storage_bucket_iam_member.gcs-sinks-binding",
            "module.project.google_tags_tag_binding.binding",
            "module.vpc.data.google_compute_network.network",
            "module.vpc.google_compute_global_address.psa_ranges",
            "module.vpc.google_compute_network.network",
            "module.vpc.google_compute_network_peering.local",
            "module.vpc.google_compute_network_peering.remote",
            "module.vpc.google_compute_network_peering_routes_config.psa_routes",
            "module.vpc.google_compute_route.gateway",
            "module.vpc.google_compute_route.ilb",
            "module.vpc.google_compute_route.instance",
            "module.vpc.google_compute_route.ip",
            "module.vpc.google_compute_route.vpn_tunnel",
            "module.vpc.google_compute_shared_vpc_host_project.shared_vpc_host",
            "module.vpc.google_compute_shared_vpc_service_project.service_projects",
            "module.vpc.google_compute_subnetwork.proxy_only",
            "module.vpc.google_compute_subnetwork.psc",
            "module.vpc.google_compute_subnetwork.subnetwork",
            "module.vpc.google_compute_subnetwork_iam_binding.authoritative",
            "module.vpc.google_compute_subnetwork_iam_binding.bindings",
            "module.vpc.google_compute_subnetwork_iam_member.bindings",
            "module.vpc.google_dns_policy.default",
            "module.vpc.google_service_networking_connection.psa_connection",
            "module.vpc.google_service_networking_peered_dns_domain.name"
          ]
        },
        {
          "index_key": "envgrp-sandbox",
          "schema_version": 0,
          "attributes": {
            "hostnames": [
              "sandbox.portaldemo.com"
            ],
            "id": "organizations/pep-gal-europe-west1-1/envgroups/envgrp-sandbox",
            "name": "envgrp-sandbox",
            "org_id": "organizations/pep-gal-europe-west1-1",
            "timeouts": null
          },
          "sensitive_attributes": [],
          "identity_schema_version": 0,
          "private": "eyJlMmJmYjczMC1lY2FhLTExZTYtOGY4OC0zNDM2M2JjN2M0YzAiOnsiY3JlYXRlIjoxODAwMDAwMDAwMDAwLCJkZWxldGUiOjE4MDAwMDAwMDAwMDAsInVwZGF0ZSI6MTIwMDAwMDAwMDAwMH19",
          "dependencies": [
            "module.apigee-x-core.module.apigee.google_apigee_organization.organization",
            "module.apigee-x-core.module.kms-org-db.data.google_kms_key_ring.default",
            "module.apigee-x-core.module.kms-org-db.google_kms_crypto_key.default",
            "module.apigee-x-core.module.kms-org-db.google_kms_crypto_key_iam_binding.authoritative",
            "module.apigee-x-core.module.kms-org-db.google_kms_crypto_key_iam_binding.bindings",
            "module.apigee-x-core.module.kms-org-db.google_kms_key_ring.default",
            "module.project.data.google_bigquery_default_service_account.bq_sa",
            "module.project.data.google_project.project",
            "module.project.data.google_storage_project_service_account.gcs_sa",
            "module.project.google_access_context_manager_service_perimeter_resource.bridge",
            "module.project.google_access_context_manager_service_perimeter_resource.standard",
            "module.project.google_bigquery_dataset_iam_member.bq-sinks-binding",
            "module.project.google_compute_project_metadata_item.default",
            "module.project.google_compute_shared_vpc_host_project.shared_vpc_host",
            "module.project.google_compute_shared_vpc_service_project.service_projects",
            "module.project.google_compute_shared_vpc_service_project.shared_vpc_service",
            "module.project.google_essential_contacts_contact.contact",
            "module.project.google_kms_crypto_key_iam_member.service_identity_cmek",
            "module.project.google_logging_project_exclusion.logging-exclusion",
            "module.project.google_logging_project_sink.sink",
            "module.project.google_monitoring_monitored_project.primary",
            "module.project.google_org_policy_policy.default",
            "module.project.google_project.project",
            "module.project.google_project_default_service_accounts.default_service_accounts",
            "module.project.google_project_iam_audit_config.default",
            "module.project.google_project_iam_binding.authoritative",
            "module.project.google_project_iam_binding.bindings",
            "module.project.google_project_iam_custom_role.roles",
            "module.project.google_project_iam_member.bindings",
            "module.project.google_project_iam_member.bucket-sinks-binding",
            "module.project.google_project_iam_member.servicenetworking",
            "module.project.google_project_iam_member.shared_vpc_host_robots",
            "module.project.google_project_service.project_services",
            "module.project.google_project_service_identity.jit_si",
            "module.project.google_project_service_identity.servicenetworking",
            "module.project.google_pubsub_topic_iam_member.pubsub-sinks-binding",
            "module.project.google_resource_manager_lien.lien",
            "module.project.google_storage_bucket_iam_member.gcs-sinks-binding",
            "module.project.google_tags_tag_binding.binding",
            "module.vpc.data.google_compute_network.network",
            "module.vpc.google_compute_global_address.psa_ranges",
            "module.vpc.google_compute_network.network",
            "module.vpc.google_compute_network_peering.local",
            "module.vpc.google_compute_network_peering.remote",
            "module.vpc.google_compute_network_peering_routes_config.psa_routes",
            "module.vpc.google_compute_route.gateway",
            "module.vpc.google_compute_route.ilb",
            "module.vpc.google_compute_route.instance",
            "module.vpc.google_compute_route.ip",
            "module.vpc.google_compute_route.vpn_tunnel",
            "module.vpc.google_compute_shared_vpc_host_project.shared_vpc_host",
            "module.vpc.google_compute_shared_vpc_service_project.service_projects",
            "module.vpc.google_compute_subnetwork.proxy_only",
            "module.vpc.google_compute_subnetwork.psc",
            "module.vpc.google_compute_subnetwork.subnetwork",
            "module.vpc.google_compute_subnetwork_iam_binding.authoritative",
            "module.vpc.google_compute_subnetwork_iam_binding.bindings",
            "module.vpc.google_compute_subnetwork_iam_member.bindings",
            "module.vpc.google_dns_policy.default",
            "module.vpc.google_service_networking_connection.psa_connection",
            "module.vpc.google_service_networking_peered_dns_domain.name"
          ]
        }
      ]
    },
    {
      "module": "module.apigee-x-core.module.apigee",
      "mode": "managed",
      "type": "google_apigee_envgroup_attachment",
      "name": "envgroup_attachments",
      "provider": "provider[\"registry.terraform.io/hashicorp/google\"]",
      "instances": [
        {
          "index_key": "prod-envgrp-prod",
          "schema_version": 0,
          "attributes": {
            "envgroup_id": "organizations/pep-gal-europe-west1-1/envgroups/envgrp-prod",
            "environment": "prod",
            "id": "organizations/pep-gal-europe-west1-1/envgroups/envgrp-prod/attachments/5bc096ca-2278-411c-a555-7652e0b18954",
            "name": "5bc096ca-2278-411c-a555-7652e0b18954",
            "timeouts": null
          },
          "sensitive_attributes": [],
          "identity_schema_version": 0,
          "private": "eyJlMmJmYjczMC1lY2FhLTExZTYtOGY4OC0zNDM2M2JjN2M0YzAiOnsiY3JlYXRlIjoxODAwMDAwMDAwMDAwLCJkZWxldGUiOjE4MDAwMDAwMDAwMDB9fQ==",
          "dependencies": [
            "module.apigee-x-core.module.apigee.google_apigee_envgroup.envgroups",
            "module.apigee-x-core.module.apigee.google_apigee_environment.environments",
            "module.apigee-x-core.module.apigee.google_apigee_organization.organization",
            "module.apigee-x-core.module.kms-org-db.data.google_kms_key_ring.default",
            "module.apigee-x-core.module.kms-org-db.google_kms_crypto_key.default",
            "module.apigee-x-core.module.kms-org-db.google_kms_crypto_key_iam_binding.authoritative",
            "module.apigee-x-core.module.kms-org-db.google_kms_crypto_key_iam_binding.bindings",
            "module.apigee-x-core.module.kms-org-db.google_kms_key_ring.default",
            "module.project.data.google_bigquery_default_service_account.bq_sa",
            "module.project.data.google_project.project",
            "module.project.data.google_storage_project_service_account.gcs_sa",
            "module.project.google_access_context_manager_service_perimeter_resource.bridge",
            "module.project.google_access_context_manager_service_perimeter_resource.standard",
            "module.project.google_bigquery_dataset_iam_member.bq-sinks-binding",
            "module.project.google_compute_project_metadata_item.default",
            "module.project.google_compute_shared_vpc_host_project.shared_vpc_host",
            "module.project.google_compute_shared_vpc_service_project.service_projects",
            "module.project.google_compute_shared_vpc_service_project.shared_vpc_service",
            "module.project.google_essential_contacts_contact.contact",
            "module.project.google_kms_crypto_key_iam_member.service_identity_cmek",
            "module.project.google_logging_project_exclusion.logging-exclusion",
            "module.project.google_logging_project_sink.sink",
            "module.project.google_monitoring_monitored_project.primary",
            "module.project.google_org_policy_policy.default",
            "module.project.google_project.project",
            "module.project.google_project_default_service_accounts.default_service_accounts",
            "module.project.google_project_iam_audit_config.default",
            "module.project.google_project_iam_binding.authoritative",
            "module.project.google_project_iam_binding.bindings",
            "module.project.google_project_iam_custom_role.roles",
            "module.project.google_project_iam_member.bindings",
            "module.project.google_project_iam_member.bucket-sinks-binding",
            "module.project.google_project_iam_member.servicenetworking",
            "module.project.google_project_iam_member.shared_vpc_host_robots",
            "module.project.google_project_service.project_services",
            "module.project.google_project_service_identity.jit_si",
            "module.project.google_project_service_identity.servicenetworking",
            "module.project.google_pubsub_topic_iam_member.pubsub-sinks-binding",
            "module.project.google_resource_manager_lien.lien",
            "module.project.google_storage_bucket_iam_member.gcs-sinks-binding",
            "module.project.google_tags_tag_binding.binding",
            "module.vpc.data.google_compute_network.network",
            "module.vpc.google_compute_global_address.psa_ranges",
            "module.vpc.google_compute_network.network",
            "module.vpc.google_compute_network_peering.local",
            "module.vpc.google_compute_network_peering.remote",
            "module.vpc.google_compute_network_peering_routes_config.psa_routes",
            "module.vpc.google_compute_route.gateway",
            "module.vpc.google_compute_route.ilb",
            "module.vpc.google_compute_route.instance",
            "module.vpc.google_compute_route.ip",
            "module.vpc.google_compute_route.vpn_tunnel",
            "module.vpc.google_compute_shared_vpc_host_project.shared_vpc_host",
            "module.vpc.google_compute_shared_vpc_service_project.service_projects",
            "module.vpc.google_compute_subnetwork.proxy_only",
            "module.vpc.google_compute_subnetwork.psc",
            "module.vpc.google_compute_subnetwork.subnetwork",
            "module.vpc.google_compute_subnetwork_iam_binding.authoritative",
            "module.vpc.google_compute_subnetwork_iam_binding.bindings",
            "module.vpc.google_compute_subnetwork_iam_member.bindings",
            "module.vpc.google_dns_policy.default",
            "module.vpc.google_service_networking_connection.psa_connection",
            "module.vpc.google_service_networking_peered_dns_domain.name"
          ]
        },
        {
          "index_key": "sandbox-envgrp-sandbox",
          "schema_version": 0,
          "attributes": {
            "envgroup_id": "organizations/pep-gal-europe-west1-1/envgroups/envgrp-sandbox",
            "environment": "sandbox",
            "id": "organizations/pep-gal-europe-west1-1/envgroups/envgrp-sandbox/attachments/071d44f3-2411-4b19-989c-a52a2e203f1f",
            "name": "071d44f3-2411-4b19-989c-a52a2e203f1f",
            "timeouts": null
          },
          "sensitive_attributes": [],
          "identity_schema_version": 0,
          "private": "eyJlMmJmYjczMC1lY2FhLTExZTYtOGY4OC0zNDM2M2JjN2M0YzAiOnsiY3JlYXRlIjoxODAwMDAwMDAwMDAwLCJkZWxldGUiOjE4MDAwMDAwMDAwMDB9fQ==",
          "dependencies": [
            "module.apigee-x-core.module.apigee.google_apigee_envgroup.envgroups",
            "module.apigee-x-core.module.apigee.google_apigee_environment.environments",
            "module.apigee-x-core.module.apigee.google_apigee_organization.organization",
            "module.apigee-x-core.module.kms-org-db.data.google_kms_key_ring.default",
            "module.apigee-x-core.module.kms-org-db.google_kms_crypto_key.default",
            "module.apigee-x-core.module.kms-org-db.google_kms_crypto_key_iam_binding.authoritative",
            "module.apigee-x-core.module.kms-org-db.google_kms_crypto_key_iam_binding.bindings",
            "module.apigee-x-core.module.kms-org-db.google_kms_key_ring.default",
            "module.project.data.google_bigquery_default_service_account.bq_sa",
            "module.project.data.google_project.project",
            "module.project.data.google_storage_project_service_account.gcs_sa",
            "module.project.google_access_context_manager_service_perimeter_resource.bridge",
            "module.project.google_access_context_manager_service_perimeter_resource.standard",
            "module.project.google_bigquery_dataset_iam_member.bq-sinks-binding",
            "module.project.google_compute_project_metadata_item.default",
            "module.project.google_compute_shared_vpc_host_project.shared_vpc_host",
            "module.project.google_compute_shared_vpc_service_project.service_projects",
            "module.project.google_compute_shared_vpc_service_project.shared_vpc_service",
            "module.project.google_essential_contacts_contact.contact",
            "module.project.google_kms_crypto_key_iam_member.service_identity_cmek",
            "module.project.google_logging_project_exclusion.logging-exclusion",
            "module.project.google_logging_project_sink.sink",
            "module.project.google_monitoring_monitored_project.primary",
            "module.project.google_org_policy_policy.default",
            "module.project.google_project.project",
            "module.project.google_project_default_service_accounts.default_service_accounts",
            "module.project.google_project_iam_audit_config.default",
            "module.project.google_project_iam_binding.authoritative",
            "module.project.google_project_iam_binding.bindings",
            "module.project.google_project_iam_custom_role.roles",
            "module.project.google_project_iam_member.bindings",
            "module.project.google_project_iam_member.bucket-sinks-binding",
            "module.project.google_project_iam_member.servicenetworking",
            "module.project.google_project_iam_member.shared_vpc_host_robots",
            "module.project.google_project_service.project_services",
            "module.project.google_project_service_identity.jit_si",
            "module.project.google_project_service_identity.servicenetworking",
            "module.project.google_pubsub_topic_iam_member.pubsub-sinks-binding",
            "module.project.google_resource_manager_lien.lien",
            "module.project.google_storage_bucket_iam_member.gcs-sinks-binding",
            "module.project.google_tags_tag_binding.binding",
            "module.vpc.data.google_compute_network.network",
            "module.vpc.google_compute_global_address.psa_ranges",
            "module.vpc.google_compute_network.network",
            "module.vpc.google_compute_network_peering.local",
            "module.vpc.google_compute_network_peering.remote",
            "module.vpc.google_compute_network_peering_routes_config.psa_routes",
            "module.vpc.google_compute_route.gateway",
            "module.vpc.google_compute_route.ilb",
            "module.vpc.google_compute_route.instance",
            "module.vpc.google_compute_route.ip",
            "module.vpc.google_compute_route.vpn_tunnel",
            "module.vpc.google_compute_shared_vpc_host_project.shared_vpc_host",
            "module.vpc.google_compute_shared_vpc_service_project.service_projects",
            "module.vpc.google_compute_subnetwork.proxy_only",
            "module.vpc.google_compute_subnetwork.psc",
            "module.vpc.google_compute_subnetwork.subnetwork",
            "module.vpc.google_compute_subnetwork_iam_binding.authoritative",
            "module.vpc.google_compute_subnetwork_iam_binding.bindings",
            "module.vpc.google_compute_subnetwork_iam_member.bindings",
            "module.vpc.google_dns_policy.default",
            "module.vpc.google_service_networking_connection.psa_connection",
            "module.vpc.google_service_networking_peered_dns_domain.name"
          ]
        }
      ]
    },
    {
      "module": "module.apigee-x-core.module.apigee",
      "mode": "managed",
      "type": "google_apigee_environment",
      "name": "environments",
      "provider": "provider[\"registry.terraform.io/hashicorp/google\"]",
      "instances": [
        {
          "index_key": "prod",
          "schema_version": 0,
          "attributes": {
            "api_proxy_type": "PROGRAMMABLE",
            "deployment_type": "PROXY",
            "description": "prod",
            "display_name": "prod",
            "forward_proxy_uri": "",
            "id": "organizations/pep-gal-europe-west1-1/environments/prod",
            "name": "prod",
            "node_config": [],
            "org_id": "organizations/pep-gal-europe-west1-1",
            "timeouts": null,
            "type": ""
          },
          "sensitive_attributes": [],
          "identity_schema_version": 0,
          "private": "eyJlMmJmYjczMC1lY2FhLTExZTYtOGY4OC0zNDM2M2JjN2M0YzAiOnsiY3JlYXRlIjoxODAwMDAwMDAwMDAwLCJkZWxldGUiOjE4MDAwMDAwMDAwMDAsInVwZGF0ZSI6MTIwMDAwMDAwMDAwMH19",
          "dependencies": [
            "module.apigee-x-core.module.apigee.google_apigee_organization.organization",
            "module.apigee-x-core.module.kms-org-db.data.google_kms_key_ring.default",
            "module.apigee-x-core.module.kms-org-db.google_kms_crypto_key.default",
            "module.apigee-x-core.module.kms-org-db.google_kms_crypto_key_iam_binding.authoritative",
            "module.apigee-x-core.module.kms-org-db.google_kms_crypto_key_iam_binding.bindings",
            "module.apigee-x-core.module.kms-org-db.google_kms_key_ring.default",
            "module.project.data.google_bigquery_default_service_account.bq_sa",
            "module.project.data.google_project.project",
            "module.project.data.google_storage_project_service_account.gcs_sa",
            "module.project.google_access_context_manager_service_perimeter_resource.bridge",
            "module.project.google_access_context_manager_service_perimeter_resource.standard",
            "module.project.google_bigquery_dataset_iam_member.bq-sinks-binding",
            "module.project.google_compute_project_metadata_item.default",
            "module.project.google_compute_shared_vpc_host_project.shared_vpc_host",
            "module.project.google_compute_shared_vpc_service_project.service_projects",
            "module.project.google_compute_shared_vpc_service_project.shared_vpc_service",
            "module.project.google_essential_contacts_contact.contact",
            "module.project.google_kms_crypto_key_iam_member.service_identity_cmek",
            "module.project.google_logging_project_exclusion.logging-exclusion",
            "module.project.google_logging_project_sink.sink",
            "module.project.google_monitoring_monitored_project.primary",
            "module.project.google_org_policy_policy.default",
            "module.project.google_project.project",
            "module.project.google_project_default_service_accounts.default_service_accounts",
            "module.project.google_project_iam_audit_config.default",
            "module.project.google_project_iam_binding.authoritative",
            "module.project.google_project_iam_binding.bindings",
            "module.project.google_project_iam_custom_role.roles",
            "module.project.google_project_iam_member.bindings",
            "module.project.google_project_iam_member.bucket-sinks-binding",
            "module.project.google_project_iam_member.servicenetworking",
            "module.project.google_project_iam_member.shared_vpc_host_robots",
            "module.project.google_project_service.project_services",
            "module.project.google_project_service_identity.jit_si",
            "module.project.google_project_service_identity.servicenetworking",
            "module.project.google_pubsub_topic_iam_member.pubsub-sinks-binding",
            "module.project.google_resource_manager_lien.lien",
            "module.project.google_storage_bucket_iam_member.gcs-sinks-binding",
            "module.project.google_tags_tag_binding.binding",
            "module.vpc.data.google_compute_network.network",
            "module.vpc.google_compute_global_address.psa_ranges",
            "module.vpc.google_compute_network.network",
            "module.vpc.google_compute_network_peering.local",
            "module.vpc.google_compute_network_peering.remote",
            "module.vpc.google_compute_network_peering_routes_config.psa_routes",
            "module.vpc.google_compute_route.gateway",
            "module.vpc.google_compute_route.ilb",
            "module.vpc.google_compute_route.instance",
            "module.vpc.google_compute_route.ip",
            "module.vpc.google_compute_route.vpn_tunnel",
            "module.vpc.google_compute_shared_vpc_host_project.shared_vpc_host",
            "module.vpc.google_compute_shared_vpc_service_project.service_projects",
            "module.vpc.google_compute_subnetwork.proxy_only",
            "module.vpc.google_compute_subnetwork.psc",
            "module.vpc.google_compute_subnetwork.subnetwork",
            "module.vpc.google_compute_subnetwork_iam_binding.authoritative",
            "module.vpc.google_compute_subnetwork_iam_binding.bindings",
            "module.vpc.google_compute_subnetwork_iam_member.bindings",
            "module.vpc.google_dns_policy.default",
            "module.vpc.google_service_networking_connection.psa_connection",
            "module.vpc.google_service_networking_peered_dns_domain.name"
          ]
        },
        {
          "index_key": "sandbox",
          "schema_version": 0,
          "attributes": {
            "api_proxy_type": "PROGRAMMABLE",
            "deployment_type": "PROXY",
            "description": "sandbox",
            "display_name": "sandbox",
            "forward_proxy_uri": "",
            "id": "organizations/pep-gal-europe-west1-1/environments/sandbox",
            "name": "sandbox",
            "node_config": [],
            "org_id": "organizations/pep-gal-europe-west1-1",
            "timeouts": null,
            "type": ""
          },
          "sensitive_attributes": [],
          "identity_schema_version": 0,
          "private": "eyJlMmJmYjczMC1lY2FhLTExZTYtOGY4OC0zNDM2M2JjN2M0YzAiOnsiY3JlYXRlIjoxODAwMDAwMDAwMDAwLCJkZWxldGUiOjE4MDAwMDAwMDAwMDAsInVwZGF0ZSI6MTIwMDAwMDAwMDAwMH19",
          "dependencies": [
            "module.apigee-x-core.module.apigee.google_apigee_organization.organization",
            "module.apigee-x-core.module.kms-org-db.data.google_kms_key_ring.default",
            "module.apigee-x-core.module.kms-org-db.google_kms_crypto_key.default",
            "module.apigee-x-core.module.kms-org-db.google_kms_crypto_key_iam_binding.authoritative",
            "module.apigee-x-core.module.kms-org-db.google_kms_crypto_key_iam_binding.bindings",
            "module.apigee-x-core.module.kms-org-db.google_kms_key_ring.default",
            "module.project.data.google_bigquery_default_service_account.bq_sa",
            "module.project.data.google_project.project",
            "module.project.data.google_storage_project_service_account.gcs_sa",
            "module.project.google_access_context_manager_service_perimeter_resource.bridge",
            "module.project.google_access_context_manager_service_perimeter_resource.standard",
            "module.project.google_bigquery_dataset_iam_member.bq-sinks-binding",
            "module.project.google_compute_project_metadata_item.default",
            "module.project.google_compute_shared_vpc_host_project.shared_vpc_host",
            "module.project.google_compute_shared_vpc_service_project.service_projects",
            "module.project.google_compute_shared_vpc_service_project.shared_vpc_service",
            "module.project.google_essential_contacts_contact.contact",
            "module.project.google_kms_crypto_key_iam_member.service_identity_cmek",
            "module.project.google_logging_project_exclusion.logging-exclusion",
            "module.project.google_logging_project_sink.sink",
            "module.project.google_monitoring_monitored_project.primary",
            "module.project.google_org_policy_policy.default",
            "module.project.google_project.project",
            "module.project.google_project_default_service_accounts.default_service_accounts",
            "module.project.google_project_iam_audit_config.default",
            "module.project.google_project_iam_binding.authoritative",
            "module.project.google_project_iam_binding.bindings",
            "module.project.google_project_iam_custom_role.roles",
            "module.project.google_project_iam_member.bindings",
            "module.project.google_project_iam_member.bucket-sinks-binding",
            "module.project.google_project_iam_member.servicenetworking",
            "module.project.google_project_iam_member.shared_vpc_host_robots",
            "module.project.google_project_service.project_services",
            "module.project.google_project_service_identity.jit_si",
            "module.project.google_project_service_identity.servicenetworking",
            "module.project.google_pubsub_topic_iam_member.pubsub-sinks-binding",
            "module.project.google_resource_manager_lien.lien",
            "module.project.google_storage_bucket_iam_member.gcs-sinks-binding",
            "module.project.google_tags_tag_binding.binding",
            "module.vpc.data.google_compute_network.network",
            "module.vpc.google_compute_global_address.psa_ranges",
            "module.vpc.google_compute_network.network",
            "module.vpc.google_compute_network_peering.local",
            "module.vpc.google_compute_network_peering.remote",
            "module.vpc.google_compute_network_peering_routes_config.psa_routes",
            "module.vpc.google_compute_route.gateway",
            "module.vpc.google_compute_route.ilb",
            "module.vpc.google_compute_route.instance",
            "module.vpc.google_compute_route.ip",
            "module.vpc.google_compute_route.vpn_tunnel",
            "module.vpc.google_compute_shared_vpc_host_project.shared_vpc_host",
            "module.vpc.google_compute_shared_vpc_service_project.service_projects",
            "module.vpc.google_compute_subnetwork.proxy_only",
            "module.vpc.google_compute_subnetwork.psc",
            "module.vpc.google_compute_subnetwork.subnetwork",
            "module.vpc.google_compute_subnetwork_iam_binding.authoritative",
            "module.vpc.google_compute_subnetwork_iam_binding.bindings",
            "module.vpc.google_compute_subnetwork_iam_member.bindings",
            "module.vpc.google_dns_policy.default",
            "module.vpc.google_service_networking_connection.psa_connection",
            "module.vpc.google_service_networking_peered_dns_domain.name"
          ]
        }
      ]
    },
    {
      "module": "module.apigee-x-core.module.apigee",
      "mode": "managed",
      "type": "google_apigee_instance",
      "name": "instances",
      "provider": "provider[\"registry.terraform.io/hashicorp/google\"]",
      "instances": [
        {
          "index_key": "europe-west1",
          "schema_version": 0,
          "attributes": {
            "consumer_accept_list": [
              "pep-gal-europe-west1-1",
              "f174101da78861cc7-tp"
            ],
            "description": "Terraform-managed",
            "disk_encryption_key_name": "projects/pep-gal-europe-west1-1/locations/europe-west1/keyRings/pep-gal-europe-west1-1-inst-cnx-portaldemo-europe-west1-1/cryptoKeys/inst-disk",
            "display_name": "",
            "host": "10.253.1.2",
            "id": "organizations/pep-gal-europe-west1-1/instances/cnx-portaldemo-europe-west1-1",
            "ip_range": null,
            "location": "europe-west1",
            "name": "cnx-portaldemo-europe-west1-1",
            "org_id": "organizations/pep-gal-europe-west1-1",
            "peering_cidr_range": "SLASH_22",
            "port": "443",
            "service_attachment": "projects/f174101da78861cc7-tp/regions/europe-west1/serviceAttachments/apigee-europe-west1-adwr",
            "timeouts": null
          },
          "sensitive_attributes": [],
          "identity_schema_version": 0,
          "private": "eyJlMmJmYjczMC1lY2FhLTExZTYtOGY4OC0zNDM2M2JjN2M0YzAiOnsiY3JlYXRlIjozNjAwMDAwMDAwMDAwLCJkZWxldGUiOjM2MDAwMDAwMDAwMDB9LCJzY2hlbWFfdmVyc2lvbiI6IjAifQ==",
          "dependencies": [
            "module.apigee-x-core.google_project_service_identity.apigee_sa",
            "module.apigee-x-core.module.apigee.google_apigee_organization.organization",
            "module.apigee-x-core.module.kms-inst-disk.data.google_kms_key_ring.default",
            "module.apigee-x-core.module.kms-inst-disk.google_kms_crypto_key.default",
            "module.apigee-x-core.module.kms-inst-disk.google_kms_crypto_key_iam_binding.authoritative",
            "module.apigee-x-core.module.kms-inst-disk.google_kms_crypto_key_iam_binding.bindings",
            "module.apigee-x-core.module.kms-inst-disk.google_kms_crypto_key_iam_member.members",
            "module.apigee-x-core.module.kms-inst-disk.google_kms_key_ring.default",
            "module.apigee-x-core.module.kms-inst-disk.google_kms_key_ring_iam_binding.authoritative",
            "module.apigee-x-core.module.kms-inst-disk.google_kms_key_ring_iam_binding.bindings",
            "module.apigee-x-core.module.kms-inst-disk.google_kms_key_ring_iam_member.bindings",
            "module.apigee-x-core.module.kms-inst-disk.google_kms_key_ring_import_job.default",
            "module.apigee-x-core.module.kms-inst-disk.google_tags_tag_binding.binding",
            "module.apigee-x-core.module.kms-org-db.data.google_kms_key_ring.default",
            "module.apigee-x-core.module.kms-org-db.google_kms_crypto_key.default",
            "module.apigee-x-core.module.kms-org-db.google_kms_crypto_key_iam_binding.authoritative",
            "module.apigee-x-core.module.kms-org-db.google_kms_crypto_key_iam_binding.bindings",
            "module.apigee-x-core.module.kms-org-db.google_kms_key_ring.default",
            "module.project.data.google_bigquery_default_service_account.bq_sa",
            "module.project.data.google_project.project",
            "module.project.data.google_storage_project_service_account.gcs_sa",
            "module.project.google_access_context_manager_service_perimeter_resource.bridge",
            "module.project.google_access_context_manager_service_perimeter_resource.standard",
            "module.project.google_bigquery_dataset_iam_member.bq-sinks-binding",
            "module.project.google_compute_project_metadata_item.default",
            "module.project.google_compute_shared_vpc_host_project.shared_vpc_host",
            "module.project.google_compute_shared_vpc_service_project.service_projects",
            "module.project.google_compute_shared_vpc_service_project.shared_vpc_service",
            "module.project.google_essential_contacts_contact.contact",
            "module.project.google_kms_crypto_key_iam_member.service_identity_cmek",
            "module.project.google_logging_project_exclusion.logging-exclusion",
            "module.project.google_logging_project_sink.sink",
            "module.project.google_monitoring_monitored_project.primary",
            "module.project.google_org_policy_policy.default",
            "module.project.google_project.project",
            "module.project.google_project_default_service_accounts.default_service_accounts",
            "module.project.google_project_iam_audit_config.default",
            "module.project.google_project_iam_binding.authoritative",
            "module.project.google_project_iam_binding.bindings",
            "module.project.google_project_iam_custom_role.roles",
            "module.project.google_project_iam_member.bindings",
            "module.project.google_project_iam_member.bucket-sinks-binding",
            "module.project.google_project_iam_member.servicenetworking",
            "module.project.google_project_iam_member.shared_vpc_host_robots",
            "module.project.google_project_service.project_services",
            "module.project.google_project_service_identity.jit_si",
            "module.project.google_project_service_identity.servicenetworking",
            "module.project.google_pubsub_topic_iam_member.pubsub-sinks-binding",
            "module.project.google_resource_manager_lien.lien",
            "module.project.google_storage_bucket_iam_member.gcs-sinks-binding",
            "module.project.google_tags_tag_binding.binding",
            "module.vpc.data.google_compute_network.network",
            "module.vpc.google_compute_global_address.psa_ranges",
            "module.vpc.google_compute_network.network",
            "module.vpc.google_compute_network_peering.local",
            "module.vpc.google_compute_network_peering.remote",
            "module.vpc.google_compute_network_peering_routes_config.psa_routes",
            "module.vpc.google_compute_route.gateway",
            "module.vpc.google_compute_route.ilb",
            "module.vpc.google_compute_route.instance",
            "module.vpc.google_compute_route.ip",
            "module.vpc.google_compute_route.vpn_tunnel",
            "module.vpc.google_compute_shared_vpc_host_project.shared_vpc_host",
            "module.vpc.google_compute_shared_vpc_service_project.service_projects",
            "module.vpc.google_compute_subnetwork.proxy_only",
            "module.vpc.google_compute_subnetwork.psc",
            "module.vpc.google_compute_subnetwork.subnetwork",
            "module.vpc.google_compute_subnetwork_iam_binding.authoritative",
            "module.vpc.google_compute_subnetwork_iam_binding.bindings",
            "module.vpc.google_compute_subnetwork_iam_member.bindings",
            "module.vpc.google_dns_policy.default",
            "module.vpc.google_service_networking_connection.psa_connection",
            "module.vpc.google_service_networking_peered_dns_domain.name"
          ]
        }
      ]
    },
    {
      "module": "module.apigee-x-core.module.apigee",
      "mode": "managed",
      "type": "google_apigee_instance_attachment",
      "name": "instance_attachments",
      "provider": "provider[\"registry.terraform.io/hashicorp/google\"]",
      "instances": [
        {
          "index_key": "europe-west1-prod",
          "schema_version": 0,
          "attributes": {
            "environment": "prod",
            "id": "organizations/pep-gal-europe-west1-1/instances/cnx-portaldemo-europe-west1-1/attachments/b9d44364-df88-4bd5-95d9-7029c1a041ad",
            "instance_id": "organizations/pep-gal-europe-west1-1/instances/cnx-portaldemo-europe-west1-1",
            "name": "b9d44364-df88-4bd5-95d9-7029c1a041ad",
            "timeouts": null
          },
          "sensitive_attributes": [],
          "identity_schema_version": 0,
          "private": "eyJlMmJmYjczMC1lY2FhLTExZTYtOGY4OC0zNDM2M2JjN2M0YzAiOnsiY3JlYXRlIjoxODAwMDAwMDAwMDAwLCJkZWxldGUiOjE4MDAwMDAwMDAwMDB9fQ==",
          "dependencies": [
            "module.apigee-x-core.google_project_service_identity.apigee_sa",
            "module.apigee-x-core.module.apigee.google_apigee_environment.environments",
            "module.apigee-x-core.module.apigee.google_apigee_instance.instances",
            "module.apigee-x-core.module.apigee.google_apigee_organization.organization",
            "module.apigee-x-core.module.kms-inst-disk.data.google_kms_key_ring.default",
            "module.apigee-x-core.module.kms-inst-disk.google_kms_crypto_key.default",
            "module.apigee-x-core.module.kms-inst-disk.google_kms_crypto_key_iam_binding.authoritative",
            "module.apigee-x-core.module.kms-inst-disk.google_kms_crypto_key_iam_binding.bindings",
            "module.apigee-x-core.module.kms-inst-disk.google_kms_crypto_key_iam_member.members",
            "module.apigee-x-core.module.kms-inst-disk.google_kms_key_ring.default",
            "module.apigee-x-core.module.kms-inst-disk.google_kms_key_ring_iam_binding.authoritative",
            "module.apigee-x-core.module.kms-inst-disk.google_kms_key_ring_iam_binding.bindings",
            "module.apigee-x-core.module.kms-inst-disk.google_kms_key_ring_iam_member.bindings",
            "module.apigee-x-core.module.kms-inst-disk.google_kms_key_ring_import_job.default",
            "module.apigee-x-core.module.kms-inst-disk.google_tags_tag_binding.binding",
            "module.apigee-x-core.module.kms-org-db.data.google_kms_key_ring.default",
            "module.apigee-x-core.module.kms-org-db.google_kms_crypto_key.default",
            "module.apigee-x-core.module.kms-org-db.google_kms_crypto_key_iam_binding.authoritative",
            "module.apigee-x-core.module.kms-org-db.google_kms_crypto_key_iam_binding.bindings",
            "module.apigee-x-core.module.kms-org-db.google_kms_key_ring.default",
            "module.project.data.google_bigquery_default_service_account.bq_sa",
            "module.project.data.google_project.project",
            "module.project.data.google_storage_project_service_account.gcs_sa",
            "module.project.google_access_context_manager_service_perimeter_resource.bridge",
            "module.project.google_access_context_manager_service_perimeter_resource.standard",
            "module.project.google_bigquery_dataset_iam_member.bq-sinks-binding",
            "module.project.google_compute_project_metadata_item.default",
            "module.project.google_compute_shared_vpc_host_project.shared_vpc_host",
            "module.project.google_compute_shared_vpc_service_project.service_projects",
            "module.project.google_compute_shared_vpc_service_project.shared_vpc_service",
            "module.project.google_essential_contacts_contact.contact",
            "module.project.google_kms_crypto_key_iam_member.service_identity_cmek",
            "module.project.google_logging_project_exclusion.logging-exclusion",
            "module.project.google_logging_project_sink.sink",
            "module.project.google_monitoring_monitored_project.primary",
            "module.project.google_org_policy_policy.default",
            "module.project.google_project.project",
            "module.project.google_project_default_service_accounts.default_service_accounts",
            "module.project.google_project_iam_audit_config.default",
            "module.project.google_project_iam_binding.authoritative",
            "module.project.google_project_iam_binding.bindings",
            "module.project.google_project_iam_custom_role.roles",
            "module.project.google_project_iam_member.bindings",
            "module.project.google_project_iam_member.bucket-sinks-binding",
            "module.project.google_project_iam_member.servicenetworking",
            "module.project.google_project_iam_member.shared_vpc_host_robots",
            "module.project.google_project_service.project_services",
            "module.project.google_project_service_identity.jit_si",
            "module.project.google_project_service_identity.servicenetworking",
            "module.project.google_pubsub_topic_iam_member.pubsub-sinks-binding",
            "module.project.google_resource_manager_lien.lien",
            "module.project.google_storage_bucket_iam_member.gcs-sinks-binding",
            "module.project.google_tags_tag_binding.binding",
            "module.vpc.data.google_compute_network.network",
            "module.vpc.google_compute_global_address.psa_ranges",
            "module.vpc.google_compute_network.network",
            "module.vpc.google_compute_network_peering.local",
            "module.vpc.google_compute_network_peering.remote",
            "module.vpc.google_compute_network_peering_routes_config.psa_routes",
            "module.vpc.google_compute_route.gateway",
            "module.vpc.google_compute_route.ilb",
            "module.vpc.google_compute_route.instance",
            "module.vpc.google_compute_route.ip",
            "module.vpc.google_compute_route.vpn_tunnel",
            "module.vpc.google_compute_shared_vpc_host_project.shared_vpc_host",
            "module.vpc.google_compute_shared_vpc_service_project.service_projects",
            "module.vpc.google_compute_subnetwork.proxy_only",
            "module.vpc.google_compute_subnetwork.psc",
            "module.vpc.google_compute_subnetwork.subnetwork",
            "module.vpc.google_compute_subnetwork_iam_binding.authoritative",
            "module.vpc.google_compute_subnetwork_iam_binding.bindings",
            "module.vpc.google_compute_subnetwork_iam_member.bindings",
            "module.vpc.google_dns_policy.default",
            "module.vpc.google_service_networking_connection.psa_connection",
            "module.vpc.google_service_networking_peered_dns_domain.name"
          ]
        },
        {
          "index_key": "europe-west1-sandbox",
          "schema_version": 0,
          "attributes": {
            "environment": "sandbox",
            "id": "organizations/pep-gal-europe-west1-1/instances/cnx-portaldemo-europe-west1-1/attachments/1d383904-5e01-4456-a3e4-ee625a5d25b1",
            "instance_id": "organizations/pep-gal-europe-west1-1/instances/cnx-portaldemo-europe-west1-1",
            "name": "1d383904-5e01-4456-a3e4-ee625a5d25b1",
            "timeouts": null
          },
          "sensitive_attributes": [],
          "identity_schema_version": 0,
          "private": "eyJlMmJmYjczMC1lY2FhLTExZTYtOGY4OC0zNDM2M2JjN2M0YzAiOnsiY3JlYXRlIjoxODAwMDAwMDAwMDAwLCJkZWxldGUiOjE4MDAwMDAwMDAwMDB9fQ==",
          "dependencies": [
            "module.apigee-x-core.google_project_service_identity.apigee_sa",
            "module.apigee-x-core.module.apigee.google_apigee_environment.environments",
            "module.apigee-x-core.module.apigee.google_apigee_instance.instances",
            "module.apigee-x-core.module.apigee.google_apigee_organization.organization",
            "module.apigee-x-core.module.kms-inst-disk.data.google_kms_key_ring.default",
            "module.apigee-x-core.module.kms-inst-disk.google_kms_crypto_key.default",
            "module.apigee-x-core.module.kms-inst-disk.google_kms_crypto_key_iam_binding.authoritative",
            "module.apigee-x-core.module.kms-inst-disk.google_kms_crypto_key_iam_binding.bindings",
            "module.apigee-x-core.module.kms-inst-disk.google_kms_crypto_key_iam_member.members",
            "module.apigee-x-core.module.kms-inst-disk.google_kms_key_ring.default",
            "module.apigee-x-core.module.kms-inst-disk.google_kms_key_ring_iam_binding.authoritative",
            "module.apigee-x-core.module.kms-inst-disk.google_kms_key_ring_iam_binding.bindings",
            "module.apigee-x-core.module.kms-inst-disk.google_kms_key_ring_iam_member.bindings",
            "module.apigee-x-core.module.kms-inst-disk.google_kms_key_ring_import_job.default",
            "module.apigee-x-core.module.kms-inst-disk.google_tags_tag_binding.binding",
            "module.apigee-x-core.module.kms-org-db.data.google_kms_key_ring.default",
            "module.apigee-x-core.module.kms-org-db.google_kms_crypto_key.default",
            "module.apigee-x-core.module.kms-org-db.google_kms_crypto_key_iam_binding.authoritative",
            "module.apigee-x-core.module.kms-org-db.google_kms_crypto_key_iam_binding.bindings",
            "module.apigee-x-core.module.kms-org-db.google_kms_key_ring.default",
            "module.project.data.google_bigquery_default_service_account.bq_sa",
            "module.project.data.google_project.project",
            "module.project.data.google_storage_project_service_account.gcs_sa",
            "module.project.google_access_context_manager_service_perimeter_resource.bridge",
            "module.project.google_access_context_manager_service_perimeter_resource.standard",
            "module.project.google_bigquery_dataset_iam_member.bq-sinks-binding",
            "module.project.google_compute_project_metadata_item.default",
            "module.project.google_compute_shared_vpc_host_project.shared_vpc_host",
            "module.project.google_compute_shared_vpc_service_project.service_projects",
            "module.project.google_compute_shared_vpc_service_project.shared_vpc_service",
            "module.project.google_essential_contacts_contact.contact",
            "module.project.google_kms_crypto_key_iam_member.service_identity_cmek",
            "module.project.google_logging_project_exclusion.logging-exclusion",
            "module.project.google_logging_project_sink.sink",
            "module.project.google_monitoring_monitored_project.primary",
            "module.project.google_org_policy_policy.default",
            "module.project.google_project.project",
            "module.project.google_project_default_service_accounts.default_service_accounts",
            "module.project.google_project_iam_audit_config.default",
            "module.project.google_project_iam_binding.authoritative",
            "module.project.google_project_iam_binding.bindings",
            "module.project.google_project_iam_custom_role.roles",
            "module.project.google_project_iam_member.bindings",
            "module.project.google_project_iam_member.bucket-sinks-binding",
            "module.project.google_project_iam_member.servicenetworking",
            "module.project.google_project_iam_member.shared_vpc_host_robots",
            "module.project.google_project_service.project_services",
            "module.project.google_project_service_identity.jit_si",
            "module.project.google_project_service_identity.servicenetworking",
            "module.project.google_pubsub_topic_iam_member.pubsub-sinks-binding",
            "module.project.google_resource_manager_lien.lien",
            "module.project.google_storage_bucket_iam_member.gcs-sinks-binding",
            "module.project.google_tags_tag_binding.binding",
            "module.vpc.data.google_compute_network.network",
            "module.vpc.google_compute_global_address.psa_ranges",
            "module.vpc.google_compute_network.network",
            "module.vpc.google_compute_network_peering.local",
            "module.vpc.google_compute_network_peering.remote",
            "module.vpc.google_compute_network_peering_routes_config.psa_routes",
            "module.vpc.google_compute_route.gateway",
            "module.vpc.google_compute_route.ilb",
            "module.vpc.google_compute_route.instance",
            "module.vpc.google_compute_route.ip",
            "module.vpc.google_compute_route.vpn_tunnel",
            "module.vpc.google_compute_shared_vpc_host_project.shared_vpc_host",
            "module.vpc.google_compute_shared_vpc_service_project.service_projects",
            "module.vpc.google_compute_subnetwork.proxy_only",
            "module.vpc.google_compute_subnetwork.psc",
            "module.vpc.google_compute_subnetwork.subnetwork",
            "module.vpc.google_compute_subnetwork_iam_binding.authoritative",
            "module.vpc.google_compute_subnetwork_iam_binding.bindings",
            "module.vpc.google_compute_subnetwork_iam_member.bindings",
            "module.vpc.google_dns_policy.default",
            "module.vpc.google_service_networking_connection.psa_connection",
            "module.vpc.google_service_networking_peered_dns_domain.name"
          ]
        }
      ]
    },
    {
      "module": "module.apigee-x-core.module.apigee",
      "mode": "managed",
      "type": "google_apigee_organization",
      "name": "organization",
      "provider": "provider[\"registry.terraform.io/hashicorp/google\"]",
      "instances": [
        {
          "index_key": 0,
          "schema_version": 0,
          "attributes": {
            "analytics_region": "europe-west1",
            "api_consumer_data_encryption_key_name": "",
            "api_consumer_data_location": "",
            "apigee_project_id": "f174101da78861cc7-tp",
            "authorized_network": "projects/pep-gal-europe-west1-1/global/networks/pep-gal-europe-west1-1-network",
            "billing_type": "EVALUATION",
            "ca_certificate": "LS0tLS1CRUdJTiBDRVJUSUZJQ0FURS0tLS0tCk1JSURTakNDQWpLZ0F3SUJBZ0lSQU83QnZmQUU5NDlSOHhGclRvMDFsOWt3RFFZSktvWklodmNOQVFFTEJRQXcKTHpFdE1Dc0dBMVVFQXhNa05qQXdZalkwWmpRdFl6bG1NQzAwWXpJd0xUbGpaVE10WVdWa05UQmtNVGcyTWpRMApNQjRYRFRJMk1EWXhNekEzTVRJME5Gb1hEVE0yTURZeE1EQTNNVEkwTkZvd0x6RXRNQ3NHQTFVRUF4TWtOakF3CllqWTBaalF0WXpsbU1DMDBZekl3TFRsalpUTXRZV1ZrTlRCa01UZzJNalEwTUlJQklqQU5CZ2txaGtpRzl3MEIKQVFFRkFBT0NBUThBTUlJQkNnS0NBUUVBdGhMRGxIOHBHZ0hDS3ltcGg1ZkhYdm1uZ0hDTlZPTmtvRWtIR243TQo5ZkROd3o4TDNRWGZTYUp4YTdJYzhjZ3M5eWN5S0Q5S29mdjUra2NqMFBZdFNieTJiMU5TMldnSzZNWkxEdjYxCjlZdlBMaGlpdkZlSHlOZGpJSUxEMk1FdytOMUJIaUdGeFN1aUE0RWRJN09PaFA0akxTNGQxNERVcWxoNzk0VzcKMTRLdVRMZTIyZnl4N3ltVGV3bnFqM2dCblBlV0d2cWNsL1E0NkNZNm9XSDgzS2Vwd0pIYUN0ZEtHdUE5bGgwMwpkMElKMlhlQXBVQXFKME9jRlZ3eWdPTWphQTVNWUs3cXhPdU9VREFPUldLMUdHdmFKN05rNVMrbnBJcitHVTZJCjk4SnZpWWhFWkxiSUlucTQrTkRjM2l0OHdEMmo5K3pvWlgrL0xoR0dyQmdpYlFJREFRQUJvMkV3WHpBT0JnTlYKSFE4QkFmOEVCQU1DQXFRd0hRWURWUjBsQkJZd0ZBWUlLd1lCQlFVSEF3RUdDQ3NHQVFVRkJ3TUNNQThHQTFVZApFd0VCL3dRRk1BTUJBZjh3SFFZRFZSME9CQllFRkU1K0hDaEwyVHBFTEFxTUQwUDVxdUNvK20ydU1BMEdDU3FHClNJYjNEUUVCQ3dVQUE0SUJBUUJpZ25jMFJKWXdwVm1vSDNKWXRjUGEwbkg3YnFiS0dMTlFYbzg0Ky90NDBHN2MKemcxK2k4dlFMdVVpNUFTd2dlYUNKQjBJbitMRnE1ckdPTHlST3UySUsxUGM4eDJKUXlhcEZRcDFUVktTOGk2LwowKzNKbWZXTlIwQVo3VkxxMGhTcHJwbWZUd0N3eU90bTNqVE5LRmd4ODNkeE9MTlR3ZVk5V3Y4NWw1VjcraUp1CmN6T1FtYmRYRlFOZnY2OGcyb1V6ckNvZmkreWpkU1BrSkNLVDVPMHdKay96dW51M0pyNU8xMzNpWTUrd0dITzgKV0dZVm1hY2JaY252Y3RKc1VtTmpNSDFpM2J1d0FRcExxeTF1M0IvUDlvbTBNbmlkVXlPVHYxcW0rbE5BZHFKVwpoeWJuWUp1M3dwNHRHNUJ0cFVpYzVza0NaNWtZOTU5d01qYVJpcjdPCi0tLS0tRU5EIENFUlRJRklDQVRFLS0tLS0K",
            "control_plane_encryption_key_name": "",
            "description": "",
            "disable_vpc_peering": false,
            "display_name": "",
            "id": "organizations/pep-gal-europe-west1-1",
            "name": "pep-gal-europe-west1-1",
            "project_id": "pep-gal-europe-west1-1",
            "properties": [
              {
                "property": [
                  {
                    "name": "features.hybrid.enabled",
                    "value": "true"
                  },
                  {
                    "name": "features.mart.connect.enabled",
                    "value": "true"
                  }
                ]
              }
            ],
            "retention": "MINIMUM",
            "runtime_database_encryption_key_name": "projects/pep-gal-europe-west1-1/locations/europe-west1/keyRings/pep-gal-europe-west1-1-org-analytics-db/cryptoKeys/org-db",
            "runtime_type": "CLOUD",
            "subscription_type": "TRIAL",
            "timeouts": null
          },
          "sensitive_attributes": [],
          "identity_schema_version": 0,
          "private": "eyJlMmJmYjczMC1lY2FhLTExZTYtOGY4OC0zNDM2M2JjN2M0YzAiOnsiY3JlYXRlIjoyNzAwMDAwMDAwMDAwLCJkZWxldGUiOjI3MDAwMDAwMDAwMDAsInVwZGF0ZSI6MjcwMDAwMDAwMDAwMH19",
          "dependencies": [
            "module.apigee-x-core.module.kms-org-db.data.google_kms_key_ring.default",
            "module.apigee-x-core.module.kms-org-db.google_kms_crypto_key.default",
            "module.apigee-x-core.module.kms-org-db.google_kms_crypto_key_iam_binding.authoritative",
            "module.apigee-x-core.module.kms-org-db.google_kms_crypto_key_iam_binding.bindings",
            "module.apigee-x-core.module.kms-org-db.google_kms_key_ring.default",
            "module.project.data.google_bigquery_default_service_account.bq_sa",
            "module.project.data.google_project.project",
            "module.project.data.google_storage_project_service_account.gcs_sa",
            "module.project.google_access_context_manager_service_perimeter_resource.bridge",
            "module.project.google_access_context_manager_service_perimeter_resource.standard",
            "module.project.google_bigquery_dataset_iam_member.bq-sinks-binding",
            "module.project.google_compute_project_metadata_item.default",
            "module.project.google_compute_shared_vpc_host_project.shared_vpc_host",
            "module.project.google_compute_shared_vpc_service_project.service_projects",
            "module.project.google_compute_shared_vpc_service_project.shared_vpc_service",
            "module.project.google_essential_contacts_contact.contact",
            "module.project.google_kms_crypto_key_iam_member.service_identity_cmek",
            "module.project.google_logging_project_exclusion.logging-exclusion",
            "module.project.google_logging_project_sink.sink",
            "module.project.google_monitoring_monitored_project.primary",
            "module.project.google_org_policy_policy.default",
            "module.project.google_project.project",
            "module.project.google_project_default_service_accounts.default_service_accounts",
            "module.project.google_project_iam_audit_config.default",
            "module.project.google_project_iam_binding.authoritative",
            "module.project.google_project_iam_binding.bindings",
            "module.project.google_project_iam_custom_role.roles",
            "module.project.google_project_iam_member.bindings",
            "module.project.google_project_iam_member.bucket-sinks-binding",
            "module.project.google_project_iam_member.servicenetworking",
            "module.project.google_project_iam_member.shared_vpc_host_robots",
            "module.project.google_project_service.project_services",
            "module.project.google_project_service_identity.jit_si",
            "module.project.google_project_service_identity.servicenetworking",
            "module.project.google_pubsub_topic_iam_member.pubsub-sinks-binding",
            "module.project.google_resource_manager_lien.lien",
            "module.project.google_storage_bucket_iam_member.gcs-sinks-binding",
            "module.project.google_tags_tag_binding.binding",
            "module.vpc.data.google_compute_network.network",
            "module.vpc.google_compute_global_address.psa_ranges",
            "module.vpc.google_compute_network.network",
            "module.vpc.google_compute_network_peering.local",
            "module.vpc.google_compute_network_peering.remote",
            "module.vpc.google_compute_network_peering_routes_config.psa_routes",
            "module.vpc.google_compute_route.gateway",
            "module.vpc.google_compute_route.ilb",
            "module.vpc.google_compute_route.instance",
            "module.vpc.google_compute_route.ip",
            "module.vpc.google_compute_route.vpn_tunnel",
            "module.vpc.google_compute_shared_vpc_host_project.shared_vpc_host",
            "module.vpc.google_compute_shared_vpc_service_project.service_projects",
            "module.vpc.google_compute_subnetwork.proxy_only",
            "module.vpc.google_compute_subnetwork.psc",
            "module.vpc.google_compute_subnetwork.subnetwork",
            "module.vpc.google_compute_subnetwork_iam_binding.authoritative",
            "module.vpc.google_compute_subnetwork_iam_binding.bindings",
            "module.vpc.google_compute_subnetwork_iam_member.bindings",
            "module.vpc.google_dns_policy.default",
            "module.vpc.google_service_networking_connection.psa_connection",
            "module.vpc.google_service_networking_peered_dns_domain.name"
          ]
        }
      ]
    },
    {
      "module": "module.apigee-x-core.module.kms-inst-disk[\"cnx-portaldemo-europe-west1-1\"]",
      "mode": "managed",
      "type": "google_kms_crypto_key",
      "name": "default",
      "provider": "provider[\"registry.terraform.io/hashicorp/google\"]",
      "instances": [
        {
          "index_key": "inst-disk",
          "schema_version": 1,
          "attributes": {
            "crypto_key_backend": "",
            "destroy_scheduled_duration": "2592000s",
            "effective_labels": {},
            "id": "projects/pep-gal-europe-west1-1/locations/europe-west1/keyRings/pep-gal-europe-west1-1-inst-cnx-portaldemo-europe-west1-1/cryptoKeys/inst-disk",
            "import_only": false,
            "key_ring": "projects/pep-gal-europe-west1-1/locations/europe-west1/keyRings/pep-gal-europe-west1-1-inst-cnx-portaldemo-europe-west1-1",
            "labels": {},
            "name": "inst-disk",
            "primary": [
              {
                "name": "projects/pep-gal-europe-west1-1/locations/europe-west1/keyRings/pep-gal-europe-west1-1-inst-cnx-portaldemo-europe-west1-1/cryptoKeys/inst-disk/cryptoKeyVersions/1",
                "state": "ENABLED"
              }
            ],
            "purpose": "ENCRYPT_DECRYPT",
            "rotation_period": "2592000s",
            "skip_initial_version_creation": false,
            "terraform_labels": {},
            "timeouts": null,
            "version_template": [
              {
                "algorithm": "GOOGLE_SYMMETRIC_ENCRYPTION",
                "protection_level": "SOFTWARE"
              }
            ]
          },
          "sensitive_attributes": [],
          "identity_schema_version": 0,
          "private": "eyJlMmJmYjczMC1lY2FhLTExZTYtOGY4OC0zNDM2M2JjN2M0YzAiOnsiY3JlYXRlIjoxMjAwMDAwMDAwMDAwLCJkZWxldGUiOjEyMDAwMDAwMDAwMDAsInVwZGF0ZSI6MTIwMDAwMDAwMDAwMH0sInNjaGVtYV92ZXJzaW9uIjoiMSJ9",
          "dependencies": [
            "module.apigee-x-core.module.kms-inst-disk.data.google_kms_key_ring.default",
            "module.apigee-x-core.module.kms-inst-disk.google_kms_key_ring.default",
            "module.project.data.google_bigquery_default_service_account.bq_sa",
            "module.project.data.google_project.project",
            "module.project.data.google_storage_project_service_account.gcs_sa",
            "module.project.google_access_context_manager_service_perimeter_resource.bridge",
            "module.project.google_access_context_manager_service_perimeter_resource.standard",
            "module.project.google_bigquery_dataset_iam_member.bq-sinks-binding",
            "module.project.google_compute_project_metadata_item.default",
            "module.project.google_compute_shared_vpc_host_project.shared_vpc_host",
            "module.project.google_compute_shared_vpc_service_project.service_projects",
            "module.project.google_compute_shared_vpc_service_project.shared_vpc_service",
            "module.project.google_essential_contacts_contact.contact",
            "module.project.google_kms_crypto_key_iam_member.service_identity_cmek",
            "module.project.google_logging_project_exclusion.logging-exclusion",
            "module.project.google_logging_project_sink.sink",
            "module.project.google_monitoring_monitored_project.primary",
            "module.project.google_org_policy_policy.default",
            "module.project.google_project.project",
            "module.project.google_project_default_service_accounts.default_service_accounts",
            "module.project.google_project_iam_audit_config.default",
            "module.project.google_project_iam_binding.authoritative",
            "module.project.google_project_iam_binding.bindings",
            "module.project.google_project_iam_custom_role.roles",
            "module.project.google_project_iam_member.bindings",
            "module.project.google_project_iam_member.bucket-sinks-binding",
            "module.project.google_project_iam_member.servicenetworking",
            "module.project.google_project_iam_member.shared_vpc_host_robots",
            "module.project.google_project_service.project_services",
            "module.project.google_project_service_identity.jit_si",
            "module.project.google_project_service_identity.servicenetworking",
            "module.project.google_pubsub_topic_iam_member.pubsub-sinks-binding",
            "module.project.google_resource_manager_lien.lien",
            "module.project.google_storage_bucket_iam_member.gcs-sinks-binding",
            "module.project.google_tags_tag_binding.binding",
            "module.vpc.data.google_compute_network.network",
            "module.vpc.google_compute_global_address.psa_ranges",
            "module.vpc.google_compute_network.network",
            "module.vpc.google_compute_network_peering.local",
            "module.vpc.google_compute_network_peering.remote",
            "module.vpc.google_compute_network_peering_routes_config.psa_routes",
            "module.vpc.google_compute_route.gateway",
            "module.vpc.google_compute_route.ilb",
            "module.vpc.google_compute_route.instance",
            "module.vpc.google_compute_route.ip",
            "module.vpc.google_compute_route.vpn_tunnel",
            "module.vpc.google_compute_shared_vpc_host_project.shared_vpc_host",
            "module.vpc.google_compute_shared_vpc_service_project.service_projects",
            "module.vpc.google_compute_subnetwork.proxy_only",
            "module.vpc.google_compute_subnetwork.psc",
            "module.vpc.google_compute_subnetwork.subnetwork",
            "module.vpc.google_compute_subnetwork_iam_binding.authoritative",
            "module.vpc.google_compute_subnetwork_iam_binding.bindings",
            "module.vpc.google_compute_subnetwork_iam_member.bindings",
            "module.vpc.google_dns_policy.default",
            "module.vpc.google_service_networking_connection.psa_connection",
            "module.vpc.google_service_networking_peered_dns_domain.name"
          ]
        }
      ]
    },
    {
      "module": "module.apigee-x-core.module.kms-inst-disk[\"cnx-portaldemo-europe-west1-1\"]",
      "mode": "managed",
      "type": "google_kms_key_ring",
      "name": "default",
      "provider": "provider[\"registry.terraform.io/hashicorp/google\"]",
      "instances": [
        {
          "index_key": 0,
          "schema_version": 0,
          "attributes": {
            "id": "projects/pep-gal-europe-west1-1/locations/europe-west1/keyRings/pep-gal-europe-west1-1-inst-cnx-portaldemo-europe-west1-1",
            "location": "europe-west1",
            "name": "pep-gal-europe-west1-1-inst-cnx-portaldemo-europe-west1-1",
            "project": "pep-gal-europe-west1-1",
            "timeouts": null
          },
          "sensitive_attributes": [],
          "identity_schema_version": 0,
          "private": "eyJlMmJmYjczMC1lY2FhLTExZTYtOGY4OC0zNDM2M2JjN2M0YzAiOnsiY3JlYXRlIjoxMjAwMDAwMDAwMDAwLCJkZWxldGUiOjEyMDAwMDAwMDAwMDB9fQ==",
          "dependencies": [
            "module.project.data.google_bigquery_default_service_account.bq_sa",
            "module.project.data.google_project.project",
            "module.project.data.google_storage_project_service_account.gcs_sa",
            "module.project.google_access_context_manager_service_perimeter_resource.bridge",
            "module.project.google_access_context_manager_service_perimeter_resource.standard",
            "module.project.google_bigquery_dataset_iam_member.bq-sinks-binding",
            "module.project.google_compute_project_metadata_item.default",
            "module.project.google_compute_shared_vpc_host_project.shared_vpc_host",
            "module.project.google_compute_shared_vpc_service_project.service_projects",
            "module.project.google_compute_shared_vpc_service_project.shared_vpc_service",
            "module.project.google_essential_contacts_contact.contact",
            "module.project.google_kms_crypto_key_iam_member.service_identity_cmek",
            "module.project.google_logging_project_exclusion.logging-exclusion",
            "module.project.google_logging_project_sink.sink",
            "module.project.google_monitoring_monitored_project.primary",
            "module.project.google_org_policy_policy.default",
            "module.project.google_project.project",
            "module.project.google_project_default_service_accounts.default_service_accounts",
            "module.project.google_project_iam_audit_config.default",
            "module.project.google_project_iam_binding.authoritative",
            "module.project.google_project_iam_binding.bindings",
            "module.project.google_project_iam_custom_role.roles",
            "module.project.google_project_iam_member.bindings",
            "module.project.google_project_iam_member.bucket-sinks-binding",
            "module.project.google_project_iam_member.servicenetworking",
            "module.project.google_project_iam_member.shared_vpc_host_robots",
            "module.project.google_project_service.project_services",
            "module.project.google_project_service_identity.jit_si",
            "module.project.google_project_service_identity.servicenetworking",
            "module.project.google_pubsub_topic_iam_member.pubsub-sinks-binding",
            "module.project.google_resource_manager_lien.lien",
            "module.project.google_storage_bucket_iam_member.gcs-sinks-binding",
            "module.project.google_tags_tag_binding.binding",
            "module.vpc.data.google_compute_network.network",
            "module.vpc.google_compute_global_address.psa_ranges",
            "module.vpc.google_compute_network.network",
            "module.vpc.google_compute_network_peering.local",
            "module.vpc.google_compute_network_peering.remote",
            "module.vpc.google_compute_network_peering_routes_config.psa_routes",
            "module.vpc.google_compute_route.gateway",
            "module.vpc.google_compute_route.ilb",
            "module.vpc.google_compute_route.instance",
            "module.vpc.google_compute_route.ip",
            "module.vpc.google_compute_route.vpn_tunnel",
            "module.vpc.google_compute_shared_vpc_host_project.shared_vpc_host",
            "module.vpc.google_compute_shared_vpc_service_project.service_projects",
            "module.vpc.google_compute_subnetwork.proxy_only",
            "module.vpc.google_compute_subnetwork.psc",
            "module.vpc.google_compute_subnetwork.subnetwork",
            "module.vpc.google_compute_subnetwork_iam_binding.authoritative",
            "module.vpc.google_compute_subnetwork_iam_binding.bindings",
            "module.vpc.google_compute_subnetwork_iam_member.bindings",
            "module.vpc.google_dns_policy.default",
            "module.vpc.google_service_networking_connection.psa_connection",
            "module.vpc.google_service_networking_peered_dns_domain.name"
          ]
        }
      ]
    },
    {
      "module": "module.apigee-x-core.module.kms-inst-disk[\"cnx-portaldemo-europe-west1-1\"]",
      "mode": "managed",
      "type": "google_kms_key_ring_iam_binding",
      "name": "authoritative",
      "provider": "provider[\"registry.terraform.io/hashicorp/google\"]",
      "instances": [
        {
          "index_key": "roles/cloudkms.cryptoKeyEncrypterDecrypter",
          "schema_version": 0,
          "attributes": {
            "condition": [],
            "etag": "BwZUHUUJhzs=",
            "id": "projects/pep-gal-europe-west1-1/locations/europe-west1/keyRings/pep-gal-europe-west1-1-inst-cnx-portaldemo-europe-west1-1/roles/cloudkms.cryptoKeyEncrypterDecrypter",
            "key_ring_id": "projects/pep-gal-europe-west1-1/locations/europe-west1/keyRings/pep-gal-europe-west1-1-inst-cnx-portaldemo-europe-west1-1",
            "members": [
              "serviceAccount:service-171828977257@gcp-sa-apigee.iam.gserviceaccount.com"
            ],
            "role": "roles/cloudkms.cryptoKeyEncrypterDecrypter"
          },
          "sensitive_attributes": [],
          "identity_schema_version": 0,
          "private": "bnVsbA==",
          "dependencies": [
            "module.apigee-x-core.google_project_service_identity.apigee_sa",
            "module.apigee-x-core.module.kms-inst-disk.data.google_kms_key_ring.default",
            "module.apigee-x-core.module.kms-inst-disk.google_kms_key_ring.default",
            "module.project.data.google_bigquery_default_service_account.bq_sa",
            "module.project.data.google_project.project",
            "module.project.data.google_storage_project_service_account.gcs_sa",
            "module.project.google_access_context_manager_service_perimeter_resource.bridge",
            "module.project.google_access_context_manager_service_perimeter_resource.standard",
            "module.project.google_bigquery_dataset_iam_member.bq-sinks-binding",
            "module.project.google_compute_project_metadata_item.default",
            "module.project.google_compute_shared_vpc_host_project.shared_vpc_host",
            "module.project.google_compute_shared_vpc_service_project.service_projects",
            "module.project.google_compute_shared_vpc_service_project.shared_vpc_service",
            "module.project.google_essential_contacts_contact.contact",
            "module.project.google_kms_crypto_key_iam_member.service_identity_cmek",
            "module.project.google_logging_project_exclusion.logging-exclusion",
            "module.project.google_logging_project_sink.sink",
            "module.project.google_monitoring_monitored_project.primary",
            "module.project.google_org_policy_policy.default",
            "module.project.google_project.project",
            "module.project.google_project_default_service_accounts.default_service_accounts",
            "module.project.google_project_iam_audit_config.default",
            "module.project.google_project_iam_binding.authoritative",
            "module.project.google_project_iam_binding.bindings",
            "module.project.google_project_iam_custom_role.roles",
            "module.project.google_project_iam_member.bindings",
            "module.project.google_project_iam_member.bucket-sinks-binding",
            "module.project.google_project_iam_member.servicenetworking",
            "module.project.google_project_iam_member.shared_vpc_host_robots",
            "module.project.google_project_service.project_services",
            "module.project.google_project_service_identity.jit_si",
            "module.project.google_project_service_identity.servicenetworking",
            "module.project.google_pubsub_topic_iam_member.pubsub-sinks-binding",
            "module.project.google_resource_manager_lien.lien",
            "module.project.google_storage_bucket_iam_member.gcs-sinks-binding",
            "module.project.google_tags_tag_binding.binding",
            "module.vpc.data.google_compute_network.network",
            "module.vpc.google_compute_global_address.psa_ranges",
            "module.vpc.google_compute_network.network",
            "module.vpc.google_compute_network_peering.local",
            "module.vpc.google_compute_network_peering.remote",
            "module.vpc.google_compute_network_peering_routes_config.psa_routes",
            "module.vpc.google_compute_route.gateway",
            "module.vpc.google_compute_route.ilb",
            "module.vpc.google_compute_route.instance",
            "module.vpc.google_compute_route.ip",
            "module.vpc.google_compute_route.vpn_tunnel",
            "module.vpc.google_compute_shared_vpc_host_project.shared_vpc_host",
            "module.vpc.google_compute_shared_vpc_service_project.service_projects",
            "module.vpc.google_compute_subnetwork.proxy_only",
            "module.vpc.google_compute_subnetwork.psc",
            "module.vpc.google_compute_subnetwork.subnetwork",
            "module.vpc.google_compute_subnetwork_iam_binding.authoritative",
            "module.vpc.google_compute_subnetwork_iam_binding.bindings",
            "module.vpc.google_compute_subnetwork_iam_member.bindings",
            "module.vpc.google_dns_policy.default",
            "module.vpc.google_service_networking_connection.psa_connection",
            "module.vpc.google_service_networking_peered_dns_domain.name"
          ]
        }
      ]
    },
    {
      "module": "module.apigee-x-core.module.kms-org-db",
      "mode": "managed",
      "type": "google_kms_crypto_key",
      "name": "default",
      "provider": "provider[\"registry.terraform.io/hashicorp/google\"]",
      "instances": [
        {
          "index_key": "org-db",
          "schema_version": 1,
          "attributes": {
            "crypto_key_backend": "",
            "destroy_scheduled_duration": "2592000s",
            "effective_labels": {},
            "id": "projects/pep-gal-europe-west1-1/locations/europe-west1/keyRings/pep-gal-europe-west1-1-org-analytics-db/cryptoKeys/org-db",
            "import_only": false,
            "key_ring": "projects/pep-gal-europe-west1-1/locations/europe-west1/keyRings/pep-gal-europe-west1-1-org-analytics-db",
            "labels": {},
            "name": "org-db",
            "primary": [
              {
                "name": "projects/pep-gal-europe-west1-1/locations/europe-west1/keyRings/pep-gal-europe-west1-1-org-analytics-db/cryptoKeys/org-db/cryptoKeyVersions/1",
                "state": "ENABLED"
              }
            ],
            "purpose": "ENCRYPT_DECRYPT",
            "rotation_period": "2592000s",
            "skip_initial_version_creation": false,
            "terraform_labels": {},
            "timeouts": null,
            "version_template": [
              {
                "algorithm": "GOOGLE_SYMMETRIC_ENCRYPTION",
                "protection_level": "SOFTWARE"
              }
            ]
          },
          "sensitive_attributes": [],
          "identity_schema_version": 0,
          "private": "eyJlMmJmYjczMC1lY2FhLTExZTYtOGY4OC0zNDM2M2JjN2M0YzAiOnsiY3JlYXRlIjoxMjAwMDAwMDAwMDAwLCJkZWxldGUiOjEyMDAwMDAwMDAwMDAsInVwZGF0ZSI6MTIwMDAwMDAwMDAwMH0sInNjaGVtYV92ZXJzaW9uIjoiMSJ9",
          "dependencies": [
            "module.apigee-x-core.module.kms-org-db.data.google_kms_key_ring.default",
            "module.apigee-x-core.module.kms-org-db.google_kms_key_ring.default",
            "module.project.data.google_bigquery_default_service_account.bq_sa",
            "module.project.data.google_project.project",
            "module.project.data.google_storage_project_service_account.gcs_sa",
            "module.project.google_access_context_manager_service_perimeter_resource.bridge",
            "module.project.google_access_context_manager_service_perimeter_resource.standard",
            "module.project.google_bigquery_dataset_iam_member.bq-sinks-binding",
            "module.project.google_compute_project_metadata_item.default",
            "module.project.google_compute_shared_vpc_host_project.shared_vpc_host",
            "module.project.google_compute_shared_vpc_service_project.service_projects",
            "module.project.google_compute_shared_vpc_service_project.shared_vpc_service",
            "module.project.google_essential_contacts_contact.contact",
            "module.project.google_kms_crypto_key_iam_member.service_identity_cmek",
            "module.project.google_logging_project_exclusion.logging-exclusion",
            "module.project.google_logging_project_sink.sink",
            "module.project.google_monitoring_monitored_project.primary",
            "module.project.google_org_policy_policy.default",
            "module.project.google_project.project",
            "module.project.google_project_default_service_accounts.default_service_accounts",
            "module.project.google_project_iam_audit_config.default",
            "module.project.google_project_iam_binding.authoritative",
            "module.project.google_project_iam_binding.bindings",
            "module.project.google_project_iam_custom_role.roles",
            "module.project.google_project_iam_member.bindings",
            "module.project.google_project_iam_member.bucket-sinks-binding",
            "module.project.google_project_iam_member.servicenetworking",
            "module.project.google_project_iam_member.shared_vpc_host_robots",
            "module.project.google_project_service.project_services",
            "module.project.google_project_service_identity.jit_si",
            "module.project.google_project_service_identity.servicenetworking",
            "module.project.google_pubsub_topic_iam_member.pubsub-sinks-binding",
            "module.project.google_resource_manager_lien.lien",
            "module.project.google_storage_bucket_iam_member.gcs-sinks-binding",
            "module.project.google_tags_tag_binding.binding",
            "module.vpc.data.google_compute_network.network",
            "module.vpc.google_compute_global_address.psa_ranges",
            "module.vpc.google_compute_network.network",
            "module.vpc.google_compute_network_peering.local",
            "module.vpc.google_compute_network_peering.remote",
            "module.vpc.google_compute_network_peering_routes_config.psa_routes",
            "module.vpc.google_compute_route.gateway",
            "module.vpc.google_compute_route.ilb",
            "module.vpc.google_compute_route.instance",
            "module.vpc.google_compute_route.ip",
            "module.vpc.google_compute_route.vpn_tunnel",
            "module.vpc.google_compute_shared_vpc_host_project.shared_vpc_host",
            "module.vpc.google_compute_shared_vpc_service_project.service_projects",
            "module.vpc.google_compute_subnetwork.proxy_only",
            "module.vpc.google_compute_subnetwork.psc",
            "module.vpc.google_compute_subnetwork.subnetwork",
            "module.vpc.google_compute_subnetwork_iam_binding.authoritative",
            "module.vpc.google_compute_subnetwork_iam_binding.bindings",
            "module.vpc.google_compute_subnetwork_iam_member.bindings",
            "module.vpc.google_dns_policy.default",
            "module.vpc.google_service_networking_connection.psa_connection",
            "module.vpc.google_service_networking_peered_dns_domain.name"
          ]
        }
      ]
    },
    {
      "module": "module.apigee-x-core.module.kms-org-db",
      "mode": "managed",
      "type": "google_kms_key_ring",
      "name": "default",
      "provider": "provider[\"registry.terraform.io/hashicorp/google\"]",
      "instances": [
        {
          "index_key": 0,
          "schema_version": 0,
          "attributes": {
            "id": "projects/pep-gal-europe-west1-1/locations/europe-west1/keyRings/pep-gal-europe-west1-1-org-analytics-db",
            "location": "europe-west1",
            "name": "pep-gal-europe-west1-1-org-analytics-db",
            "project": "pep-gal-europe-west1-1",
            "timeouts": null
          },
          "sensitive_attributes": [],
          "identity_schema_version": 0,
          "private": "eyJlMmJmYjczMC1lY2FhLTExZTYtOGY4OC0zNDM2M2JjN2M0YzAiOnsiY3JlYXRlIjoxMjAwMDAwMDAwMDAwLCJkZWxldGUiOjEyMDAwMDAwMDAwMDB9fQ==",
          "dependencies": [
            "module.project.data.google_bigquery_default_service_account.bq_sa",
            "module.project.data.google_project.project",
            "module.project.data.google_storage_project_service_account.gcs_sa",
            "module.project.google_access_context_manager_service_perimeter_resource.bridge",
            "module.project.google_access_context_manager_service_perimeter_resource.standard",
            "module.project.google_bigquery_dataset_iam_member.bq-sinks-binding",
            "module.project.google_compute_project_metadata_item.default",
            "module.project.google_compute_shared_vpc_host_project.shared_vpc_host",
            "module.project.google_compute_shared_vpc_service_project.service_projects",
            "module.project.google_compute_shared_vpc_service_project.shared_vpc_service",
            "module.project.google_essential_contacts_contact.contact",
            "module.project.google_kms_crypto_key_iam_member.service_identity_cmek",
            "module.project.google_logging_project_exclusion.logging-exclusion",
            "module.project.google_logging_project_sink.sink",
            "module.project.google_monitoring_monitored_project.primary",
            "module.project.google_org_policy_policy.default",
            "module.project.google_project.project",
            "module.project.google_project_default_service_accounts.default_service_accounts",
            "module.project.google_project_iam_audit_config.default",
            "module.project.google_project_iam_binding.authoritative",
            "module.project.google_project_iam_binding.bindings",
            "module.project.google_project_iam_custom_role.roles",
            "module.project.google_project_iam_member.bindings",
            "module.project.google_project_iam_member.bucket-sinks-binding",
            "module.project.google_project_iam_member.servicenetworking",
            "module.project.google_project_iam_member.shared_vpc_host_robots",
            "module.project.google_project_service.project_services",
            "module.project.google_project_service_identity.jit_si",
            "module.project.google_project_service_identity.servicenetworking",
            "module.project.google_pubsub_topic_iam_member.pubsub-sinks-binding",
            "module.project.google_resource_manager_lien.lien",
            "module.project.google_storage_bucket_iam_member.gcs-sinks-binding",
            "module.project.google_tags_tag_binding.binding",
            "module.vpc.data.google_compute_network.network",
            "module.vpc.google_compute_global_address.psa_ranges",
            "module.vpc.google_compute_network.network",
            "module.vpc.google_compute_network_peering.local",
            "module.vpc.google_compute_network_peering.remote",
            "module.vpc.google_compute_network_peering_routes_config.psa_routes",
            "module.vpc.google_compute_route.gateway",
            "module.vpc.google_compute_route.ilb",
            "module.vpc.google_compute_route.instance",
            "module.vpc.google_compute_route.ip",
            "module.vpc.google_compute_route.vpn_tunnel",
            "module.vpc.google_compute_shared_vpc_host_project.shared_vpc_host",
            "module.vpc.google_compute_shared_vpc_service_project.service_projects",
            "module.vpc.google_compute_subnetwork.proxy_only",
            "module.vpc.google_compute_subnetwork.psc",
            "module.vpc.google_compute_subnetwork.subnetwork",
            "module.vpc.google_compute_subnetwork_iam_binding.authoritative",
            "module.vpc.google_compute_subnetwork_iam_binding.bindings",
            "module.vpc.google_compute_subnetwork_iam_member.bindings",
            "module.vpc.google_dns_policy.default",
            "module.vpc.google_service_networking_connection.psa_connection",
            "module.vpc.google_service_networking_peered_dns_domain.name"
          ]
        }
      ]
    },
    {
      "module": "module.apigee-x-core.module.kms-org-db",
      "mode": "managed",
      "type": "google_kms_key_ring_iam_binding",
      "name": "authoritative",
      "provider": "provider[\"registry.terraform.io/hashicorp/google\"]",
      "instances": [
        {
          "index_key": "roles/cloudkms.cryptoKeyEncrypterDecrypter",
          "schema_version": 0,
          "attributes": {
            "condition": [],
            "etag": "BwZUHUTtOKM=",
            "id": "projects/pep-gal-europe-west1-1/locations/europe-west1/keyRings/pep-gal-europe-west1-1-org-analytics-db/roles/cloudkms.cryptoKeyEncrypterDecrypter",
            "key_ring_id": "projects/pep-gal-europe-west1-1/locations/europe-west1/keyRings/pep-gal-europe-west1-1-org-analytics-db",
            "members": [
              "serviceAccount:service-171828977257@gcp-sa-apigee.iam.gserviceaccount.com"
            ],
            "role": "roles/cloudkms.cryptoKeyEncrypterDecrypter"
          },
          "sensitive_attributes": [],
          "identity_schema_version": 0,
          "private": "bnVsbA==",
          "dependencies": [
            "module.apigee-x-core.google_project_service_identity.apigee_sa",
            "module.apigee-x-core.module.kms-org-db.data.google_kms_key_ring.default",
            "module.apigee-x-core.module.kms-org-db.google_kms_key_ring.default",
            "module.project.data.google_bigquery_default_service_account.bq_sa",
            "module.project.data.google_project.project",
            "module.project.data.google_storage_project_service_account.gcs_sa",
            "module.project.google_access_context_manager_service_perimeter_resource.bridge",
            "module.project.google_access_context_manager_service_perimeter_resource.standard",
            "module.project.google_bigquery_dataset_iam_member.bq-sinks-binding",
            "module.project.google_compute_project_metadata_item.default",
            "module.project.google_compute_shared_vpc_host_project.shared_vpc_host",
            "module.project.google_compute_shared_vpc_service_project.service_projects",
            "module.project.google_compute_shared_vpc_service_project.shared_vpc_service",
            "module.project.google_essential_contacts_contact.contact",
            "module.project.google_kms_crypto_key_iam_member.service_identity_cmek",
            "module.project.google_logging_project_exclusion.logging-exclusion",
            "module.project.google_logging_project_sink.sink",
            "module.project.google_monitoring_monitored_project.primary",
            "module.project.google_org_policy_policy.default",
            "module.project.google_project.project",
            "module.project.google_project_default_service_accounts.default_service_accounts",
            "module.project.google_project_iam_audit_config.default",
            "module.project.google_project_iam_binding.authoritative",
            "module.project.google_project_iam_binding.bindings",
            "module.project.google_project_iam_custom_role.roles",
            "module.project.google_project_iam_member.bindings",
            "module.project.google_project_iam_member.bucket-sinks-binding",
            "module.project.google_project_iam_member.servicenetworking",
            "module.project.google_project_iam_member.shared_vpc_host_robots",
            "module.project.google_project_service.project_services",
            "module.project.google_project_service_identity.jit_si",
            "module.project.google_project_service_identity.servicenetworking",
            "module.project.google_pubsub_topic_iam_member.pubsub-sinks-binding",
            "module.project.google_resource_manager_lien.lien",
            "module.project.google_storage_bucket_iam_member.gcs-sinks-binding",
            "module.project.google_tags_tag_binding.binding",
            "module.vpc.data.google_compute_network.network",
            "module.vpc.google_compute_global_address.psa_ranges",
            "module.vpc.google_compute_network.network",
            "module.vpc.google_compute_network_peering.local",
            "module.vpc.google_compute_network_peering.remote",
            "module.vpc.google_compute_network_peering_routes_config.psa_routes",
            "module.vpc.google_compute_route.gateway",
            "module.vpc.google_compute_route.ilb",
            "module.vpc.google_compute_route.instance",
            "module.vpc.google_compute_route.ip",
            "module.vpc.google_compute_route.vpn_tunnel",
            "module.vpc.google_compute_shared_vpc_host_project.shared_vpc_host",
            "module.vpc.google_compute_shared_vpc_service_project.service_projects",
            "module.vpc.google_compute_subnetwork.proxy_only",
            "module.vpc.google_compute_subnetwork.psc",
            "module.vpc.google_compute_subnetwork.subnetwork",
            "module.vpc.google_compute_subnetwork_iam_binding.authoritative",
            "module.vpc.google_compute_subnetwork_iam_binding.bindings",
            "module.vpc.google_compute_subnetwork_iam_member.bindings",
            "module.vpc.google_dns_policy.default",
            "module.vpc.google_service_networking_connection.psa_connection",
            "module.vpc.google_service_networking_peered_dns_domain.name"
          ]
        }
      ]
    },
    {
      "module": "module.project",
      "mode": "data",
      "type": "google_project",
      "name": "project",
      "provider": "provider[\"registry.terraform.io/hashicorp/google\"]",
      "instances": [
        {
          "index_key": 0,
          "schema_version": 0,
          "attributes": {
            "auto_create_network": null,
            "billing_account": "015849-2ADC44-D6A811",
            "deletion_policy": "DELETE",
            "effective_labels": {},
            "folder_id": null,
            "id": "projects/pep-gal-europe-west1-1",
            "labels": {},
            "name": "pep-gal-europe-west1-1",
            "number": "171828977257",
            "org_id": null,
            "project_id": "pep-gal-europe-west1-1",
            "skip_delete": null,
            "terraform_labels": {}
          },
          "sensitive_attributes": [],
          "identity_schema_version": 0
        }
      ]
    },
    {
      "module": "module.project",
      "mode": "managed",
      "type": "google_project_iam_member",
      "name": "servicenetworking",
      "provider": "provider[\"registry.terraform.io/hashicorp/google\"]",
      "instances": [
        {
          "index_key": 0,
          "schema_version": 0,
          "attributes": {
            "condition": [],
            "etag": "BwZUHUqtmOI=",
            "id": "pep-gal-europe-west1-1/roles/servicenetworking.serviceAgent/serviceAccount:service-171828977257@service-networking.iam.gserviceaccount.com",
            "member": "serviceAccount:service-171828977257@service-networking.iam.gserviceaccount.com",
            "project": "pep-gal-europe-west1-1",
            "role": "roles/servicenetworking.serviceAgent"
          },
          "sensitive_attributes": [],
          "identity_schema_version": 0,
          "private": "bnVsbA==",
          "dependencies": [
            "module.project.data.google_project.project",
            "module.project.google_project.project",
            "module.project.google_project_service.project_services",
            "module.project.google_project_service_identity.servicenetworking"
          ]
        }
      ]
    },
    {
      "module": "module.project",
      "mode": "managed",
      "type": "google_project_service",
      "name": "project_services",
      "provider": "provider[\"registry.terraform.io/hashicorp/google\"]",
      "instances": [
        {
          "index_key": "apigee.googleapis.com",
          "schema_version": 0,
          "attributes": {
            "disable_dependent_services": false,
            "disable_on_destroy": false,
            "id": "pep-gal-europe-west1-1/apigee.googleapis.com",
            "project": "pep-gal-europe-west1-1",
            "service": "apigee.googleapis.com",
            "timeouts": null
          },
          "sensitive_attributes": [],
          "identity_schema_version": 0,
          "private": "eyJlMmJmYjczMC1lY2FhLTExZTYtOGY4OC0zNDM2M2JjN2M0YzAiOnsiY3JlYXRlIjoxMjAwMDAwMDAwMDAwLCJkZWxldGUiOjEyMDAwMDAwMDAwMDAsInJlYWQiOjYwMDAwMDAwMDAwMCwidXBkYXRlIjoxMjAwMDAwMDAwMDAwfX0=",
          "dependencies": [
            "module.project.data.google_project.project",
            "module.project.google_project.project"
          ]
        },
        {
          "index_key": "cloudkms.googleapis.com",
          "schema_version": 0,
          "attributes": {
            "disable_dependent_services": false,
            "disable_on_destroy": false,
            "id": "pep-gal-europe-west1-1/cloudkms.googleapis.com",
            "project": "pep-gal-europe-west1-1",
            "service": "cloudkms.googleapis.com",
            "timeouts": null
          },
          "sensitive_attributes": [],
          "identity_schema_version": 0,
          "private": "eyJlMmJmYjczMC1lY2FhLTExZTYtOGY4OC0zNDM2M2JjN2M0YzAiOnsiY3JlYXRlIjoxMjAwMDAwMDAwMDAwLCJkZWxldGUiOjEyMDAwMDAwMDAwMDAsInJlYWQiOjYwMDAwMDAwMDAwMCwidXBkYXRlIjoxMjAwMDAwMDAwMDAwfX0=",
          "dependencies": [
            "module.project.data.google_project.project",
            "module.project.google_project.project"
          ]
        },
        {
          "index_key": "compute.googleapis.com",
          "schema_version": 0,
          "attributes": {
            "disable_dependent_services": false,
            "disable_on_destroy": false,
            "id": "pep-gal-europe-west1-1/compute.googleapis.com",
            "project": "pep-gal-europe-west1-1",
            "service": "compute.googleapis.com",
            "timeouts": null
          },
          "sensitive_attributes": [],
          "identity_schema_version": 0,
          "private": "eyJlMmJmYjczMC1lY2FhLTExZTYtOGY4OC0zNDM2M2JjN2M0YzAiOnsiY3JlYXRlIjoxMjAwMDAwMDAwMDAwLCJkZWxldGUiOjEyMDAwMDAwMDAwMDAsInJlYWQiOjYwMDAwMDAwMDAwMCwidXBkYXRlIjoxMjAwMDAwMDAwMDAwfX0=",
          "dependencies": [
            "module.project.data.google_project.project",
            "module.project.google_project.project"
          ]
        },
        {
          "index_key": "servicenetworking.googleapis.com",
          "schema_version": 0,
          "attributes": {
            "disable_dependent_services": false,
            "disable_on_destroy": false,
            "id": "pep-gal-europe-west1-1/servicenetworking.googleapis.com",
            "project": "pep-gal-europe-west1-1",
            "service": "servicenetworking.googleapis.com",
            "timeouts": null
          },
          "sensitive_attributes": [],
          "identity_schema_version": 0,
          "private": "eyJlMmJmYjczMC1lY2FhLTExZTYtOGY4OC0zNDM2M2JjN2M0YzAiOnsiY3JlYXRlIjoxMjAwMDAwMDAwMDAwLCJkZWxldGUiOjEyMDAwMDAwMDAwMDAsInJlYWQiOjYwMDAwMDAwMDAwMCwidXBkYXRlIjoxMjAwMDAwMDAwMDAwfX0=",
          "dependencies": [
            "module.project.data.google_project.project",
            "module.project.google_project.project"
          ]
        }
      ]
    },
    {
      "module": "module.project",
      "mode": "managed",
      "type": "google_project_service_identity",
      "name": "jit_si",
      "provider": "provider[\"registry.terraform.io/hashicorp/google-beta\"]",
      "instances": [
        {
          "index_key": "apigee.googleapis.com",
          "schema_version": 0,
          "attributes": {
            "email": "service-171828977257@gcp-sa-apigee.iam.gserviceaccount.com",
            "id": "projects/pep-gal-europe-west1-1/services/apigee.googleapis.com",
            "member": "serviceAccount:service-171828977257@gcp-sa-apigee.iam.gserviceaccount.com",
            "project": "pep-gal-europe-west1-1",
            "service": "apigee.googleapis.com",
            "timeouts": null
          },
          "sensitive_attributes": [],
          "identity_schema_version": 0,
          "private": "eyJlMmJmYjczMC1lY2FhLTExZTYtOGY4OC0zNDM2M2JjN2M0YzAiOnsiY3JlYXRlIjoxMjAwMDAwMDAwMDAwLCJkZWxldGUiOjEyMDAwMDAwMDAwMDAsInJlYWQiOjYwMDAwMDAwMDAwMH19",
          "dependencies": [
            "module.project.data.google_project.project",
            "module.project.google_project.project",
            "module.project.google_project_service.project_services"
          ]
        }
      ]
    },
    {
      "module": "module.project",
      "mode": "managed",
      "type": "google_project_service_identity",
      "name": "servicenetworking",
      "provider": "provider[\"registry.terraform.io/hashicorp/google-beta\"]",
      "instances": [
        {
          "index_key": 0,
          "schema_version": 0,
          "attributes": {
            "email": "service-171828977257@service-networking.iam.gserviceaccount.com",
            "id": "projects/pep-gal-europe-west1-1/services/servicenetworking.googleapis.com",
            "member": "serviceAccount:service-171828977257@service-networking.iam.gserviceaccount.com",
            "project": "pep-gal-europe-west1-1",
            "service": "servicenetworking.googleapis.com",
            "timeouts": null
          },
          "sensitive_attributes": [],
          "identity_schema_version": 0,
          "private": "eyJlMmJmYjczMC1lY2FhLTExZTYtOGY4OC0zNDM2M2JjN2M0YzAiOnsiY3JlYXRlIjoxMjAwMDAwMDAwMDAwLCJkZWxldGUiOjEyMDAwMDAwMDAwMDAsInJlYWQiOjYwMDAwMDAwMDAwMH19",
          "dependencies": [
            "module.project.data.google_project.project",
            "module.project.google_project.project",
            "module.project.google_project_service.project_services"
          ]
        }
      ]
    },
    {
      "module": "module.vpc",
      "mode": "managed",
      "type": "google_compute_global_address",
      "name": "psa_ranges",
      "provider": "provider[\"registry.terraform.io/hashicorp/google\"]",
      "instances": [
        {
          "index_key": "apigee-range",
          "schema_version": 0,
          "attributes": {
            "address": "10.253.4.0",
            "address_type": "INTERNAL",
            "creation_timestamp": "2026-06-13T00:07:49.904-07:00",
            "description": "",
            "effective_labels": {},
            "id": "projects/pep-gal-europe-west1-1/global/addresses/apigee-range",
            "ip_version": "",
            "label_fingerprint": "42WmSpB8rSM=",
            "labels": {},
            "name": "apigee-range",
            "network": "https://www.googleapis.com/compute/v1/projects/pep-gal-europe-west1-1/global/networks/pep-gal-europe-west1-1-network",
            "prefix_length": 22,
            "project": "pep-gal-europe-west1-1",
            "purpose": "VPC_PEERING",
            "self_link": "https://www.googleapis.com/compute/v1/projects/pep-gal-europe-west1-1/global/addresses/apigee-range",
            "terraform_labels": {},
            "timeouts": null
          },
          "sensitive_attributes": [],
          "identity_schema_version": 0,
          "private": "eyJlMmJmYjczMC1lY2FhLTExZTYtOGY4OC0zNDM2M2JjN2M0YzAiOnsiY3JlYXRlIjoxMjAwMDAwMDAwMDAwLCJkZWxldGUiOjEyMDAwMDAwMDAwMDAsInVwZGF0ZSI6MTIwMDAwMDAwMDAwMH19",
          "dependencies": [
            "module.project.data.google_bigquery_default_service_account.bq_sa",
            "module.project.data.google_project.project",
            "module.project.data.google_storage_project_service_account.gcs_sa",
            "module.project.google_access_context_manager_service_perimeter_resource.bridge",
            "module.project.google_access_context_manager_service_perimeter_resource.standard",
            "module.project.google_bigquery_dataset_iam_member.bq-sinks-binding",
            "module.project.google_compute_project_metadata_item.default",
            "module.project.google_compute_shared_vpc_host_project.shared_vpc_host",
            "module.project.google_compute_shared_vpc_service_project.service_projects",
            "module.project.google_compute_shared_vpc_service_project.shared_vpc_service",
            "module.project.google_essential_contacts_contact.contact",
            "module.project.google_kms_crypto_key_iam_member.service_identity_cmek",
            "module.project.google_logging_project_exclusion.logging-exclusion",
            "module.project.google_logging_project_sink.sink",
            "module.project.google_monitoring_monitored_project.primary",
            "module.project.google_org_policy_policy.default",
            "module.project.google_project.project",
            "module.project.google_project_default_service_accounts.default_service_accounts",
            "module.project.google_project_iam_audit_config.default",
            "module.project.google_project_iam_binding.authoritative",
            "module.project.google_project_iam_binding.bindings",
            "module.project.google_project_iam_custom_role.roles",
            "module.project.google_project_iam_member.bindings",
            "module.project.google_project_iam_member.bucket-sinks-binding",
            "module.project.google_project_iam_member.servicenetworking",
            "module.project.google_project_iam_member.shared_vpc_host_robots",
            "module.project.google_project_service.project_services",
            "module.project.google_project_service_identity.jit_si",
            "module.project.google_project_service_identity.servicenetworking",
            "module.project.google_pubsub_topic_iam_member.pubsub-sinks-binding",
            "module.project.google_resource_manager_lien.lien",
            "module.project.google_storage_bucket_iam_member.gcs-sinks-binding",
            "module.project.google_tags_tag_binding.binding",
            "module.vpc.data.google_compute_network.network",
            "module.vpc.google_compute_network.network"
          ]
        },
        {
          "index_key": "apigee-support-range",
          "schema_version": 0,
          "attributes": {
            "address": "10.253.1.0",
            "address_type": "INTERNAL",
            "creation_timestamp": "2026-06-13T00:07:50.932-07:00",
            "description": "",
            "effective_labels": {},
            "id": "projects/pep-gal-europe-west1-1/global/addresses/apigee-support-range",
            "ip_version": "",
            "label_fingerprint": "42WmSpB8rSM=",
            "labels": {},
            "name": "apigee-support-range",
            "network": "https://www.googleapis.com/compute/v1/projects/pep-gal-europe-west1-1/global/networks/pep-gal-europe-west1-1-network",
            "prefix_length": 28,
            "project": "pep-gal-europe-west1-1",
            "purpose": "VPC_PEERING",
            "self_link": "https://www.googleapis.com/compute/v1/projects/pep-gal-europe-west1-1/global/addresses/apigee-support-range",
            "terraform_labels": {},
            "timeouts": null
          },
          "sensitive_attributes": [],
          "identity_schema_version": 0,
          "private": "eyJlMmJmYjczMC1lY2FhLTExZTYtOGY4OC0zNDM2M2JjN2M0YzAiOnsiY3JlYXRlIjoxMjAwMDAwMDAwMDAwLCJkZWxldGUiOjEyMDAwMDAwMDAwMDAsInVwZGF0ZSI6MTIwMDAwMDAwMDAwMH19",
          "dependencies": [
            "module.project.data.google_bigquery_default_service_account.bq_sa",
            "module.project.data.google_project.project",
            "module.project.data.google_storage_project_service_account.gcs_sa",
            "module.project.google_access_context_manager_service_perimeter_resource.bridge",
            "module.project.google_access_context_manager_service_perimeter_resource.standard",
            "module.project.google_bigquery_dataset_iam_member.bq-sinks-binding",
            "module.project.google_compute_project_metadata_item.default",
            "module.project.google_compute_shared_vpc_host_project.shared_vpc_host",
            "module.project.google_compute_shared_vpc_service_project.service_projects",
            "module.project.google_compute_shared_vpc_service_project.shared_vpc_service",
            "module.project.google_essential_contacts_contact.contact",
            "module.project.google_kms_crypto_key_iam_member.service_identity_cmek",
            "module.project.google_logging_project_exclusion.logging-exclusion",
            "module.project.google_logging_project_sink.sink",
            "module.project.google_monitoring_monitored_project.primary",
            "module.project.google_org_policy_policy.default",
            "module.project.google_project.project",
            "module.project.google_project_default_service_accounts.default_service_accounts",
            "module.project.google_project_iam_audit_config.default",
            "module.project.google_project_iam_binding.authoritative",
            "module.project.google_project_iam_binding.bindings",
            "module.project.google_project_iam_custom_role.roles",
            "module.project.google_project_iam_member.bindings",
            "module.project.google_project_iam_member.bucket-sinks-binding",
            "module.project.google_project_iam_member.servicenetworking",
            "module.project.google_project_iam_member.shared_vpc_host_robots",
            "module.project.google_project_service.project_services",
            "module.project.google_project_service_identity.jit_si",
            "module.project.google_project_service_identity.servicenetworking",
            "module.project.google_pubsub_topic_iam_member.pubsub-sinks-binding",
            "module.project.google_resource_manager_lien.lien",
            "module.project.google_storage_bucket_iam_member.gcs-sinks-binding",
            "module.project.google_tags_tag_binding.binding",
            "module.vpc.data.google_compute_network.network",
            "module.vpc.google_compute_network.network"
          ]
        }
      ]
    },
    {
      "module": "module.vpc",
      "mode": "managed",
      "type": "google_compute_network",
      "name": "network",
      "provider": "provider[\"registry.terraform.io/hashicorp/google\"]",
      "instances": [
        {
          "index_key": 0,
          "schema_version": 0,
          "attributes": {
            "auto_create_subnetworks": false,
            "delete_default_routes_on_create": false,
            "description": "Terraform-managed.",
            "enable_ula_internal_ipv6": false,
            "gateway_ipv4": "",
            "id": "projects/pep-gal-europe-west1-1/global/networks/pep-gal-europe-west1-1-network",
            "internal_ipv6_range": "",
            "mtu": 0,
            "name": "pep-gal-europe-west1-1-network",
            "network_firewall_policy_enforcement_order": "AFTER_CLASSIC_FIREWALL",
            "numeric_id": "2113482954746412886",
            "project": "pep-gal-europe-west1-1",
            "routing_mode": "GLOBAL",
            "self_link": "https://www.googleapis.com/compute/v1/projects/pep-gal-europe-west1-1/global/networks/pep-gal-europe-west1-1-network",
            "timeouts": null
          },
          "sensitive_attributes": [],
          "identity_schema_version": 0,
          "private": "eyJlMmJmYjczMC1lY2FhLTExZTYtOGY4OC0zNDM2M2JjN2M0YzAiOnsiY3JlYXRlIjoxMjAwMDAwMDAwMDAwLCJkZWxldGUiOjEyMDAwMDAwMDAwMDAsInVwZGF0ZSI6MTIwMDAwMDAwMDAwMH19",
          "dependencies": [
            "module.project.data.google_bigquery_default_service_account.bq_sa",
            "module.project.data.google_project.project",
            "module.project.data.google_storage_project_service_account.gcs_sa",
            "module.project.google_access_context_manager_service_perimeter_resource.bridge",
            "module.project.google_access_context_manager_service_perimeter_resource.standard",
            "module.project.google_bigquery_dataset_iam_member.bq-sinks-binding",
            "module.project.google_compute_project_metadata_item.default",
            "module.project.google_compute_shared_vpc_host_project.shared_vpc_host",
            "module.project.google_compute_shared_vpc_service_project.service_projects",
            "module.project.google_compute_shared_vpc_service_project.shared_vpc_service",
            "module.project.google_essential_contacts_contact.contact",
            "module.project.google_kms_crypto_key_iam_member.service_identity_cmek",
            "module.project.google_logging_project_exclusion.logging-exclusion",
            "module.project.google_logging_project_sink.sink",
            "module.project.google_monitoring_monitored_project.primary",
            "module.project.google_org_policy_policy.default",
            "module.project.google_project.project",
            "module.project.google_project_default_service_accounts.default_service_accounts",
            "module.project.google_project_iam_audit_config.default",
            "module.project.google_project_iam_binding.authoritative",
            "module.project.google_project_iam_binding.bindings",
            "module.project.google_project_iam_custom_role.roles",
            "module.project.google_project_iam_member.bindings",
            "module.project.google_project_iam_member.bucket-sinks-binding",
            "module.project.google_project_iam_member.servicenetworking",
            "module.project.google_project_iam_member.shared_vpc_host_robots",
            "module.project.google_project_service.project_services",
            "module.project.google_project_service_identity.jit_si",
            "module.project.google_project_service_identity.servicenetworking",
            "module.project.google_pubsub_topic_iam_member.pubsub-sinks-binding",
            "module.project.google_resource_manager_lien.lien",
            "module.project.google_storage_bucket_iam_member.gcs-sinks-binding",
            "module.project.google_tags_tag_binding.binding"
          ]
        }
      ]
    },
    {
      "module": "module.vpc",
      "mode": "managed",
      "type": "google_compute_network_peering_routes_config",
      "name": "psa_routes",
      "provider": "provider[\"registry.terraform.io/hashicorp/google\"]",
      "instances": [
        {
          "index_key": 0,
          "schema_version": 0,
          "attributes": {
            "export_custom_routes": true,
            "id": "projects/pep-gal-europe-west1-1/global/networks/pep-gal-europe-west1-1-network/networkPeerings/servicenetworking-googleapis-com",
            "import_custom_routes": false,
            "network": "pep-gal-europe-west1-1-network",
            "peering": "servicenetworking-googleapis-com",
            "project": "pep-gal-europe-west1-1",
            "timeouts": null
          },
          "sensitive_attributes": [],
          "identity_schema_version": 0,
          "private": "eyJlMmJmYjczMC1lY2FhLTExZTYtOGY4OC0zNDM2M2JjN2M0YzAiOnsiY3JlYXRlIjoxMjAwMDAwMDAwMDAwLCJkZWxldGUiOjEyMDAwMDAwMDAwMDAsInVwZGF0ZSI6MTIwMDAwMDAwMDAwMH19",
          "dependencies": [
            "module.project.data.google_bigquery_default_service_account.bq_sa",
            "module.project.data.google_project.project",
            "module.project.data.google_storage_project_service_account.gcs_sa",
            "module.project.google_access_context_manager_service_perimeter_resource.bridge",
            "module.project.google_access_context_manager_service_perimeter_resource.standard",
            "module.project.google_bigquery_dataset_iam_member.bq-sinks-binding",
            "module.project.google_compute_project_metadata_item.default",
            "module.project.google_compute_shared_vpc_host_project.shared_vpc_host",
            "module.project.google_compute_shared_vpc_service_project.service_projects",
            "module.project.google_compute_shared_vpc_service_project.shared_vpc_service",
            "module.project.google_essential_contacts_contact.contact",
            "module.project.google_kms_crypto_key_iam_member.service_identity_cmek",
            "module.project.google_logging_project_exclusion.logging-exclusion",
            "module.project.google_logging_project_sink.sink",
            "module.project.google_monitoring_monitored_project.primary",
            "module.project.google_org_policy_policy.default",
            "module.project.google_project.project",
            "module.project.google_project_default_service_accounts.default_service_accounts",
            "module.project.google_project_iam_audit_config.default",
            "module.project.google_project_iam_binding.authoritative",
            "module.project.google_project_iam_binding.bindings",
            "module.project.google_project_iam_custom_role.roles",
            "module.project.google_project_iam_member.bindings",
            "module.project.google_project_iam_member.bucket-sinks-binding",
            "module.project.google_project_iam_member.servicenetworking",
            "module.project.google_project_iam_member.shared_vpc_host_robots",
            "module.project.google_project_service.project_services",
            "module.project.google_project_service_identity.jit_si",
            "module.project.google_project_service_identity.servicenetworking",
            "module.project.google_pubsub_topic_iam_member.pubsub-sinks-binding",
            "module.project.google_resource_manager_lien.lien",
            "module.project.google_storage_bucket_iam_member.gcs-sinks-binding",
            "module.project.google_tags_tag_binding.binding",
            "module.vpc.data.google_compute_network.network",
            "module.vpc.google_compute_global_address.psa_ranges",
            "module.vpc.google_compute_network.network",
            "module.vpc.google_service_networking_connection.psa_connection"
          ]
        }
      ]
    },
    {
      "module": "module.vpc",
      "mode": "managed",
      "type": "google_compute_route",
      "name": "gateway",
      "provider": "provider[\"registry.terraform.io/hashicorp/google\"]",
      "instances": [
        {
          "index_key": "private-googleapis",
          "schema_version": 0,
          "attributes": {
            "description": "Terraform-managed.",
            "dest_range": "199.36.153.8/30",
            "id": "projects/pep-gal-europe-west1-1/global/routes/pep-gal-europe-west1-1-network-private-googleapis",
            "name": "pep-gal-europe-west1-1-network-private-googleapis",
            "network": "https://www.googleapis.com/compute/v1/projects/pep-gal-europe-west1-1/global/networks/pep-gal-europe-west1-1-network",
            "next_hop_gateway": "https://www.googleapis.com/compute/v1/projects/pep-gal-europe-west1-1/global/gateways/default-internet-gateway",
            "next_hop_ilb": "",
            "next_hop_instance": "",
            "next_hop_instance_zone": null,
            "next_hop_ip": "",
            "next_hop_network": "",
            "next_hop_vpn_tunnel": "",
            "priority": 1000,
            "project": "pep-gal-europe-west1-1",
            "self_link": "https://www.googleapis.com/compute/v1/projects/pep-gal-europe-west1-1/global/routes/pep-gal-europe-west1-1-network-private-googleapis",
            "tags": [],
            "timeouts": null
          },
          "sensitive_attributes": [],
          "identity_schema_version": 0,
          "private": "eyJlMmJmYjczMC1lY2FhLTExZTYtOGY4OC0zNDM2M2JjN2M0YzAiOnsiY3JlYXRlIjoxMjAwMDAwMDAwMDAwLCJkZWxldGUiOjEyMDAwMDAwMDAwMDB9fQ==",
          "dependencies": [
            "module.project.data.google_bigquery_default_service_account.bq_sa",
            "module.project.data.google_project.project",
            "module.project.data.google_storage_project_service_account.gcs_sa",
            "module.project.google_access_context_manager_service_perimeter_resource.bridge",
            "module.project.google_access_context_manager_service_perimeter_resource.standard",
            "module.project.google_bigquery_dataset_iam_member.bq-sinks-binding",
            "module.project.google_compute_project_metadata_item.default",
            "module.project.google_compute_shared_vpc_host_project.shared_vpc_host",
            "module.project.google_compute_shared_vpc_service_project.service_projects",
            "module.project.google_compute_shared_vpc_service_project.shared_vpc_service",
            "module.project.google_essential_contacts_contact.contact",
            "module.project.google_kms_crypto_key_iam_member.service_identity_cmek",
            "module.project.google_logging_project_exclusion.logging-exclusion",
            "module.project.google_logging_project_sink.sink",
            "module.project.google_monitoring_monitored_project.primary",
            "module.project.google_org_policy_policy.default",
            "module.project.google_project.project",
            "module.project.google_project_default_service_accounts.default_service_accounts",
            "module.project.google_project_iam_audit_config.default",
            "module.project.google_project_iam_binding.authoritative",
            "module.project.google_project_iam_binding.bindings",
            "module.project.google_project_iam_custom_role.roles",
            "module.project.google_project_iam_member.bindings",
            "module.project.google_project_iam_member.bucket-sinks-binding",
            "module.project.google_project_iam_member.servicenetworking",
            "module.project.google_project_iam_member.shared_vpc_host_robots",
            "module.project.google_project_service.project_services",
            "module.project.google_project_service_identity.jit_si",
            "module.project.google_project_service_identity.servicenetworking",
            "module.project.google_pubsub_topic_iam_member.pubsub-sinks-binding",
            "module.project.google_resource_manager_lien.lien",
            "module.project.google_storage_bucket_iam_member.gcs-sinks-binding",
            "module.project.google_tags_tag_binding.binding",
            "module.vpc.data.google_compute_network.network",
            "module.vpc.google_compute_network.network"
          ]
        },
        {
          "index_key": "restricted-googleapis",
          "schema_version": 0,
          "attributes": {
            "description": "Terraform-managed.",
            "dest_range": "199.36.153.4/30",
            "id": "projects/pep-gal-europe-west1-1/global/routes/pep-gal-europe-west1-1-network-restricted-googleapis",
            "name": "pep-gal-europe-west1-1-network-restricted-googleapis",
            "network": "https://www.googleapis.com/compute/v1/projects/pep-gal-europe-west1-1/global/networks/pep-gal-europe-west1-1-network",
            "next_hop_gateway": "https://www.googleapis.com/compute/v1/projects/pep-gal-europe-west1-1/global/gateways/default-internet-gateway",
            "next_hop_ilb": "",
            "next_hop_instance": "",
            "next_hop_instance_zone": null,
            "next_hop_ip": "",
            "next_hop_network": "",
            "next_hop_vpn_tunnel": "",
            "priority": 1000,
            "project": "pep-gal-europe-west1-1",
            "self_link": "https://www.googleapis.com/compute/v1/projects/pep-gal-europe-west1-1/global/routes/pep-gal-europe-west1-1-network-restricted-googleapis",
            "tags": [],
            "timeouts": null
          },
          "sensitive_attributes": [],
          "identity_schema_version": 0,
          "private": "eyJlMmJmYjczMC1lY2FhLTExZTYtOGY4OC0zNDM2M2JjN2M0YzAiOnsiY3JlYXRlIjoxMjAwMDAwMDAwMDAwLCJkZWxldGUiOjEyMDAwMDAwMDAwMDB9fQ==",
          "dependencies": [
            "module.project.data.google_bigquery_default_service_account.bq_sa",
            "module.project.data.google_project.project",
            "module.project.data.google_storage_project_service_account.gcs_sa",
            "module.project.google_access_context_manager_service_perimeter_resource.bridge",
            "module.project.google_access_context_manager_service_perimeter_resource.standard",
            "module.project.google_bigquery_dataset_iam_member.bq-sinks-binding",
            "module.project.google_compute_project_metadata_item.default",
            "module.project.google_compute_shared_vpc_host_project.shared_vpc_host",
            "module.project.google_compute_shared_vpc_service_project.service_projects",
            "module.project.google_compute_shared_vpc_service_project.shared_vpc_service",
            "module.project.google_essential_contacts_contact.contact",
            "module.project.google_kms_crypto_key_iam_member.service_identity_cmek",
            "module.project.google_logging_project_exclusion.logging-exclusion",
            "module.project.google_logging_project_sink.sink",
            "module.project.google_monitoring_monitored_project.primary",
            "module.project.google_org_policy_policy.default",
            "module.project.google_project.project",
            "module.project.google_project_default_service_accounts.default_service_accounts",
            "module.project.google_project_iam_audit_config.default",
            "module.project.google_project_iam_binding.authoritative",
            "module.project.google_project_iam_binding.bindings",
            "module.project.google_project_iam_custom_role.roles",
            "module.project.google_project_iam_member.bindings",
            "module.project.google_project_iam_member.bucket-sinks-binding",
            "module.project.google_project_iam_member.servicenetworking",
            "module.project.google_project_iam_member.shared_vpc_host_robots",
            "module.project.google_project_service.project_services",
            "module.project.google_project_service_identity.jit_si",
            "module.project.google_project_service_identity.servicenetworking",
            "module.project.google_pubsub_topic_iam_member.pubsub-sinks-binding",
            "module.project.google_resource_manager_lien.lien",
            "module.project.google_storage_bucket_iam_member.gcs-sinks-binding",
            "module.project.google_tags_tag_binding.binding",
            "module.vpc.data.google_compute_network.network",
            "module.vpc.google_compute_network.network"
          ]
        }
      ]
    },
    {
      "module": "module.vpc",
      "mode": "managed",
      "type": "google_service_networking_connection",
      "name": "psa_connection",
      "provider": "provider[\"registry.terraform.io/hashicorp/google\"]",
      "instances": [
        {
          "index_key": 0,
          "schema_version": 0,
          "attributes": {
            "deletion_policy": null,
            "id": "projects%2Fpep-gal-europe-west1-1%2Fglobal%2Fnetworks%2Fpep-gal-europe-west1-1-network:servicenetworking.googleapis.com",
            "network": "projects/pep-gal-europe-west1-1/global/networks/pep-gal-europe-west1-1-network",
            "peering": "servicenetworking-googleapis-com",
            "reserved_peering_ranges": [
              "apigee-range",
              "apigee-support-range"
            ],
            "service": "servicenetworking.googleapis.com",
            "timeouts": null,
            "update_on_creation_fail": null
          },
          "sensitive_attributes": [],
          "identity_schema_version": 0,
          "private": "eyJlMmJmYjczMC1lY2FhLTExZTYtOGY4OC0zNDM2M2JjN2M0YzAiOnsiY3JlYXRlIjo2MDAwMDAwMDAwMDAsImRlbGV0ZSI6NjAwMDAwMDAwMDAwLCJ1cGRhdGUiOjYwMDAwMDAwMDAwMH19",
          "dependencies": [
            "module.project.data.google_bigquery_default_service_account.bq_sa",
            "module.project.data.google_project.project",
            "module.project.data.google_storage_project_service_account.gcs_sa",
            "module.project.google_access_context_manager_service_perimeter_resource.bridge",
            "module.project.google_access_context_manager_service_perimeter_resource.standard",
            "module.project.google_bigquery_dataset_iam_member.bq-sinks-binding",
            "module.project.google_compute_project_metadata_item.default",
            "module.project.google_compute_shared_vpc_host_project.shared_vpc_host",
            "module.project.google_compute_shared_vpc_service_project.service_projects",
            "module.project.google_compute_shared_vpc_service_project.shared_vpc_service",
            "module.project.google_essential_contacts_contact.contact",
            "module.project.google_kms_crypto_key_iam_member.service_identity_cmek",
            "module.project.google_logging_project_exclusion.logging-exclusion",
            "module.project.google_logging_project_sink.sink",
            "module.project.google_monitoring_monitored_project.primary",
            "module.project.google_org_policy_policy.default",
            "module.project.google_project.project",
            "module.project.google_project_default_service_accounts.default_service_accounts",
            "module.project.google_project_iam_audit_config.default",
            "module.project.google_project_iam_binding.authoritative",
            "module.project.google_project_iam_binding.bindings",
            "module.project.google_project_iam_custom_role.roles",
            "module.project.google_project_iam_member.bindings",
            "module.project.google_project_iam_member.bucket-sinks-binding",
            "module.project.google_project_iam_member.servicenetworking",
            "module.project.google_project_iam_member.shared_vpc_host_robots",
            "module.project.google_project_service.project_services",
            "module.project.google_project_service_identity.jit_si",
            "module.project.google_project_service_identity.servicenetworking",
            "module.project.google_pubsub_topic_iam_member.pubsub-sinks-binding",
            "module.project.google_resource_manager_lien.lien",
            "module.project.google_storage_bucket_iam_member.gcs-sinks-binding",
            "module.project.google_tags_tag_binding.binding",
            "module.vpc.data.google_compute_network.network",
            "module.vpc.google_compute_global_address.psa_ranges",
            "module.vpc.google_compute_network.network"
          ]
        }
      ]
    }
  ],
  "check_results": [
    {
      "object_kind": "var",
      "config_addr": "module.project.var.logging_data_access",
      "status": "pass",
      "objects": [
        {
          "object_addr": "module.project.var.logging_data_access",
          "status": "pass"
        }
      ]
    },
    {
      "object_kind": "var",
      "config_addr": "module.project.var.default_service_account",
      "status": "pass",
      "objects": [
        {
          "object_addr": "module.project.var.default_service_account",
          "status": "pass"
        }
      ]
    },
    {
      "object_kind": "var",
      "config_addr": "module.apigee-x-core.module.apigee.var.organization",
      "status": "pass",
      "objects": [
        {
          "object_addr": "module.apigee-x-core.module.apigee.var.organization",
          "status": "pass"
        }
      ]
    },
    {
      "object_kind": "var",
      "config_addr": "module.project.var.parent",
      "status": "pass",
      "objects": [
        {
          "object_addr": "module.project.var.parent",
          "status": "pass"
        }
      ]
    },
    {
      "object_kind": "var",
      "config_addr": "module.vpc.var.firewall_policy_enforcement_order",
      "status": "pass",
      "objects": [
        {
          "object_addr": "module.vpc.var.firewall_policy_enforcement_order",
          "status": "pass"
        }
      ]
    },
    {
      "object_kind": "var",
      "config_addr": "module.vpc.var.routes",
      "status": "pass",
      "objects": [
        {
          "object_addr": "module.vpc.var.routes",
          "status": "pass"
        }
      ]
    },
    {
      "object_kind": "var",
      "config_addr": "module.vpc.var.routing_mode",
      "status": "pass",
      "objects": [
        {
          "object_addr": "module.vpc.var.routing_mode",
          "status": "pass"
        }
      ]
    },
    {
      "object_kind": "var",
      "config_addr": "var.project_parent",
      "status": "pass",
      "objects": [
        {
          "object_addr": "var.project_parent",
          "status": "pass"
        }
      ]
    },
    {
      "object_kind": "var",
      "config_addr": "module.project.var.prefix",
      "status": "pass",
      "objects": [
        {
          "object_addr": "module.project.var.prefix",
          "status": "pass"
        }
      ]
    },
    {
      "object_kind": "var",
      "config_addr": "module.project.var.shared_vpc_service_config",
      "status": "pass",
      "objects": [
        {
          "object_addr": "module.project.var.shared_vpc_service_config",
          "status": "pass"
        }
      ]
    },
    {
      "object_kind": "var",
      "config_addr": "module.project.var.logging_sinks",
      "status": "pass",
      "objects": [
        {
          "object_addr": "module.project.var.logging_sinks",
          "status": "pass"
        }
      ]
    },
    {
      "object_kind": "var",
      "config_addr": "module.apigee-x-core.module.apigee.var.instances",
      "status": "pass",
      "objects": [
        {
          "object_addr": "module.apigee-x-core.module.apigee.var.instances",
          "status": "pass"
        }
      ]
    }
  ]
}
